{
  "version": 4,
  "terraform_version": "1.5.7",
  "serial": 390,
  "lineage": "f232497e-8e0f-ffa9-23d9-df64de1c48a9",
  "outputs": {
    "eks_cluster_certificate_authority_data": {
      "value": "LS0tLS1CRUdJTiBDRVJUSUZJQ0FURS0tLS0tCk1JSURCVENDQWUyZ0F3SUJBZ0lJUllmQyt4QzlvVVF3RFFZSktvWklodmNOQVFFTEJRQXdGVEVUTUJFR0ExVUUKQXhNS2EzVmlaWEp1WlhSbGN6QWVGdzB5TlRBNU1UZ3hNakE1TkRkYUZ3MHpOVEE1TVRZeE1qRTBORGRhTUJVeApFekFSQmdOVkJBTVRDbXQxWW1WeWJtVjBaWE13Z2dFaU1BMEdDU3FHU0liM0RRRUJBUVVBQTRJQkR3QXdnZ0VLCkFvSUJBUUNYajlqU0lySHZ0clNIZVdsd09uSDdiSnJmQUdDb0FoVUc1YnhmMzUwcjJFV0FreTUvYnlFbDB4eE4KNnFMa2EvdlhObmhnVzVnVkdVc3V3WW91czF1eWwzbmp4WXlqT2VvS2VwNE9vZkFYM1pzQU5QZE1jTzA3RTlUVwpuT2RFb0FJYnVMODBybVNaUHNZT0psVnkwT2ViR0dMZDdLd2ROaktlYmVLUUZGMEpFSGRPQVp5azZsK1djN3RaCmQzYUNtbngrWk96azZvYVRrcUxoWXE2UTVJYXdDYkhkTTlDNHJObWZ3Q0FpZC9mZE53cFNScUdNSlRiUEM2a3oKd2YwOC9abkMvZWt1MWcrVWVvNlU5UjFhU2JZb3UvQUxEdi9GQzBwNVIzWms3WEp5ZmxRWE16TGRWN2tkSHlzRgpvaEFxRm9MU0VoeTJrQ3VvYVRHMEg2YjhkM2U5QWdNQkFBR2pXVEJYTUE0R0ExVWREd0VCL3dRRUF3SUNwREFQCkJnTlZIUk1CQWY4RUJUQURBUUgvTUIwR0ExVWREZ1FXQkJRL1RqZEoyZVFzbGlwZE53WnZ3KzkrdU5wcndUQVYKQmdOVkhSRUVEakFNZ2dwcmRXSmxjbTVsZEdWek1BMEdDU3FHU0liM0RRRUJDd1VBQTRJQkFRQ1Z5MkMwZllSaQo5amNRblZPbDk2TjNYUG0zVlJHNXFZWHNGV0tzbzEzTW9CVVNWZHNMVFBNbW5VTWFRc2h0V3g5cUtPNlBHeDBFCkJINWFnNEtUOUZCR2syNkJUSzZOdEgvNUNXZEFuQ0J5ZEVvcmw5cmJ6WEp6ekxmcExyUFpMMDI2aXpOT3V5R3kKODR4MUs3VzFVbFh0cnc5STI5cWpXWDFiWjNPMzc3SDlWeEhDd0VXUHpHbitEaGZLQUkwTmxkRXdLTWNTbGMreAowZG1QRFpXWmZ3ZkdpL2VtckhTWHRqU3BhVG1Ua1BGREJtQU93ckZHclFxK2xzcWZXVVdUcDU0UytlRXNWUHp6CmRlbU51TG52dUtMZnBNK2JQcFdPN0tidzFjb2xnb3BHOHNPOWVrY2d6aHM3WElpVkNKWVRrK3ZtZFRhYjhTMU8KYVRCeThjZHFEdVJOCi0tLS0tRU5EIENFUlRJRklDQVRFLS0tLS0K",
      "type": "string",
      "sensitive": true
    },
    "eks_cluster_endpoint": {
      "value": "https://D134612C1DF1BC42EE6595D7160E79F9.yl4.ap-southeast-1.eks.amazonaws.com",
      "type": "string"
    },
    "eks_cluster_name": {
      "value": "butik-online",
      "type": "string"
    },
    "private_subnet_ids": {
      "value": [
        "subnet-0d736d1bbc9af68ee",
        "subnet-0a70d237eaae72926",
        "subnet-041cf8f44b72a1f9e"
      ],
      "type": [
        "tuple",
        [
          "string",
          "string",
          "string"
        ]
      ]
    },
    "public_subnet_ids": {
      "value": [
        "subnet-04fe513e3982cc863",
        "subnet-041d3da2cd2303a66",
        "subnet-03932aae1ce40f290"
      ],
      "type": [
        "tuple",
        [
          "string",
          "string",
          "string"
        ]
      ]
    },
    "region": {
      "value": "ap-southeast-1",
      "type": "string"
    },
    "vpc_id": {
      "value": "vpc-0e8fd6ee1a9c7686d",
      "type": "string"
    }
  },
  "resources": [
    {
      "mode": "data",
      "type": "aws_eks_cluster",
      "name": "this",
      "provider": "provider[\"registry.terraform.io/hashicorp/aws\"]",
      "instances": [
        {
          "schema_version": 0,
          "attributes": {
            "access_config": [
              {
                "authentication_mode": "API_AND_CONFIG_MAP",
                "bootstrap_cluster_creator_admin_permissions": true
              }
            ],
            "arn": "arn:aws:eks:ap-southeast-1:676206911983:cluster/butik-online",
            "certificate_authority": [
              {
                "data": "LS0tLS1CRUdJTiBDRVJUSUZJQ0FURS0tLS0tCk1JSURCVENDQWUyZ0F3SUJBZ0lJUllmQyt4QzlvVVF3RFFZSktvWklodmNOQVFFTEJRQXdGVEVUTUJFR0ExVUUKQXhNS2EzVmlaWEp1WlhSbGN6QWVGdzB5TlRBNU1UZ3hNakE1TkRkYUZ3MHpOVEE1TVRZeE1qRTBORGRhTUJVeApFekFSQmdOVkJBTVRDbXQxWW1WeWJtVjBaWE13Z2dFaU1BMEdDU3FHU0liM0RRRUJBUVVBQTRJQkR3QXdnZ0VLCkFvSUJBUUNYajlqU0lySHZ0clNIZVdsd09uSDdiSnJmQUdDb0FoVUc1YnhmMzUwcjJFV0FreTUvYnlFbDB4eE4KNnFMa2EvdlhObmhnVzVnVkdVc3V3WW91czF1eWwzbmp4WXlqT2VvS2VwNE9vZkFYM1pzQU5QZE1jTzA3RTlUVwpuT2RFb0FJYnVMODBybVNaUHNZT0psVnkwT2ViR0dMZDdLd2ROaktlYmVLUUZGMEpFSGRPQVp5azZsK1djN3RaCmQzYUNtbngrWk96azZvYVRrcUxoWXE2UTVJYXdDYkhkTTlDNHJObWZ3Q0FpZC9mZE53cFNScUdNSlRiUEM2a3oKd2YwOC9abkMvZWt1MWcrVWVvNlU5UjFhU2JZb3UvQUxEdi9GQzBwNVIzWms3WEp5ZmxRWE16TGRWN2tkSHlzRgpvaEFxRm9MU0VoeTJrQ3VvYVRHMEg2YjhkM2U5QWdNQkFBR2pXVEJYTUE0R0ExVWREd0VCL3dRRUF3SUNwREFQCkJnTlZIUk1CQWY4RUJUQURBUUgvTUIwR0ExVWREZ1FXQkJRL1RqZEoyZVFzbGlwZE53WnZ3KzkrdU5wcndUQVYKQmdOVkhSRUVEakFNZ2dwcmRXSmxjbTVsZEdWek1BMEdDU3FHU0liM0RRRUJDd1VBQTRJQkFRQ1Z5MkMwZllSaQo5amNRblZPbDk2TjNYUG0zVlJHNXFZWHNGV0tzbzEzTW9CVVNWZHNMVFBNbW5VTWFRc2h0V3g5cUtPNlBHeDBFCkJINWFnNEtUOUZCR2syNkJUSzZOdEgvNUNXZEFuQ0J5ZEVvcmw5cmJ6WEp6ekxmcExyUFpMMDI2aXpOT3V5R3kKODR4MUs3VzFVbFh0cnc5STI5cWpXWDFiWjNPMzc3SDlWeEhDd0VXUHpHbitEaGZLQUkwTmxkRXdLTWNTbGMreAowZG1QRFpXWmZ3ZkdpL2VtckhTWHRqU3BhVG1Ua1BGREJtQU93ckZHclFxK2xzcWZXVVdUcDU0UytlRXNWUHp6CmRlbU51TG52dUtMZnBNK2JQcFdPN0tidzFjb2xnb3BHOHNPOWVrY2d6aHM3WElpVkNKWVRrK3ZtZFRhYjhTMU8KYVRCeThjZHFEdVJOCi0tLS0tRU5EIENFUlRJRklDQVRFLS0tLS0K"
              }
            ],
            "cluster_id": null,
            "compute_config": [],
            "created_at": "2025-09-18T12:09:43Z",
            "enabled_cluster_log_types": [
              "api",
              "audit",
              "authenticator"
            ],
            "endpoint": "https://D134612C1DF1BC42EE6595D7160E79F9.yl4.ap-southeast-1.eks.amazonaws.com",
            "id": "butik-online",
            "identity": [
              {
                "oidc": [
                  {
                    "issuer": "https://oidc.eks.ap-southeast-1.amazonaws.com/id/D134612C1DF1BC42EE6595D7160E79F9"
                  }
                ]
              }
            ],
            "kubernetes_network_config": [
              {
                "elastic_load_balancing": [
                  {
                    "enabled": false
                  }
                ],
                "ip_family": "ipv4",
                "service_ipv4_cidr": "172.20.0.0/16",
                "service_ipv6_cidr": ""
              }
            ],
            "name": "butik-online",
            "outpost_config": [],
            "platform_version": "eks.14",
            "remote_network_config": [],
            "role_arn": "arn:aws:iam::676206911983:role/butik-online-cluster-20250918120909623300000001",
            "status": "ACTIVE",
            "storage_config": [],
            "tags": {
              "Environment": "demo",
              "ManagedBy": "Terraform",
              "Project": "butik-online-eks",
              "terraform-aws-modules": "eks"
            },
            "upgrade_policy": [
              {
                "support_type": "EXTENDED"
              }
            ],
            "version": "1.33",
            "vpc_config": [
              {
                "cluster_security_group_id": "sg-0fe98422b9db17128",
                "endpoint_private_access": true,
                "endpoint_public_access": true,
                "public_access_cidrs": [
                  "0.0.0.0/0"
                ],
                "security_group_ids": [
                  "sg-0275d7d00e1ec775a"
                ],
                "subnet_ids": [
                  "subnet-03932aae1ce40f290",
                  "subnet-041cf8f44b72a1f9e",
                  "subnet-041d3da2cd2303a66",
                  "subnet-04fe513e3982cc863",
                  "subnet-0a70d237eaae72926",
                  "subnet-0d736d1bbc9af68ee"
                ],
                "vpc_id": "vpc-0e8fd6ee1a9c7686d"
              }
            ],
            "zonal_shift_config": []
          },
          "sensitive_attributes": []
        }
      ]
    },
    {
      "mode": "data",
      "type": "aws_eks_cluster_auth",
      "name": "this",
      "provider": "provider[\"registry.terraform.io/hashicorp/aws\"]",
      "instances": [
        {
          "schema_version": 0,
          "attributes": {
            "id": "butik-online",
            "name": "butik-online",
            "token": "k8s-aws-v1.aHR0cHM6Ly9zdHMuYXAtc291dGhlYXN0LTEuYW1hem9uYXdzLmNvbS8_QWN0aW9uPUdldENhbGxlcklkZW50aXR5JlZlcnNpb249MjAxMS0wNi0xNSZYLUFtei1BbGdvcml0aG09QVdTNC1ITUFDLVNIQTI1NiZYLUFtei1DcmVkZW50aWFsPUFLSUFaMjRJU1VIWFFYWEZYVk9LJTJGMjAyNTA5MTglMkZhcC1zb3V0aGVhc3QtMSUyRnN0cyUyRmF3czRfcmVxdWVzdCZYLUFtei1EYXRlPTIwMjUwOTE4VDE0MTA0NFomWC1BbXotRXhwaXJlcz0wJlgtQW16LVNpZ25lZEhlYWRlcnM9aG9zdCUzQngtazhzLWF3cy1pZCZYLUFtei1TaWduYXR1cmU9MzEyZWNjMGU1MTBkMDQxZDEwOWYzM2I5NjQ0YzAxYTgxZWYwM2JlNjMzNjljNjQ0MmUzZTg0NGQ3YTc5MzRiYQ"
          },
          "sensitive_attributes": []
        }
      ]
    },
    {
      "mode": "data",
      "type": "http",
      "name": "microservices_demo",
      "provider": "provider[\"registry.terraform.io/hashicorp/http\"]",
      "instances": [
        {
          "schema_version": 0,
          "attributes": {
            "body": "# Copyright 2018 Google LLC\n#\n# Licensed under the Apache License, Version 2.0 (the \"License\");\n# you may not use this file except in compliance with the License.\n# You may obtain a copy of the License at\n#\n#      http://www.apache.org/licenses/LICENSE-2.0\n#\n# Unless required by applicable law or agreed to in writing, software\n# distributed under the License is distributed on an \"AS IS\" BASIS,\n# WITHOUT WARRANTIES OR CONDITIONS OF ANY KIND, either express or implied.\n# See the License for the specific language governing permissions and\n# limitations under the License.\n\n# ----------------------------------------------------------\n# WARNING: This file is autogenerated. Do not manually edit.\n# ----------------------------------------------------------\n\n# [START gke_release_kubernetes_manifests_microservices_demo]\n---\napiVersion: apps/v1\nkind: Deployment\nmetadata:\n  name: emailservice\n  labels:\n    app: emailservice\nspec:\n  selector:\n    matchLabels:\n      app: emailservice\n  template:\n    metadata:\n      labels:\n        app: emailservice\n    spec:\n      serviceAccountName: emailservice\n      terminationGracePeriodSeconds: 5\n      securityContext:\n        fsGroup: 1000\n        runAsGroup: 1000\n        runAsNonRoot: true\n        runAsUser: 1000\n      containers:\n      - name: server\n        securityContext:\n          allowPrivilegeEscalation: false\n          capabilities:\n            drop:\n              - ALL\n          privileged: false\n          readOnlyRootFilesystem: true\n        image: us-central1-docker.pkg.dev/google-samples/microservices-demo/emailservice:v0.10.3\n        ports:\n        - containerPort: 8080\n        env:\n        - name: PORT\n          value: \"8080\"\n        - name: DISABLE_PROFILER\n          value: \"1\"\n        readinessProbe:\n          periodSeconds: 5\n          grpc:\n            port: 8080\n        livenessProbe:\n          periodSeconds: 5\n          grpc:\n            port: 8080\n        resources:\n          requests:\n            cpu: 100m\n            memory: 64Mi\n          limits:\n            cpu: 200m\n            memory: 128Mi\n---\napiVersion: v1\nkind: Service\nmetadata:\n  name: emailservice\n  labels:\n    app: emailservice\nspec:\n  type: ClusterIP\n  selector:\n    app: emailservice\n  ports:\n  - name: grpc\n    port: 5000\n    targetPort: 8080\n---\napiVersion: v1\nkind: ServiceAccount\nmetadata:\n  name: emailservice\n---\napiVersion: apps/v1\nkind: Deployment\nmetadata:\n  name: checkoutservice\n  labels:\n    app: checkoutservice\nspec:\n  selector:\n    matchLabels:\n      app: checkoutservice\n  template:\n    metadata:\n      labels:\n        app: checkoutservice\n    spec:\n      serviceAccountName: checkoutservice\n      securityContext:\n        fsGroup: 1000\n        runAsGroup: 1000\n        runAsNonRoot: true\n        runAsUser: 1000\n      containers:\n        - name: server\n          securityContext:\n            allowPrivilegeEscalation: false\n            capabilities:\n              drop:\n                - ALL\n            privileged: false\n            readOnlyRootFilesystem: true\n          image: us-central1-docker.pkg.dev/google-samples/microservices-demo/checkoutservice:v0.10.3\n          ports:\n          - containerPort: 5050\n          readinessProbe:\n            grpc:\n              port: 5050\n          livenessProbe:\n            grpc:\n              port: 5050\n          env:\n          - name: PORT\n            value: \"5050\"\n          - name: PRODUCT_CATALOG_SERVICE_ADDR\n            value: \"productcatalogservice:3550\"\n          - name: SHIPPING_SERVICE_ADDR\n            value: \"shippingservice:50051\"\n          - name: PAYMENT_SERVICE_ADDR\n            value: \"paymentservice:50051\"\n          - name: EMAIL_SERVICE_ADDR\n            value: \"emailservice:5000\"\n          - name: CURRENCY_SERVICE_ADDR\n            value: \"currencyservice:7000\"\n          - name: CART_SERVICE_ADDR\n            value: \"cartservice:7070\"\n          resources:\n            requests:\n              cpu: 100m\n              memory: 64Mi\n            limits:\n              cpu: 200m\n              memory: 128Mi\n---\napiVersion: v1\nkind: Service\nmetadata:\n  name: checkoutservice\n  labels:\n    app: checkoutservice\nspec:\n  type: ClusterIP\n  selector:\n    app: checkoutservice\n  ports:\n  - name: grpc\n    port: 5050\n    targetPort: 5050\n---\napiVersion: v1\nkind: ServiceAccount\nmetadata:\n  name: checkoutservice\n---\napiVersion: apps/v1\nkind: Deployment\nmetadata:\n  name: recommendationservice\n  labels:\n    app: recommendationservice\nspec:\n  selector:\n    matchLabels:\n      app: recommendationservice\n  template:\n    metadata:\n      labels:\n        app: recommendationservice\n    spec:\n      serviceAccountName: recommendationservice\n      terminationGracePeriodSeconds: 5\n      securityContext:\n        fsGroup: 1000\n        runAsGroup: 1000\n        runAsNonRoot: true\n        runAsUser: 1000\n      containers:\n      - name: server\n        securityContext:\n          allowPrivilegeEscalation: false\n          capabilities:\n            drop:\n              - ALL\n          privileged: false\n          readOnlyRootFilesystem: true\n        image: us-central1-docker.pkg.dev/google-samples/microservices-demo/recommendationservice:v0.10.3\n        ports:\n        - containerPort: 8080\n        readinessProbe:\n          periodSeconds: 5\n          grpc:\n            port: 8080\n        livenessProbe:\n          periodSeconds: 5\n          grpc:\n            port: 8080\n        env:\n        - name: PORT\n          value: \"8080\"\n        - name: PRODUCT_CATALOG_SERVICE_ADDR\n          value: \"productcatalogservice:3550\"\n        - name: DISABLE_PROFILER\n          value: \"1\"\n        resources:\n          requests:\n            cpu: 100m\n            memory: 220Mi\n          limits:\n            cpu: 200m\n            memory: 450Mi\n---\napiVersion: v1\nkind: Service\nmetadata:\n  name: recommendationservice\n  labels:\n    app: recommendationservice\nspec:\n  type: ClusterIP\n  selector:\n    app: recommendationservice\n  ports:\n  - name: grpc\n    port: 8080\n    targetPort: 8080\n---\napiVersion: v1\nkind: ServiceAccount\nmetadata:\n  name: recommendationservice\n---\napiVersion: apps/v1\nkind: Deployment\nmetadata:\n  name: frontend\n  labels:\n    app: frontend\nspec:\n  selector:\n    matchLabels:\n      app: frontend\n  template:\n    metadata:\n      labels:\n        app: frontend\n      annotations:\n        sidecar.istio.io/rewriteAppHTTPProbers: \"true\"\n    spec:\n      serviceAccountName: frontend\n      securityContext:\n        fsGroup: 1000\n        runAsGroup: 1000\n        runAsNonRoot: true\n        runAsUser: 1000\n      containers:\n        - name: server\n          securityContext:\n            allowPrivilegeEscalation: false\n            capabilities:\n              drop:\n                - ALL\n            privileged: false\n            readOnlyRootFilesystem: true\n          image: us-central1-docker.pkg.dev/google-samples/microservices-demo/frontend:v0.10.3\n          ports:\n          - containerPort: 8080\n          readinessProbe:\n            initialDelaySeconds: 10\n            httpGet:\n              path: \"/_healthz\"\n              port: 8080\n              httpHeaders:\n              - name: \"Cookie\"\n                value: \"shop_session-id=x-readiness-probe\"\n          livenessProbe:\n            initialDelaySeconds: 10\n            httpGet:\n              path: \"/_healthz\"\n              port: 8080\n              httpHeaders:\n              - name: \"Cookie\"\n                value: \"shop_session-id=x-liveness-probe\"\n          env:\n          - name: PORT\n            value: \"8080\"\n          - name: PRODUCT_CATALOG_SERVICE_ADDR\n            value: \"productcatalogservice:3550\"\n          - name: CURRENCY_SERVICE_ADDR\n            value: \"currencyservice:7000\"\n          - name: CART_SERVICE_ADDR\n            value: \"cartservice:7070\"\n          - name: RECOMMENDATION_SERVICE_ADDR\n            value: \"recommendationservice:8080\"\n          - name: SHIPPING_SERVICE_ADDR\n            value: \"shippingservice:50051\"\n          - name: CHECKOUT_SERVICE_ADDR\n            value: \"checkoutservice:5050\"\n          - name: AD_SERVICE_ADDR\n            value: \"adservice:9555\"\n          - name: SHOPPING_ASSISTANT_SERVICE_ADDR\n            value: \"shoppingassistantservice:80\"\n          # # ENV_PLATFORM: One of: local, gcp, aws, azure, onprem, alibaba\n          # # When not set, defaults to \"local\" unless running in GKE, otherwies auto-sets to gcp\n          # - name: ENV_PLATFORM\n          #   value: \"aws\"\n          - name: ENABLE_PROFILER\n            value: \"0\"\n          # - name: CYMBAL_BRANDING\n          #   value: \"true\"\n          # - name: ENABLE_ASSISTANT\n          #   value: \"true\"\n          # - name: FRONTEND_MESSAGE\n          #   value: \"Replace this with a message you want to display on all pages.\"\n          # As part of an optional Google Cloud demo, you can run an optional microservice called the \"packaging service\".\n          # - name: PACKAGING_SERVICE_URL\n          #   value: \"\" # This value would look like \"http://123.123.123\"\n          resources:\n            requests:\n              cpu: 100m\n              memory: 64Mi\n            limits:\n              cpu: 200m\n              memory: 128Mi\n---\napiVersion: v1\nkind: Service\nmetadata:\n  name: frontend\n  labels:\n    app: frontend\nspec:\n  type: ClusterIP\n  selector:\n    app: frontend\n  ports:\n  - name: http\n    port: 80\n    targetPort: 8080\n---\napiVersion: v1\nkind: Service\nmetadata:\n  name: frontend-external\n  labels:\n    app: frontend\nspec:\n  type: LoadBalancer\n  selector:\n    app: frontend\n  ports:\n  - name: http\n    port: 80\n    targetPort: 8080\n---\napiVersion: v1\nkind: ServiceAccount\nmetadata:\n  name: frontend\n---\napiVersion: apps/v1\nkind: Deployment\nmetadata:\n  name: paymentservice\n  labels:\n    app: paymentservice\nspec:\n  selector:\n    matchLabels:\n      app: paymentservice\n  template:\n    metadata:\n      labels:\n        app: paymentservice\n    spec:\n      serviceAccountName: paymentservice\n      terminationGracePeriodSeconds: 5\n      securityContext:\n        fsGroup: 1000\n        runAsGroup: 1000\n        runAsNonRoot: true\n        runAsUser: 1000\n      containers:\n      - name: server\n        securityContext:\n          allowPrivilegeEscalation: false\n          capabilities:\n            drop:\n              - ALL\n          privileged: false\n          readOnlyRootFilesystem: true\n        image: us-central1-docker.pkg.dev/google-samples/microservices-demo/paymentservice:v0.10.3\n        ports:\n        - containerPort: 50051\n        env:\n        - name: PORT\n          value: \"50051\"\n        - name: DISABLE_PROFILER\n          value: \"1\"\n        readinessProbe:\n          grpc:\n            port: 50051\n        livenessProbe:\n          grpc:\n            port: 50051\n        resources:\n          requests:\n            cpu: 100m\n            memory: 64Mi\n          limits:\n            cpu: 200m\n            memory: 128Mi\n---\napiVersion: v1\nkind: Service\nmetadata:\n  name: paymentservice\n  labels:\n    app: paymentservice\nspec:\n  type: ClusterIP\n  selector:\n    app: paymentservice\n  ports:\n  - name: grpc\n    port: 50051\n    targetPort: 50051\n---\napiVersion: v1\nkind: ServiceAccount\nmetadata:\n  name: paymentservice\n---\napiVersion: apps/v1\nkind: Deployment\nmetadata:\n  name: productcatalogservice\n  labels:\n    app: productcatalogservice\nspec:\n  selector:\n    matchLabels:\n      app: productcatalogservice\n  template:\n    metadata:\n      labels:\n        app: productcatalogservice\n    spec:\n      serviceAccountName: productcatalogservice\n      terminationGracePeriodSeconds: 5\n      securityContext:\n        fsGroup: 1000\n        runAsGroup: 1000\n        runAsNonRoot: true\n        runAsUser: 1000\n      containers:\n      - name: server\n        securityContext:\n          allowPrivilegeEscalation: false\n          capabilities:\n            drop:\n              - ALL\n          privileged: false\n          readOnlyRootFilesystem: true\n        image: us-central1-docker.pkg.dev/google-samples/microservices-demo/productcatalogservice:v0.10.3\n        ports:\n        - containerPort: 3550\n        env:\n        - name: PORT\n          value: \"3550\"\n        - name: DISABLE_PROFILER\n          value: \"1\"\n        readinessProbe:\n          grpc:\n            port: 3550\n        livenessProbe:\n          grpc:\n            port: 3550\n        resources:\n          requests:\n            cpu: 100m\n            memory: 64Mi\n          limits:\n            cpu: 200m\n            memory: 128Mi\n---\napiVersion: v1\nkind: Service\nmetadata:\n  name: productcatalogservice\n  labels:\n    app: productcatalogservice\nspec:\n  type: ClusterIP\n  selector:\n    app: productcatalogservice\n  ports:\n  - name: grpc\n    port: 3550\n    targetPort: 3550\n---\napiVersion: v1\nkind: ServiceAccount\nmetadata:\n  name: productcatalogservice\n---\napiVersion: apps/v1\nkind: Deployment\nmetadata:\n  name: cartservice\n  labels:\n    app: cartservice\nspec:\n  selector:\n    matchLabels:\n      app: cartservice\n  template:\n    metadata:\n      labels:\n        app: cartservice\n    spec:\n      serviceAccountName: cartservice\n      terminationGracePeriodSeconds: 5\n      securityContext:\n        fsGroup: 1000\n        runAsGroup: 1000\n        runAsNonRoot: true\n        runAsUser: 1000\n      containers:\n      - name: server\n        securityContext:\n          allowPrivilegeEscalation: false\n          capabilities:\n            drop:\n              - ALL\n          privileged: false\n          readOnlyRootFilesystem: true\n        image: us-central1-docker.pkg.dev/google-samples/microservices-demo/cartservice:v0.10.3\n        ports:\n        - containerPort: 7070\n        env:\n        - name: REDIS_ADDR\n          value: \"redis-cart:6379\"\n        resources:\n          requests:\n            cpu: 200m\n            memory: 64Mi\n          limits:\n            cpu: 300m\n            memory: 128Mi\n        readinessProbe:\n          initialDelaySeconds: 15\n          grpc:\n            port: 7070\n        livenessProbe:\n          initialDelaySeconds: 15\n          periodSeconds: 10\n          grpc:\n            port: 7070\n---\napiVersion: v1\nkind: Service\nmetadata:\n  name: cartservice\n  labels:\n    app: cartservice\nspec:\n  type: ClusterIP\n  selector:\n    app: cartservice\n  ports:\n  - name: grpc\n    port: 7070\n    targetPort: 7070\n---\napiVersion: v1\nkind: ServiceAccount\nmetadata:\n  name: cartservice\n---\napiVersion: apps/v1\nkind: Deployment\nmetadata:\n  name: redis-cart\n  labels:\n    app: redis-cart\nspec:\n  selector:\n    matchLabels:\n      app: redis-cart\n  template:\n    metadata:\n      labels:\n        app: redis-cart\n    spec:\n      securityContext:\n        fsGroup: 1000\n        runAsGroup: 1000\n        runAsNonRoot: true\n        runAsUser: 1000\n      containers:\n      - name: redis\n        securityContext:\n          allowPrivilegeEscalation: false\n          capabilities:\n            drop:\n              - ALL\n          privileged: false\n          readOnlyRootFilesystem: true\n        image: redis:alpine\n        ports:\n        - containerPort: 6379\n        readinessProbe:\n          periodSeconds: 5\n          tcpSocket:\n            port: 6379\n        livenessProbe:\n          periodSeconds: 5\n          tcpSocket:\n            port: 6379\n        volumeMounts:\n        - mountPath: /data\n          name: redis-data\n        resources:\n          limits:\n            memory: 256Mi\n            cpu: 125m\n          requests:\n            cpu: 70m\n            memory: 200Mi\n      volumes:\n      - name: redis-data\n        emptyDir: {}\n---\napiVersion: v1\nkind: Service\nmetadata:\n  name: redis-cart\n  labels:\n    app: redis-cart\nspec:\n  type: ClusterIP\n  selector:\n    app: redis-cart\n  ports:\n  - name: tcp-redis\n    port: 6379\n    targetPort: 6379\n---\napiVersion: apps/v1\nkind: Deployment\nmetadata:\n  name: loadgenerator\n  labels:\n    app: loadgenerator\nspec:\n  selector:\n    matchLabels:\n      app: loadgenerator\n  replicas: 1\n  template:\n    metadata:\n      labels:\n        app: loadgenerator\n      annotations:\n        sidecar.istio.io/rewriteAppHTTPProbers: \"true\"\n    spec:\n      serviceAccountName: loadgenerator\n      terminationGracePeriodSeconds: 5\n      restartPolicy: Always\n      securityContext:\n        fsGroup: 1000\n        runAsGroup: 1000\n        runAsNonRoot: true\n        runAsUser: 1000\n      initContainers:\n      - command:\n        - /bin/sh\n        - -exc\n        - |\n          MAX_RETRIES=12\n          RETRY_INTERVAL=10\n          for i in $(seq 1 $MAX_RETRIES); do\n            echo \"Attempt $i: Pinging frontend: ${FRONTEND_ADDR}...\"\n            STATUSCODE=$(wget --server-response http://${FRONTEND_ADDR} 2\u003e\u00261 | awk '/^  HTTP/{print $2}')\n            if [ $STATUSCODE -eq 200 ]; then\n                echo \"Frontend is reachable.\"\n                exit 0\n            fi\n            echo \"Error: Could not reach frontend - Status code: ${STATUSCODE}\"\n            sleep $RETRY_INTERVAL\n          done\n          echo \"Failed to reach frontend after $MAX_RETRIES attempts.\"\n          exit 1\n        name: frontend-check\n        securityContext:\n          allowPrivilegeEscalation: false\n          capabilities:\n            drop:\n              - ALL\n          privileged: false\n          readOnlyRootFilesystem: true\n        image: busybox:latest\n        env:\n        - name: FRONTEND_ADDR\n          value: \"frontend:80\"\n      containers:\n      - name: main\n        securityContext:\n          allowPrivilegeEscalation: false\n          capabilities:\n            drop:\n              - ALL\n          privileged: false\n          readOnlyRootFilesystem: true\n        image: us-central1-docker.pkg.dev/google-samples/microservices-demo/loadgenerator:v0.10.3\n        env:\n        - name: FRONTEND_ADDR\n          value: \"frontend:80\"\n        - name: USERS\n          value: \"10\"\n        - name: RATE\n          value: \"1\"\n        resources:\n          requests:\n            cpu: 300m\n            memory: 256Mi\n          limits:\n            cpu: 500m\n            memory: 512Mi\n---\napiVersion: v1\nkind: ServiceAccount\nmetadata:\n  name: loadgenerator\n---\napiVersion: apps/v1\nkind: Deployment\nmetadata:\n  name: currencyservice\n  labels:\n    app: currencyservice\nspec:\n  selector:\n    matchLabels:\n      app: currencyservice\n  template:\n    metadata:\n      labels:\n        app: currencyservice\n    spec:\n      serviceAccountName: currencyservice\n      terminationGracePeriodSeconds: 5\n      securityContext:\n        fsGroup: 1000\n        runAsGroup: 1000\n        runAsNonRoot: true\n        runAsUser: 1000\n      containers:\n      - name: server\n        securityContext:\n          allowPrivilegeEscalation: false\n          capabilities:\n            drop:\n              - ALL\n          privileged: false\n          readOnlyRootFilesystem: true\n        image: us-central1-docker.pkg.dev/google-samples/microservices-demo/currencyservice:v0.10.3\n        ports:\n        - name: grpc\n          containerPort: 7000\n        env:\n        - name: PORT\n          value: \"7000\"\n        - name: DISABLE_PROFILER\n          value: \"1\"\n        readinessProbe:\n          grpc:\n            port: 7000\n        livenessProbe:\n          grpc:\n            port: 7000\n        resources:\n          requests:\n            cpu: 100m\n            memory: 64Mi\n          limits:\n            cpu: 200m\n            memory: 128Mi\n---\napiVersion: v1\nkind: Service\nmetadata:\n  name: currencyservice\n  labels:\n    app: currencyservice\nspec:\n  type: ClusterIP\n  selector:\n    app: currencyservice\n  ports:\n  - name: grpc\n    port: 7000\n    targetPort: 7000\n---\napiVersion: v1\nkind: ServiceAccount\nmetadata:\n  name: currencyservice\n---\napiVersion: apps/v1\nkind: Deployment\nmetadata:\n  name: shippingservice\n  labels:\n    app: shippingservice\nspec:\n  selector:\n    matchLabels:\n      app: shippingservice\n  template:\n    metadata:\n      labels:\n        app: shippingservice\n    spec:\n      serviceAccountName: shippingservice\n      securityContext:\n        fsGroup: 1000\n        runAsGroup: 1000\n        runAsNonRoot: true\n        runAsUser: 1000\n      containers:\n      - name: server\n        securityContext:\n          allowPrivilegeEscalation: false\n          capabilities:\n            drop:\n              - ALL\n          privileged: false\n          readOnlyRootFilesystem: true\n        image: us-central1-docker.pkg.dev/google-samples/microservices-demo/shippingservice:v0.10.3\n        ports:\n        - containerPort: 50051\n        env:\n        - name: PORT\n          value: \"50051\"\n        - name: DISABLE_PROFILER\n          value: \"1\"\n        readinessProbe:\n          periodSeconds: 5\n          grpc:\n            port: 50051\n        livenessProbe:\n          grpc:\n            port: 50051\n        resources:\n          requests:\n            cpu: 100m\n            memory: 64Mi\n          limits:\n            cpu: 200m\n            memory: 128Mi\n---\napiVersion: v1\nkind: Service\nmetadata:\n  name: shippingservice\n  labels:\n    app: shippingservice\nspec:\n  type: ClusterIP\n  selector:\n    app: shippingservice\n  ports:\n  - name: grpc\n    port: 50051\n    targetPort: 50051\n---\napiVersion: v1\nkind: ServiceAccount\nmetadata:\n  name: shippingservice\n---\napiVersion: apps/v1\nkind: Deployment\nmetadata:\n  name: adservice\n  labels:\n    app: adservice\nspec:\n  selector:\n    matchLabels:\n      app: adservice\n  template:\n    metadata:\n      labels:\n        app: adservice\n    spec:\n      serviceAccountName: adservice\n      terminationGracePeriodSeconds: 5\n      securityContext:\n        fsGroup: 1000\n        runAsGroup: 1000\n        runAsNonRoot: true\n        runAsUser: 1000\n      containers:\n      - name: server\n        securityContext:\n          allowPrivilegeEscalation: false\n          capabilities:\n            drop:\n              - ALL\n          privileged: false\n          readOnlyRootFilesystem: true\n        image: us-central1-docker.pkg.dev/google-samples/microservices-demo/adservice:v0.10.3\n        ports:\n        - containerPort: 9555\n        env:\n        - name: PORT\n          value: \"9555\"\n        resources:\n          requests:\n            cpu: 200m\n            memory: 180Mi\n          limits:\n            cpu: 300m\n            memory: 300Mi\n        readinessProbe:\n          initialDelaySeconds: 20\n          periodSeconds: 15\n          grpc:\n            port: 9555\n        livenessProbe:\n          initialDelaySeconds: 20\n          periodSeconds: 15\n          grpc:\n            port: 9555\n---\napiVersion: v1\nkind: Service\nmetadata:\n  name: adservice\n  labels:\n    app: adservice\nspec:\n  type: ClusterIP\n  selector:\n    app: adservice\n  ports:\n  - name: grpc\n    port: 9555\n    targetPort: 9555\n---\napiVersion: v1\nkind: ServiceAccount\nmetadata:\n  name: adservice\n# [END gke_release_kubernetes_manifests_microservices_demo]\n",
            "ca_cert_pem": null,
            "client_cert_pem": null,
            "client_key_pem": null,
            "id": "https://raw.githubusercontent.com/GoogleCloudPlatform/microservices-demo/main/release/kubernetes-manifests.yaml",
            "insecure": null,
            "method": null,
            "request_body": null,
            "request_headers": null,
            "request_timeout_ms": null,
            "response_body": "# Copyright 2018 Google LLC\n#\n# Licensed under the Apache License, Version 2.0 (the \"License\");\n# you may not use this file except in compliance with the License.\n# You may obtain a copy of the License at\n#\n#      http://www.apache.org/licenses/LICENSE-2.0\n#\n# Unless required by applicable law or agreed to in writing, software\n# distributed under the License is distributed on an \"AS IS\" BASIS,\n# WITHOUT WARRANTIES OR CONDITIONS OF ANY KIND, either express or implied.\n# See the License for the specific language governing permissions and\n# limitations under the License.\n\n# ----------------------------------------------------------\n# WARNING: This file is autogenerated. Do not manually edit.\n# ----------------------------------------------------------\n\n# [START gke_release_kubernetes_manifests_microservices_demo]\n---\napiVersion: apps/v1\nkind: Deployment\nmetadata:\n  name: emailservice\n  labels:\n    app: emailservice\nspec:\n  selector:\n    matchLabels:\n      app: emailservice\n  template:\n    metadata:\n      labels:\n        app: emailservice\n    spec:\n      serviceAccountName: emailservice\n      terminationGracePeriodSeconds: 5\n      securityContext:\n        fsGroup: 1000\n        runAsGroup: 1000\n        runAsNonRoot: true\n        runAsUser: 1000\n      containers:\n      - name: server\n        securityContext:\n          allowPrivilegeEscalation: false\n          capabilities:\n            drop:\n              - ALL\n          privileged: false\n          readOnlyRootFilesystem: true\n        image: us-central1-docker.pkg.dev/google-samples/microservices-demo/emailservice:v0.10.3\n        ports:\n        - containerPort: 8080\n        env:\n        - name: PORT\n          value: \"8080\"\n        - name: DISABLE_PROFILER\n          value: \"1\"\n        readinessProbe:\n          periodSeconds: 5\n          grpc:\n            port: 8080\n        livenessProbe:\n          periodSeconds: 5\n          grpc:\n            port: 8080\n        resources:\n          requests:\n            cpu: 100m\n            memory: 64Mi\n          limits:\n            cpu: 200m\n            memory: 128Mi\n---\napiVersion: v1\nkind: Service\nmetadata:\n  name: emailservice\n  labels:\n    app: emailservice\nspec:\n  type: ClusterIP\n  selector:\n    app: emailservice\n  ports:\n  - name: grpc\n    port: 5000\n    targetPort: 8080\n---\napiVersion: v1\nkind: ServiceAccount\nmetadata:\n  name: emailservice\n---\napiVersion: apps/v1\nkind: Deployment\nmetadata:\n  name: checkoutservice\n  labels:\n    app: checkoutservice\nspec:\n  selector:\n    matchLabels:\n      app: checkoutservice\n  template:\n    metadata:\n      labels:\n        app: checkoutservice\n    spec:\n      serviceAccountName: checkoutservice\n      securityContext:\n        fsGroup: 1000\n        runAsGroup: 1000\n        runAsNonRoot: true\n        runAsUser: 1000\n      containers:\n        - name: server\n          securityContext:\n            allowPrivilegeEscalation: false\n            capabilities:\n              drop:\n                - ALL\n            privileged: false\n            readOnlyRootFilesystem: true\n          image: us-central1-docker.pkg.dev/google-samples/microservices-demo/checkoutservice:v0.10.3\n          ports:\n          - containerPort: 5050\n          readinessProbe:\n            grpc:\n              port: 5050\n          livenessProbe:\n            grpc:\n              port: 5050\n          env:\n          - name: PORT\n            value: \"5050\"\n          - name: PRODUCT_CATALOG_SERVICE_ADDR\n            value: \"productcatalogservice:3550\"\n          - name: SHIPPING_SERVICE_ADDR\n            value: \"shippingservice:50051\"\n          - name: PAYMENT_SERVICE_ADDR\n            value: \"paymentservice:50051\"\n          - name: EMAIL_SERVICE_ADDR\n            value: \"emailservice:5000\"\n          - name: CURRENCY_SERVICE_ADDR\n            value: \"currencyservice:7000\"\n          - name: CART_SERVICE_ADDR\n            value: \"cartservice:7070\"\n          resources:\n            requests:\n              cpu: 100m\n              memory: 64Mi\n            limits:\n              cpu: 200m\n              memory: 128Mi\n---\napiVersion: v1\nkind: Service\nmetadata:\n  name: checkoutservice\n  labels:\n    app: checkoutservice\nspec:\n  type: ClusterIP\n  selector:\n    app: checkoutservice\n  ports:\n  - name: grpc\n    port: 5050\n    targetPort: 5050\n---\napiVersion: v1\nkind: ServiceAccount\nmetadata:\n  name: checkoutservice\n---\napiVersion: apps/v1\nkind: Deployment\nmetadata:\n  name: recommendationservice\n  labels:\n    app: recommendationservice\nspec:\n  selector:\n    matchLabels:\n      app: recommendationservice\n  template:\n    metadata:\n      labels:\n        app: recommendationservice\n    spec:\n      serviceAccountName: recommendationservice\n      terminationGracePeriodSeconds: 5\n      securityContext:\n        fsGroup: 1000\n        runAsGroup: 1000\n        runAsNonRoot: true\n        runAsUser: 1000\n      containers:\n      - name: server\n        securityContext:\n          allowPrivilegeEscalation: false\n          capabilities:\n            drop:\n              - ALL\n          privileged: false\n          readOnlyRootFilesystem: true\n        image: us-central1-docker.pkg.dev/google-samples/microservices-demo/recommendationservice:v0.10.3\n        ports:\n        - containerPort: 8080\n        readinessProbe:\n          periodSeconds: 5\n          grpc:\n            port: 8080\n        livenessProbe:\n          periodSeconds: 5\n          grpc:\n            port: 8080\n        env:\n        - name: PORT\n          value: \"8080\"\n        - name: PRODUCT_CATALOG_SERVICE_ADDR\n          value: \"productcatalogservice:3550\"\n        - name: DISABLE_PROFILER\n          value: \"1\"\n        resources:\n          requests:\n            cpu: 100m\n            memory: 220Mi\n          limits:\n            cpu: 200m\n            memory: 450Mi\n---\napiVersion: v1\nkind: Service\nmetadata:\n  name: recommendationservice\n  labels:\n    app: recommendationservice\nspec:\n  type: ClusterIP\n  selector:\n    app: recommendationservice\n  ports:\n  - name: grpc\n    port: 8080\n    targetPort: 8080\n---\napiVersion: v1\nkind: ServiceAccount\nmetadata:\n  name: recommendationservice\n---\napiVersion: apps/v1\nkind: Deployment\nmetadata:\n  name: frontend\n  labels:\n    app: frontend\nspec:\n  selector:\n    matchLabels:\n      app: frontend\n  template:\n    metadata:\n      labels:\n        app: frontend\n      annotations:\n        sidecar.istio.io/rewriteAppHTTPProbers: \"true\"\n    spec:\n      serviceAccountName: frontend\n      securityContext:\n        fsGroup: 1000\n        runAsGroup: 1000\n        runAsNonRoot: true\n        runAsUser: 1000\n      containers:\n        - name: server\n          securityContext:\n            allowPrivilegeEscalation: false\n            capabilities:\n              drop:\n                - ALL\n            privileged: false\n            readOnlyRootFilesystem: true\n          image: us-central1-docker.pkg.dev/google-samples/microservices-demo/frontend:v0.10.3\n          ports:\n          - containerPort: 8080\n          readinessProbe:\n            initialDelaySeconds: 10\n            httpGet:\n              path: \"/_healthz\"\n              port: 8080\n              httpHeaders:\n              - name: \"Cookie\"\n                value: \"shop_session-id=x-readiness-probe\"\n          livenessProbe:\n            initialDelaySeconds: 10\n            httpGet:\n              path: \"/_healthz\"\n              port: 8080\n              httpHeaders:\n              - name: \"Cookie\"\n                value: \"shop_session-id=x-liveness-probe\"\n          env:\n          - name: PORT\n            value: \"8080\"\n          - name: PRODUCT_CATALOG_SERVICE_ADDR\n            value: \"productcatalogservice:3550\"\n          - name: CURRENCY_SERVICE_ADDR\n            value: \"currencyservice:7000\"\n          - name: CART_SERVICE_ADDR\n            value: \"cartservice:7070\"\n          - name: RECOMMENDATION_SERVICE_ADDR\n            value: \"recommendationservice:8080\"\n          - name: SHIPPING_SERVICE_ADDR\n            value: \"shippingservice:50051\"\n          - name: CHECKOUT_SERVICE_ADDR\n            value: \"checkoutservice:5050\"\n          - name: AD_SERVICE_ADDR\n            value: \"adservice:9555\"\n          - name: SHOPPING_ASSISTANT_SERVICE_ADDR\n            value: \"shoppingassistantservice:80\"\n          # # ENV_PLATFORM: One of: local, gcp, aws, azure, onprem, alibaba\n          # # When not set, defaults to \"local\" unless running in GKE, otherwies auto-sets to gcp\n          # - name: ENV_PLATFORM\n          #   value: \"aws\"\n          - name: ENABLE_PROFILER\n            value: \"0\"\n          # - name: CYMBAL_BRANDING\n          #   value: \"true\"\n          # - name: ENABLE_ASSISTANT\n          #   value: \"true\"\n          # - name: FRONTEND_MESSAGE\n          #   value: \"Replace this with a message you want to display on all pages.\"\n          # As part of an optional Google Cloud demo, you can run an optional microservice called the \"packaging service\".\n          # - name: PACKAGING_SERVICE_URL\n          #   value: \"\" # This value would look like \"http://123.123.123\"\n          resources:\n            requests:\n              cpu: 100m\n              memory: 64Mi\n            limits:\n              cpu: 200m\n              memory: 128Mi\n---\napiVersion: v1\nkind: Service\nmetadata:\n  name: frontend\n  labels:\n    app: frontend\nspec:\n  type: ClusterIP\n  selector:\n    app: frontend\n  ports:\n  - name: http\n    port: 80\n    targetPort: 8080\n---\napiVersion: v1\nkind: Service\nmetadata:\n  name: frontend-external\n  labels:\n    app: frontend\nspec:\n  type: LoadBalancer\n  selector:\n    app: frontend\n  ports:\n  - name: http\n    port: 80\n    targetPort: 8080\n---\napiVersion: v1\nkind: ServiceAccount\nmetadata:\n  name: frontend\n---\napiVersion: apps/v1\nkind: Deployment\nmetadata:\n  name: paymentservice\n  labels:\n    app: paymentservice\nspec:\n  selector:\n    matchLabels:\n      app: paymentservice\n  template:\n    metadata:\n      labels:\n        app: paymentservice\n    spec:\n      serviceAccountName: paymentservice\n      terminationGracePeriodSeconds: 5\n      securityContext:\n        fsGroup: 1000\n        runAsGroup: 1000\n        runAsNonRoot: true\n        runAsUser: 1000\n      containers:\n      - name: server\n        securityContext:\n          allowPrivilegeEscalation: false\n          capabilities:\n            drop:\n              - ALL\n          privileged: false\n          readOnlyRootFilesystem: true\n        image: us-central1-docker.pkg.dev/google-samples/microservices-demo/paymentservice:v0.10.3\n        ports:\n        - containerPort: 50051\n        env:\n        - name: PORT\n          value: \"50051\"\n        - name: DISABLE_PROFILER\n          value: \"1\"\n        readinessProbe:\n          grpc:\n            port: 50051\n        livenessProbe:\n          grpc:\n            port: 50051\n        resources:\n          requests:\n            cpu: 100m\n            memory: 64Mi\n          limits:\n            cpu: 200m\n            memory: 128Mi\n---\napiVersion: v1\nkind: Service\nmetadata:\n  name: paymentservice\n  labels:\n    app: paymentservice\nspec:\n  type: ClusterIP\n  selector:\n    app: paymentservice\n  ports:\n  - name: grpc\n    port: 50051\n    targetPort: 50051\n---\napiVersion: v1\nkind: ServiceAccount\nmetadata:\n  name: paymentservice\n---\napiVersion: apps/v1\nkind: Deployment\nmetadata:\n  name: productcatalogservice\n  labels:\n    app: productcatalogservice\nspec:\n  selector:\n    matchLabels:\n      app: productcatalogservice\n  template:\n    metadata:\n      labels:\n        app: productcatalogservice\n    spec:\n      serviceAccountName: productcatalogservice\n      terminationGracePeriodSeconds: 5\n      securityContext:\n        fsGroup: 1000\n        runAsGroup: 1000\n        runAsNonRoot: true\n        runAsUser: 1000\n      containers:\n      - name: server\n        securityContext:\n          allowPrivilegeEscalation: false\n          capabilities:\n            drop:\n              - ALL\n          privileged: false\n          readOnlyRootFilesystem: true\n        image: us-central1-docker.pkg.dev/google-samples/microservices-demo/productcatalogservice:v0.10.3\n        ports:\n        - containerPort: 3550\n        env:\n        - name: PORT\n          value: \"3550\"\n        - name: DISABLE_PROFILER\n          value: \"1\"\n        readinessProbe:\n          grpc:\n            port: 3550\n        livenessProbe:\n          grpc:\n            port: 3550\n        resources:\n          requests:\n            cpu: 100m\n            memory: 64Mi\n          limits:\n            cpu: 200m\n            memory: 128Mi\n---\napiVersion: v1\nkind: Service\nmetadata:\n  name: productcatalogservice\n  labels:\n    app: productcatalogservice\nspec:\n  type: ClusterIP\n  selector:\n    app: productcatalogservice\n  ports:\n  - name: grpc\n    port: 3550\n    targetPort: 3550\n---\napiVersion: v1\nkind: ServiceAccount\nmetadata:\n  name: productcatalogservice\n---\napiVersion: apps/v1\nkind: Deployment\nmetadata:\n  name: cartservice\n  labels:\n    app: cartservice\nspec:\n  selector:\n    matchLabels:\n      app: cartservice\n  template:\n    metadata:\n      labels:\n        app: cartservice\n    spec:\n      serviceAccountName: cartservice\n      terminationGracePeriodSeconds: 5\n      securityContext:\n        fsGroup: 1000\n        runAsGroup: 1000\n        runAsNonRoot: true\n        runAsUser: 1000\n      containers:\n      - name: server\n        securityContext:\n          allowPrivilegeEscalation: false\n          capabilities:\n            drop:\n              - ALL\n          privileged: false\n          readOnlyRootFilesystem: true\n        image: us-central1-docker.pkg.dev/google-samples/microservices-demo/cartservice:v0.10.3\n        ports:\n        - containerPort: 7070\n        env:\n        - name: REDIS_ADDR\n          value: \"redis-cart:6379\"\n        resources:\n          requests:\n            cpu: 200m\n            memory: 64Mi\n          limits:\n            cpu: 300m\n            memory: 128Mi\n        readinessProbe:\n          initialDelaySeconds: 15\n          grpc:\n            port: 7070\n        livenessProbe:\n          initialDelaySeconds: 15\n          periodSeconds: 10\n          grpc:\n            port: 7070\n---\napiVersion: v1\nkind: Service\nmetadata:\n  name: cartservice\n  labels:\n    app: cartservice\nspec:\n  type: ClusterIP\n  selector:\n    app: cartservice\n  ports:\n  - name: grpc\n    port: 7070\n    targetPort: 7070\n---\napiVersion: v1\nkind: ServiceAccount\nmetadata:\n  name: cartservice\n---\napiVersion: apps/v1\nkind: Deployment\nmetadata:\n  name: redis-cart\n  labels:\n    app: redis-cart\nspec:\n  selector:\n    matchLabels:\n      app: redis-cart\n  template:\n    metadata:\n      labels:\n        app: redis-cart\n    spec:\n      securityContext:\n        fsGroup: 1000\n        runAsGroup: 1000\n        runAsNonRoot: true\n        runAsUser: 1000\n      containers:\n      - name: redis\n        securityContext:\n          allowPrivilegeEscalation: false\n          capabilities:\n            drop:\n              - ALL\n          privileged: false\n          readOnlyRootFilesystem: true\n        image: redis:alpine\n        ports:\n        - containerPort: 6379\n        readinessProbe:\n          periodSeconds: 5\n          tcpSocket:\n            port: 6379\n        livenessProbe:\n          periodSeconds: 5\n          tcpSocket:\n            port: 6379\n        volumeMounts:\n        - mountPath: /data\n          name: redis-data\n        resources:\n          limits:\n            memory: 256Mi\n            cpu: 125m\n          requests:\n            cpu: 70m\n            memory: 200Mi\n      volumes:\n      - name: redis-data\n        emptyDir: {}\n---\napiVersion: v1\nkind: Service\nmetadata:\n  name: redis-cart\n  labels:\n    app: redis-cart\nspec:\n  type: ClusterIP\n  selector:\n    app: redis-cart\n  ports:\n  - name: tcp-redis\n    port: 6379\n    targetPort: 6379\n---\napiVersion: apps/v1\nkind: Deployment\nmetadata:\n  name: loadgenerator\n  labels:\n    app: loadgenerator\nspec:\n  selector:\n    matchLabels:\n      app: loadgenerator\n  replicas: 1\n  template:\n    metadata:\n      labels:\n        app: loadgenerator\n      annotations:\n        sidecar.istio.io/rewriteAppHTTPProbers: \"true\"\n    spec:\n      serviceAccountName: loadgenerator\n      terminationGracePeriodSeconds: 5\n      restartPolicy: Always\n      securityContext:\n        fsGroup: 1000\n        runAsGroup: 1000\n        runAsNonRoot: true\n        runAsUser: 1000\n      initContainers:\n      - command:\n        - /bin/sh\n        - -exc\n        - |\n          MAX_RETRIES=12\n          RETRY_INTERVAL=10\n          for i in $(seq 1 $MAX_RETRIES); do\n            echo \"Attempt $i: Pinging frontend: ${FRONTEND_ADDR}...\"\n            STATUSCODE=$(wget --server-response http://${FRONTEND_ADDR} 2\u003e\u00261 | awk '/^  HTTP/{print $2}')\n            if [ $STATUSCODE -eq 200 ]; then\n                echo \"Frontend is reachable.\"\n                exit 0\n            fi\n            echo \"Error: Could not reach frontend - Status code: ${STATUSCODE}\"\n            sleep $RETRY_INTERVAL\n          done\n          echo \"Failed to reach frontend after $MAX_RETRIES attempts.\"\n          exit 1\n        name: frontend-check\n        securityContext:\n          allowPrivilegeEscalation: false\n          capabilities:\n            drop:\n              - ALL\n          privileged: false\n          readOnlyRootFilesystem: true\n        image: busybox:latest\n        env:\n        - name: FRONTEND_ADDR\n          value: \"frontend:80\"\n      containers:\n      - name: main\n        securityContext:\n          allowPrivilegeEscalation: false\n          capabilities:\n            drop:\n              - ALL\n          privileged: false\n          readOnlyRootFilesystem: true\n        image: us-central1-docker.pkg.dev/google-samples/microservices-demo/loadgenerator:v0.10.3\n        env:\n        - name: FRONTEND_ADDR\n          value: \"frontend:80\"\n        - name: USERS\n          value: \"10\"\n        - name: RATE\n          value: \"1\"\n        resources:\n          requests:\n            cpu: 300m\n            memory: 256Mi\n          limits:\n            cpu: 500m\n            memory: 512Mi\n---\napiVersion: v1\nkind: ServiceAccount\nmetadata:\n  name: loadgenerator\n---\napiVersion: apps/v1\nkind: Deployment\nmetadata:\n  name: currencyservice\n  labels:\n    app: currencyservice\nspec:\n  selector:\n    matchLabels:\n      app: currencyservice\n  template:\n    metadata:\n      labels:\n        app: currencyservice\n    spec:\n      serviceAccountName: currencyservice\n      terminationGracePeriodSeconds: 5\n      securityContext:\n        fsGroup: 1000\n        runAsGroup: 1000\n        runAsNonRoot: true\n        runAsUser: 1000\n      containers:\n      - name: server\n        securityContext:\n          allowPrivilegeEscalation: false\n          capabilities:\n            drop:\n              - ALL\n          privileged: false\n          readOnlyRootFilesystem: true\n        image: us-central1-docker.pkg.dev/google-samples/microservices-demo/currencyservice:v0.10.3\n        ports:\n        - name: grpc\n          containerPort: 7000\n        env:\n        - name: PORT\n          value: \"7000\"\n        - name: DISABLE_PROFILER\n          value: \"1\"\n        readinessProbe:\n          grpc:\n            port: 7000\n        livenessProbe:\n          grpc:\n            port: 7000\n        resources:\n          requests:\n            cpu: 100m\n            memory: 64Mi\n          limits:\n            cpu: 200m\n            memory: 128Mi\n---\napiVersion: v1\nkind: Service\nmetadata:\n  name: currencyservice\n  labels:\n    app: currencyservice\nspec:\n  type: ClusterIP\n  selector:\n    app: currencyservice\n  ports:\n  - name: grpc\n    port: 7000\n    targetPort: 7000\n---\napiVersion: v1\nkind: ServiceAccount\nmetadata:\n  name: currencyservice\n---\napiVersion: apps/v1\nkind: Deployment\nmetadata:\n  name: shippingservice\n  labels:\n    app: shippingservice\nspec:\n  selector:\n    matchLabels:\n      app: shippingservice\n  template:\n    metadata:\n      labels:\n        app: shippingservice\n    spec:\n      serviceAccountName: shippingservice\n      securityContext:\n        fsGroup: 1000\n        runAsGroup: 1000\n        runAsNonRoot: true\n        runAsUser: 1000\n      containers:\n      - name: server\n        securityContext:\n          allowPrivilegeEscalation: false\n          capabilities:\n            drop:\n              - ALL\n          privileged: false\n          readOnlyRootFilesystem: true\n        image: us-central1-docker.pkg.dev/google-samples/microservices-demo/shippingservice:v0.10.3\n        ports:\n        - containerPort: 50051\n        env:\n        - name: PORT\n          value: \"50051\"\n        - name: DISABLE_PROFILER\n          value: \"1\"\n        readinessProbe:\n          periodSeconds: 5\n          grpc:\n            port: 50051\n        livenessProbe:\n          grpc:\n            port: 50051\n        resources:\n          requests:\n            cpu: 100m\n            memory: 64Mi\n          limits:\n            cpu: 200m\n            memory: 128Mi\n---\napiVersion: v1\nkind: Service\nmetadata:\n  name: shippingservice\n  labels:\n    app: shippingservice\nspec:\n  type: ClusterIP\n  selector:\n    app: shippingservice\n  ports:\n  - name: grpc\n    port: 50051\n    targetPort: 50051\n---\napiVersion: v1\nkind: ServiceAccount\nmetadata:\n  name: shippingservice\n---\napiVersion: apps/v1\nkind: Deployment\nmetadata:\n  name: adservice\n  labels:\n    app: adservice\nspec:\n  selector:\n    matchLabels:\n      app: adservice\n  template:\n    metadata:\n      labels:\n        app: adservice\n    spec:\n      serviceAccountName: adservice\n      terminationGracePeriodSeconds: 5\n      securityContext:\n        fsGroup: 1000\n        runAsGroup: 1000\n        runAsNonRoot: true\n        runAsUser: 1000\n      containers:\n      - name: server\n        securityContext:\n          allowPrivilegeEscalation: false\n          capabilities:\n            drop:\n              - ALL\n          privileged: false\n          readOnlyRootFilesystem: true\n        image: us-central1-docker.pkg.dev/google-samples/microservices-demo/adservice:v0.10.3\n        ports:\n        - containerPort: 9555\n        env:\n        - name: PORT\n          value: \"9555\"\n        resources:\n          requests:\n            cpu: 200m\n            memory: 180Mi\n          limits:\n            cpu: 300m\n            memory: 300Mi\n        readinessProbe:\n          initialDelaySeconds: 20\n          periodSeconds: 15\n          grpc:\n            port: 9555\n        livenessProbe:\n          initialDelaySeconds: 20\n          periodSeconds: 15\n          grpc:\n            port: 9555\n---\napiVersion: v1\nkind: Service\nmetadata:\n  name: adservice\n  labels:\n    app: adservice\nspec:\n  type: ClusterIP\n  selector:\n    app: adservice\n  ports:\n  - name: grpc\n    port: 9555\n    targetPort: 9555\n---\napiVersion: v1\nkind: ServiceAccount\nmetadata:\n  name: adservice\n# [END gke_release_kubernetes_manifests_microservices_demo]\n",
            "response_body_base64": "IyBDb3B5cmlnaHQgMjAxOCBHb29nbGUgTExDCiMKIyBMaWNlbnNlZCB1bmRlciB0aGUgQXBhY2hlIExpY2Vuc2UsIFZlcnNpb24gMi4wICh0aGUgIkxpY2Vuc2UiKTsKIyB5b3UgbWF5IG5vdCB1c2UgdGhpcyBmaWxlIGV4Y2VwdCBpbiBjb21wbGlhbmNlIHdpdGggdGhlIExpY2Vuc2UuCiMgWW91IG1heSBvYnRhaW4gYSBjb3B5IG9mIHRoZSBMaWNlbnNlIGF0CiMKIyAgICAgIGh0dHA6Ly93d3cuYXBhY2hlLm9yZy9saWNlbnNlcy9MSUNFTlNFLTIuMAojCiMgVW5sZXNzIHJlcXVpcmVkIGJ5IGFwcGxpY2FibGUgbGF3IG9yIGFncmVlZCB0byBpbiB3cml0aW5nLCBzb2Z0d2FyZQojIGRpc3RyaWJ1dGVkIHVuZGVyIHRoZSBMaWNlbnNlIGlzIGRpc3RyaWJ1dGVkIG9uIGFuICJBUyBJUyIgQkFTSVMsCiMgV0lUSE9VVCBXQVJSQU5USUVTIE9SIENPTkRJVElPTlMgT0YgQU5ZIEtJTkQsIGVpdGhlciBleHByZXNzIG9yIGltcGxpZWQuCiMgU2VlIHRoZSBMaWNlbnNlIGZvciB0aGUgc3BlY2lmaWMgbGFuZ3VhZ2UgZ292ZXJuaW5nIHBlcm1pc3Npb25zIGFuZAojIGxpbWl0YXRpb25zIHVuZGVyIHRoZSBMaWNlbnNlLgoKIyAtLS0tLS0tLS0tLS0tLS0tLS0tLS0tLS0tLS0tLS0tLS0tLS0tLS0tLS0tLS0tLS0tLS0tLS0tLS0tCiMgV0FSTklORzogVGhpcyBmaWxlIGlzIGF1dG9nZW5lcmF0ZWQuIERvIG5vdCBtYW51YWxseSBlZGl0LgojIC0tLS0tLS0tLS0tLS0tLS0tLS0tLS0tLS0tLS0tLS0tLS0tLS0tLS0tLS0tLS0tLS0tLS0tLS0tLS0KCiMgW1NUQVJUIGdrZV9yZWxlYXNlX2t1YmVybmV0ZXNfbWFuaWZlc3RzX21pY3Jvc2VydmljZXNfZGVtb10KLS0tCmFwaVZlcnNpb246IGFwcHMvdjEKa2luZDogRGVwbG95bWVudAptZXRhZGF0YToKICBuYW1lOiBlbWFpbHNlcnZpY2UKICBsYWJlbHM6CiAgICBhcHA6IGVtYWlsc2VydmljZQpzcGVjOgogIHNlbGVjdG9yOgogICAgbWF0Y2hMYWJlbHM6CiAgICAgIGFwcDogZW1haWxzZXJ2aWNlCiAgdGVtcGxhdGU6CiAgICBtZXRhZGF0YToKICAgICAgbGFiZWxzOgogICAgICAgIGFwcDogZW1haWxzZXJ2aWNlCiAgICBzcGVjOgogICAgICBzZXJ2aWNlQWNjb3VudE5hbWU6IGVtYWlsc2VydmljZQogICAgICB0ZXJtaW5hdGlvbkdyYWNlUGVyaW9kU2Vjb25kczogNQogICAgICBzZWN1cml0eUNvbnRleHQ6CiAgICAgICAgZnNHcm91cDogMTAwMAogICAgICAgIHJ1bkFzR3JvdXA6IDEwMDAKICAgICAgICBydW5Bc05vblJvb3Q6IHRydWUKICAgICAgICBydW5Bc1VzZXI6IDEwMDAKICAgICAgY29udGFpbmVyczoKICAgICAgLSBuYW1lOiBzZXJ2ZXIKICAgICAgICBzZWN1cml0eUNvbnRleHQ6CiAgICAgICAgICBhbGxvd1ByaXZpbGVnZUVzY2FsYXRpb246IGZhbHNlCiAgICAgICAgICBjYXBhYmlsaXRpZXM6CiAgICAgICAgICAgIGRyb3A6CiAgICAgICAgICAgICAgLSBBTEwKICAgICAgICAgIHByaXZpbGVnZWQ6IGZhbHNlCiAgICAgICAgICByZWFkT25seVJvb3RGaWxlc3lzdGVtOiB0cnVlCiAgICAgICAgaW1hZ2U6IHVzLWNlbnRyYWwxLWRvY2tlci5wa2cuZGV2L2dvb2dsZS1zYW1wbGVzL21pY3Jvc2VydmljZXMtZGVtby9lbWFpbHNlcnZpY2U6djAuMTAuMwogICAgICAgIHBvcnRzOgogICAgICAgIC0gY29udGFpbmVyUG9ydDogODA4MAogICAgICAgIGVudjoKICAgICAgICAtIG5hbWU6IFBPUlQKICAgICAgICAgIHZhbHVlOiAiODA4MCIKICAgICAgICAtIG5hbWU6IERJU0FCTEVfUFJPRklMRVIKICAgICAgICAgIHZhbHVlOiAiMSIKICAgICAgICByZWFkaW5lc3NQcm9iZToKICAgICAgICAgIHBlcmlvZFNlY29uZHM6IDUKICAgICAgICAgIGdycGM6CiAgICAgICAgICAgIHBvcnQ6IDgwODAKICAgICAgICBsaXZlbmVzc1Byb2JlOgogICAgICAgICAgcGVyaW9kU2Vjb25kczogNQogICAgICAgICAgZ3JwYzoKICAgICAgICAgICAgcG9ydDogODA4MAogICAgICAgIHJlc291cmNlczoKICAgICAgICAgIHJlcXVlc3RzOgogICAgICAgICAgICBjcHU6IDEwMG0KICAgICAgICAgICAgbWVtb3J5OiA2NE1pCiAgICAgICAgICBsaW1pdHM6CiAgICAgICAgICAgIGNwdTogMjAwbQogICAgICAgICAgICBtZW1vcnk6IDEyOE1pCi0tLQphcGlWZXJzaW9uOiB2MQpraW5kOiBTZXJ2aWNlCm1ldGFkYXRhOgogIG5hbWU6IGVtYWlsc2VydmljZQogIGxhYmVsczoKICAgIGFwcDogZW1haWxzZXJ2aWNlCnNwZWM6CiAgdHlwZTogQ2x1c3RlcklQCiAgc2VsZWN0b3I6CiAgICBhcHA6IGVtYWlsc2VydmljZQogIHBvcnRzOgogIC0gbmFtZTogZ3JwYwogICAgcG9ydDogNTAwMAogICAgdGFyZ2V0UG9ydDogODA4MAotLS0KYXBpVmVyc2lvbjogdjEKa2luZDogU2VydmljZUFjY291bnQKbWV0YWRhdGE6CiAgbmFtZTogZW1haWxzZXJ2aWNlCi0tLQphcGlWZXJzaW9uOiBhcHBzL3YxCmtpbmQ6IERlcGxveW1lbnQKbWV0YWRhdGE6CiAgbmFtZTogY2hlY2tvdXRzZXJ2aWNlCiAgbGFiZWxzOgogICAgYXBwOiBjaGVja291dHNlcnZpY2UKc3BlYzoKICBzZWxlY3RvcjoKICAgIG1hdGNoTGFiZWxzOgogICAgICBhcHA6IGNoZWNrb3V0c2VydmljZQogIHRlbXBsYXRlOgogICAgbWV0YWRhdGE6CiAgICAgIGxhYmVsczoKICAgICAgICBhcHA6IGNoZWNrb3V0c2VydmljZQogICAgc3BlYzoKICAgICAgc2VydmljZUFjY291bnROYW1lOiBjaGVja291dHNlcnZpY2UKICAgICAgc2VjdXJpdHlDb250ZXh0OgogICAgICAgIGZzR3JvdXA6IDEwMDAKICAgICAgICBydW5Bc0dyb3VwOiAxMDAwCiAgICAgICAgcnVuQXNOb25Sb290OiB0cnVlCiAgICAgICAgcnVuQXNVc2VyOiAxMDAwCiAgICAgIGNvbnRhaW5lcnM6CiAgICAgICAgLSBuYW1lOiBzZXJ2ZXIKICAgICAgICAgIHNlY3VyaXR5Q29udGV4dDoKICAgICAgICAgICAgYWxsb3dQcml2aWxlZ2VFc2NhbGF0aW9uOiBmYWxzZQogICAgICAgICAgICBjYXBhYmlsaXRpZXM6CiAgICAgICAgICAgICAgZHJvcDoKICAgICAgICAgICAgICAgIC0gQUxMCiAgICAgICAgICAgIHByaXZpbGVnZWQ6IGZhbHNlCiAgICAgICAgICAgIHJlYWRPbmx5Um9vdEZpbGVzeXN0ZW06IHRydWUKICAgICAgICAgIGltYWdlOiB1cy1jZW50cmFsMS1kb2NrZXIucGtnLmRldi9nb29nbGUtc2FtcGxlcy9taWNyb3NlcnZpY2VzLWRlbW8vY2hlY2tvdXRzZXJ2aWNlOnYwLjEwLjMKICAgICAgICAgIHBvcnRzOgogICAgICAgICAgLSBjb250YWluZXJQb3J0OiA1MDUwCiAgICAgICAgICByZWFkaW5lc3NQcm9iZToKICAgICAgICAgICAgZ3JwYzoKICAgICAgICAgICAgICBwb3J0OiA1MDUwCiAgICAgICAgICBsaXZlbmVzc1Byb2JlOgogICAgICAgICAgICBncnBjOgogICAgICAgICAgICAgIHBvcnQ6IDUwNTAKICAgICAgICAgIGVudjoKICAgICAgICAgIC0gbmFtZTogUE9SVAogICAgICAgICAgICB2YWx1ZTogIjUwNTAiCiAgICAgICAgICAtIG5hbWU6IFBST0RVQ1RfQ0FUQUxPR19TRVJWSUNFX0FERFIKICAgICAgICAgICAgdmFsdWU6ICJwcm9kdWN0Y2F0YWxvZ3NlcnZpY2U6MzU1MCIKICAgICAgICAgIC0gbmFtZTogU0hJUFBJTkdfU0VSVklDRV9BRERSCiAgICAgICAgICAgIHZhbHVlOiAic2hpcHBpbmdzZXJ2aWNlOjUwMDUxIgogICAgICAgICAgLSBuYW1lOiBQQVlNRU5UX1NFUlZJQ0VfQUREUgogICAgICAgICAgICB2YWx1ZTogInBheW1lbnRzZXJ2aWNlOjUwMDUxIgogICAgICAgICAgLSBuYW1lOiBFTUFJTF9TRVJWSUNFX0FERFIKICAgICAgICAgICAgdmFsdWU6ICJlbWFpbHNlcnZpY2U6NTAwMCIKICAgICAgICAgIC0gbmFtZTogQ1VSUkVOQ1lfU0VSVklDRV9BRERSCiAgICAgICAgICAgIHZhbHVlOiAiY3VycmVuY3lzZXJ2aWNlOjcwMDAiCiAgICAgICAgICAtIG5hbWU6IENBUlRfU0VSVklDRV9BRERSCiAgICAgICAgICAgIHZhbHVlOiAiY2FydHNlcnZpY2U6NzA3MCIKICAgICAgICAgIHJlc291cmNlczoKICAgICAgICAgICAgcmVxdWVzdHM6CiAgICAgICAgICAgICAgY3B1OiAxMDBtCiAgICAgICAgICAgICAgbWVtb3J5OiA2NE1pCiAgICAgICAgICAgIGxpbWl0czoKICAgICAgICAgICAgICBjcHU6IDIwMG0KICAgICAgICAgICAgICBtZW1vcnk6IDEyOE1pCi0tLQphcGlWZXJzaW9uOiB2MQpraW5kOiBTZXJ2aWNlCm1ldGFkYXRhOgogIG5hbWU6IGNoZWNrb3V0c2VydmljZQogIGxhYmVsczoKICAgIGFwcDogY2hlY2tvdXRzZXJ2aWNlCnNwZWM6CiAgdHlwZTogQ2x1c3RlcklQCiAgc2VsZWN0b3I6CiAgICBhcHA6IGNoZWNrb3V0c2VydmljZQogIHBvcnRzOgogIC0gbmFtZTogZ3JwYwogICAgcG9ydDogNTA1MAogICAgdGFyZ2V0UG9ydDogNTA1MAotLS0KYXBpVmVyc2lvbjogdjEKa2luZDogU2VydmljZUFjY291bnQKbWV0YWRhdGE6CiAgbmFtZTogY2hlY2tvdXRzZXJ2aWNlCi0tLQphcGlWZXJzaW9uOiBhcHBzL3YxCmtpbmQ6IERlcGxveW1lbnQKbWV0YWRhdGE6CiAgbmFtZTogcmVjb21tZW5kYXRpb25zZXJ2aWNlCiAgbGFiZWxzOgogICAgYXBwOiByZWNvbW1lbmRhdGlvbnNlcnZpY2UKc3BlYzoKICBzZWxlY3RvcjoKICAgIG1hdGNoTGFiZWxzOgogICAgICBhcHA6IHJlY29tbWVuZGF0aW9uc2VydmljZQogIHRlbXBsYXRlOgogICAgbWV0YWRhdGE6CiAgICAgIGxhYmVsczoKICAgICAgICBhcHA6IHJlY29tbWVuZGF0aW9uc2VydmljZQogICAgc3BlYzoKICAgICAgc2VydmljZUFjY291bnROYW1lOiByZWNvbW1lbmRhdGlvbnNlcnZpY2UKICAgICAgdGVybWluYXRpb25HcmFjZVBlcmlvZFNlY29uZHM6IDUKICAgICAgc2VjdXJpdHlDb250ZXh0OgogICAgICAgIGZzR3JvdXA6IDEwMDAKICAgICAgICBydW5Bc0dyb3VwOiAxMDAwCiAgICAgICAgcnVuQXNOb25Sb290OiB0cnVlCiAgICAgICAgcnVuQXNVc2VyOiAxMDAwCiAgICAgIGNvbnRhaW5lcnM6CiAgICAgIC0gbmFtZTogc2VydmVyCiAgICAgICAgc2VjdXJpdHlDb250ZXh0OgogICAgICAgICAgYWxsb3dQcml2aWxlZ2VFc2NhbGF0aW9uOiBmYWxzZQogICAgICAgICAgY2FwYWJpbGl0aWVzOgogICAgICAgICAgICBkcm9wOgogICAgICAgICAgICAgIC0gQUxMCiAgICAgICAgICBwcml2aWxlZ2VkOiBmYWxzZQogICAgICAgICAgcmVhZE9ubHlSb290RmlsZXN5c3RlbTogdHJ1ZQogICAgICAgIGltYWdlOiB1cy1jZW50cmFsMS1kb2NrZXIucGtnLmRldi9nb29nbGUtc2FtcGxlcy9taWNyb3NlcnZpY2VzLWRlbW8vcmVjb21tZW5kYXRpb25zZXJ2aWNlOnYwLjEwLjMKICAgICAgICBwb3J0czoKICAgICAgICAtIGNvbnRhaW5lclBvcnQ6IDgwODAKICAgICAgICByZWFkaW5lc3NQcm9iZToKICAgICAgICAgIHBlcmlvZFNlY29uZHM6IDUKICAgICAgICAgIGdycGM6CiAgICAgICAgICAgIHBvcnQ6IDgwODAKICAgICAgICBsaXZlbmVzc1Byb2JlOgogICAgICAgICAgcGVyaW9kU2Vjb25kczogNQogICAgICAgICAgZ3JwYzoKICAgICAgICAgICAgcG9ydDogODA4MAogICAgICAgIGVudjoKICAgICAgICAtIG5hbWU6IFBPUlQKICAgICAgICAgIHZhbHVlOiAiODA4MCIKICAgICAgICAtIG5hbWU6IFBST0RVQ1RfQ0FUQUxPR19TRVJWSUNFX0FERFIKICAgICAgICAgIHZhbHVlOiAicHJvZHVjdGNhdGFsb2dzZXJ2aWNlOjM1NTAiCiAgICAgICAgLSBuYW1lOiBESVNBQkxFX1BST0ZJTEVSCiAgICAgICAgICB2YWx1ZTogIjEiCiAgICAgICAgcmVzb3VyY2VzOgogICAgICAgICAgcmVxdWVzdHM6CiAgICAgICAgICAgIGNwdTogMTAwbQogICAgICAgICAgICBtZW1vcnk6IDIyME1pCiAgICAgICAgICBsaW1pdHM6CiAgICAgICAgICAgIGNwdTogMjAwbQogICAgICAgICAgICBtZW1vcnk6IDQ1ME1pCi0tLQphcGlWZXJzaW9uOiB2MQpraW5kOiBTZXJ2aWNlCm1ldGFkYXRhOgogIG5hbWU6IHJlY29tbWVuZGF0aW9uc2VydmljZQogIGxhYmVsczoKICAgIGFwcDogcmVjb21tZW5kYXRpb25zZXJ2aWNlCnNwZWM6CiAgdHlwZTogQ2x1c3RlcklQCiAgc2VsZWN0b3I6CiAgICBhcHA6IHJlY29tbWVuZGF0aW9uc2VydmljZQogIHBvcnRzOgogIC0gbmFtZTogZ3JwYwogICAgcG9ydDogODA4MAogICAgdGFyZ2V0UG9ydDogODA4MAotLS0KYXBpVmVyc2lvbjogdjEKa2luZDogU2VydmljZUFjY291bnQKbWV0YWRhdGE6CiAgbmFtZTogcmVjb21tZW5kYXRpb25zZXJ2aWNlCi0tLQphcGlWZXJzaW9uOiBhcHBzL3YxCmtpbmQ6IERlcGxveW1lbnQKbWV0YWRhdGE6CiAgbmFtZTogZnJvbnRlbmQKICBsYWJlbHM6CiAgICBhcHA6IGZyb250ZW5kCnNwZWM6CiAgc2VsZWN0b3I6CiAgICBtYXRjaExhYmVsczoKICAgICAgYXBwOiBmcm9udGVuZAogIHRlbXBsYXRlOgogICAgbWV0YWRhdGE6CiAgICAgIGxhYmVsczoKICAgICAgICBhcHA6IGZyb250ZW5kCiAgICAgIGFubm90YXRpb25zOgogICAgICAgIHNpZGVjYXIuaXN0aW8uaW8vcmV3cml0ZUFwcEhUVFBQcm9iZXJzOiAidHJ1ZSIKICAgIHNwZWM6CiAgICAgIHNlcnZpY2VBY2NvdW50TmFtZTogZnJvbnRlbmQKICAgICAgc2VjdXJpdHlDb250ZXh0OgogICAgICAgIGZzR3JvdXA6IDEwMDAKICAgICAgICBydW5Bc0dyb3VwOiAxMDAwCiAgICAgICAgcnVuQXNOb25Sb290OiB0cnVlCiAgICAgICAgcnVuQXNVc2VyOiAxMDAwCiAgICAgIGNvbnRhaW5lcnM6CiAgICAgICAgLSBuYW1lOiBzZXJ2ZXIKICAgICAgICAgIHNlY3VyaXR5Q29udGV4dDoKICAgICAgICAgICAgYWxsb3dQcml2aWxlZ2VFc2NhbGF0aW9uOiBmYWxzZQogICAgICAgICAgICBjYXBhYmlsaXRpZXM6CiAgICAgICAgICAgICAgZHJvcDoKICAgICAgICAgICAgICAgIC0gQUxMCiAgICAgICAgICAgIHByaXZpbGVnZWQ6IGZhbHNlCiAgICAgICAgICAgIHJlYWRPbmx5Um9vdEZpbGVzeXN0ZW06IHRydWUKICAgICAgICAgIGltYWdlOiB1cy1jZW50cmFsMS1kb2NrZXIucGtnLmRldi9nb29nbGUtc2FtcGxlcy9taWNyb3NlcnZpY2VzLWRlbW8vZnJvbnRlbmQ6djAuMTAuMwogICAgICAgICAgcG9ydHM6CiAgICAgICAgICAtIGNvbnRhaW5lclBvcnQ6IDgwODAKICAgICAgICAgIHJlYWRpbmVzc1Byb2JlOgogICAgICAgICAgICBpbml0aWFsRGVsYXlTZWNvbmRzOiAxMAogICAgICAgICAgICBodHRwR2V0OgogICAgICAgICAgICAgIHBhdGg6ICIvX2hlYWx0aHoiCiAgICAgICAgICAgICAgcG9ydDogODA4MAogICAgICAgICAgICAgIGh0dHBIZWFkZXJzOgogICAgICAgICAgICAgIC0gbmFtZTogIkNvb2tpZSIKICAgICAgICAgICAgICAgIHZhbHVlOiAic2hvcF9zZXNzaW9uLWlkPXgtcmVhZGluZXNzLXByb2JlIgogICAgICAgICAgbGl2ZW5lc3NQcm9iZToKICAgICAgICAgICAgaW5pdGlhbERlbGF5U2Vjb25kczogMTAKICAgICAgICAgICAgaHR0cEdldDoKICAgICAgICAgICAgICBwYXRoOiAiL19oZWFsdGh6IgogICAgICAgICAgICAgIHBvcnQ6IDgwODAKICAgICAgICAgICAgICBodHRwSGVhZGVyczoKICAgICAgICAgICAgICAtIG5hbWU6ICJDb29raWUiCiAgICAgICAgICAgICAgICB2YWx1ZTogInNob3Bfc2Vzc2lvbi1pZD14LWxpdmVuZXNzLXByb2JlIgogICAgICAgICAgZW52OgogICAgICAgICAgLSBuYW1lOiBQT1JUCiAgICAgICAgICAgIHZhbHVlOiAiODA4MCIKICAgICAgICAgIC0gbmFtZTogUFJPRFVDVF9DQVRBTE9HX1NFUlZJQ0VfQUREUgogICAgICAgICAgICB2YWx1ZTogInByb2R1Y3RjYXRhbG9nc2VydmljZTozNTUwIgogICAgICAgICAgLSBuYW1lOiBDVVJSRU5DWV9TRVJWSUNFX0FERFIKICAgICAgICAgICAgdmFsdWU6ICJjdXJyZW5jeXNlcnZpY2U6NzAwMCIKICAgICAgICAgIC0gbmFtZTogQ0FSVF9TRVJWSUNFX0FERFIKICAgICAgICAgICAgdmFsdWU6ICJjYXJ0c2VydmljZTo3MDcwIgogICAgICAgICAgLSBuYW1lOiBSRUNPTU1FTkRBVElPTl9TRVJWSUNFX0FERFIKICAgICAgICAgICAgdmFsdWU6ICJyZWNvbW1lbmRhdGlvbnNlcnZpY2U6ODA4MCIKICAgICAgICAgIC0gbmFtZTogU0hJUFBJTkdfU0VSVklDRV9BRERSCiAgICAgICAgICAgIHZhbHVlOiAic2hpcHBpbmdzZXJ2aWNlOjUwMDUxIgogICAgICAgICAgLSBuYW1lOiBDSEVDS09VVF9TRVJWSUNFX0FERFIKICAgICAgICAgICAgdmFsdWU6ICJjaGVja291dHNlcnZpY2U6NTA1MCIKICAgICAgICAgIC0gbmFtZTogQURfU0VSVklDRV9BRERSCiAgICAgICAgICAgIHZhbHVlOiAiYWRzZXJ2aWNlOjk1NTUiCiAgICAgICAgICAtIG5hbWU6IFNIT1BQSU5HX0FTU0lTVEFOVF9TRVJWSUNFX0FERFIKICAgICAgICAgICAgdmFsdWU6ICJzaG9wcGluZ2Fzc2lzdGFudHNlcnZpY2U6ODAiCiAgICAgICAgICAjICMgRU5WX1BMQVRGT1JNOiBPbmUgb2Y6IGxvY2FsLCBnY3AsIGF3cywgYXp1cmUsIG9ucHJlbSwgYWxpYmFiYQogICAgICAgICAgIyAjIFdoZW4gbm90IHNldCwgZGVmYXVsdHMgdG8gImxvY2FsIiB1bmxlc3MgcnVubmluZyBpbiBHS0UsIG90aGVyd2llcyBhdXRvLXNldHMgdG8gZ2NwCiAgICAgICAgICAjIC0gbmFtZTogRU5WX1BMQVRGT1JNCiAgICAgICAgICAjICAgdmFsdWU6ICJhd3MiCiAgICAgICAgICAtIG5hbWU6IEVOQUJMRV9QUk9GSUxFUgogICAgICAgICAgICB2YWx1ZTogIjAiCiAgICAgICAgICAjIC0gbmFtZTogQ1lNQkFMX0JSQU5ESU5HCiAgICAgICAgICAjICAgdmFsdWU6ICJ0cnVlIgogICAgICAgICAgIyAtIG5hbWU6IEVOQUJMRV9BU1NJU1RBTlQKICAgICAgICAgICMgICB2YWx1ZTogInRydWUiCiAgICAgICAgICAjIC0gbmFtZTogRlJPTlRFTkRfTUVTU0FHRQogICAgICAgICAgIyAgIHZhbHVlOiAiUmVwbGFjZSB0aGlzIHdpdGggYSBtZXNzYWdlIHlvdSB3YW50IHRvIGRpc3BsYXkgb24gYWxsIHBhZ2VzLiIKICAgICAgICAgICMgQXMgcGFydCBvZiBhbiBvcHRpb25hbCBHb29nbGUgQ2xvdWQgZGVtbywgeW91IGNhbiBydW4gYW4gb3B0aW9uYWwgbWljcm9zZXJ2aWNlIGNhbGxlZCB0aGUgInBhY2thZ2luZyBzZXJ2aWNlIi4KICAgICAgICAgICMgLSBuYW1lOiBQQUNLQUdJTkdfU0VSVklDRV9VUkwKICAgICAgICAgICMgICB2YWx1ZTogIiIgIyBUaGlzIHZhbHVlIHdvdWxkIGxvb2sgbGlrZSAiaHR0cDovLzEyMy4xMjMuMTIzIgogICAgICAgICAgcmVzb3VyY2VzOgogICAgICAgICAgICByZXF1ZXN0czoKICAgICAgICAgICAgICBjcHU6IDEwMG0KICAgICAgICAgICAgICBtZW1vcnk6IDY0TWkKICAgICAgICAgICAgbGltaXRzOgogICAgICAgICAgICAgIGNwdTogMjAwbQogICAgICAgICAgICAgIG1lbW9yeTogMTI4TWkKLS0tCmFwaVZlcnNpb246IHYxCmtpbmQ6IFNlcnZpY2UKbWV0YWRhdGE6CiAgbmFtZTogZnJvbnRlbmQKICBsYWJlbHM6CiAgICBhcHA6IGZyb250ZW5kCnNwZWM6CiAgdHlwZTogQ2x1c3RlcklQCiAgc2VsZWN0b3I6CiAgICBhcHA6IGZyb250ZW5kCiAgcG9ydHM6CiAgLSBuYW1lOiBodHRwCiAgICBwb3J0OiA4MAogICAgdGFyZ2V0UG9ydDogODA4MAotLS0KYXBpVmVyc2lvbjogdjEKa2luZDogU2VydmljZQptZXRhZGF0YToKICBuYW1lOiBmcm9udGVuZC1leHRlcm5hbAogIGxhYmVsczoKICAgIGFwcDogZnJvbnRlbmQKc3BlYzoKICB0eXBlOiBMb2FkQmFsYW5jZXIKICBzZWxlY3RvcjoKICAgIGFwcDogZnJvbnRlbmQKICBwb3J0czoKICAtIG5hbWU6IGh0dHAKICAgIHBvcnQ6IDgwCiAgICB0YXJnZXRQb3J0OiA4MDgwCi0tLQphcGlWZXJzaW9uOiB2MQpraW5kOiBTZXJ2aWNlQWNjb3VudAptZXRhZGF0YToKICBuYW1lOiBmcm9udGVuZAotLS0KYXBpVmVyc2lvbjogYXBwcy92MQpraW5kOiBEZXBsb3ltZW50Cm1ldGFkYXRhOgogIG5hbWU6IHBheW1lbnRzZXJ2aWNlCiAgbGFiZWxzOgogICAgYXBwOiBwYXltZW50c2VydmljZQpzcGVjOgogIHNlbGVjdG9yOgogICAgbWF0Y2hMYWJlbHM6CiAgICAgIGFwcDogcGF5bWVudHNlcnZpY2UKICB0ZW1wbGF0ZToKICAgIG1ldGFkYXRhOgogICAgICBsYWJlbHM6CiAgICAgICAgYXBwOiBwYXltZW50c2VydmljZQogICAgc3BlYzoKICAgICAgc2VydmljZUFjY291bnROYW1lOiBwYXltZW50c2VydmljZQogICAgICB0ZXJtaW5hdGlvbkdyYWNlUGVyaW9kU2Vjb25kczogNQogICAgICBzZWN1cml0eUNvbnRleHQ6CiAgICAgICAgZnNHcm91cDogMTAwMAogICAgICAgIHJ1bkFzR3JvdXA6IDEwMDAKICAgICAgICBydW5Bc05vblJvb3Q6IHRydWUKICAgICAgICBydW5Bc1VzZXI6IDEwMDAKICAgICAgY29udGFpbmVyczoKICAgICAgLSBuYW1lOiBzZXJ2ZXIKICAgICAgICBzZWN1cml0eUNvbnRleHQ6CiAgICAgICAgICBhbGxvd1ByaXZpbGVnZUVzY2FsYXRpb246IGZhbHNlCiAgICAgICAgICBjYXBhYmlsaXRpZXM6CiAgICAgICAgICAgIGRyb3A6CiAgICAgICAgICAgICAgLSBBTEwKICAgICAgICAgIHByaXZpbGVnZWQ6IGZhbHNlCiAgICAgICAgICByZWFkT25seVJvb3RGaWxlc3lzdGVtOiB0cnVlCiAgICAgICAgaW1hZ2U6IHVzLWNlbnRyYWwxLWRvY2tlci5wa2cuZGV2L2dvb2dsZS1zYW1wbGVzL21pY3Jvc2VydmljZXMtZGVtby9wYXltZW50c2VydmljZTp2MC4xMC4zCiAgICAgICAgcG9ydHM6CiAgICAgICAgLSBjb250YWluZXJQb3J0OiA1MDA1MQogICAgICAgIGVudjoKICAgICAgICAtIG5hbWU6IFBPUlQKICAgICAgICAgIHZhbHVlOiAiNTAwNTEiCiAgICAgICAgLSBuYW1lOiBESVNBQkxFX1BST0ZJTEVSCiAgICAgICAgICB2YWx1ZTogIjEiCiAgICAgICAgcmVhZGluZXNzUHJvYmU6CiAgICAgICAgICBncnBjOgogICAgICAgICAgICBwb3J0OiA1MDA1MQogICAgICAgIGxpdmVuZXNzUHJvYmU6CiAgICAgICAgICBncnBjOgogICAgICAgICAgICBwb3J0OiA1MDA1MQogICAgICAgIHJlc291cmNlczoKICAgICAgICAgIHJlcXVlc3RzOgogICAgICAgICAgICBjcHU6IDEwMG0KICAgICAgICAgICAgbWVtb3J5OiA2NE1pCiAgICAgICAgICBsaW1pdHM6CiAgICAgICAgICAgIGNwdTogMjAwbQogICAgICAgICAgICBtZW1vcnk6IDEyOE1pCi0tLQphcGlWZXJzaW9uOiB2MQpraW5kOiBTZXJ2aWNlCm1ldGFkYXRhOgogIG5hbWU6IHBheW1lbnRzZXJ2aWNlCiAgbGFiZWxzOgogICAgYXBwOiBwYXltZW50c2VydmljZQpzcGVjOgogIHR5cGU6IENsdXN0ZXJJUAogIHNlbGVjdG9yOgogICAgYXBwOiBwYXltZW50c2VydmljZQogIHBvcnRzOgogIC0gbmFtZTogZ3JwYwogICAgcG9ydDogNTAwNTEKICAgIHRhcmdldFBvcnQ6IDUwMDUxCi0tLQphcGlWZXJzaW9uOiB2MQpraW5kOiBTZXJ2aWNlQWNjb3VudAptZXRhZGF0YToKICBuYW1lOiBwYXltZW50c2VydmljZQotLS0KYXBpVmVyc2lvbjogYXBwcy92MQpraW5kOiBEZXBsb3ltZW50Cm1ldGFkYXRhOgogIG5hbWU6IHByb2R1Y3RjYXRhbG9nc2VydmljZQogIGxhYmVsczoKICAgIGFwcDogcHJvZHVjdGNhdGFsb2dzZXJ2aWNlCnNwZWM6CiAgc2VsZWN0b3I6CiAgICBtYXRjaExhYmVsczoKICAgICAgYXBwOiBwcm9kdWN0Y2F0YWxvZ3NlcnZpY2UKICB0ZW1wbGF0ZToKICAgIG1ldGFkYXRhOgogICAgICBsYWJlbHM6CiAgICAgICAgYXBwOiBwcm9kdWN0Y2F0YWxvZ3NlcnZpY2UKICAgIHNwZWM6CiAgICAgIHNlcnZpY2VBY2NvdW50TmFtZTogcHJvZHVjdGNhdGFsb2dzZXJ2aWNlCiAgICAgIHRlcm1pbmF0aW9uR3JhY2VQZXJpb2RTZWNvbmRzOiA1CiAgICAgIHNlY3VyaXR5Q29udGV4dDoKICAgICAgICBmc0dyb3VwOiAxMDAwCiAgICAgICAgcnVuQXNHcm91cDogMTAwMAogICAgICAgIHJ1bkFzTm9uUm9vdDogdHJ1ZQogICAgICAgIHJ1bkFzVXNlcjogMTAwMAogICAgICBjb250YWluZXJzOgogICAgICAtIG5hbWU6IHNlcnZlcgogICAgICAgIHNlY3VyaXR5Q29udGV4dDoKICAgICAgICAgIGFsbG93UHJpdmlsZWdlRXNjYWxhdGlvbjogZmFsc2UKICAgICAgICAgIGNhcGFiaWxpdGllczoKICAgICAgICAgICAgZHJvcDoKICAgICAgICAgICAgICAtIEFMTAogICAgICAgICAgcHJpdmlsZWdlZDogZmFsc2UKICAgICAgICAgIHJlYWRPbmx5Um9vdEZpbGVzeXN0ZW06IHRydWUKICAgICAgICBpbWFnZTogdXMtY2VudHJhbDEtZG9ja2VyLnBrZy5kZXYvZ29vZ2xlLXNhbXBsZXMvbWljcm9zZXJ2aWNlcy1kZW1vL3Byb2R1Y3RjYXRhbG9nc2VydmljZTp2MC4xMC4zCiAgICAgICAgcG9ydHM6CiAgICAgICAgLSBjb250YWluZXJQb3J0OiAzNTUwCiAgICAgICAgZW52OgogICAgICAgIC0gbmFtZTogUE9SVAogICAgICAgICAgdmFsdWU6ICIzNTUwIgogICAgICAgIC0gbmFtZTogRElTQUJMRV9QUk9GSUxFUgogICAgICAgICAgdmFsdWU6ICIxIgogICAgICAgIHJlYWRpbmVzc1Byb2JlOgogICAgICAgICAgZ3JwYzoKICAgICAgICAgICAgcG9ydDogMzU1MAogICAgICAgIGxpdmVuZXNzUHJvYmU6CiAgICAgICAgICBncnBjOgogICAgICAgICAgICBwb3J0OiAzNTUwCiAgICAgICAgcmVzb3VyY2VzOgogICAgICAgICAgcmVxdWVzdHM6CiAgICAgICAgICAgIGNwdTogMTAwbQogICAgICAgICAgICBtZW1vcnk6IDY0TWkKICAgICAgICAgIGxpbWl0czoKICAgICAgICAgICAgY3B1OiAyMDBtCiAgICAgICAgICAgIG1lbW9yeTogMTI4TWkKLS0tCmFwaVZlcnNpb246IHYxCmtpbmQ6IFNlcnZpY2UKbWV0YWRhdGE6CiAgbmFtZTogcHJvZHVjdGNhdGFsb2dzZXJ2aWNlCiAgbGFiZWxzOgogICAgYXBwOiBwcm9kdWN0Y2F0YWxvZ3NlcnZpY2UKc3BlYzoKICB0eXBlOiBDbHVzdGVySVAKICBzZWxlY3RvcjoKICAgIGFwcDogcHJvZHVjdGNhdGFsb2dzZXJ2aWNlCiAgcG9ydHM6CiAgLSBuYW1lOiBncnBjCiAgICBwb3J0OiAzNTUwCiAgICB0YXJnZXRQb3J0OiAzNTUwCi0tLQphcGlWZXJzaW9uOiB2MQpraW5kOiBTZXJ2aWNlQWNjb3VudAptZXRhZGF0YToKICBuYW1lOiBwcm9kdWN0Y2F0YWxvZ3NlcnZpY2UKLS0tCmFwaVZlcnNpb246IGFwcHMvdjEKa2luZDogRGVwbG95bWVudAptZXRhZGF0YToKICBuYW1lOiBjYXJ0c2VydmljZQogIGxhYmVsczoKICAgIGFwcDogY2FydHNlcnZpY2UKc3BlYzoKICBzZWxlY3RvcjoKICAgIG1hdGNoTGFiZWxzOgogICAgICBhcHA6IGNhcnRzZXJ2aWNlCiAgdGVtcGxhdGU6CiAgICBtZXRhZGF0YToKICAgICAgbGFiZWxzOgogICAgICAgIGFwcDogY2FydHNlcnZpY2UKICAgIHNwZWM6CiAgICAgIHNlcnZpY2VBY2NvdW50TmFtZTogY2FydHNlcnZpY2UKICAgICAgdGVybWluYXRpb25HcmFjZVBlcmlvZFNlY29uZHM6IDUKICAgICAgc2VjdXJpdHlDb250ZXh0OgogICAgICAgIGZzR3JvdXA6IDEwMDAKICAgICAgICBydW5Bc0dyb3VwOiAxMDAwCiAgICAgICAgcnVuQXNOb25Sb290OiB0cnVlCiAgICAgICAgcnVuQXNVc2VyOiAxMDAwCiAgICAgIGNvbnRhaW5lcnM6CiAgICAgIC0gbmFtZTogc2VydmVyCiAgICAgICAgc2VjdXJpdHlDb250ZXh0OgogICAgICAgICAgYWxsb3dQcml2aWxlZ2VFc2NhbGF0aW9uOiBmYWxzZQogICAgICAgICAgY2FwYWJpbGl0aWVzOgogICAgICAgICAgICBkcm9wOgogICAgICAgICAgICAgIC0gQUxMCiAgICAgICAgICBwcml2aWxlZ2VkOiBmYWxzZQogICAgICAgICAgcmVhZE9ubHlSb290RmlsZXN5c3RlbTogdHJ1ZQogICAgICAgIGltYWdlOiB1cy1jZW50cmFsMS1kb2NrZXIucGtnLmRldi9nb29nbGUtc2FtcGxlcy9taWNyb3NlcnZpY2VzLWRlbW8vY2FydHNlcnZpY2U6djAuMTAuMwogICAgICAgIHBvcnRzOgogICAgICAgIC0gY29udGFpbmVyUG9ydDogNzA3MAogICAgICAgIGVudjoKICAgICAgICAtIG5hbWU6IFJFRElTX0FERFIKICAgICAgICAgIHZhbHVlOiAicmVkaXMtY2FydDo2Mzc5IgogICAgICAgIHJlc291cmNlczoKICAgICAgICAgIHJlcXVlc3RzOgogICAgICAgICAgICBjcHU6IDIwMG0KICAgICAgICAgICAgbWVtb3J5OiA2NE1pCiAgICAgICAgICBsaW1pdHM6CiAgICAgICAgICAgIGNwdTogMzAwbQogICAgICAgICAgICBtZW1vcnk6IDEyOE1pCiAgICAgICAgcmVhZGluZXNzUHJvYmU6CiAgICAgICAgICBpbml0aWFsRGVsYXlTZWNvbmRzOiAxNQogICAgICAgICAgZ3JwYzoKICAgICAgICAgICAgcG9ydDogNzA3MAogICAgICAgIGxpdmVuZXNzUHJvYmU6CiAgICAgICAgICBpbml0aWFsRGVsYXlTZWNvbmRzOiAxNQogICAgICAgICAgcGVyaW9kU2Vjb25kczogMTAKICAgICAgICAgIGdycGM6CiAgICAgICAgICAgIHBvcnQ6IDcwNzAKLS0tCmFwaVZlcnNpb246IHYxCmtpbmQ6IFNlcnZpY2UKbWV0YWRhdGE6CiAgbmFtZTogY2FydHNlcnZpY2UKICBsYWJlbHM6CiAgICBhcHA6IGNhcnRzZXJ2aWNlCnNwZWM6CiAgdHlwZTogQ2x1c3RlcklQCiAgc2VsZWN0b3I6CiAgICBhcHA6IGNhcnRzZXJ2aWNlCiAgcG9ydHM6CiAgLSBuYW1lOiBncnBjCiAgICBwb3J0OiA3MDcwCiAgICB0YXJnZXRQb3J0OiA3MDcwCi0tLQphcGlWZXJzaW9uOiB2MQpraW5kOiBTZXJ2aWNlQWNjb3VudAptZXRhZGF0YToKICBuYW1lOiBjYXJ0c2VydmljZQotLS0KYXBpVmVyc2lvbjogYXBwcy92MQpraW5kOiBEZXBsb3ltZW50Cm1ldGFkYXRhOgogIG5hbWU6IHJlZGlzLWNhcnQKICBsYWJlbHM6CiAgICBhcHA6IHJlZGlzLWNhcnQKc3BlYzoKICBzZWxlY3RvcjoKICAgIG1hdGNoTGFiZWxzOgogICAgICBhcHA6IHJlZGlzLWNhcnQKICB0ZW1wbGF0ZToKICAgIG1ldGFkYXRhOgogICAgICBsYWJlbHM6CiAgICAgICAgYXBwOiByZWRpcy1jYXJ0CiAgICBzcGVjOgogICAgICBzZWN1cml0eUNvbnRleHQ6CiAgICAgICAgZnNHcm91cDogMTAwMAogICAgICAgIHJ1bkFzR3JvdXA6IDEwMDAKICAgICAgICBydW5Bc05vblJvb3Q6IHRydWUKICAgICAgICBydW5Bc1VzZXI6IDEwMDAKICAgICAgY29udGFpbmVyczoKICAgICAgLSBuYW1lOiByZWRpcwogICAgICAgIHNlY3VyaXR5Q29udGV4dDoKICAgICAgICAgIGFsbG93UHJpdmlsZWdlRXNjYWxhdGlvbjogZmFsc2UKICAgICAgICAgIGNhcGFiaWxpdGllczoKICAgICAgICAgICAgZHJvcDoKICAgICAgICAgICAgICAtIEFMTAogICAgICAgICAgcHJpdmlsZWdlZDogZmFsc2UKICAgICAgICAgIHJlYWRPbmx5Um9vdEZpbGVzeXN0ZW06IHRydWUKICAgICAgICBpbWFnZTogcmVkaXM6YWxwaW5lCiAgICAgICAgcG9ydHM6CiAgICAgICAgLSBjb250YWluZXJQb3J0OiA2Mzc5CiAgICAgICAgcmVhZGluZXNzUHJvYmU6CiAgICAgICAgICBwZXJpb2RTZWNvbmRzOiA1CiAgICAgICAgICB0Y3BTb2NrZXQ6CiAgICAgICAgICAgIHBvcnQ6IDYzNzkKICAgICAgICBsaXZlbmVzc1Byb2JlOgogICAgICAgICAgcGVyaW9kU2Vjb25kczogNQogICAgICAgICAgdGNwU29ja2V0OgogICAgICAgICAgICBwb3J0OiA2Mzc5CiAgICAgICAgdm9sdW1lTW91bnRzOgogICAgICAgIC0gbW91bnRQYXRoOiAvZGF0YQogICAgICAgICAgbmFtZTogcmVkaXMtZGF0YQogICAgICAgIHJlc291cmNlczoKICAgICAgICAgIGxpbWl0czoKICAgICAgICAgICAgbWVtb3J5OiAyNTZNaQogICAgICAgICAgICBjcHU6IDEyNW0KICAgICAgICAgIHJlcXVlc3RzOgogICAgICAgICAgICBjcHU6IDcwbQogICAgICAgICAgICBtZW1vcnk6IDIwME1pCiAgICAgIHZvbHVtZXM6CiAgICAgIC0gbmFtZTogcmVkaXMtZGF0YQogICAgICAgIGVtcHR5RGlyOiB7fQotLS0KYXBpVmVyc2lvbjogdjEKa2luZDogU2VydmljZQptZXRhZGF0YToKICBuYW1lOiByZWRpcy1jYXJ0CiAgbGFiZWxzOgogICAgYXBwOiByZWRpcy1jYXJ0CnNwZWM6CiAgdHlwZTogQ2x1c3RlcklQCiAgc2VsZWN0b3I6CiAgICBhcHA6IHJlZGlzLWNhcnQKICBwb3J0czoKICAtIG5hbWU6IHRjcC1yZWRpcwogICAgcG9ydDogNjM3OQogICAgdGFyZ2V0UG9ydDogNjM3OQotLS0KYXBpVmVyc2lvbjogYXBwcy92MQpraW5kOiBEZXBsb3ltZW50Cm1ldGFkYXRhOgogIG5hbWU6IGxvYWRnZW5lcmF0b3IKICBsYWJlbHM6CiAgICBhcHA6IGxvYWRnZW5lcmF0b3IKc3BlYzoKICBzZWxlY3RvcjoKICAgIG1hdGNoTGFiZWxzOgogICAgICBhcHA6IGxvYWRnZW5lcmF0b3IKICByZXBsaWNhczogMQogIHRlbXBsYXRlOgogICAgbWV0YWRhdGE6CiAgICAgIGxhYmVsczoKICAgICAgICBhcHA6IGxvYWRnZW5lcmF0b3IKICAgICAgYW5ub3RhdGlvbnM6CiAgICAgICAgc2lkZWNhci5pc3Rpby5pby9yZXdyaXRlQXBwSFRUUFByb2JlcnM6ICJ0cnVlIgogICAgc3BlYzoKICAgICAgc2VydmljZUFjY291bnROYW1lOiBsb2FkZ2VuZXJhdG9yCiAgICAgIHRlcm1pbmF0aW9uR3JhY2VQZXJpb2RTZWNvbmRzOiA1CiAgICAgIHJlc3RhcnRQb2xpY3k6IEFsd2F5cwogICAgICBzZWN1cml0eUNvbnRleHQ6CiAgICAgICAgZnNHcm91cDogMTAwMAogICAgICAgIHJ1bkFzR3JvdXA6IDEwMDAKICAgICAgICBydW5Bc05vblJvb3Q6IHRydWUKICAgICAgICBydW5Bc1VzZXI6IDEwMDAKICAgICAgaW5pdENvbnRhaW5lcnM6CiAgICAgIC0gY29tbWFuZDoKICAgICAgICAtIC9iaW4vc2gKICAgICAgICAtIC1leGMKICAgICAgICAtIHwKICAgICAgICAgIE1BWF9SRVRSSUVTPTEyCiAgICAgICAgICBSRVRSWV9JTlRFUlZBTD0xMAogICAgICAgICAgZm9yIGkgaW4gJChzZXEgMSAkTUFYX1JFVFJJRVMpOyBkbwogICAgICAgICAgICBlY2hvICJBdHRlbXB0ICRpOiBQaW5naW5nIGZyb250ZW5kOiAke0ZST05URU5EX0FERFJ9Li4uIgogICAgICAgICAgICBTVEFUVVNDT0RFPSQod2dldCAtLXNlcnZlci1yZXNwb25zZSBodHRwOi8vJHtGUk9OVEVORF9BRERSfSAyPiYxIHwgYXdrICcvXiAgSFRUUC97cHJpbnQgJDJ9JykKICAgICAgICAgICAgaWYgWyAkU1RBVFVTQ09ERSAtZXEgMjAwIF07IHRoZW4KICAgICAgICAgICAgICAgIGVjaG8gIkZyb250ZW5kIGlzIHJlYWNoYWJsZS4iCiAgICAgICAgICAgICAgICBleGl0IDAKICAgICAgICAgICAgZmkKICAgICAgICAgICAgZWNobyAiRXJyb3I6IENvdWxkIG5vdCByZWFjaCBmcm9udGVuZCAtIFN0YXR1cyBjb2RlOiAke1NUQVRVU0NPREV9IgogICAgICAgICAgICBzbGVlcCAkUkVUUllfSU5URVJWQUwKICAgICAgICAgIGRvbmUKICAgICAgICAgIGVjaG8gIkZhaWxlZCB0byByZWFjaCBmcm9udGVuZCBhZnRlciAkTUFYX1JFVFJJRVMgYXR0ZW1wdHMuIgogICAgICAgICAgZXhpdCAxCiAgICAgICAgbmFtZTogZnJvbnRlbmQtY2hlY2sKICAgICAgICBzZWN1cml0eUNvbnRleHQ6CiAgICAgICAgICBhbGxvd1ByaXZpbGVnZUVzY2FsYXRpb246IGZhbHNlCiAgICAgICAgICBjYXBhYmlsaXRpZXM6CiAgICAgICAgICAgIGRyb3A6CiAgICAgICAgICAgICAgLSBBTEwKICAgICAgICAgIHByaXZpbGVnZWQ6IGZhbHNlCiAgICAgICAgICByZWFkT25seVJvb3RGaWxlc3lzdGVtOiB0cnVlCiAgICAgICAgaW1hZ2U6IGJ1c3lib3g6bGF0ZXN0CiAgICAgICAgZW52OgogICAgICAgIC0gbmFtZTogRlJPTlRFTkRfQUREUgogICAgICAgICAgdmFsdWU6ICJmcm9udGVuZDo4MCIKICAgICAgY29udGFpbmVyczoKICAgICAgLSBuYW1lOiBtYWluCiAgICAgICAgc2VjdXJpdHlDb250ZXh0OgogICAgICAgICAgYWxsb3dQcml2aWxlZ2VFc2NhbGF0aW9uOiBmYWxzZQogICAgICAgICAgY2FwYWJpbGl0aWVzOgogICAgICAgICAgICBkcm9wOgogICAgICAgICAgICAgIC0gQUxMCiAgICAgICAgICBwcml2aWxlZ2VkOiBmYWxzZQogICAgICAgICAgcmVhZE9ubHlSb290RmlsZXN5c3RlbTogdHJ1ZQogICAgICAgIGltYWdlOiB1cy1jZW50cmFsMS1kb2NrZXIucGtnLmRldi9nb29nbGUtc2FtcGxlcy9taWNyb3NlcnZpY2VzLWRlbW8vbG9hZGdlbmVyYXRvcjp2MC4xMC4zCiAgICAgICAgZW52OgogICAgICAgIC0gbmFtZTogRlJPTlRFTkRfQUREUgogICAgICAgICAgdmFsdWU6ICJmcm9udGVuZDo4MCIKICAgICAgICAtIG5hbWU6IFVTRVJTCiAgICAgICAgICB2YWx1ZTogIjEwIgogICAgICAgIC0gbmFtZTogUkFURQogICAgICAgICAgdmFsdWU6ICIxIgogICAgICAgIHJlc291cmNlczoKICAgICAgICAgIHJlcXVlc3RzOgogICAgICAgICAgICBjcHU6IDMwMG0KICAgICAgICAgICAgbWVtb3J5OiAyNTZNaQogICAgICAgICAgbGltaXRzOgogICAgICAgICAgICBjcHU6IDUwMG0KICAgICAgICAgICAgbWVtb3J5OiA1MTJNaQotLS0KYXBpVmVyc2lvbjogdjEKa2luZDogU2VydmljZUFjY291bnQKbWV0YWRhdGE6CiAgbmFtZTogbG9hZGdlbmVyYXRvcgotLS0KYXBpVmVyc2lvbjogYXBwcy92MQpraW5kOiBEZXBsb3ltZW50Cm1ldGFkYXRhOgogIG5hbWU6IGN1cnJlbmN5c2VydmljZQogIGxhYmVsczoKICAgIGFwcDogY3VycmVuY3lzZXJ2aWNlCnNwZWM6CiAgc2VsZWN0b3I6CiAgICBtYXRjaExhYmVsczoKICAgICAgYXBwOiBjdXJyZW5jeXNlcnZpY2UKICB0ZW1wbGF0ZToKICAgIG1ldGFkYXRhOgogICAgICBsYWJlbHM6CiAgICAgICAgYXBwOiBjdXJyZW5jeXNlcnZpY2UKICAgIHNwZWM6CiAgICAgIHNlcnZpY2VBY2NvdW50TmFtZTogY3VycmVuY3lzZXJ2aWNlCiAgICAgIHRlcm1pbmF0aW9uR3JhY2VQZXJpb2RTZWNvbmRzOiA1CiAgICAgIHNlY3VyaXR5Q29udGV4dDoKICAgICAgICBmc0dyb3VwOiAxMDAwCiAgICAgICAgcnVuQXNHcm91cDogMTAwMAogICAgICAgIHJ1bkFzTm9uUm9vdDogdHJ1ZQogICAgICAgIHJ1bkFzVXNlcjogMTAwMAogICAgICBjb250YWluZXJzOgogICAgICAtIG5hbWU6IHNlcnZlcgogICAgICAgIHNlY3VyaXR5Q29udGV4dDoKICAgICAgICAgIGFsbG93UHJpdmlsZWdlRXNjYWxhdGlvbjogZmFsc2UKICAgICAgICAgIGNhcGFiaWxpdGllczoKICAgICAgICAgICAgZHJvcDoKICAgICAgICAgICAgICAtIEFMTAogICAgICAgICAgcHJpdmlsZWdlZDogZmFsc2UKICAgICAgICAgIHJlYWRPbmx5Um9vdEZpbGVzeXN0ZW06IHRydWUKICAgICAgICBpbWFnZTogdXMtY2VudHJhbDEtZG9ja2VyLnBrZy5kZXYvZ29vZ2xlLXNhbXBsZXMvbWljcm9zZXJ2aWNlcy1kZW1vL2N1cnJlbmN5c2VydmljZTp2MC4xMC4zCiAgICAgICAgcG9ydHM6CiAgICAgICAgLSBuYW1lOiBncnBjCiAgICAgICAgICBjb250YWluZXJQb3J0OiA3MDAwCiAgICAgICAgZW52OgogICAgICAgIC0gbmFtZTogUE9SVAogICAgICAgICAgdmFsdWU6ICI3MDAwIgogICAgICAgIC0gbmFtZTogRElTQUJMRV9QUk9GSUxFUgogICAgICAgICAgdmFsdWU6ICIxIgogICAgICAgIHJlYWRpbmVzc1Byb2JlOgogICAgICAgICAgZ3JwYzoKICAgICAgICAgICAgcG9ydDogNzAwMAogICAgICAgIGxpdmVuZXNzUHJvYmU6CiAgICAgICAgICBncnBjOgogICAgICAgICAgICBwb3J0OiA3MDAwCiAgICAgICAgcmVzb3VyY2VzOgogICAgICAgICAgcmVxdWVzdHM6CiAgICAgICAgICAgIGNwdTogMTAwbQogICAgICAgICAgICBtZW1vcnk6IDY0TWkKICAgICAgICAgIGxpbWl0czoKICAgICAgICAgICAgY3B1OiAyMDBtCiAgICAgICAgICAgIG1lbW9yeTogMTI4TWkKLS0tCmFwaVZlcnNpb246IHYxCmtpbmQ6IFNlcnZpY2UKbWV0YWRhdGE6CiAgbmFtZTogY3VycmVuY3lzZXJ2aWNlCiAgbGFiZWxzOgogICAgYXBwOiBjdXJyZW5jeXNlcnZpY2UKc3BlYzoKICB0eXBlOiBDbHVzdGVySVAKICBzZWxlY3RvcjoKICAgIGFwcDogY3VycmVuY3lzZXJ2aWNlCiAgcG9ydHM6CiAgLSBuYW1lOiBncnBjCiAgICBwb3J0OiA3MDAwCiAgICB0YXJnZXRQb3J0OiA3MDAwCi0tLQphcGlWZXJzaW9uOiB2MQpraW5kOiBTZXJ2aWNlQWNjb3VudAptZXRhZGF0YToKICBuYW1lOiBjdXJyZW5jeXNlcnZpY2UKLS0tCmFwaVZlcnNpb246IGFwcHMvdjEKa2luZDogRGVwbG95bWVudAptZXRhZGF0YToKICBuYW1lOiBzaGlwcGluZ3NlcnZpY2UKICBsYWJlbHM6CiAgICBhcHA6IHNoaXBwaW5nc2VydmljZQpzcGVjOgogIHNlbGVjdG9yOgogICAgbWF0Y2hMYWJlbHM6CiAgICAgIGFwcDogc2hpcHBpbmdzZXJ2aWNlCiAgdGVtcGxhdGU6CiAgICBtZXRhZGF0YToKICAgICAgbGFiZWxzOgogICAgICAgIGFwcDogc2hpcHBpbmdzZXJ2aWNlCiAgICBzcGVjOgogICAgICBzZXJ2aWNlQWNjb3VudE5hbWU6IHNoaXBwaW5nc2VydmljZQogICAgICBzZWN1cml0eUNvbnRleHQ6CiAgICAgICAgZnNHcm91cDogMTAwMAogICAgICAgIHJ1bkFzR3JvdXA6IDEwMDAKICAgICAgICBydW5Bc05vblJvb3Q6IHRydWUKICAgICAgICBydW5Bc1VzZXI6IDEwMDAKICAgICAgY29udGFpbmVyczoKICAgICAgLSBuYW1lOiBzZXJ2ZXIKICAgICAgICBzZWN1cml0eUNvbnRleHQ6CiAgICAgICAgICBhbGxvd1ByaXZpbGVnZUVzY2FsYXRpb246IGZhbHNlCiAgICAgICAgICBjYXBhYmlsaXRpZXM6CiAgICAgICAgICAgIGRyb3A6CiAgICAgICAgICAgICAgLSBBTEwKICAgICAgICAgIHByaXZpbGVnZWQ6IGZhbHNlCiAgICAgICAgICByZWFkT25seVJvb3RGaWxlc3lzdGVtOiB0cnVlCiAgICAgICAgaW1hZ2U6IHVzLWNlbnRyYWwxLWRvY2tlci5wa2cuZGV2L2dvb2dsZS1zYW1wbGVzL21pY3Jvc2VydmljZXMtZGVtby9zaGlwcGluZ3NlcnZpY2U6djAuMTAuMwogICAgICAgIHBvcnRzOgogICAgICAgIC0gY29udGFpbmVyUG9ydDogNTAwNTEKICAgICAgICBlbnY6CiAgICAgICAgLSBuYW1lOiBQT1JUCiAgICAgICAgICB2YWx1ZTogIjUwMDUxIgogICAgICAgIC0gbmFtZTogRElTQUJMRV9QUk9GSUxFUgogICAgICAgICAgdmFsdWU6ICIxIgogICAgICAgIHJlYWRpbmVzc1Byb2JlOgogICAgICAgICAgcGVyaW9kU2Vjb25kczogNQogICAgICAgICAgZ3JwYzoKICAgICAgICAgICAgcG9ydDogNTAwNTEKICAgICAgICBsaXZlbmVzc1Byb2JlOgogICAgICAgICAgZ3JwYzoKICAgICAgICAgICAgcG9ydDogNTAwNTEKICAgICAgICByZXNvdXJjZXM6CiAgICAgICAgICByZXF1ZXN0czoKICAgICAgICAgICAgY3B1OiAxMDBtCiAgICAgICAgICAgIG1lbW9yeTogNjRNaQogICAgICAgICAgbGltaXRzOgogICAgICAgICAgICBjcHU6IDIwMG0KICAgICAgICAgICAgbWVtb3J5OiAxMjhNaQotLS0KYXBpVmVyc2lvbjogdjEKa2luZDogU2VydmljZQptZXRhZGF0YToKICBuYW1lOiBzaGlwcGluZ3NlcnZpY2UKICBsYWJlbHM6CiAgICBhcHA6IHNoaXBwaW5nc2VydmljZQpzcGVjOgogIHR5cGU6IENsdXN0ZXJJUAogIHNlbGVjdG9yOgogICAgYXBwOiBzaGlwcGluZ3NlcnZpY2UKICBwb3J0czoKICAtIG5hbWU6IGdycGMKICAgIHBvcnQ6IDUwMDUxCiAgICB0YXJnZXRQb3J0OiA1MDA1MQotLS0KYXBpVmVyc2lvbjogdjEKa2luZDogU2VydmljZUFjY291bnQKbWV0YWRhdGE6CiAgbmFtZTogc2hpcHBpbmdzZXJ2aWNlCi0tLQphcGlWZXJzaW9uOiBhcHBzL3YxCmtpbmQ6IERlcGxveW1lbnQKbWV0YWRhdGE6CiAgbmFtZTogYWRzZXJ2aWNlCiAgbGFiZWxzOgogICAgYXBwOiBhZHNlcnZpY2UKc3BlYzoKICBzZWxlY3RvcjoKICAgIG1hdGNoTGFiZWxzOgogICAgICBhcHA6IGFkc2VydmljZQogIHRlbXBsYXRlOgogICAgbWV0YWRhdGE6CiAgICAgIGxhYmVsczoKICAgICAgICBhcHA6IGFkc2VydmljZQogICAgc3BlYzoKICAgICAgc2VydmljZUFjY291bnROYW1lOiBhZHNlcnZpY2UKICAgICAgdGVybWluYXRpb25HcmFjZVBlcmlvZFNlY29uZHM6IDUKICAgICAgc2VjdXJpdHlDb250ZXh0OgogICAgICAgIGZzR3JvdXA6IDEwMDAKICAgICAgICBydW5Bc0dyb3VwOiAxMDAwCiAgICAgICAgcnVuQXNOb25Sb290OiB0cnVlCiAgICAgICAgcnVuQXNVc2VyOiAxMDAwCiAgICAgIGNvbnRhaW5lcnM6CiAgICAgIC0gbmFtZTogc2VydmVyCiAgICAgICAgc2VjdXJpdHlDb250ZXh0OgogICAgICAgICAgYWxsb3dQcml2aWxlZ2VFc2NhbGF0aW9uOiBmYWxzZQogICAgICAgICAgY2FwYWJpbGl0aWVzOgogICAgICAgICAgICBkcm9wOgogICAgICAgICAgICAgIC0gQUxMCiAgICAgICAgICBwcml2aWxlZ2VkOiBmYWxzZQogICAgICAgICAgcmVhZE9ubHlSb290RmlsZXN5c3RlbTogdHJ1ZQogICAgICAgIGltYWdlOiB1cy1jZW50cmFsMS1kb2NrZXIucGtnLmRldi9nb29nbGUtc2FtcGxlcy9taWNyb3NlcnZpY2VzLWRlbW8vYWRzZXJ2aWNlOnYwLjEwLjMKICAgICAgICBwb3J0czoKICAgICAgICAtIGNvbnRhaW5lclBvcnQ6IDk1NTUKICAgICAgICBlbnY6CiAgICAgICAgLSBuYW1lOiBQT1JUCiAgICAgICAgICB2YWx1ZTogIjk1NTUiCiAgICAgICAgcmVzb3VyY2VzOgogICAgICAgICAgcmVxdWVzdHM6CiAgICAgICAgICAgIGNwdTogMjAwbQogICAgICAgICAgICBtZW1vcnk6IDE4ME1pCiAgICAgICAgICBsaW1pdHM6CiAgICAgICAgICAgIGNwdTogMzAwbQogICAgICAgICAgICBtZW1vcnk6IDMwME1pCiAgICAgICAgcmVhZGluZXNzUHJvYmU6CiAgICAgICAgICBpbml0aWFsRGVsYXlTZWNvbmRzOiAyMAogICAgICAgICAgcGVyaW9kU2Vjb25kczogMTUKICAgICAgICAgIGdycGM6CiAgICAgICAgICAgIHBvcnQ6IDk1NTUKICAgICAgICBsaXZlbmVzc1Byb2JlOgogICAgICAgICAgaW5pdGlhbERlbGF5U2Vjb25kczogMjAKICAgICAgICAgIHBlcmlvZFNlY29uZHM6IDE1CiAgICAgICAgICBncnBjOgogICAgICAgICAgICBwb3J0OiA5NTU1Ci0tLQphcGlWZXJzaW9uOiB2MQpraW5kOiBTZXJ2aWNlCm1ldGFkYXRhOgogIG5hbWU6IGFkc2VydmljZQogIGxhYmVsczoKICAgIGFwcDogYWRzZXJ2aWNlCnNwZWM6CiAgdHlwZTogQ2x1c3RlcklQCiAgc2VsZWN0b3I6CiAgICBhcHA6IGFkc2VydmljZQogIHBvcnRzOgogIC0gbmFtZTogZ3JwYwogICAgcG9ydDogOTU1NQogICAgdGFyZ2V0UG9ydDogOTU1NQotLS0KYXBpVmVyc2lvbjogdjEKa2luZDogU2VydmljZUFjY291bnQKbWV0YWRhdGE6CiAgbmFtZTogYWRzZXJ2aWNlCiMgW0VORCBna2VfcmVsZWFzZV9rdWJlcm5ldGVzX21hbmlmZXN0c19taWNyb3NlcnZpY2VzX2RlbW9dCg==",
            "response_headers": {
              "Accept-Ranges": "bytes",
              "Access-Control-Allow-Origin": "*",
              "Cache-Control": "max-age=300",
              "Content-Security-Policy": "default-src 'none'; style-src 'unsafe-inline'; sandbox",
              "Content-Type": "text/plain; charset=utf-8",
              "Cross-Origin-Resource-Policy": "cross-origin",
              "Date": "Thu, 18 Sep 2025 14:10:40 GMT",
              "Etag": "W/\"f896672b66787b6560b4cc3405b4077dc30fcca5e5e986efc6e63c9f07d1182f\"",
              "Expires": "Thu, 18 Sep 2025 14:15:40 GMT",
              "Source-Age": "0",
              "Strict-Transport-Security": "max-age=31536000",
              "Vary": "Authorization,Accept-Encoding",
              "Via": "1.1 varnish",
              "X-Cache": "MISS",
              "X-Cache-Hits": "0",
              "X-Content-Type-Options": "nosniff",
              "X-Fastly-Request-Id": "a0b56d5250ace2f3d46b84202577e70b52bd1238",
              "X-Frame-Options": "deny",
              "X-Github-Request-Id": "8B85:17981E:3D1D8A:6E500C:68CC12DF",
              "X-Served-By": "cache-sin-wsss1830020-SIN",
              "X-Timer": "S1758204640.242952,VS0,VE257",
              "X-Xss-Protection": "1; mode=block"
            },
            "retry": null,
            "status_code": 200,
            "url": "https://raw.githubusercontent.com/GoogleCloudPlatform/microservices-demo/main/release/kubernetes-manifests.yaml"
          },
          "sensitive_attributes": []
        }
      ]
    },
    {
      "mode": "data",
      "type": "kubectl_file_documents",
      "name": "microservices_demo",
      "provider": "provider[\"registry.terraform.io/gavinbunney/kubectl\"]",
      "instances": [
        {
          "schema_version": 0,
          "attributes": {
            "content": "# Copyright 2018 Google LLC\n#\n# Licensed under the Apache License, Version 2.0 (the \"License\");\n# you may not use this file except in compliance with the License.\n# You may obtain a copy of the License at\n#\n#      http://www.apache.org/licenses/LICENSE-2.0\n#\n# Unless required by applicable law or agreed to in writing, software\n# distributed under the License is distributed on an \"AS IS\" BASIS,\n# WITHOUT WARRANTIES OR CONDITIONS OF ANY KIND, either express or implied.\n# See the License for the specific language governing permissions and\n# limitations under the License.\n\n# ----------------------------------------------------------\n# WARNING: This file is autogenerated. Do not manually edit.\n# ----------------------------------------------------------\n\n# [START gke_release_kubernetes_manifests_microservices_demo]\n---\napiVersion: apps/v1\nkind: Deployment\nmetadata:\n  name: emailservice\n  labels:\n    app: emailservice\nspec:\n  selector:\n    matchLabels:\n      app: emailservice\n  template:\n    metadata:\n      labels:\n        app: emailservice\n    spec:\n      serviceAccountName: emailservice\n      terminationGracePeriodSeconds: 5\n      securityContext:\n        fsGroup: 1000\n        runAsGroup: 1000\n        runAsNonRoot: true\n        runAsUser: 1000\n      containers:\n      - name: server\n        securityContext:\n          allowPrivilegeEscalation: false\n          capabilities:\n            drop:\n              - ALL\n          privileged: false\n          readOnlyRootFilesystem: true\n        image: us-central1-docker.pkg.dev/google-samples/microservices-demo/emailservice:v0.10.3\n        ports:\n        - containerPort: 8080\n        env:\n        - name: PORT\n          value: \"8080\"\n        - name: DISABLE_PROFILER\n          value: \"1\"\n        readinessProbe:\n          periodSeconds: 5\n          grpc:\n            port: 8080\n        livenessProbe:\n          periodSeconds: 5\n          grpc:\n            port: 8080\n        resources:\n          requests:\n            cpu: 100m\n            memory: 64Mi\n          limits:\n            cpu: 200m\n            memory: 128Mi\n---\napiVersion: v1\nkind: Service\nmetadata:\n  name: emailservice\n  labels:\n    app: emailservice\nspec:\n  type: ClusterIP\n  selector:\n    app: emailservice\n  ports:\n  - name: grpc\n    port: 5000\n    targetPort: 8080\n---\napiVersion: v1\nkind: ServiceAccount\nmetadata:\n  name: emailservice\n---\napiVersion: apps/v1\nkind: Deployment\nmetadata:\n  name: checkoutservice\n  labels:\n    app: checkoutservice\nspec:\n  selector:\n    matchLabels:\n      app: checkoutservice\n  template:\n    metadata:\n      labels:\n        app: checkoutservice\n    spec:\n      serviceAccountName: checkoutservice\n      securityContext:\n        fsGroup: 1000\n        runAsGroup: 1000\n        runAsNonRoot: true\n        runAsUser: 1000\n      containers:\n        - name: server\n          securityContext:\n            allowPrivilegeEscalation: false\n            capabilities:\n              drop:\n                - ALL\n            privileged: false\n            readOnlyRootFilesystem: true\n          image: us-central1-docker.pkg.dev/google-samples/microservices-demo/checkoutservice:v0.10.3\n          ports:\n          - containerPort: 5050\n          readinessProbe:\n            grpc:\n              port: 5050\n          livenessProbe:\n            grpc:\n              port: 5050\n          env:\n          - name: PORT\n            value: \"5050\"\n          - name: PRODUCT_CATALOG_SERVICE_ADDR\n            value: \"productcatalogservice:3550\"\n          - name: SHIPPING_SERVICE_ADDR\n            value: \"shippingservice:50051\"\n          - name: PAYMENT_SERVICE_ADDR\n            value: \"paymentservice:50051\"\n          - name: EMAIL_SERVICE_ADDR\n            value: \"emailservice:5000\"\n          - name: CURRENCY_SERVICE_ADDR\n            value: \"currencyservice:7000\"\n          - name: CART_SERVICE_ADDR\n            value: \"cartservice:7070\"\n          resources:\n            requests:\n              cpu: 100m\n              memory: 64Mi\n            limits:\n              cpu: 200m\n              memory: 128Mi\n---\napiVersion: v1\nkind: Service\nmetadata:\n  name: checkoutservice\n  labels:\n    app: checkoutservice\nspec:\n  type: ClusterIP\n  selector:\n    app: checkoutservice\n  ports:\n  - name: grpc\n    port: 5050\n    targetPort: 5050\n---\napiVersion: v1\nkind: ServiceAccount\nmetadata:\n  name: checkoutservice\n---\napiVersion: apps/v1\nkind: Deployment\nmetadata:\n  name: recommendationservice\n  labels:\n    app: recommendationservice\nspec:\n  selector:\n    matchLabels:\n      app: recommendationservice\n  template:\n    metadata:\n      labels:\n        app: recommendationservice\n    spec:\n      serviceAccountName: recommendationservice\n      terminationGracePeriodSeconds: 5\n      securityContext:\n        fsGroup: 1000\n        runAsGroup: 1000\n        runAsNonRoot: true\n        runAsUser: 1000\n      containers:\n      - name: server\n        securityContext:\n          allowPrivilegeEscalation: false\n          capabilities:\n            drop:\n              - ALL\n          privileged: false\n          readOnlyRootFilesystem: true\n        image: us-central1-docker.pkg.dev/google-samples/microservices-demo/recommendationservice:v0.10.3\n        ports:\n        - containerPort: 8080\n        readinessProbe:\n          periodSeconds: 5\n          grpc:\n            port: 8080\n        livenessProbe:\n          periodSeconds: 5\n          grpc:\n            port: 8080\n        env:\n        - name: PORT\n          value: \"8080\"\n        - name: PRODUCT_CATALOG_SERVICE_ADDR\n          value: \"productcatalogservice:3550\"\n        - name: DISABLE_PROFILER\n          value: \"1\"\n        resources:\n          requests:\n            cpu: 100m\n            memory: 220Mi\n          limits:\n            cpu: 200m\n            memory: 450Mi\n---\napiVersion: v1\nkind: Service\nmetadata:\n  name: recommendationservice\n  labels:\n    app: recommendationservice\nspec:\n  type: ClusterIP\n  selector:\n    app: recommendationservice\n  ports:\n  - name: grpc\n    port: 8080\n    targetPort: 8080\n---\napiVersion: v1\nkind: ServiceAccount\nmetadata:\n  name: recommendationservice\n---\napiVersion: apps/v1\nkind: Deployment\nmetadata:\n  name: frontend\n  labels:\n    app: frontend\nspec:\n  selector:\n    matchLabels:\n      app: frontend\n  template:\n    metadata:\n      labels:\n        app: frontend\n      annotations:\n        sidecar.istio.io/rewriteAppHTTPProbers: \"true\"\n    spec:\n      serviceAccountName: frontend\n      securityContext:\n        fsGroup: 1000\n        runAsGroup: 1000\n        runAsNonRoot: true\n        runAsUser: 1000\n      containers:\n        - name: server\n          securityContext:\n            allowPrivilegeEscalation: false\n            capabilities:\n              drop:\n                - ALL\n            privileged: false\n            readOnlyRootFilesystem: true\n          image: us-central1-docker.pkg.dev/google-samples/microservices-demo/frontend:v0.10.3\n          ports:\n          - containerPort: 8080\n          readinessProbe:\n            initialDelaySeconds: 10\n            httpGet:\n              path: \"/_healthz\"\n              port: 8080\n              httpHeaders:\n              - name: \"Cookie\"\n                value: \"shop_session-id=x-readiness-probe\"\n          livenessProbe:\n            initialDelaySeconds: 10\n            httpGet:\n              path: \"/_healthz\"\n              port: 8080\n              httpHeaders:\n              - name: \"Cookie\"\n                value: \"shop_session-id=x-liveness-probe\"\n          env:\n          - name: PORT\n            value: \"8080\"\n          - name: PRODUCT_CATALOG_SERVICE_ADDR\n            value: \"productcatalogservice:3550\"\n          - name: CURRENCY_SERVICE_ADDR\n            value: \"currencyservice:7000\"\n          - name: CART_SERVICE_ADDR\n            value: \"cartservice:7070\"\n          - name: RECOMMENDATION_SERVICE_ADDR\n            value: \"recommendationservice:8080\"\n          - name: SHIPPING_SERVICE_ADDR\n            value: \"shippingservice:50051\"\n          - name: CHECKOUT_SERVICE_ADDR\n            value: \"checkoutservice:5050\"\n          - name: AD_SERVICE_ADDR\n            value: \"adservice:9555\"\n          - name: SHOPPING_ASSISTANT_SERVICE_ADDR\n            value: \"shoppingassistantservice:80\"\n          # # ENV_PLATFORM: One of: local, gcp, aws, azure, onprem, alibaba\n          # # When not set, defaults to \"local\" unless running in GKE, otherwies auto-sets to gcp\n          # - name: ENV_PLATFORM\n          #   value: \"aws\"\n          - name: ENABLE_PROFILER\n            value: \"0\"\n          # - name: CYMBAL_BRANDING\n          #   value: \"true\"\n          # - name: ENABLE_ASSISTANT\n          #   value: \"true\"\n          # - name: FRONTEND_MESSAGE\n          #   value: \"Replace this with a message you want to display on all pages.\"\n          # As part of an optional Google Cloud demo, you can run an optional microservice called the \"packaging service\".\n          # - name: PACKAGING_SERVICE_URL\n          #   value: \"\" # This value would look like \"http://123.123.123\"\n          resources:\n            requests:\n              cpu: 100m\n              memory: 64Mi\n            limits:\n              cpu: 200m\n              memory: 128Mi\n---\napiVersion: v1\nkind: Service\nmetadata:\n  name: frontend\n  labels:\n    app: frontend\nspec:\n  type: ClusterIP\n  selector:\n    app: frontend\n  ports:\n  - name: http\n    port: 80\n    targetPort: 8080\n---\napiVersion: v1\nkind: Service\nmetadata:\n  name: frontend-external\n  labels:\n    app: frontend\nspec:\n  type: LoadBalancer\n  selector:\n    app: frontend\n  ports:\n  - name: http\n    port: 80\n    targetPort: 8080\n---\napiVersion: v1\nkind: ServiceAccount\nmetadata:\n  name: frontend\n---\napiVersion: apps/v1\nkind: Deployment\nmetadata:\n  name: paymentservice\n  labels:\n    app: paymentservice\nspec:\n  selector:\n    matchLabels:\n      app: paymentservice\n  template:\n    metadata:\n      labels:\n        app: paymentservice\n    spec:\n      serviceAccountName: paymentservice\n      terminationGracePeriodSeconds: 5\n      securityContext:\n        fsGroup: 1000\n        runAsGroup: 1000\n        runAsNonRoot: true\n        runAsUser: 1000\n      containers:\n      - name: server\n        securityContext:\n          allowPrivilegeEscalation: false\n          capabilities:\n            drop:\n              - ALL\n          privileged: false\n          readOnlyRootFilesystem: true\n        image: us-central1-docker.pkg.dev/google-samples/microservices-demo/paymentservice:v0.10.3\n        ports:\n        - containerPort: 50051\n        env:\n        - name: PORT\n          value: \"50051\"\n        - name: DISABLE_PROFILER\n          value: \"1\"\n        readinessProbe:\n          grpc:\n            port: 50051\n        livenessProbe:\n          grpc:\n            port: 50051\n        resources:\n          requests:\n            cpu: 100m\n            memory: 64Mi\n          limits:\n            cpu: 200m\n            memory: 128Mi\n---\napiVersion: v1\nkind: Service\nmetadata:\n  name: paymentservice\n  labels:\n    app: paymentservice\nspec:\n  type: ClusterIP\n  selector:\n    app: paymentservice\n  ports:\n  - name: grpc\n    port: 50051\n    targetPort: 50051\n---\napiVersion: v1\nkind: ServiceAccount\nmetadata:\n  name: paymentservice\n---\napiVersion: apps/v1\nkind: Deployment\nmetadata:\n  name: productcatalogservice\n  labels:\n    app: productcatalogservice\nspec:\n  selector:\n    matchLabels:\n      app: productcatalogservice\n  template:\n    metadata:\n      labels:\n        app: productcatalogservice\n    spec:\n      serviceAccountName: productcatalogservice\n      terminationGracePeriodSeconds: 5\n      securityContext:\n        fsGroup: 1000\n        runAsGroup: 1000\n        runAsNonRoot: true\n        runAsUser: 1000\n      containers:\n      - name: server\n        securityContext:\n          allowPrivilegeEscalation: false\n          capabilities:\n            drop:\n              - ALL\n          privileged: false\n          readOnlyRootFilesystem: true\n        image: us-central1-docker.pkg.dev/google-samples/microservices-demo/productcatalogservice:v0.10.3\n        ports:\n        - containerPort: 3550\n        env:\n        - name: PORT\n          value: \"3550\"\n        - name: DISABLE_PROFILER\n          value: \"1\"\n        readinessProbe:\n          grpc:\n            port: 3550\n        livenessProbe:\n          grpc:\n            port: 3550\n        resources:\n          requests:\n            cpu: 100m\n            memory: 64Mi\n          limits:\n            cpu: 200m\n            memory: 128Mi\n---\napiVersion: v1\nkind: Service\nmetadata:\n  name: productcatalogservice\n  labels:\n    app: productcatalogservice\nspec:\n  type: ClusterIP\n  selector:\n    app: productcatalogservice\n  ports:\n  - name: grpc\n    port: 3550\n    targetPort: 3550\n---\napiVersion: v1\nkind: ServiceAccount\nmetadata:\n  name: productcatalogservice\n---\napiVersion: apps/v1\nkind: Deployment\nmetadata:\n  name: cartservice\n  labels:\n    app: cartservice\nspec:\n  selector:\n    matchLabels:\n      app: cartservice\n  template:\n    metadata:\n      labels:\n        app: cartservice\n    spec:\n      serviceAccountName: cartservice\n      terminationGracePeriodSeconds: 5\n      securityContext:\n        fsGroup: 1000\n        runAsGroup: 1000\n        runAsNonRoot: true\n        runAsUser: 1000\n      containers:\n      - name: server\n        securityContext:\n          allowPrivilegeEscalation: false\n          capabilities:\n            drop:\n              - ALL\n          privileged: false\n          readOnlyRootFilesystem: true\n        image: us-central1-docker.pkg.dev/google-samples/microservices-demo/cartservice:v0.10.3\n        ports:\n        - containerPort: 7070\n        env:\n        - name: REDIS_ADDR\n          value: \"redis-cart:6379\"\n        resources:\n          requests:\n            cpu: 200m\n            memory: 64Mi\n          limits:\n            cpu: 300m\n            memory: 128Mi\n        readinessProbe:\n          initialDelaySeconds: 15\n          grpc:\n            port: 7070\n        livenessProbe:\n          initialDelaySeconds: 15\n          periodSeconds: 10\n          grpc:\n            port: 7070\n---\napiVersion: v1\nkind: Service\nmetadata:\n  name: cartservice\n  labels:\n    app: cartservice\nspec:\n  type: ClusterIP\n  selector:\n    app: cartservice\n  ports:\n  - name: grpc\n    port: 7070\n    targetPort: 7070\n---\napiVersion: v1\nkind: ServiceAccount\nmetadata:\n  name: cartservice\n---\napiVersion: apps/v1\nkind: Deployment\nmetadata:\n  name: redis-cart\n  labels:\n    app: redis-cart\nspec:\n  selector:\n    matchLabels:\n      app: redis-cart\n  template:\n    metadata:\n      labels:\n        app: redis-cart\n    spec:\n      securityContext:\n        fsGroup: 1000\n        runAsGroup: 1000\n        runAsNonRoot: true\n        runAsUser: 1000\n      containers:\n      - name: redis\n        securityContext:\n          allowPrivilegeEscalation: false\n          capabilities:\n            drop:\n              - ALL\n          privileged: false\n          readOnlyRootFilesystem: true\n        image: redis:alpine\n        ports:\n        - containerPort: 6379\n        readinessProbe:\n          periodSeconds: 5\n          tcpSocket:\n            port: 6379\n        livenessProbe:\n          periodSeconds: 5\n          tcpSocket:\n            port: 6379\n        volumeMounts:\n        - mountPath: /data\n          name: redis-data\n        resources:\n          limits:\n            memory: 256Mi\n            cpu: 125m\n          requests:\n            cpu: 70m\n            memory: 200Mi\n      volumes:\n      - name: redis-data\n        emptyDir: {}\n---\napiVersion: v1\nkind: Service\nmetadata:\n  name: redis-cart\n  labels:\n    app: redis-cart\nspec:\n  type: ClusterIP\n  selector:\n    app: redis-cart\n  ports:\n  - name: tcp-redis\n    port: 6379\n    targetPort: 6379\n---\napiVersion: apps/v1\nkind: Deployment\nmetadata:\n  name: loadgenerator\n  labels:\n    app: loadgenerator\nspec:\n  selector:\n    matchLabels:\n      app: loadgenerator\n  replicas: 1\n  template:\n    metadata:\n      labels:\n        app: loadgenerator\n      annotations:\n        sidecar.istio.io/rewriteAppHTTPProbers: \"true\"\n    spec:\n      serviceAccountName: loadgenerator\n      terminationGracePeriodSeconds: 5\n      restartPolicy: Always\n      securityContext:\n        fsGroup: 1000\n        runAsGroup: 1000\n        runAsNonRoot: true\n        runAsUser: 1000\n      initContainers:\n      - command:\n        - /bin/sh\n        - -exc\n        - |\n          MAX_RETRIES=12\n          RETRY_INTERVAL=10\n          for i in $(seq 1 $MAX_RETRIES); do\n            echo \"Attempt $i: Pinging frontend: ${FRONTEND_ADDR}...\"\n            STATUSCODE=$(wget --server-response http://${FRONTEND_ADDR} 2\u003e\u00261 | awk '/^  HTTP/{print $2}')\n            if [ $STATUSCODE -eq 200 ]; then\n                echo \"Frontend is reachable.\"\n                exit 0\n            fi\n            echo \"Error: Could not reach frontend - Status code: ${STATUSCODE}\"\n            sleep $RETRY_INTERVAL\n          done\n          echo \"Failed to reach frontend after $MAX_RETRIES attempts.\"\n          exit 1\n        name: frontend-check\n        securityContext:\n          allowPrivilegeEscalation: false\n          capabilities:\n            drop:\n              - ALL\n          privileged: false\n          readOnlyRootFilesystem: true\n        image: busybox:latest\n        env:\n        - name: FRONTEND_ADDR\n          value: \"frontend:80\"\n      containers:\n      - name: main\n        securityContext:\n          allowPrivilegeEscalation: false\n          capabilities:\n            drop:\n              - ALL\n          privileged: false\n          readOnlyRootFilesystem: true\n        image: us-central1-docker.pkg.dev/google-samples/microservices-demo/loadgenerator:v0.10.3\n        env:\n        - name: FRONTEND_ADDR\n          value: \"frontend:80\"\n        - name: USERS\n          value: \"10\"\n        - name: RATE\n          value: \"1\"\n        resources:\n          requests:\n            cpu: 300m\n            memory: 256Mi\n          limits:\n            cpu: 500m\n            memory: 512Mi\n---\napiVersion: v1\nkind: ServiceAccount\nmetadata:\n  name: loadgenerator\n---\napiVersion: apps/v1\nkind: Deployment\nmetadata:\n  name: currencyservice\n  labels:\n    app: currencyservice\nspec:\n  selector:\n    matchLabels:\n      app: currencyservice\n  template:\n    metadata:\n      labels:\n        app: currencyservice\n    spec:\n      serviceAccountName: currencyservice\n      terminationGracePeriodSeconds: 5\n      securityContext:\n        fsGroup: 1000\n        runAsGroup: 1000\n        runAsNonRoot: true\n        runAsUser: 1000\n      containers:\n      - name: server\n        securityContext:\n          allowPrivilegeEscalation: false\n          capabilities:\n            drop:\n              - ALL\n          privileged: false\n          readOnlyRootFilesystem: true\n        image: us-central1-docker.pkg.dev/google-samples/microservices-demo/currencyservice:v0.10.3\n        ports:\n        - name: grpc\n          containerPort: 7000\n        env:\n        - name: PORT\n          value: \"7000\"\n        - name: DISABLE_PROFILER\n          value: \"1\"\n        readinessProbe:\n          grpc:\n            port: 7000\n        livenessProbe:\n          grpc:\n            port: 7000\n        resources:\n          requests:\n            cpu: 100m\n            memory: 64Mi\n          limits:\n            cpu: 200m\n            memory: 128Mi\n---\napiVersion: v1\nkind: Service\nmetadata:\n  name: currencyservice\n  labels:\n    app: currencyservice\nspec:\n  type: ClusterIP\n  selector:\n    app: currencyservice\n  ports:\n  - name: grpc\n    port: 7000\n    targetPort: 7000\n---\napiVersion: v1\nkind: ServiceAccount\nmetadata:\n  name: currencyservice\n---\napiVersion: apps/v1\nkind: Deployment\nmetadata:\n  name: shippingservice\n  labels:\n    app: shippingservice\nspec:\n  selector:\n    matchLabels:\n      app: shippingservice\n  template:\n    metadata:\n      labels:\n        app: shippingservice\n    spec:\n      serviceAccountName: shippingservice\n      securityContext:\n        fsGroup: 1000\n        runAsGroup: 1000\n        runAsNonRoot: true\n        runAsUser: 1000\n      containers:\n      - name: server\n        securityContext:\n          allowPrivilegeEscalation: false\n          capabilities:\n            drop:\n              - ALL\n          privileged: false\n          readOnlyRootFilesystem: true\n        image: us-central1-docker.pkg.dev/google-samples/microservices-demo/shippingservice:v0.10.3\n        ports:\n        - containerPort: 50051\n        env:\n        - name: PORT\n          value: \"50051\"\n        - name: DISABLE_PROFILER\n          value: \"1\"\n        readinessProbe:\n          periodSeconds: 5\n          grpc:\n            port: 50051\n        livenessProbe:\n          grpc:\n            port: 50051\n        resources:\n          requests:\n            cpu: 100m\n            memory: 64Mi\n          limits:\n            cpu: 200m\n            memory: 128Mi\n---\napiVersion: v1\nkind: Service\nmetadata:\n  name: shippingservice\n  labels:\n    app: shippingservice\nspec:\n  type: ClusterIP\n  selector:\n    app: shippingservice\n  ports:\n  - name: grpc\n    port: 50051\n    targetPort: 50051\n---\napiVersion: v1\nkind: ServiceAccount\nmetadata:\n  name: shippingservice\n---\napiVersion: apps/v1\nkind: Deployment\nmetadata:\n  name: adservice\n  labels:\n    app: adservice\nspec:\n  selector:\n    matchLabels:\n      app: adservice\n  template:\n    metadata:\n      labels:\n        app: adservice\n    spec:\n      serviceAccountName: adservice\n      terminationGracePeriodSeconds: 5\n      securityContext:\n        fsGroup: 1000\n        runAsGroup: 1000\n        runAsNonRoot: true\n        runAsUser: 1000\n      containers:\n      - name: server\n        securityContext:\n          allowPrivilegeEscalation: false\n          capabilities:\n            drop:\n              - ALL\n          privileged: false\n          readOnlyRootFilesystem: true\n        image: us-central1-docker.pkg.dev/google-samples/microservices-demo/adservice:v0.10.3\n        ports:\n        - containerPort: 9555\n        env:\n        - name: PORT\n          value: \"9555\"\n        resources:\n          requests:\n            cpu: 200m\n            memory: 180Mi\n          limits:\n            cpu: 300m\n            memory: 300Mi\n        readinessProbe:\n          initialDelaySeconds: 20\n          periodSeconds: 15\n          grpc:\n            port: 9555\n        livenessProbe:\n          initialDelaySeconds: 20\n          periodSeconds: 15\n          grpc:\n            port: 9555\n---\napiVersion: v1\nkind: Service\nmetadata:\n  name: adservice\n  labels:\n    app: adservice\nspec:\n  type: ClusterIP\n  selector:\n    app: adservice\n  ports:\n  - name: grpc\n    port: 9555\n    targetPort: 9555\n---\napiVersion: v1\nkind: ServiceAccount\nmetadata:\n  name: adservice\n# [END gke_release_kubernetes_manifests_microservices_demo]\n",
            "documents": [
              "apiVersion: apps/v1\nkind: Deployment\nmetadata:\n  name: emailservice\n  labels:\n    app: emailservice\nspec:\n  selector:\n    matchLabels:\n      app: emailservice\n  template:\n    metadata:\n      labels:\n        app: emailservice\n    spec:\n      serviceAccountName: emailservice\n      terminationGracePeriodSeconds: 5\n      securityContext:\n        fsGroup: 1000\n        runAsGroup: 1000\n        runAsNonRoot: true\n        runAsUser: 1000\n      containers:\n      - name: server\n        securityContext:\n          allowPrivilegeEscalation: false\n          capabilities:\n            drop:\n              - ALL\n          privileged: false\n          readOnlyRootFilesystem: true\n        image: us-central1-docker.pkg.dev/google-samples/microservices-demo/emailservice:v0.10.3\n        ports:\n        - containerPort: 8080\n        env:\n        - name: PORT\n          value: \"8080\"\n        - name: DISABLE_PROFILER\n          value: \"1\"\n        readinessProbe:\n          periodSeconds: 5\n          grpc:\n            port: 8080\n        livenessProbe:\n          periodSeconds: 5\n          grpc:\n            port: 8080\n        resources:\n          requests:\n            cpu: 100m\n            memory: 64Mi\n          limits:\n            cpu: 200m\n            memory: 128Mi",
              "apiVersion: v1\nkind: Service\nmetadata:\n  name: emailservice\n  labels:\n    app: emailservice\nspec:\n  type: ClusterIP\n  selector:\n    app: emailservice\n  ports:\n  - name: grpc\n    port: 5000\n    targetPort: 8080",
              "apiVersion: v1\nkind: ServiceAccount\nmetadata:\n  name: emailservice",
              "apiVersion: apps/v1\nkind: Deployment\nmetadata:\n  name: checkoutservice\n  labels:\n    app: checkoutservice\nspec:\n  selector:\n    matchLabels:\n      app: checkoutservice\n  template:\n    metadata:\n      labels:\n        app: checkoutservice\n    spec:\n      serviceAccountName: checkoutservice\n      securityContext:\n        fsGroup: 1000\n        runAsGroup: 1000\n        runAsNonRoot: true\n        runAsUser: 1000\n      containers:\n        - name: server\n          securityContext:\n            allowPrivilegeEscalation: false\n            capabilities:\n              drop:\n                - ALL\n            privileged: false\n            readOnlyRootFilesystem: true\n          image: us-central1-docker.pkg.dev/google-samples/microservices-demo/checkoutservice:v0.10.3\n          ports:\n          - containerPort: 5050\n          readinessProbe:\n            grpc:\n              port: 5050\n          livenessProbe:\n            grpc:\n              port: 5050\n          env:\n          - name: PORT\n            value: \"5050\"\n          - name: PRODUCT_CATALOG_SERVICE_ADDR\n            value: \"productcatalogservice:3550\"\n          - name: SHIPPING_SERVICE_ADDR\n            value: \"shippingservice:50051\"\n          - name: PAYMENT_SERVICE_ADDR\n            value: \"paymentservice:50051\"\n          - name: EMAIL_SERVICE_ADDR\n            value: \"emailservice:5000\"\n          - name: CURRENCY_SERVICE_ADDR\n            value: \"currencyservice:7000\"\n          - name: CART_SERVICE_ADDR\n            value: \"cartservice:7070\"\n          resources:\n            requests:\n              cpu: 100m\n              memory: 64Mi\n            limits:\n              cpu: 200m\n              memory: 128Mi",
              "apiVersion: v1\nkind: Service\nmetadata:\n  name: checkoutservice\n  labels:\n    app: checkoutservice\nspec:\n  type: ClusterIP\n  selector:\n    app: checkoutservice\n  ports:\n  - name: grpc\n    port: 5050\n    targetPort: 5050",
              "apiVersion: v1\nkind: ServiceAccount\nmetadata:\n  name: checkoutservice",
              "apiVersion: apps/v1\nkind: Deployment\nmetadata:\n  name: recommendationservice\n  labels:\n    app: recommendationservice\nspec:\n  selector:\n    matchLabels:\n      app: recommendationservice\n  template:\n    metadata:\n      labels:\n        app: recommendationservice\n    spec:\n      serviceAccountName: recommendationservice\n      terminationGracePeriodSeconds: 5\n      securityContext:\n        fsGroup: 1000\n        runAsGroup: 1000\n        runAsNonRoot: true\n        runAsUser: 1000\n      containers:\n      - name: server\n        securityContext:\n          allowPrivilegeEscalation: false\n          capabilities:\n            drop:\n              - ALL\n          privileged: false\n          readOnlyRootFilesystem: true\n        image: us-central1-docker.pkg.dev/google-samples/microservices-demo/recommendationservice:v0.10.3\n        ports:\n        - containerPort: 8080\n        readinessProbe:\n          periodSeconds: 5\n          grpc:\n            port: 8080\n        livenessProbe:\n          periodSeconds: 5\n          grpc:\n            port: 8080\n        env:\n        - name: PORT\n          value: \"8080\"\n        - name: PRODUCT_CATALOG_SERVICE_ADDR\n          value: \"productcatalogservice:3550\"\n        - name: DISABLE_PROFILER\n          value: \"1\"\n        resources:\n          requests:\n            cpu: 100m\n            memory: 220Mi\n          limits:\n            cpu: 200m\n            memory: 450Mi",
              "apiVersion: v1\nkind: Service\nmetadata:\n  name: recommendationservice\n  labels:\n    app: recommendationservice\nspec:\n  type: ClusterIP\n  selector:\n    app: recommendationservice\n  ports:\n  - name: grpc\n    port: 8080\n    targetPort: 8080",
              "apiVersion: v1\nkind: ServiceAccount\nmetadata:\n  name: recommendationservice",
              "apiVersion: apps/v1\nkind: Deployment\nmetadata:\n  name: frontend\n  labels:\n    app: frontend\nspec:\n  selector:\n    matchLabels:\n      app: frontend\n  template:\n    metadata:\n      labels:\n        app: frontend\n      annotations:\n        sidecar.istio.io/rewriteAppHTTPProbers: \"true\"\n    spec:\n      serviceAccountName: frontend\n      securityContext:\n        fsGroup: 1000\n        runAsGroup: 1000\n        runAsNonRoot: true\n        runAsUser: 1000\n      containers:\n        - name: server\n          securityContext:\n            allowPrivilegeEscalation: false\n            capabilities:\n              drop:\n                - ALL\n            privileged: false\n            readOnlyRootFilesystem: true\n          image: us-central1-docker.pkg.dev/google-samples/microservices-demo/frontend:v0.10.3\n          ports:\n          - containerPort: 8080\n          readinessProbe:\n            initialDelaySeconds: 10\n            httpGet:\n              path: \"/_healthz\"\n              port: 8080\n              httpHeaders:\n              - name: \"Cookie\"\n                value: \"shop_session-id=x-readiness-probe\"\n          livenessProbe:\n            initialDelaySeconds: 10\n            httpGet:\n              path: \"/_healthz\"\n              port: 8080\n              httpHeaders:\n              - name: \"Cookie\"\n                value: \"shop_session-id=x-liveness-probe\"\n          env:\n          - name: PORT\n            value: \"8080\"\n          - name: PRODUCT_CATALOG_SERVICE_ADDR\n            value: \"productcatalogservice:3550\"\n          - name: CURRENCY_SERVICE_ADDR\n            value: \"currencyservice:7000\"\n          - name: CART_SERVICE_ADDR\n            value: \"cartservice:7070\"\n          - name: RECOMMENDATION_SERVICE_ADDR\n            value: \"recommendationservice:8080\"\n          - name: SHIPPING_SERVICE_ADDR\n            value: \"shippingservice:50051\"\n          - name: CHECKOUT_SERVICE_ADDR\n            value: \"checkoutservice:5050\"\n          - name: AD_SERVICE_ADDR\n            value: \"adservice:9555\"\n          - name: SHOPPING_ASSISTANT_SERVICE_ADDR\n            value: \"shoppingassistantservice:80\"\n          # # ENV_PLATFORM: One of: local, gcp, aws, azure, onprem, alibaba\n          # # When not set, defaults to \"local\" unless running in GKE, otherwies auto-sets to gcp\n          # - name: ENV_PLATFORM\n          #   value: \"aws\"\n          - name: ENABLE_PROFILER\n            value: \"0\"\n          # - name: CYMBAL_BRANDING\n          #   value: \"true\"\n          # - name: ENABLE_ASSISTANT\n          #   value: \"true\"\n          # - name: FRONTEND_MESSAGE\n          #   value: \"Replace this with a message you want to display on all pages.\"\n          # As part of an optional Google Cloud demo, you can run an optional microservice called the \"packaging service\".\n          # - name: PACKAGING_SERVICE_URL\n          #   value: \"\" # This value would look like \"http://123.123.123\"\n          resources:\n            requests:\n              cpu: 100m\n              memory: 64Mi\n            limits:\n              cpu: 200m\n              memory: 128Mi",
              "apiVersion: v1\nkind: Service\nmetadata:\n  name: frontend\n  labels:\n    app: frontend\nspec:\n  type: ClusterIP\n  selector:\n    app: frontend\n  ports:\n  - name: http\n    port: 80\n    targetPort: 8080",
              "apiVersion: v1\nkind: Service\nmetadata:\n  name: frontend-external\n  labels:\n    app: frontend\nspec:\n  type: LoadBalancer\n  selector:\n    app: frontend\n  ports:\n  - name: http\n    port: 80\n    targetPort: 8080",
              "apiVersion: v1\nkind: ServiceAccount\nmetadata:\n  name: frontend",
              "apiVersion: apps/v1\nkind: Deployment\nmetadata:\n  name: paymentservice\n  labels:\n    app: paymentservice\nspec:\n  selector:\n    matchLabels:\n      app: paymentservice\n  template:\n    metadata:\n      labels:\n        app: paymentservice\n    spec:\n      serviceAccountName: paymentservice\n      terminationGracePeriodSeconds: 5\n      securityContext:\n        fsGroup: 1000\n        runAsGroup: 1000\n        runAsNonRoot: true\n        runAsUser: 1000\n      containers:\n      - name: server\n        securityContext:\n          allowPrivilegeEscalation: false\n          capabilities:\n            drop:\n              - ALL\n          privileged: false\n          readOnlyRootFilesystem: true\n        image: us-central1-docker.pkg.dev/google-samples/microservices-demo/paymentservice:v0.10.3\n        ports:\n        - containerPort: 50051\n        env:\n        - name: PORT\n          value: \"50051\"\n        - name: DISABLE_PROFILER\n          value: \"1\"\n        readinessProbe:\n          grpc:\n            port: 50051\n        livenessProbe:\n          grpc:\n            port: 50051\n        resources:\n          requests:\n            cpu: 100m\n            memory: 64Mi\n          limits:\n            cpu: 200m\n            memory: 128Mi",
              "apiVersion: v1\nkind: Service\nmetadata:\n  name: paymentservice\n  labels:\n    app: paymentservice\nspec:\n  type: ClusterIP\n  selector:\n    app: paymentservice\n  ports:\n  - name: grpc\n    port: 50051\n    targetPort: 50051",
              "apiVersion: v1\nkind: ServiceAccount\nmetadata:\n  name: paymentservice",
              "apiVersion: apps/v1\nkind: Deployment\nmetadata:\n  name: productcatalogservice\n  labels:\n    app: productcatalogservice\nspec:\n  selector:\n    matchLabels:\n      app: productcatalogservice\n  template:\n    metadata:\n      labels:\n        app: productcatalogservice\n    spec:\n      serviceAccountName: productcatalogservice\n      terminationGracePeriodSeconds: 5\n      securityContext:\n        fsGroup: 1000\n        runAsGroup: 1000\n        runAsNonRoot: true\n        runAsUser: 1000\n      containers:\n      - name: server\n        securityContext:\n          allowPrivilegeEscalation: false\n          capabilities:\n            drop:\n              - ALL\n          privileged: false\n          readOnlyRootFilesystem: true\n        image: us-central1-docker.pkg.dev/google-samples/microservices-demo/productcatalogservice:v0.10.3\n        ports:\n        - containerPort: 3550\n        env:\n        - name: PORT\n          value: \"3550\"\n        - name: DISABLE_PROFILER\n          value: \"1\"\n        readinessProbe:\n          grpc:\n            port: 3550\n        livenessProbe:\n          grpc:\n            port: 3550\n        resources:\n          requests:\n            cpu: 100m\n            memory: 64Mi\n          limits:\n            cpu: 200m\n            memory: 128Mi",
              "apiVersion: v1\nkind: Service\nmetadata:\n  name: productcatalogservice\n  labels:\n    app: productcatalogservice\nspec:\n  type: ClusterIP\n  selector:\n    app: productcatalogservice\n  ports:\n  - name: grpc\n    port: 3550\n    targetPort: 3550",
              "apiVersion: v1\nkind: ServiceAccount\nmetadata:\n  name: productcatalogservice",
              "apiVersion: apps/v1\nkind: Deployment\nmetadata:\n  name: cartservice\n  labels:\n    app: cartservice\nspec:\n  selector:\n    matchLabels:\n      app: cartservice\n  template:\n    metadata:\n      labels:\n        app: cartservice\n    spec:\n      serviceAccountName: cartservice\n      terminationGracePeriodSeconds: 5\n      securityContext:\n        fsGroup: 1000\n        runAsGroup: 1000\n        runAsNonRoot: true\n        runAsUser: 1000\n      containers:\n      - name: server\n        securityContext:\n          allowPrivilegeEscalation: false\n          capabilities:\n            drop:\n              - ALL\n          privileged: false\n          readOnlyRootFilesystem: true\n        image: us-central1-docker.pkg.dev/google-samples/microservices-demo/cartservice:v0.10.3\n        ports:\n        - containerPort: 7070\n        env:\n        - name: REDIS_ADDR\n          value: \"redis-cart:6379\"\n        resources:\n          requests:\n            cpu: 200m\n            memory: 64Mi\n          limits:\n            cpu: 300m\n            memory: 128Mi\n        readinessProbe:\n          initialDelaySeconds: 15\n          grpc:\n            port: 7070\n        livenessProbe:\n          initialDelaySeconds: 15\n          periodSeconds: 10\n          grpc:\n            port: 7070",
              "apiVersion: v1\nkind: Service\nmetadata:\n  name: cartservice\n  labels:\n    app: cartservice\nspec:\n  type: ClusterIP\n  selector:\n    app: cartservice\n  ports:\n  - name: grpc\n    port: 7070\n    targetPort: 7070",
              "apiVersion: v1\nkind: ServiceAccount\nmetadata:\n  name: cartservice",
              "apiVersion: apps/v1\nkind: Deployment\nmetadata:\n  name: redis-cart\n  labels:\n    app: redis-cart\nspec:\n  selector:\n    matchLabels:\n      app: redis-cart\n  template:\n    metadata:\n      labels:\n        app: redis-cart\n    spec:\n      securityContext:\n        fsGroup: 1000\n        runAsGroup: 1000\n        runAsNonRoot: true\n        runAsUser: 1000\n      containers:\n      - name: redis\n        securityContext:\n          allowPrivilegeEscalation: false\n          capabilities:\n            drop:\n              - ALL\n          privileged: false\n          readOnlyRootFilesystem: true\n        image: redis:alpine\n        ports:\n        - containerPort: 6379\n        readinessProbe:\n          periodSeconds: 5\n          tcpSocket:\n            port: 6379\n        livenessProbe:\n          periodSeconds: 5\n          tcpSocket:\n            port: 6379\n        volumeMounts:\n        - mountPath: /data\n          name: redis-data\n        resources:\n          limits:\n            memory: 256Mi\n            cpu: 125m\n          requests:\n            cpu: 70m\n            memory: 200Mi\n      volumes:\n      - name: redis-data\n        emptyDir: {}",
              "apiVersion: v1\nkind: Service\nmetadata:\n  name: redis-cart\n  labels:\n    app: redis-cart\nspec:\n  type: ClusterIP\n  selector:\n    app: redis-cart\n  ports:\n  - name: tcp-redis\n    port: 6379\n    targetPort: 6379",
              "apiVersion: apps/v1\nkind: Deployment\nmetadata:\n  name: loadgenerator\n  labels:\n    app: loadgenerator\nspec:\n  selector:\n    matchLabels:\n      app: loadgenerator\n  replicas: 1\n  template:\n    metadata:\n      labels:\n        app: loadgenerator\n      annotations:\n        sidecar.istio.io/rewriteAppHTTPProbers: \"true\"\n    spec:\n      serviceAccountName: loadgenerator\n      terminationGracePeriodSeconds: 5\n      restartPolicy: Always\n      securityContext:\n        fsGroup: 1000\n        runAsGroup: 1000\n        runAsNonRoot: true\n        runAsUser: 1000\n      initContainers:\n      - command:\n        - /bin/sh\n        - -exc\n        - |\n          MAX_RETRIES=12\n          RETRY_INTERVAL=10\n          for i in $(seq 1 $MAX_RETRIES); do\n            echo \"Attempt $i: Pinging frontend: ${FRONTEND_ADDR}...\"\n            STATUSCODE=$(wget --server-response http://${FRONTEND_ADDR} 2\u003e\u00261 | awk '/^  HTTP/{print $2}')\n            if [ $STATUSCODE -eq 200 ]; then\n                echo \"Frontend is reachable.\"\n                exit 0\n            fi\n            echo \"Error: Could not reach frontend - Status code: ${STATUSCODE}\"\n            sleep $RETRY_INTERVAL\n          done\n          echo \"Failed to reach frontend after $MAX_RETRIES attempts.\"\n          exit 1\n        name: frontend-check\n        securityContext:\n          allowPrivilegeEscalation: false\n          capabilities:\n            drop:\n              - ALL\n          privileged: false\n          readOnlyRootFilesystem: true\n        image: busybox:latest\n        env:\n        - name: FRONTEND_ADDR\n          value: \"frontend:80\"\n      containers:\n      - name: main\n        securityContext:\n          allowPrivilegeEscalation: false\n          capabilities:\n            drop:\n              - ALL\n          privileged: false\n          readOnlyRootFilesystem: true\n        image: us-central1-docker.pkg.dev/google-samples/microservices-demo/loadgenerator:v0.10.3\n        env:\n        - name: FRONTEND_ADDR\n          value: \"frontend:80\"\n        - name: USERS\n          value: \"10\"\n        - name: RATE\n          value: \"1\"\n        resources:\n          requests:\n            cpu: 300m\n            memory: 256Mi\n          limits:\n            cpu: 500m\n            memory: 512Mi",
              "apiVersion: v1\nkind: ServiceAccount\nmetadata:\n  name: loadgenerator",
              "apiVersion: apps/v1\nkind: Deployment\nmetadata:\n  name: currencyservice\n  labels:\n    app: currencyservice\nspec:\n  selector:\n    matchLabels:\n      app: currencyservice\n  template:\n    metadata:\n      labels:\n        app: currencyservice\n    spec:\n      serviceAccountName: currencyservice\n      terminationGracePeriodSeconds: 5\n      securityContext:\n        fsGroup: 1000\n        runAsGroup: 1000\n        runAsNonRoot: true\n        runAsUser: 1000\n      containers:\n      - name: server\n        securityContext:\n          allowPrivilegeEscalation: false\n          capabilities:\n            drop:\n              - ALL\n          privileged: false\n          readOnlyRootFilesystem: true\n        image: us-central1-docker.pkg.dev/google-samples/microservices-demo/currencyservice:v0.10.3\n        ports:\n        - name: grpc\n          containerPort: 7000\n        env:\n        - name: PORT\n          value: \"7000\"\n        - name: DISABLE_PROFILER\n          value: \"1\"\n        readinessProbe:\n          grpc:\n            port: 7000\n        livenessProbe:\n          grpc:\n            port: 7000\n        resources:\n          requests:\n            cpu: 100m\n            memory: 64Mi\n          limits:\n            cpu: 200m\n            memory: 128Mi",
              "apiVersion: v1\nkind: Service\nmetadata:\n  name: currencyservice\n  labels:\n    app: currencyservice\nspec:\n  type: ClusterIP\n  selector:\n    app: currencyservice\n  ports:\n  - name: grpc\n    port: 7000\n    targetPort: 7000",
              "apiVersion: v1\nkind: ServiceAccount\nmetadata:\n  name: currencyservice",
              "apiVersion: apps/v1\nkind: Deployment\nmetadata:\n  name: shippingservice\n  labels:\n    app: shippingservice\nspec:\n  selector:\n    matchLabels:\n      app: shippingservice\n  template:\n    metadata:\n      labels:\n        app: shippingservice\n    spec:\n      serviceAccountName: shippingservice\n      securityContext:\n        fsGroup: 1000\n        runAsGroup: 1000\n        runAsNonRoot: true\n        runAsUser: 1000\n      containers:\n      - name: server\n        securityContext:\n          allowPrivilegeEscalation: false\n          capabilities:\n            drop:\n              - ALL\n          privileged: false\n          readOnlyRootFilesystem: true\n        image: us-central1-docker.pkg.dev/google-samples/microservices-demo/shippingservice:v0.10.3\n        ports:\n        - containerPort: 50051\n        env:\n        - name: PORT\n          value: \"50051\"\n        - name: DISABLE_PROFILER\n          value: \"1\"\n        readinessProbe:\n          periodSeconds: 5\n          grpc:\n            port: 50051\n        livenessProbe:\n          grpc:\n            port: 50051\n        resources:\n          requests:\n            cpu: 100m\n            memory: 64Mi\n          limits:\n            cpu: 200m\n            memory: 128Mi",
              "apiVersion: v1\nkind: Service\nmetadata:\n  name: shippingservice\n  labels:\n    app: shippingservice\nspec:\n  type: ClusterIP\n  selector:\n    app: shippingservice\n  ports:\n  - name: grpc\n    port: 50051\n    targetPort: 50051",
              "apiVersion: v1\nkind: ServiceAccount\nmetadata:\n  name: shippingservice",
              "apiVersion: apps/v1\nkind: Deployment\nmetadata:\n  name: adservice\n  labels:\n    app: adservice\nspec:\n  selector:\n    matchLabels:\n      app: adservice\n  template:\n    metadata:\n      labels:\n        app: adservice\n    spec:\n      serviceAccountName: adservice\n      terminationGracePeriodSeconds: 5\n      securityContext:\n        fsGroup: 1000\n        runAsGroup: 1000\n        runAsNonRoot: true\n        runAsUser: 1000\n      containers:\n      - name: server\n        securityContext:\n          allowPrivilegeEscalation: false\n          capabilities:\n            drop:\n              - ALL\n          privileged: false\n          readOnlyRootFilesystem: true\n        image: us-central1-docker.pkg.dev/google-samples/microservices-demo/adservice:v0.10.3\n        ports:\n        - containerPort: 9555\n        env:\n        - name: PORT\n          value: \"9555\"\n        resources:\n          requests:\n            cpu: 200m\n            memory: 180Mi\n          limits:\n            cpu: 300m\n            memory: 300Mi\n        readinessProbe:\n          initialDelaySeconds: 20\n          periodSeconds: 15\n          grpc:\n            port: 9555\n        livenessProbe:\n          initialDelaySeconds: 20\n          periodSeconds: 15\n          grpc:\n            port: 9555",
              "apiVersion: v1\nkind: Service\nmetadata:\n  name: adservice\n  labels:\n    app: adservice\nspec:\n  type: ClusterIP\n  selector:\n    app: adservice\n  ports:\n  - name: grpc\n    port: 9555\n    targetPort: 9555",
              "apiVersion: v1\nkind: ServiceAccount\nmetadata:\n  name: adservice\n# [END gke_release_kubernetes_manifests_microservices_demo]"
            ],
            "id": "681b58e962f9fb1fa49854483f98ac52b01f53bae6fad7868dc758abcff86354",
            "manifests": {
              "/api/v1/serviceaccounts/adservice": "apiVersion: v1\nkind: ServiceAccount\nmetadata:\n  name: adservice\n",
              "/api/v1/serviceaccounts/cartservice": "apiVersion: v1\nkind: ServiceAccount\nmetadata:\n  name: cartservice\n",
              "/api/v1/serviceaccounts/checkoutservice": "apiVersion: v1\nkind: ServiceAccount\nmetadata:\n  name: checkoutservice\n",
              "/api/v1/serviceaccounts/currencyservice": "apiVersion: v1\nkind: ServiceAccount\nmetadata:\n  name: currencyservice\n",
              "/api/v1/serviceaccounts/emailservice": "apiVersion: v1\nkind: ServiceAccount\nmetadata:\n  name: emailservice\n",
              "/api/v1/serviceaccounts/frontend": "apiVersion: v1\nkind: ServiceAccount\nmetadata:\n  name: frontend\n",
              "/api/v1/serviceaccounts/loadgenerator": "apiVersion: v1\nkind: ServiceAccount\nmetadata:\n  name: loadgenerator\n",
              "/api/v1/serviceaccounts/paymentservice": "apiVersion: v1\nkind: ServiceAccount\nmetadata:\n  name: paymentservice\n",
              "/api/v1/serviceaccounts/productcatalogservice": "apiVersion: v1\nkind: ServiceAccount\nmetadata:\n  name: productcatalogservice\n",
              "/api/v1/serviceaccounts/recommendationservice": "apiVersion: v1\nkind: ServiceAccount\nmetadata:\n  name: recommendationservice\n",
              "/api/v1/serviceaccounts/shippingservice": "apiVersion: v1\nkind: ServiceAccount\nmetadata:\n  name: shippingservice\n",
              "/api/v1/services/adservice": "apiVersion: v1\nkind: Service\nmetadata:\n  labels:\n    app: adservice\n  name: adservice\nspec:\n  ports:\n  - name: grpc\n    port: 9555\n    targetPort: 9555\n  selector:\n    app: adservice\n  type: ClusterIP\n",
              "/api/v1/services/cartservice": "apiVersion: v1\nkind: Service\nmetadata:\n  labels:\n    app: cartservice\n  name: cartservice\nspec:\n  ports:\n  - name: grpc\n    port: 7070\n    targetPort: 7070\n  selector:\n    app: cartservice\n  type: ClusterIP\n",
              "/api/v1/services/checkoutservice": "apiVersion: v1\nkind: Service\nmetadata:\n  labels:\n    app: checkoutservice\n  name: checkoutservice\nspec:\n  ports:\n  - name: grpc\n    port: 5050\n    targetPort: 5050\n  selector:\n    app: checkoutservice\n  type: ClusterIP\n",
              "/api/v1/services/currencyservice": "apiVersion: v1\nkind: Service\nmetadata:\n  labels:\n    app: currencyservice\n  name: currencyservice\nspec:\n  ports:\n  - name: grpc\n    port: 7000\n    targetPort: 7000\n  selector:\n    app: currencyservice\n  type: ClusterIP\n",
              "/api/v1/services/emailservice": "apiVersion: v1\nkind: Service\nmetadata:\n  labels:\n    app: emailservice\n  name: emailservice\nspec:\n  ports:\n  - name: grpc\n    port: 5000\n    targetPort: 8080\n  selector:\n    app: emailservice\n  type: ClusterIP\n",
              "/api/v1/services/frontend": "apiVersion: v1\nkind: Service\nmetadata:\n  labels:\n    app: frontend\n  name: frontend\nspec:\n  ports:\n  - name: http\n    port: 80\n    targetPort: 8080\n  selector:\n    app: frontend\n  type: ClusterIP\n",
              "/api/v1/services/frontend-external": "apiVersion: v1\nkind: Service\nmetadata:\n  labels:\n    app: frontend\n  name: frontend-external\nspec:\n  ports:\n  - name: http\n    port: 80\n    targetPort: 8080\n  selector:\n    app: frontend\n  type: LoadBalancer\n",
              "/api/v1/services/paymentservice": "apiVersion: v1\nkind: Service\nmetadata:\n  labels:\n    app: paymentservice\n  name: paymentservice\nspec:\n  ports:\n  - name: grpc\n    port: 50051\n    targetPort: 50051\n  selector:\n    app: paymentservice\n  type: ClusterIP\n",
              "/api/v1/services/productcatalogservice": "apiVersion: v1\nkind: Service\nmetadata:\n  labels:\n    app: productcatalogservice\n  name: productcatalogservice\nspec:\n  ports:\n  - name: grpc\n    port: 3550\n    targetPort: 3550\n  selector:\n    app: productcatalogservice\n  type: ClusterIP\n",
              "/api/v1/services/recommendationservice": "apiVersion: v1\nkind: Service\nmetadata:\n  labels:\n    app: recommendationservice\n  name: recommendationservice\nspec:\n  ports:\n  - name: grpc\n    port: 8080\n    targetPort: 8080\n  selector:\n    app: recommendationservice\n  type: ClusterIP\n",
              "/api/v1/services/redis-cart": "apiVersion: v1\nkind: Service\nmetadata:\n  labels:\n    app: redis-cart\n  name: redis-cart\nspec:\n  ports:\n  - name: tcp-redis\n    port: 6379\n    targetPort: 6379\n  selector:\n    app: redis-cart\n  type: ClusterIP\n",
              "/api/v1/services/shippingservice": "apiVersion: v1\nkind: Service\nmetadata:\n  labels:\n    app: shippingservice\n  name: shippingservice\nspec:\n  ports:\n  - name: grpc\n    port: 50051\n    targetPort: 50051\n  selector:\n    app: shippingservice\n  type: ClusterIP\n",
              "/apis/apps/v1/deployments/adservice": "apiVersion: apps/v1\nkind: Deployment\nmetadata:\n  labels:\n    app: adservice\n  name: adservice\nspec:\n  selector:\n    matchLabels:\n      app: adservice\n  template:\n    metadata:\n      labels:\n        app: adservice\n    spec:\n      containers:\n      - env:\n        - name: PORT\n          value: \"9555\"\n        image: us-central1-docker.pkg.dev/google-samples/microservices-demo/adservice:v0.10.3\n        livenessProbe:\n          grpc:\n            port: 9555\n          initialDelaySeconds: 20\n          periodSeconds: 15\n        name: server\n        ports:\n        - containerPort: 9555\n        readinessProbe:\n          grpc:\n            port: 9555\n          initialDelaySeconds: 20\n          periodSeconds: 15\n        resources:\n          limits:\n            cpu: 300m\n            memory: 300Mi\n          requests:\n            cpu: 200m\n            memory: 180Mi\n        securityContext:\n          allowPrivilegeEscalation: false\n          capabilities:\n            drop:\n            - ALL\n          privileged: false\n          readOnlyRootFilesystem: true\n      securityContext:\n        fsGroup: 1000\n        runAsGroup: 1000\n        runAsNonRoot: true\n        runAsUser: 1000\n      serviceAccountName: adservice\n      terminationGracePeriodSeconds: 5\n",
              "/apis/apps/v1/deployments/cartservice": "apiVersion: apps/v1\nkind: Deployment\nmetadata:\n  labels:\n    app: cartservice\n  name: cartservice\nspec:\n  selector:\n    matchLabels:\n      app: cartservice\n  template:\n    metadata:\n      labels:\n        app: cartservice\n    spec:\n      containers:\n      - env:\n        - name: REDIS_ADDR\n          value: redis-cart:6379\n        image: us-central1-docker.pkg.dev/google-samples/microservices-demo/cartservice:v0.10.3\n        livenessProbe:\n          grpc:\n            port: 7070\n          initialDelaySeconds: 15\n          periodSeconds: 10\n        name: server\n        ports:\n        - containerPort: 7070\n        readinessProbe:\n          grpc:\n            port: 7070\n          initialDelaySeconds: 15\n        resources:\n          limits:\n            cpu: 300m\n            memory: 128Mi\n          requests:\n            cpu: 200m\n            memory: 64Mi\n        securityContext:\n          allowPrivilegeEscalation: false\n          capabilities:\n            drop:\n            - ALL\n          privileged: false\n          readOnlyRootFilesystem: true\n      securityContext:\n        fsGroup: 1000\n        runAsGroup: 1000\n        runAsNonRoot: true\n        runAsUser: 1000\n      serviceAccountName: cartservice\n      terminationGracePeriodSeconds: 5\n",
              "/apis/apps/v1/deployments/checkoutservice": "apiVersion: apps/v1\nkind: Deployment\nmetadata:\n  labels:\n    app: checkoutservice\n  name: checkoutservice\nspec:\n  selector:\n    matchLabels:\n      app: checkoutservice\n  template:\n    metadata:\n      labels:\n        app: checkoutservice\n    spec:\n      containers:\n      - env:\n        - name: PORT\n          value: \"5050\"\n        - name: PRODUCT_CATALOG_SERVICE_ADDR\n          value: productcatalogservice:3550\n        - name: SHIPPING_SERVICE_ADDR\n          value: shippingservice:50051\n        - name: PAYMENT_SERVICE_ADDR\n          value: paymentservice:50051\n        - name: EMAIL_SERVICE_ADDR\n          value: emailservice:5000\n        - name: CURRENCY_SERVICE_ADDR\n          value: currencyservice:7000\n        - name: CART_SERVICE_ADDR\n          value: cartservice:7070\n        image: us-central1-docker.pkg.dev/google-samples/microservices-demo/checkoutservice:v0.10.3\n        livenessProbe:\n          grpc:\n            port: 5050\n        name: server\n        ports:\n        - containerPort: 5050\n        readinessProbe:\n          grpc:\n            port: 5050\n        resources:\n          limits:\n            cpu: 200m\n            memory: 128Mi\n          requests:\n            cpu: 100m\n            memory: 64Mi\n        securityContext:\n          allowPrivilegeEscalation: false\n          capabilities:\n            drop:\n            - ALL\n          privileged: false\n          readOnlyRootFilesystem: true\n      securityContext:\n        fsGroup: 1000\n        runAsGroup: 1000\n        runAsNonRoot: true\n        runAsUser: 1000\n      serviceAccountName: checkoutservice\n",
              "/apis/apps/v1/deployments/currencyservice": "apiVersion: apps/v1\nkind: Deployment\nmetadata:\n  labels:\n    app: currencyservice\n  name: currencyservice\nspec:\n  selector:\n    matchLabels:\n      app: currencyservice\n  template:\n    metadata:\n      labels:\n        app: currencyservice\n    spec:\n      containers:\n      - env:\n        - name: PORT\n          value: \"7000\"\n        - name: DISABLE_PROFILER\n          value: \"1\"\n        image: us-central1-docker.pkg.dev/google-samples/microservices-demo/currencyservice:v0.10.3\n        livenessProbe:\n          grpc:\n            port: 7000\n        name: server\n        ports:\n        - containerPort: 7000\n          name: grpc\n        readinessProbe:\n          grpc:\n            port: 7000\n        resources:\n          limits:\n            cpu: 200m\n            memory: 128Mi\n          requests:\n            cpu: 100m\n            memory: 64Mi\n        securityContext:\n          allowPrivilegeEscalation: false\n          capabilities:\n            drop:\n            - ALL\n          privileged: false\n          readOnlyRootFilesystem: true\n      securityContext:\n        fsGroup: 1000\n        runAsGroup: 1000\n        runAsNonRoot: true\n        runAsUser: 1000\n      serviceAccountName: currencyservice\n      terminationGracePeriodSeconds: 5\n",
              "/apis/apps/v1/deployments/emailservice": "apiVersion: apps/v1\nkind: Deployment\nmetadata:\n  labels:\n    app: emailservice\n  name: emailservice\nspec:\n  selector:\n    matchLabels:\n      app: emailservice\n  template:\n    metadata:\n      labels:\n        app: emailservice\n    spec:\n      containers:\n      - env:\n        - name: PORT\n          value: \"8080\"\n        - name: DISABLE_PROFILER\n          value: \"1\"\n        image: us-central1-docker.pkg.dev/google-samples/microservices-demo/emailservice:v0.10.3\n        livenessProbe:\n          grpc:\n            port: 8080\n          periodSeconds: 5\n        name: server\n        ports:\n        - containerPort: 8080\n        readinessProbe:\n          grpc:\n            port: 8080\n          periodSeconds: 5\n        resources:\n          limits:\n            cpu: 200m\n            memory: 128Mi\n          requests:\n            cpu: 100m\n            memory: 64Mi\n        securityContext:\n          allowPrivilegeEscalation: false\n          capabilities:\n            drop:\n            - ALL\n          privileged: false\n          readOnlyRootFilesystem: true\n      securityContext:\n        fsGroup: 1000\n        runAsGroup: 1000\n        runAsNonRoot: true\n        runAsUser: 1000\n      serviceAccountName: emailservice\n      terminationGracePeriodSeconds: 5\n",
              "/apis/apps/v1/deployments/frontend": "apiVersion: apps/v1\nkind: Deployment\nmetadata:\n  labels:\n    app: frontend\n  name: frontend\nspec:\n  selector:\n    matchLabels:\n      app: frontend\n  template:\n    metadata:\n      annotations:\n        sidecar.istio.io/rewriteAppHTTPProbers: \"true\"\n      labels:\n        app: frontend\n    spec:\n      containers:\n      - env:\n        - name: PORT\n          value: \"8080\"\n        - name: PRODUCT_CATALOG_SERVICE_ADDR\n          value: productcatalogservice:3550\n        - name: CURRENCY_SERVICE_ADDR\n          value: currencyservice:7000\n        - name: CART_SERVICE_ADDR\n          value: cartservice:7070\n        - name: RECOMMENDATION_SERVICE_ADDR\n          value: recommendationservice:8080\n        - name: SHIPPING_SERVICE_ADDR\n          value: shippingservice:50051\n        - name: CHECKOUT_SERVICE_ADDR\n          value: checkoutservice:5050\n        - name: AD_SERVICE_ADDR\n          value: adservice:9555\n        - name: SHOPPING_ASSISTANT_SERVICE_ADDR\n          value: shoppingassistantservice:80\n        - name: ENABLE_PROFILER\n          value: \"0\"\n        image: us-central1-docker.pkg.dev/google-samples/microservices-demo/frontend:v0.10.3\n        livenessProbe:\n          httpGet:\n            httpHeaders:\n            - name: Cookie\n              value: shop_session-id=x-liveness-probe\n            path: /_healthz\n            port: 8080\n          initialDelaySeconds: 10\n        name: server\n        ports:\n        - containerPort: 8080\n        readinessProbe:\n          httpGet:\n            httpHeaders:\n            - name: Cookie\n              value: shop_session-id=x-readiness-probe\n            path: /_healthz\n            port: 8080\n          initialDelaySeconds: 10\n        resources:\n          limits:\n            cpu: 200m\n            memory: 128Mi\n          requests:\n            cpu: 100m\n            memory: 64Mi\n        securityContext:\n          allowPrivilegeEscalation: false\n          capabilities:\n            drop:\n            - ALL\n          privileged: false\n          readOnlyRootFilesystem: true\n      securityContext:\n        fsGroup: 1000\n        runAsGroup: 1000\n        runAsNonRoot: true\n        runAsUser: 1000\n      serviceAccountName: frontend\n",
              "/apis/apps/v1/deployments/loadgenerator": "apiVersion: apps/v1\nkind: Deployment\nmetadata:\n  labels:\n    app: loadgenerator\n  name: loadgenerator\nspec:\n  replicas: 1\n  selector:\n    matchLabels:\n      app: loadgenerator\n  template:\n    metadata:\n      annotations:\n        sidecar.istio.io/rewriteAppHTTPProbers: \"true\"\n      labels:\n        app: loadgenerator\n    spec:\n      containers:\n      - env:\n        - name: FRONTEND_ADDR\n          value: frontend:80\n        - name: USERS\n          value: \"10\"\n        - name: RATE\n          value: \"1\"\n        image: us-central1-docker.pkg.dev/google-samples/microservices-demo/loadgenerator:v0.10.3\n        name: main\n        resources:\n          limits:\n            cpu: 500m\n            memory: 512Mi\n          requests:\n            cpu: 300m\n            memory: 256Mi\n        securityContext:\n          allowPrivilegeEscalation: false\n          capabilities:\n            drop:\n            - ALL\n          privileged: false\n          readOnlyRootFilesystem: true\n      initContainers:\n      - command:\n        - /bin/sh\n        - -exc\n        - |\n          MAX_RETRIES=12\n          RETRY_INTERVAL=10\n          for i in $(seq 1 $MAX_RETRIES); do\n            echo \"Attempt $i: Pinging frontend: ${FRONTEND_ADDR}...\"\n            STATUSCODE=$(wget --server-response http://${FRONTEND_ADDR} 2\u003e\u00261 | awk '/^  HTTP/{print $2}')\n            if [ $STATUSCODE -eq 200 ]; then\n                echo \"Frontend is reachable.\"\n                exit 0\n            fi\n            echo \"Error: Could not reach frontend - Status code: ${STATUSCODE}\"\n            sleep $RETRY_INTERVAL\n          done\n          echo \"Failed to reach frontend after $MAX_RETRIES attempts.\"\n          exit 1\n        env:\n        - name: FRONTEND_ADDR\n          value: frontend:80\n        image: busybox:latest\n        name: frontend-check\n        securityContext:\n          allowPrivilegeEscalation: false\n          capabilities:\n            drop:\n            - ALL\n          privileged: false\n          readOnlyRootFilesystem: true\n      restartPolicy: Always\n      securityContext:\n        fsGroup: 1000\n        runAsGroup: 1000\n        runAsNonRoot: true\n        runAsUser: 1000\n      serviceAccountName: loadgenerator\n      terminationGracePeriodSeconds: 5\n",
              "/apis/apps/v1/deployments/paymentservice": "apiVersion: apps/v1\nkind: Deployment\nmetadata:\n  labels:\n    app: paymentservice\n  name: paymentservice\nspec:\n  selector:\n    matchLabels:\n      app: paymentservice\n  template:\n    metadata:\n      labels:\n        app: paymentservice\n    spec:\n      containers:\n      - env:\n        - name: PORT\n          value: \"50051\"\n        - name: DISABLE_PROFILER\n          value: \"1\"\n        image: us-central1-docker.pkg.dev/google-samples/microservices-demo/paymentservice:v0.10.3\n        livenessProbe:\n          grpc:\n            port: 50051\n        name: server\n        ports:\n        - containerPort: 50051\n        readinessProbe:\n          grpc:\n            port: 50051\n        resources:\n          limits:\n            cpu: 200m\n            memory: 128Mi\n          requests:\n            cpu: 100m\n            memory: 64Mi\n        securityContext:\n          allowPrivilegeEscalation: false\n          capabilities:\n            drop:\n            - ALL\n          privileged: false\n          readOnlyRootFilesystem: true\n      securityContext:\n        fsGroup: 1000\n        runAsGroup: 1000\n        runAsNonRoot: true\n        runAsUser: 1000\n      serviceAccountName: paymentservice\n      terminationGracePeriodSeconds: 5\n",
              "/apis/apps/v1/deployments/productcatalogservice": "apiVersion: apps/v1\nkind: Deployment\nmetadata:\n  labels:\n    app: productcatalogservice\n  name: productcatalogservice\nspec:\n  selector:\n    matchLabels:\n      app: productcatalogservice\n  template:\n    metadata:\n      labels:\n        app: productcatalogservice\n    spec:\n      containers:\n      - env:\n        - name: PORT\n          value: \"3550\"\n        - name: DISABLE_PROFILER\n          value: \"1\"\n        image: us-central1-docker.pkg.dev/google-samples/microservices-demo/productcatalogservice:v0.10.3\n        livenessProbe:\n          grpc:\n            port: 3550\n        name: server\n        ports:\n        - containerPort: 3550\n        readinessProbe:\n          grpc:\n            port: 3550\n        resources:\n          limits:\n            cpu: 200m\n            memory: 128Mi\n          requests:\n            cpu: 100m\n            memory: 64Mi\n        securityContext:\n          allowPrivilegeEscalation: false\n          capabilities:\n            drop:\n            - ALL\n          privileged: false\n          readOnlyRootFilesystem: true\n      securityContext:\n        fsGroup: 1000\n        runAsGroup: 1000\n        runAsNonRoot: true\n        runAsUser: 1000\n      serviceAccountName: productcatalogservice\n      terminationGracePeriodSeconds: 5\n",
              "/apis/apps/v1/deployments/recommendationservice": "apiVersion: apps/v1\nkind: Deployment\nmetadata:\n  labels:\n    app: recommendationservice\n  name: recommendationservice\nspec:\n  selector:\n    matchLabels:\n      app: recommendationservice\n  template:\n    metadata:\n      labels:\n        app: recommendationservice\n    spec:\n      containers:\n      - env:\n        - name: PORT\n          value: \"8080\"\n        - name: PRODUCT_CATALOG_SERVICE_ADDR\n          value: productcatalogservice:3550\n        - name: DISABLE_PROFILER\n          value: \"1\"\n        image: us-central1-docker.pkg.dev/google-samples/microservices-demo/recommendationservice:v0.10.3\n        livenessProbe:\n          grpc:\n            port: 8080\n          periodSeconds: 5\n        name: server\n        ports:\n        - containerPort: 8080\n        readinessProbe:\n          grpc:\n            port: 8080\n          periodSeconds: 5\n        resources:\n          limits:\n            cpu: 200m\n            memory: 450Mi\n          requests:\n            cpu: 100m\n            memory: 220Mi\n        securityContext:\n          allowPrivilegeEscalation: false\n          capabilities:\n            drop:\n            - ALL\n          privileged: false\n          readOnlyRootFilesystem: true\n      securityContext:\n        fsGroup: 1000\n        runAsGroup: 1000\n        runAsNonRoot: true\n        runAsUser: 1000\n      serviceAccountName: recommendationservice\n      terminationGracePeriodSeconds: 5\n",
              "/apis/apps/v1/deployments/redis-cart": "apiVersion: apps/v1\nkind: Deployment\nmetadata:\n  labels:\n    app: redis-cart\n  name: redis-cart\nspec:\n  selector:\n    matchLabels:\n      app: redis-cart\n  template:\n    metadata:\n      labels:\n        app: redis-cart\n    spec:\n      containers:\n      - image: redis:alpine\n        livenessProbe:\n          periodSeconds: 5\n          tcpSocket:\n            port: 6379\n        name: redis\n        ports:\n        - containerPort: 6379\n        readinessProbe:\n          periodSeconds: 5\n          tcpSocket:\n            port: 6379\n        resources:\n          limits:\n            cpu: 125m\n            memory: 256Mi\n          requests:\n            cpu: 70m\n            memory: 200Mi\n        securityContext:\n          allowPrivilegeEscalation: false\n          capabilities:\n            drop:\n            - ALL\n          privileged: false\n          readOnlyRootFilesystem: true\n        volumeMounts:\n        - mountPath: /data\n          name: redis-data\n      securityContext:\n        fsGroup: 1000\n        runAsGroup: 1000\n        runAsNonRoot: true\n        runAsUser: 1000\n      volumes:\n      - emptyDir: {}\n        name: redis-data\n",
              "/apis/apps/v1/deployments/shippingservice": "apiVersion: apps/v1\nkind: Deployment\nmetadata:\n  labels:\n    app: shippingservice\n  name: shippingservice\nspec:\n  selector:\n    matchLabels:\n      app: shippingservice\n  template:\n    metadata:\n      labels:\n        app: shippingservice\n    spec:\n      containers:\n      - env:\n        - name: PORT\n          value: \"50051\"\n        - name: DISABLE_PROFILER\n          value: \"1\"\n        image: us-central1-docker.pkg.dev/google-samples/microservices-demo/shippingservice:v0.10.3\n        livenessProbe:\n          grpc:\n            port: 50051\n        name: server\n        ports:\n        - containerPort: 50051\n        readinessProbe:\n          grpc:\n            port: 50051\n          periodSeconds: 5\n        resources:\n          limits:\n            cpu: 200m\n            memory: 128Mi\n          requests:\n            cpu: 100m\n            memory: 64Mi\n        securityContext:\n          allowPrivilegeEscalation: false\n          capabilities:\n            drop:\n            - ALL\n          privileged: false\n          readOnlyRootFilesystem: true\n      securityContext:\n        fsGroup: 1000\n        runAsGroup: 1000\n        runAsNonRoot: true\n        runAsUser: 1000\n      serviceAccountName: shippingservice\n"
            }
          },
          "sensitive_attributes": []
        }
      ]
    },
    {
      "mode": "managed",
      "type": "kubectl_manifest",
      "name": "microservices_demo",
      "provider": "provider[\"registry.terraform.io/gavinbunney/kubectl\"]",
      "instances": [
        {
          "index_key": "/api/v1/serviceaccounts/adservice",
          "schema_version": 1,
          "attributes": {
            "api_version": "v1",
            "apply_only": false,
            "force_conflicts": false,
            "force_new": false,
            "id": "/api/v1/namespaces/default/serviceaccounts/adservice",
            "ignore_fields": null,
            "kind": "ServiceAccount",
            "live_manifest_incluster": "dcab244042cd64544ca45f0404c1a388279ecf20c9002ecaaf8f8edfc35831ea",
            "live_uid": "324b2926-bf85-47d3-b7e1-ef86ce947bb4",
            "name": "adservice",
            "namespace": null,
            "override_namespace": null,
            "sensitive_fields": null,
            "server_side_apply": false,
            "timeouts": null,
            "uid": "324b2926-bf85-47d3-b7e1-ef86ce947bb4",
            "validate_schema": true,
            "wait": null,
            "wait_for_rollout": true,
            "yaml_body": "apiVersion: v1\nkind: ServiceAccount\nmetadata:\n  name: adservice\n",
            "yaml_body_parsed": "apiVersion: v1\nkind: ServiceAccount\nmetadata:\n  name: adservice\n",
            "yaml_incluster": "dcab244042cd64544ca45f0404c1a388279ecf20c9002ecaaf8f8edfc35831ea"
          },
          "sensitive_attributes": [],
          "private": "eyJlMmJmYjczMC1lY2FhLTExZTYtOGY4OC0zNDM2M2JjN2M0YzAiOnsiY3JlYXRlIjo2MDAwMDAwMDAwMDB9LCJzY2hlbWFfdmVyc2lvbiI6IjEifQ==",
          "dependencies": [
            "data.aws_eks_cluster.this",
            "data.aws_eks_cluster_auth.this",
            "data.http.microservices_demo",
            "data.kubectl_file_documents.microservices_demo",
            "module.eks.aws_cloudwatch_log_group.this",
            "module.eks.aws_ec2_tag.cluster_primary_security_group",
            "module.eks.aws_eks_access_entry.this",
            "module.eks.aws_eks_access_policy_association.this",
            "module.eks.aws_eks_addon.before_compute",
            "module.eks.aws_eks_addon.this",
            "module.eks.aws_eks_cluster.this",
            "module.eks.aws_eks_identity_provider_config.this",
            "module.eks.aws_iam_openid_connect_provider.oidc_provider",
            "module.eks.aws_iam_policy.cluster_encryption",
            "module.eks.aws_iam_policy.cni_ipv6_policy",
            "module.eks.aws_iam_policy.custom",
            "module.eks.aws_iam_role.eks_auto",
            "module.eks.aws_iam_role.this",
            "module.eks.aws_iam_role_policy_attachment.additional",
            "module.eks.aws_iam_role_policy_attachment.cluster_encryption",
            "module.eks.aws_iam_role_policy_attachment.custom",
            "module.eks.aws_iam_role_policy_attachment.eks_auto",
            "module.eks.aws_iam_role_policy_attachment.eks_auto_additional",
            "module.eks.aws_iam_role_policy_attachment.this",
            "module.eks.aws_security_group.cluster",
            "module.eks.aws_security_group.node",
            "module.eks.aws_security_group_rule.cluster",
            "module.eks.aws_security_group_rule.node",
            "module.eks.data.aws_caller_identity.current",
            "module.eks.data.aws_eks_addon_version.this",
            "module.eks.data.aws_iam_policy_document.assume_role_policy",
            "module.eks.data.aws_iam_policy_document.cni_ipv6_policy",
            "module.eks.data.aws_iam_policy_document.custom",
            "module.eks.data.aws_iam_policy_document.node_assume_role_policy",
            "module.eks.data.aws_iam_session_context.current",
            "module.eks.data.aws_partition.current",
            "module.eks.data.tls_certificate.this",
            "module.eks.module.eks_managed_node_group.aws_autoscaling_schedule.this",
            "module.eks.module.eks_managed_node_group.aws_eks_node_group.this",
            "module.eks.module.eks_managed_node_group.aws_iam_role.this",
            "module.eks.module.eks_managed_node_group.aws_iam_role_policy.this",
            "module.eks.module.eks_managed_node_group.aws_iam_role_policy_attachment.additional",
            "module.eks.module.eks_managed_node_group.aws_iam_role_policy_attachment.this",
            "module.eks.module.eks_managed_node_group.aws_launch_template.this",
            "module.eks.module.eks_managed_node_group.aws_placement_group.this",
            "module.eks.module.eks_managed_node_group.data.aws_caller_identity.current",
            "module.eks.module.eks_managed_node_group.data.aws_ec2_instance_type.this",
            "module.eks.module.eks_managed_node_group.data.aws_ec2_instance_type_offerings.this",
            "module.eks.module.eks_managed_node_group.data.aws_iam_policy_document.assume_role_policy",
            "module.eks.module.eks_managed_node_group.data.aws_iam_policy_document.role",
            "module.eks.module.eks_managed_node_group.data.aws_partition.current",
            "module.eks.module.eks_managed_node_group.data.aws_ssm_parameter.ami",
            "module.eks.module.eks_managed_node_group.data.aws_subnets.placement_group",
            "module.eks.module.eks_managed_node_group.module.user_data.data.cloudinit_config.al2023_eks_managed_node_group",
            "module.eks.module.eks_managed_node_group.module.user_data.data.cloudinit_config.linux_eks_managed_node_group",
            "module.eks.module.eks_managed_node_group.module.user_data.null_resource.validate_cluster_service_cidr",
            "module.eks.module.fargate_profile.aws_eks_fargate_profile.this",
            "module.eks.module.fargate_profile.aws_iam_role.this",
            "module.eks.module.fargate_profile.aws_iam_role_policy.this",
            "module.eks.module.fargate_profile.aws_iam_role_policy_attachment.additional",
            "module.eks.module.fargate_profile.aws_iam_role_policy_attachment.this",
            "module.eks.module.fargate_profile.data.aws_caller_identity.current",
            "module.eks.module.fargate_profile.data.aws_iam_policy_document.assume_role_policy",
            "module.eks.module.fargate_profile.data.aws_iam_policy_document.role",
            "module.eks.module.fargate_profile.data.aws_partition.current",
            "module.eks.module.fargate_profile.data.aws_region.current",
            "module.eks.module.kms.aws_kms_alias.this",
            "module.eks.module.kms.aws_kms_external_key.this",
            "module.eks.module.kms.aws_kms_grant.this",
            "module.eks.module.kms.aws_kms_key.this",
            "module.eks.module.kms.aws_kms_replica_external_key.this",
            "module.eks.module.kms.aws_kms_replica_key.this",
            "module.eks.module.kms.data.aws_caller_identity.current",
            "module.eks.module.kms.data.aws_iam_policy_document.this",
            "module.eks.module.kms.data.aws_partition.current",
            "module.eks.module.self_managed_node_group.aws_autoscaling_group.this",
            "module.eks.module.self_managed_node_group.aws_autoscaling_schedule.this",
            "module.eks.module.self_managed_node_group.aws_eks_access_entry.this",
            "module.eks.module.self_managed_node_group.aws_iam_instance_profile.this",
            "module.eks.module.self_managed_node_group.aws_iam_role.this",
            "module.eks.module.self_managed_node_group.aws_iam_role_policy.this",
            "module.eks.module.self_managed_node_group.aws_iam_role_policy_attachment.additional",
            "module.eks.module.self_managed_node_group.aws_iam_role_policy_attachment.this",
            "module.eks.module.self_managed_node_group.aws_launch_template.this",
            "module.eks.module.self_managed_node_group.aws_placement_group.this",
            "module.eks.module.self_managed_node_group.data.aws_caller_identity.current",
            "module.eks.module.self_managed_node_group.data.aws_ec2_instance_type.this",
            "module.eks.module.self_managed_node_group.data.aws_ec2_instance_type_offerings.this",
            "module.eks.module.self_managed_node_group.data.aws_iam_policy_document.assume_role_policy",
            "module.eks.module.self_managed_node_group.data.aws_iam_policy_document.role",
            "module.eks.module.self_managed_node_group.data.aws_partition.current",
            "module.eks.module.self_managed_node_group.data.aws_ssm_parameter.ami",
            "module.eks.module.self_managed_node_group.data.aws_subnets.placement_group",
            "module.eks.module.self_managed_node_group.module.user_data.data.cloudinit_config.al2023_eks_managed_node_group",
            "module.eks.module.self_managed_node_group.module.user_data.data.cloudinit_config.linux_eks_managed_node_group",
            "module.eks.module.self_managed_node_group.module.user_data.null_resource.validate_cluster_service_cidr",
            "module.eks.time_sleep.this",
            "module.vpc.aws_subnet.private",
            "module.vpc.aws_subnet.public",
            "module.vpc.aws_vpc.this",
            "module.vpc.aws_vpc_ipv4_cidr_block_association.this",
            "time_sleep.wait_for_cluster_ready"
          ]
        },
        {
          "index_key": "/api/v1/serviceaccounts/cartservice",
          "schema_version": 1,
          "attributes": {
            "api_version": "v1",
            "apply_only": false,
            "force_conflicts": false,
            "force_new": false,
            "id": "/api/v1/namespaces/default/serviceaccounts/cartservice",
            "ignore_fields": null,
            "kind": "ServiceAccount",
            "live_manifest_incluster": "43f2f28a4ca0e67c169fba2026c8906ba73195b227fdc8ebd21ff6751711c460",
            "live_uid": "e3858f54-f102-46a6-bae1-5a05c6ad0d21",
            "name": "cartservice",
            "namespace": null,
            "override_namespace": null,
            "sensitive_fields": null,
            "server_side_apply": false,
            "timeouts": null,
            "uid": "e3858f54-f102-46a6-bae1-5a05c6ad0d21",
            "validate_schema": true,
            "wait": null,
            "wait_for_rollout": true,
            "yaml_body": "apiVersion: v1\nkind: ServiceAccount\nmetadata:\n  name: cartservice\n",
            "yaml_body_parsed": "apiVersion: v1\nkind: ServiceAccount\nmetadata:\n  name: cartservice\n",
            "yaml_incluster": "43f2f28a4ca0e67c169fba2026c8906ba73195b227fdc8ebd21ff6751711c460"
          },
          "sensitive_attributes": [],
          "private": "eyJlMmJmYjczMC1lY2FhLTExZTYtOGY4OC0zNDM2M2JjN2M0YzAiOnsiY3JlYXRlIjo2MDAwMDAwMDAwMDB9LCJzY2hlbWFfdmVyc2lvbiI6IjEifQ==",
          "dependencies": [
            "data.aws_eks_cluster.this",
            "data.aws_eks_cluster_auth.this",
            "data.http.microservices_demo",
            "data.kubectl_file_documents.microservices_demo",
            "module.eks.aws_cloudwatch_log_group.this",
            "module.eks.aws_ec2_tag.cluster_primary_security_group",
            "module.eks.aws_eks_access_entry.this",
            "module.eks.aws_eks_access_policy_association.this",
            "module.eks.aws_eks_addon.before_compute",
            "module.eks.aws_eks_addon.this",
            "module.eks.aws_eks_cluster.this",
            "module.eks.aws_eks_identity_provider_config.this",
            "module.eks.aws_iam_openid_connect_provider.oidc_provider",
            "module.eks.aws_iam_policy.cluster_encryption",
            "module.eks.aws_iam_policy.cni_ipv6_policy",
            "module.eks.aws_iam_policy.custom",
            "module.eks.aws_iam_role.eks_auto",
            "module.eks.aws_iam_role.this",
            "module.eks.aws_iam_role_policy_attachment.additional",
            "module.eks.aws_iam_role_policy_attachment.cluster_encryption",
            "module.eks.aws_iam_role_policy_attachment.custom",
            "module.eks.aws_iam_role_policy_attachment.eks_auto",
            "module.eks.aws_iam_role_policy_attachment.eks_auto_additional",
            "module.eks.aws_iam_role_policy_attachment.this",
            "module.eks.aws_security_group.cluster",
            "module.eks.aws_security_group.node",
            "module.eks.aws_security_group_rule.cluster",
            "module.eks.aws_security_group_rule.node",
            "module.eks.data.aws_caller_identity.current",
            "module.eks.data.aws_eks_addon_version.this",
            "module.eks.data.aws_iam_policy_document.assume_role_policy",
            "module.eks.data.aws_iam_policy_document.cni_ipv6_policy",
            "module.eks.data.aws_iam_policy_document.custom",
            "module.eks.data.aws_iam_policy_document.node_assume_role_policy",
            "module.eks.data.aws_iam_session_context.current",
            "module.eks.data.aws_partition.current",
            "module.eks.data.tls_certificate.this",
            "module.eks.module.eks_managed_node_group.aws_autoscaling_schedule.this",
            "module.eks.module.eks_managed_node_group.aws_eks_node_group.this",
            "module.eks.module.eks_managed_node_group.aws_iam_role.this",
            "module.eks.module.eks_managed_node_group.aws_iam_role_policy.this",
            "module.eks.module.eks_managed_node_group.aws_iam_role_policy_attachment.additional",
            "module.eks.module.eks_managed_node_group.aws_iam_role_policy_attachment.this",
            "module.eks.module.eks_managed_node_group.aws_launch_template.this",
            "module.eks.module.eks_managed_node_group.aws_placement_group.this",
            "module.eks.module.eks_managed_node_group.data.aws_caller_identity.current",
            "module.eks.module.eks_managed_node_group.data.aws_ec2_instance_type.this",
            "module.eks.module.eks_managed_node_group.data.aws_ec2_instance_type_offerings.this",
            "module.eks.module.eks_managed_node_group.data.aws_iam_policy_document.assume_role_policy",
            "module.eks.module.eks_managed_node_group.data.aws_iam_policy_document.role",
            "module.eks.module.eks_managed_node_group.data.aws_partition.current",
            "module.eks.module.eks_managed_node_group.data.aws_ssm_parameter.ami",
            "module.eks.module.eks_managed_node_group.data.aws_subnets.placement_group",
            "module.eks.module.eks_managed_node_group.module.user_data.data.cloudinit_config.al2023_eks_managed_node_group",
            "module.eks.module.eks_managed_node_group.module.user_data.data.cloudinit_config.linux_eks_managed_node_group",
            "module.eks.module.eks_managed_node_group.module.user_data.null_resource.validate_cluster_service_cidr",
            "module.eks.module.fargate_profile.aws_eks_fargate_profile.this",
            "module.eks.module.fargate_profile.aws_iam_role.this",
            "module.eks.module.fargate_profile.aws_iam_role_policy.this",
            "module.eks.module.fargate_profile.aws_iam_role_policy_attachment.additional",
            "module.eks.module.fargate_profile.aws_iam_role_policy_attachment.this",
            "module.eks.module.fargate_profile.data.aws_caller_identity.current",
            "module.eks.module.fargate_profile.data.aws_iam_policy_document.assume_role_policy",
            "module.eks.module.fargate_profile.data.aws_iam_policy_document.role",
            "module.eks.module.fargate_profile.data.aws_partition.current",
            "module.eks.module.fargate_profile.data.aws_region.current",
            "module.eks.module.kms.aws_kms_alias.this",
            "module.eks.module.kms.aws_kms_external_key.this",
            "module.eks.module.kms.aws_kms_grant.this",
            "module.eks.module.kms.aws_kms_key.this",
            "module.eks.module.kms.aws_kms_replica_external_key.this",
            "module.eks.module.kms.aws_kms_replica_key.this",
            "module.eks.module.kms.data.aws_caller_identity.current",
            "module.eks.module.kms.data.aws_iam_policy_document.this",
            "module.eks.module.kms.data.aws_partition.current",
            "module.eks.module.self_managed_node_group.aws_autoscaling_group.this",
            "module.eks.module.self_managed_node_group.aws_autoscaling_schedule.this",
            "module.eks.module.self_managed_node_group.aws_eks_access_entry.this",
            "module.eks.module.self_managed_node_group.aws_iam_instance_profile.this",
            "module.eks.module.self_managed_node_group.aws_iam_role.this",
            "module.eks.module.self_managed_node_group.aws_iam_role_policy.this",
            "module.eks.module.self_managed_node_group.aws_iam_role_policy_attachment.additional",
            "module.eks.module.self_managed_node_group.aws_iam_role_policy_attachment.this",
            "module.eks.module.self_managed_node_group.aws_launch_template.this",
            "module.eks.module.self_managed_node_group.aws_placement_group.this",
            "module.eks.module.self_managed_node_group.data.aws_caller_identity.current",
            "module.eks.module.self_managed_node_group.data.aws_ec2_instance_type.this",
            "module.eks.module.self_managed_node_group.data.aws_ec2_instance_type_offerings.this",
            "module.eks.module.self_managed_node_group.data.aws_iam_policy_document.assume_role_policy",
            "module.eks.module.self_managed_node_group.data.aws_iam_policy_document.role",
            "module.eks.module.self_managed_node_group.data.aws_partition.current",
            "module.eks.module.self_managed_node_group.data.aws_ssm_parameter.ami",
            "module.eks.module.self_managed_node_group.data.aws_subnets.placement_group",
            "module.eks.module.self_managed_node_group.module.user_data.data.cloudinit_config.al2023_eks_managed_node_group",
            "module.eks.module.self_managed_node_group.module.user_data.data.cloudinit_config.linux_eks_managed_node_group",
            "module.eks.module.self_managed_node_group.module.user_data.null_resource.validate_cluster_service_cidr",
            "module.eks.time_sleep.this",
            "module.vpc.aws_subnet.private",
            "module.vpc.aws_subnet.public",
            "module.vpc.aws_vpc.this",
            "module.vpc.aws_vpc_ipv4_cidr_block_association.this",
            "time_sleep.wait_for_cluster_ready"
          ]
        },
        {
          "index_key": "/api/v1/serviceaccounts/checkoutservice",
          "schema_version": 1,
          "attributes": {
            "api_version": "v1",
            "apply_only": false,
            "force_conflicts": false,
            "force_new": false,
            "id": "/api/v1/namespaces/default/serviceaccounts/checkoutservice",
            "ignore_fields": null,
            "kind": "ServiceAccount",
            "live_manifest_incluster": "11909e134f6c8212d8cd045ec256c7af9bb0cd09e4a9e0fff148772956020f2d",
            "live_uid": "2d122932-71c7-4d78-b4a6-deb5258ad637",
            "name": "checkoutservice",
            "namespace": null,
            "override_namespace": null,
            "sensitive_fields": null,
            "server_side_apply": false,
            "timeouts": null,
            "uid": "2d122932-71c7-4d78-b4a6-deb5258ad637",
            "validate_schema": true,
            "wait": null,
            "wait_for_rollout": true,
            "yaml_body": "apiVersion: v1\nkind: ServiceAccount\nmetadata:\n  name: checkoutservice\n",
            "yaml_body_parsed": "apiVersion: v1\nkind: ServiceAccount\nmetadata:\n  name: checkoutservice\n",
            "yaml_incluster": "11909e134f6c8212d8cd045ec256c7af9bb0cd09e4a9e0fff148772956020f2d"
          },
          "sensitive_attributes": [],
          "private": "eyJlMmJmYjczMC1lY2FhLTExZTYtOGY4OC0zNDM2M2JjN2M0YzAiOnsiY3JlYXRlIjo2MDAwMDAwMDAwMDB9LCJzY2hlbWFfdmVyc2lvbiI6IjEifQ==",
          "dependencies": [
            "data.aws_eks_cluster.this",
            "data.aws_eks_cluster_auth.this",
            "data.http.microservices_demo",
            "data.kubectl_file_documents.microservices_demo",
            "module.eks.aws_cloudwatch_log_group.this",
            "module.eks.aws_ec2_tag.cluster_primary_security_group",
            "module.eks.aws_eks_access_entry.this",
            "module.eks.aws_eks_access_policy_association.this",
            "module.eks.aws_eks_addon.before_compute",
            "module.eks.aws_eks_addon.this",
            "module.eks.aws_eks_cluster.this",
            "module.eks.aws_eks_identity_provider_config.this",
            "module.eks.aws_iam_openid_connect_provider.oidc_provider",
            "module.eks.aws_iam_policy.cluster_encryption",
            "module.eks.aws_iam_policy.cni_ipv6_policy",
            "module.eks.aws_iam_policy.custom",
            "module.eks.aws_iam_role.eks_auto",
            "module.eks.aws_iam_role.this",
            "module.eks.aws_iam_role_policy_attachment.additional",
            "module.eks.aws_iam_role_policy_attachment.cluster_encryption",
            "module.eks.aws_iam_role_policy_attachment.custom",
            "module.eks.aws_iam_role_policy_attachment.eks_auto",
            "module.eks.aws_iam_role_policy_attachment.eks_auto_additional",
            "module.eks.aws_iam_role_policy_attachment.this",
            "module.eks.aws_security_group.cluster",
            "module.eks.aws_security_group.node",
            "module.eks.aws_security_group_rule.cluster",
            "module.eks.aws_security_group_rule.node",
            "module.eks.data.aws_caller_identity.current",
            "module.eks.data.aws_eks_addon_version.this",
            "module.eks.data.aws_iam_policy_document.assume_role_policy",
            "module.eks.data.aws_iam_policy_document.cni_ipv6_policy",
            "module.eks.data.aws_iam_policy_document.custom",
            "module.eks.data.aws_iam_policy_document.node_assume_role_policy",
            "module.eks.data.aws_iam_session_context.current",
            "module.eks.data.aws_partition.current",
            "module.eks.data.tls_certificate.this",
            "module.eks.module.eks_managed_node_group.aws_autoscaling_schedule.this",
            "module.eks.module.eks_managed_node_group.aws_eks_node_group.this",
            "module.eks.module.eks_managed_node_group.aws_iam_role.this",
            "module.eks.module.eks_managed_node_group.aws_iam_role_policy.this",
            "module.eks.module.eks_managed_node_group.aws_iam_role_policy_attachment.additional",
            "module.eks.module.eks_managed_node_group.aws_iam_role_policy_attachment.this",
            "module.eks.module.eks_managed_node_group.aws_launch_template.this",
            "module.eks.module.eks_managed_node_group.aws_placement_group.this",
            "module.eks.module.eks_managed_node_group.data.aws_caller_identity.current",
            "module.eks.module.eks_managed_node_group.data.aws_ec2_instance_type.this",
            "module.eks.module.eks_managed_node_group.data.aws_ec2_instance_type_offerings.this",
            "module.eks.module.eks_managed_node_group.data.aws_iam_policy_document.assume_role_policy",
            "module.eks.module.eks_managed_node_group.data.aws_iam_policy_document.role",
            "module.eks.module.eks_managed_node_group.data.aws_partition.current",
            "module.eks.module.eks_managed_node_group.data.aws_ssm_parameter.ami",
            "module.eks.module.eks_managed_node_group.data.aws_subnets.placement_group",
            "module.eks.module.eks_managed_node_group.module.user_data.data.cloudinit_config.al2023_eks_managed_node_group",
            "module.eks.module.eks_managed_node_group.module.user_data.data.cloudinit_config.linux_eks_managed_node_group",
            "module.eks.module.eks_managed_node_group.module.user_data.null_resource.validate_cluster_service_cidr",
            "module.eks.module.fargate_profile.aws_eks_fargate_profile.this",
            "module.eks.module.fargate_profile.aws_iam_role.this",
            "module.eks.module.fargate_profile.aws_iam_role_policy.this",
            "module.eks.module.fargate_profile.aws_iam_role_policy_attachment.additional",
            "module.eks.module.fargate_profile.aws_iam_role_policy_attachment.this",
            "module.eks.module.fargate_profile.data.aws_caller_identity.current",
            "module.eks.module.fargate_profile.data.aws_iam_policy_document.assume_role_policy",
            "module.eks.module.fargate_profile.data.aws_iam_policy_document.role",
            "module.eks.module.fargate_profile.data.aws_partition.current",
            "module.eks.module.fargate_profile.data.aws_region.current",
            "module.eks.module.kms.aws_kms_alias.this",
            "module.eks.module.kms.aws_kms_external_key.this",
            "module.eks.module.kms.aws_kms_grant.this",
            "module.eks.module.kms.aws_kms_key.this",
            "module.eks.module.kms.aws_kms_replica_external_key.this",
            "module.eks.module.kms.aws_kms_replica_key.this",
            "module.eks.module.kms.data.aws_caller_identity.current",
            "module.eks.module.kms.data.aws_iam_policy_document.this",
            "module.eks.module.kms.data.aws_partition.current",
            "module.eks.module.self_managed_node_group.aws_autoscaling_group.this",
            "module.eks.module.self_managed_node_group.aws_autoscaling_schedule.this",
            "module.eks.module.self_managed_node_group.aws_eks_access_entry.this",
            "module.eks.module.self_managed_node_group.aws_iam_instance_profile.this",
            "module.eks.module.self_managed_node_group.aws_iam_role.this",
            "module.eks.module.self_managed_node_group.aws_iam_role_policy.this",
            "module.eks.module.self_managed_node_group.aws_iam_role_policy_attachment.additional",
            "module.eks.module.self_managed_node_group.aws_iam_role_policy_attachment.this",
            "module.eks.module.self_managed_node_group.aws_launch_template.this",
            "module.eks.module.self_managed_node_group.aws_placement_group.this",
            "module.eks.module.self_managed_node_group.data.aws_caller_identity.current",
            "module.eks.module.self_managed_node_group.data.aws_ec2_instance_type.this",
            "module.eks.module.self_managed_node_group.data.aws_ec2_instance_type_offerings.this",
            "module.eks.module.self_managed_node_group.data.aws_iam_policy_document.assume_role_policy",
            "module.eks.module.self_managed_node_group.data.aws_iam_policy_document.role",
            "module.eks.module.self_managed_node_group.data.aws_partition.current",
            "module.eks.module.self_managed_node_group.data.aws_ssm_parameter.ami",
            "module.eks.module.self_managed_node_group.data.aws_subnets.placement_group",
            "module.eks.module.self_managed_node_group.module.user_data.data.cloudinit_config.al2023_eks_managed_node_group",
            "module.eks.module.self_managed_node_group.module.user_data.data.cloudinit_config.linux_eks_managed_node_group",
            "module.eks.module.self_managed_node_group.module.user_data.null_resource.validate_cluster_service_cidr",
            "module.eks.time_sleep.this",
            "module.vpc.aws_subnet.private",
            "module.vpc.aws_subnet.public",
            "module.vpc.aws_vpc.this",
            "module.vpc.aws_vpc_ipv4_cidr_block_association.this",
            "time_sleep.wait_for_cluster_ready"
          ]
        },
        {
          "index_key": "/api/v1/serviceaccounts/currencyservice",
          "schema_version": 1,
          "attributes": {
            "api_version": "v1",
            "apply_only": false,
            "force_conflicts": false,
            "force_new": false,
            "id": "/api/v1/namespaces/default/serviceaccounts/currencyservice",
            "ignore_fields": null,
            "kind": "ServiceAccount",
            "live_manifest_incluster": "0a4f3c39543d988e3e93b6a0aef1c3c7af94c514c77522b628e212a85794373a",
            "live_uid": "38c75804-d4de-41a3-a0fc-3ac154ddbe83",
            "name": "currencyservice",
            "namespace": null,
            "override_namespace": null,
            "sensitive_fields": null,
            "server_side_apply": false,
            "timeouts": null,
            "uid": "38c75804-d4de-41a3-a0fc-3ac154ddbe83",
            "validate_schema": true,
            "wait": null,
            "wait_for_rollout": true,
            "yaml_body": "apiVersion: v1\nkind: ServiceAccount\nmetadata:\n  name: currencyservice\n",
            "yaml_body_parsed": "apiVersion: v1\nkind: ServiceAccount\nmetadata:\n  name: currencyservice\n",
            "yaml_incluster": "0a4f3c39543d988e3e93b6a0aef1c3c7af94c514c77522b628e212a85794373a"
          },
          "sensitive_attributes": [],
          "private": "eyJlMmJmYjczMC1lY2FhLTExZTYtOGY4OC0zNDM2M2JjN2M0YzAiOnsiY3JlYXRlIjo2MDAwMDAwMDAwMDB9LCJzY2hlbWFfdmVyc2lvbiI6IjEifQ==",
          "dependencies": [
            "data.aws_eks_cluster.this",
            "data.aws_eks_cluster_auth.this",
            "data.http.microservices_demo",
            "data.kubectl_file_documents.microservices_demo",
            "module.eks.aws_cloudwatch_log_group.this",
            "module.eks.aws_ec2_tag.cluster_primary_security_group",
            "module.eks.aws_eks_access_entry.this",
            "module.eks.aws_eks_access_policy_association.this",
            "module.eks.aws_eks_addon.before_compute",
            "module.eks.aws_eks_addon.this",
            "module.eks.aws_eks_cluster.this",
            "module.eks.aws_eks_identity_provider_config.this",
            "module.eks.aws_iam_openid_connect_provider.oidc_provider",
            "module.eks.aws_iam_policy.cluster_encryption",
            "module.eks.aws_iam_policy.cni_ipv6_policy",
            "module.eks.aws_iam_policy.custom",
            "module.eks.aws_iam_role.eks_auto",
            "module.eks.aws_iam_role.this",
            "module.eks.aws_iam_role_policy_attachment.additional",
            "module.eks.aws_iam_role_policy_attachment.cluster_encryption",
            "module.eks.aws_iam_role_policy_attachment.custom",
            "module.eks.aws_iam_role_policy_attachment.eks_auto",
            "module.eks.aws_iam_role_policy_attachment.eks_auto_additional",
            "module.eks.aws_iam_role_policy_attachment.this",
            "module.eks.aws_security_group.cluster",
            "module.eks.aws_security_group.node",
            "module.eks.aws_security_group_rule.cluster",
            "module.eks.aws_security_group_rule.node",
            "module.eks.data.aws_caller_identity.current",
            "module.eks.data.aws_eks_addon_version.this",
            "module.eks.data.aws_iam_policy_document.assume_role_policy",
            "module.eks.data.aws_iam_policy_document.cni_ipv6_policy",
            "module.eks.data.aws_iam_policy_document.custom",
            "module.eks.data.aws_iam_policy_document.node_assume_role_policy",
            "module.eks.data.aws_iam_session_context.current",
            "module.eks.data.aws_partition.current",
            "module.eks.data.tls_certificate.this",
            "module.eks.module.eks_managed_node_group.aws_autoscaling_schedule.this",
            "module.eks.module.eks_managed_node_group.aws_eks_node_group.this",
            "module.eks.module.eks_managed_node_group.aws_iam_role.this",
            "module.eks.module.eks_managed_node_group.aws_iam_role_policy.this",
            "module.eks.module.eks_managed_node_group.aws_iam_role_policy_attachment.additional",
            "module.eks.module.eks_managed_node_group.aws_iam_role_policy_attachment.this",
            "module.eks.module.eks_managed_node_group.aws_launch_template.this",
            "module.eks.module.eks_managed_node_group.aws_placement_group.this",
            "module.eks.module.eks_managed_node_group.data.aws_caller_identity.current",
            "module.eks.module.eks_managed_node_group.data.aws_ec2_instance_type.this",
            "module.eks.module.eks_managed_node_group.data.aws_ec2_instance_type_offerings.this",
            "module.eks.module.eks_managed_node_group.data.aws_iam_policy_document.assume_role_policy",
            "module.eks.module.eks_managed_node_group.data.aws_iam_policy_document.role",
            "module.eks.module.eks_managed_node_group.data.aws_partition.current",
            "module.eks.module.eks_managed_node_group.data.aws_ssm_parameter.ami",
            "module.eks.module.eks_managed_node_group.data.aws_subnets.placement_group",
            "module.eks.module.eks_managed_node_group.module.user_data.data.cloudinit_config.al2023_eks_managed_node_group",
            "module.eks.module.eks_managed_node_group.module.user_data.data.cloudinit_config.linux_eks_managed_node_group",
            "module.eks.module.eks_managed_node_group.module.user_data.null_resource.validate_cluster_service_cidr",
            "module.eks.module.fargate_profile.aws_eks_fargate_profile.this",
            "module.eks.module.fargate_profile.aws_iam_role.this",
            "module.eks.module.fargate_profile.aws_iam_role_policy.this",
            "module.eks.module.fargate_profile.aws_iam_role_policy_attachment.additional",
            "module.eks.module.fargate_profile.aws_iam_role_policy_attachment.this",
            "module.eks.module.fargate_profile.data.aws_caller_identity.current",
            "module.eks.module.fargate_profile.data.aws_iam_policy_document.assume_role_policy",
            "module.eks.module.fargate_profile.data.aws_iam_policy_document.role",
            "module.eks.module.fargate_profile.data.aws_partition.current",
            "module.eks.module.fargate_profile.data.aws_region.current",
            "module.eks.module.kms.aws_kms_alias.this",
            "module.eks.module.kms.aws_kms_external_key.this",
            "module.eks.module.kms.aws_kms_grant.this",
            "module.eks.module.kms.aws_kms_key.this",
            "module.eks.module.kms.aws_kms_replica_external_key.this",
            "module.eks.module.kms.aws_kms_replica_key.this",
            "module.eks.module.kms.data.aws_caller_identity.current",
            "module.eks.module.kms.data.aws_iam_policy_document.this",
            "module.eks.module.kms.data.aws_partition.current",
            "module.eks.module.self_managed_node_group.aws_autoscaling_group.this",
            "module.eks.module.self_managed_node_group.aws_autoscaling_schedule.this",
            "module.eks.module.self_managed_node_group.aws_eks_access_entry.this",
            "module.eks.module.self_managed_node_group.aws_iam_instance_profile.this",
            "module.eks.module.self_managed_node_group.aws_iam_role.this",
            "module.eks.module.self_managed_node_group.aws_iam_role_policy.this",
            "module.eks.module.self_managed_node_group.aws_iam_role_policy_attachment.additional",
            "module.eks.module.self_managed_node_group.aws_iam_role_policy_attachment.this",
            "module.eks.module.self_managed_node_group.aws_launch_template.this",
            "module.eks.module.self_managed_node_group.aws_placement_group.this",
            "module.eks.module.self_managed_node_group.data.aws_caller_identity.current",
            "module.eks.module.self_managed_node_group.data.aws_ec2_instance_type.this",
            "module.eks.module.self_managed_node_group.data.aws_ec2_instance_type_offerings.this",
            "module.eks.module.self_managed_node_group.data.aws_iam_policy_document.assume_role_policy",
            "module.eks.module.self_managed_node_group.data.aws_iam_policy_document.role",
            "module.eks.module.self_managed_node_group.data.aws_partition.current",
            "module.eks.module.self_managed_node_group.data.aws_ssm_parameter.ami",
            "module.eks.module.self_managed_node_group.data.aws_subnets.placement_group",
            "module.eks.module.self_managed_node_group.module.user_data.data.cloudinit_config.al2023_eks_managed_node_group",
            "module.eks.module.self_managed_node_group.module.user_data.data.cloudinit_config.linux_eks_managed_node_group",
            "module.eks.module.self_managed_node_group.module.user_data.null_resource.validate_cluster_service_cidr",
            "module.eks.time_sleep.this",
            "module.vpc.aws_subnet.private",
            "module.vpc.aws_subnet.public",
            "module.vpc.aws_vpc.this",
            "module.vpc.aws_vpc_ipv4_cidr_block_association.this",
            "time_sleep.wait_for_cluster_ready"
          ]
        },
        {
          "index_key": "/api/v1/serviceaccounts/emailservice",
          "schema_version": 1,
          "attributes": {
            "api_version": "v1",
            "apply_only": false,
            "force_conflicts": false,
            "force_new": false,
            "id": "/api/v1/namespaces/default/serviceaccounts/emailservice",
            "ignore_fields": null,
            "kind": "ServiceAccount",
            "live_manifest_incluster": "c9ee5a77a7594edc37a3e83da0dbd85fd4c8a7694d5701d1dfe3a036d71dbd41",
            "live_uid": "8819ae49-bd25-4a26-900c-ac3a56e42fc7",
            "name": "emailservice",
            "namespace": null,
            "override_namespace": null,
            "sensitive_fields": null,
            "server_side_apply": false,
            "timeouts": null,
            "uid": "8819ae49-bd25-4a26-900c-ac3a56e42fc7",
            "validate_schema": true,
            "wait": null,
            "wait_for_rollout": true,
            "yaml_body": "apiVersion: v1\nkind: ServiceAccount\nmetadata:\n  name: emailservice\n",
            "yaml_body_parsed": "apiVersion: v1\nkind: ServiceAccount\nmetadata:\n  name: emailservice\n",
            "yaml_incluster": "c9ee5a77a7594edc37a3e83da0dbd85fd4c8a7694d5701d1dfe3a036d71dbd41"
          },
          "sensitive_attributes": [],
          "private": "eyJlMmJmYjczMC1lY2FhLTExZTYtOGY4OC0zNDM2M2JjN2M0YzAiOnsiY3JlYXRlIjo2MDAwMDAwMDAwMDB9LCJzY2hlbWFfdmVyc2lvbiI6IjEifQ==",
          "dependencies": [
            "data.aws_eks_cluster.this",
            "data.aws_eks_cluster_auth.this",
            "data.http.microservices_demo",
            "data.kubectl_file_documents.microservices_demo",
            "module.eks.aws_cloudwatch_log_group.this",
            "module.eks.aws_ec2_tag.cluster_primary_security_group",
            "module.eks.aws_eks_access_entry.this",
            "module.eks.aws_eks_access_policy_association.this",
            "module.eks.aws_eks_addon.before_compute",
            "module.eks.aws_eks_addon.this",
            "module.eks.aws_eks_cluster.this",
            "module.eks.aws_eks_identity_provider_config.this",
            "module.eks.aws_iam_openid_connect_provider.oidc_provider",
            "module.eks.aws_iam_policy.cluster_encryption",
            "module.eks.aws_iam_policy.cni_ipv6_policy",
            "module.eks.aws_iam_policy.custom",
            "module.eks.aws_iam_role.eks_auto",
            "module.eks.aws_iam_role.this",
            "module.eks.aws_iam_role_policy_attachment.additional",
            "module.eks.aws_iam_role_policy_attachment.cluster_encryption",
            "module.eks.aws_iam_role_policy_attachment.custom",
            "module.eks.aws_iam_role_policy_attachment.eks_auto",
            "module.eks.aws_iam_role_policy_attachment.eks_auto_additional",
            "module.eks.aws_iam_role_policy_attachment.this",
            "module.eks.aws_security_group.cluster",
            "module.eks.aws_security_group.node",
            "module.eks.aws_security_group_rule.cluster",
            "module.eks.aws_security_group_rule.node",
            "module.eks.data.aws_caller_identity.current",
            "module.eks.data.aws_eks_addon_version.this",
            "module.eks.data.aws_iam_policy_document.assume_role_policy",
            "module.eks.data.aws_iam_policy_document.cni_ipv6_policy",
            "module.eks.data.aws_iam_policy_document.custom",
            "module.eks.data.aws_iam_policy_document.node_assume_role_policy",
            "module.eks.data.aws_iam_session_context.current",
            "module.eks.data.aws_partition.current",
            "module.eks.data.tls_certificate.this",
            "module.eks.module.eks_managed_node_group.aws_autoscaling_schedule.this",
            "module.eks.module.eks_managed_node_group.aws_eks_node_group.this",
            "module.eks.module.eks_managed_node_group.aws_iam_role.this",
            "module.eks.module.eks_managed_node_group.aws_iam_role_policy.this",
            "module.eks.module.eks_managed_node_group.aws_iam_role_policy_attachment.additional",
            "module.eks.module.eks_managed_node_group.aws_iam_role_policy_attachment.this",
            "module.eks.module.eks_managed_node_group.aws_launch_template.this",
            "module.eks.module.eks_managed_node_group.aws_placement_group.this",
            "module.eks.module.eks_managed_node_group.data.aws_caller_identity.current",
            "module.eks.module.eks_managed_node_group.data.aws_ec2_instance_type.this",
            "module.eks.module.eks_managed_node_group.data.aws_ec2_instance_type_offerings.this",
            "module.eks.module.eks_managed_node_group.data.aws_iam_policy_document.assume_role_policy",
            "module.eks.module.eks_managed_node_group.data.aws_iam_policy_document.role",
            "module.eks.module.eks_managed_node_group.data.aws_partition.current",
            "module.eks.module.eks_managed_node_group.data.aws_ssm_parameter.ami",
            "module.eks.module.eks_managed_node_group.data.aws_subnets.placement_group",
            "module.eks.module.eks_managed_node_group.module.user_data.data.cloudinit_config.al2023_eks_managed_node_group",
            "module.eks.module.eks_managed_node_group.module.user_data.data.cloudinit_config.linux_eks_managed_node_group",
            "module.eks.module.eks_managed_node_group.module.user_data.null_resource.validate_cluster_service_cidr",
            "module.eks.module.fargate_profile.aws_eks_fargate_profile.this",
            "module.eks.module.fargate_profile.aws_iam_role.this",
            "module.eks.module.fargate_profile.aws_iam_role_policy.this",
            "module.eks.module.fargate_profile.aws_iam_role_policy_attachment.additional",
            "module.eks.module.fargate_profile.aws_iam_role_policy_attachment.this",
            "module.eks.module.fargate_profile.data.aws_caller_identity.current",
            "module.eks.module.fargate_profile.data.aws_iam_policy_document.assume_role_policy",
            "module.eks.module.fargate_profile.data.aws_iam_policy_document.role",
            "module.eks.module.fargate_profile.data.aws_partition.current",
            "module.eks.module.fargate_profile.data.aws_region.current",
            "module.eks.module.kms.aws_kms_alias.this",
            "module.eks.module.kms.aws_kms_external_key.this",
            "module.eks.module.kms.aws_kms_grant.this",
            "module.eks.module.kms.aws_kms_key.this",
            "module.eks.module.kms.aws_kms_replica_external_key.this",
            "module.eks.module.kms.aws_kms_replica_key.this",
            "module.eks.module.kms.data.aws_caller_identity.current",
            "module.eks.module.kms.data.aws_iam_policy_document.this",
            "module.eks.module.kms.data.aws_partition.current",
            "module.eks.module.self_managed_node_group.aws_autoscaling_group.this",
            "module.eks.module.self_managed_node_group.aws_autoscaling_schedule.this",
            "module.eks.module.self_managed_node_group.aws_eks_access_entry.this",
            "module.eks.module.self_managed_node_group.aws_iam_instance_profile.this",
            "module.eks.module.self_managed_node_group.aws_iam_role.this",
            "module.eks.module.self_managed_node_group.aws_iam_role_policy.this",
            "module.eks.module.self_managed_node_group.aws_iam_role_policy_attachment.additional",
            "module.eks.module.self_managed_node_group.aws_iam_role_policy_attachment.this",
            "module.eks.module.self_managed_node_group.aws_launch_template.this",
            "module.eks.module.self_managed_node_group.aws_placement_group.this",
            "module.eks.module.self_managed_node_group.data.aws_caller_identity.current",
            "module.eks.module.self_managed_node_group.data.aws_ec2_instance_type.this",
            "module.eks.module.self_managed_node_group.data.aws_ec2_instance_type_offerings.this",
            "module.eks.module.self_managed_node_group.data.aws_iam_policy_document.assume_role_policy",
            "module.eks.module.self_managed_node_group.data.aws_iam_policy_document.role",
            "module.eks.module.self_managed_node_group.data.aws_partition.current",
            "module.eks.module.self_managed_node_group.data.aws_ssm_parameter.ami",
            "module.eks.module.self_managed_node_group.data.aws_subnets.placement_group",
            "module.eks.module.self_managed_node_group.module.user_data.data.cloudinit_config.al2023_eks_managed_node_group",
            "module.eks.module.self_managed_node_group.module.user_data.data.cloudinit_config.linux_eks_managed_node_group",
            "module.eks.module.self_managed_node_group.module.user_data.null_resource.validate_cluster_service_cidr",
            "module.eks.time_sleep.this",
            "module.vpc.aws_subnet.private",
            "module.vpc.aws_subnet.public",
            "module.vpc.aws_vpc.this",
            "module.vpc.aws_vpc_ipv4_cidr_block_association.this",
            "time_sleep.wait_for_cluster_ready"
          ]
        },
        {
          "index_key": "/api/v1/serviceaccounts/frontend",
          "schema_version": 1,
          "attributes": {
            "api_version": "v1",
            "apply_only": false,
            "force_conflicts": false,
            "force_new": false,
            "id": "/api/v1/namespaces/default/serviceaccounts/frontend",
            "ignore_fields": null,
            "kind": "ServiceAccount",
            "live_manifest_incluster": "bd169a10995771d17fe3767ef4bf86ee73726239412ab917406ce545b37647ee",
            "live_uid": "5fb06c02-44f1-4c56-a4f9-a0f46a26e136",
            "name": "frontend",
            "namespace": null,
            "override_namespace": null,
            "sensitive_fields": null,
            "server_side_apply": false,
            "timeouts": null,
            "uid": "5fb06c02-44f1-4c56-a4f9-a0f46a26e136",
            "validate_schema": true,
            "wait": null,
            "wait_for_rollout": true,
            "yaml_body": "apiVersion: v1\nkind: ServiceAccount\nmetadata:\n  name: frontend\n",
            "yaml_body_parsed": "apiVersion: v1\nkind: ServiceAccount\nmetadata:\n  name: frontend\n",
            "yaml_incluster": "bd169a10995771d17fe3767ef4bf86ee73726239412ab917406ce545b37647ee"
          },
          "sensitive_attributes": [],
          "private": "eyJlMmJmYjczMC1lY2FhLTExZTYtOGY4OC0zNDM2M2JjN2M0YzAiOnsiY3JlYXRlIjo2MDAwMDAwMDAwMDB9LCJzY2hlbWFfdmVyc2lvbiI6IjEifQ==",
          "dependencies": [
            "data.aws_eks_cluster.this",
            "data.aws_eks_cluster_auth.this",
            "data.http.microservices_demo",
            "data.kubectl_file_documents.microservices_demo",
            "module.eks.aws_cloudwatch_log_group.this",
            "module.eks.aws_ec2_tag.cluster_primary_security_group",
            "module.eks.aws_eks_access_entry.this",
            "module.eks.aws_eks_access_policy_association.this",
            "module.eks.aws_eks_addon.before_compute",
            "module.eks.aws_eks_addon.this",
            "module.eks.aws_eks_cluster.this",
            "module.eks.aws_eks_identity_provider_config.this",
            "module.eks.aws_iam_openid_connect_provider.oidc_provider",
            "module.eks.aws_iam_policy.cluster_encryption",
            "module.eks.aws_iam_policy.cni_ipv6_policy",
            "module.eks.aws_iam_policy.custom",
            "module.eks.aws_iam_role.eks_auto",
            "module.eks.aws_iam_role.this",
            "module.eks.aws_iam_role_policy_attachment.additional",
            "module.eks.aws_iam_role_policy_attachment.cluster_encryption",
            "module.eks.aws_iam_role_policy_attachment.custom",
            "module.eks.aws_iam_role_policy_attachment.eks_auto",
            "module.eks.aws_iam_role_policy_attachment.eks_auto_additional",
            "module.eks.aws_iam_role_policy_attachment.this",
            "module.eks.aws_security_group.cluster",
            "module.eks.aws_security_group.node",
            "module.eks.aws_security_group_rule.cluster",
            "module.eks.aws_security_group_rule.node",
            "module.eks.data.aws_caller_identity.current",
            "module.eks.data.aws_eks_addon_version.this",
            "module.eks.data.aws_iam_policy_document.assume_role_policy",
            "module.eks.data.aws_iam_policy_document.cni_ipv6_policy",
            "module.eks.data.aws_iam_policy_document.custom",
            "module.eks.data.aws_iam_policy_document.node_assume_role_policy",
            "module.eks.data.aws_iam_session_context.current",
            "module.eks.data.aws_partition.current",
            "module.eks.data.tls_certificate.this",
            "module.eks.module.eks_managed_node_group.aws_autoscaling_schedule.this",
            "module.eks.module.eks_managed_node_group.aws_eks_node_group.this",
            "module.eks.module.eks_managed_node_group.aws_iam_role.this",
            "module.eks.module.eks_managed_node_group.aws_iam_role_policy.this",
            "module.eks.module.eks_managed_node_group.aws_iam_role_policy_attachment.additional",
            "module.eks.module.eks_managed_node_group.aws_iam_role_policy_attachment.this",
            "module.eks.module.eks_managed_node_group.aws_launch_template.this",
            "module.eks.module.eks_managed_node_group.aws_placement_group.this",
            "module.eks.module.eks_managed_node_group.data.aws_caller_identity.current",
            "module.eks.module.eks_managed_node_group.data.aws_ec2_instance_type.this",
            "module.eks.module.eks_managed_node_group.data.aws_ec2_instance_type_offerings.this",
            "module.eks.module.eks_managed_node_group.data.aws_iam_policy_document.assume_role_policy",
            "module.eks.module.eks_managed_node_group.data.aws_iam_policy_document.role",
            "module.eks.module.eks_managed_node_group.data.aws_partition.current",
            "module.eks.module.eks_managed_node_group.data.aws_ssm_parameter.ami",
            "module.eks.module.eks_managed_node_group.data.aws_subnets.placement_group",
            "module.eks.module.eks_managed_node_group.module.user_data.data.cloudinit_config.al2023_eks_managed_node_group",
            "module.eks.module.eks_managed_node_group.module.user_data.data.cloudinit_config.linux_eks_managed_node_group",
            "module.eks.module.eks_managed_node_group.module.user_data.null_resource.validate_cluster_service_cidr",
            "module.eks.module.fargate_profile.aws_eks_fargate_profile.this",
            "module.eks.module.fargate_profile.aws_iam_role.this",
            "module.eks.module.fargate_profile.aws_iam_role_policy.this",
            "module.eks.module.fargate_profile.aws_iam_role_policy_attachment.additional",
            "module.eks.module.fargate_profile.aws_iam_role_policy_attachment.this",
            "module.eks.module.fargate_profile.data.aws_caller_identity.current",
            "module.eks.module.fargate_profile.data.aws_iam_policy_document.assume_role_policy",
            "module.eks.module.fargate_profile.data.aws_iam_policy_document.role",
            "module.eks.module.fargate_profile.data.aws_partition.current",
            "module.eks.module.fargate_profile.data.aws_region.current",
            "module.eks.module.kms.aws_kms_alias.this",
            "module.eks.module.kms.aws_kms_external_key.this",
            "module.eks.module.kms.aws_kms_grant.this",
            "module.eks.module.kms.aws_kms_key.this",
            "module.eks.module.kms.aws_kms_replica_external_key.this",
            "module.eks.module.kms.aws_kms_replica_key.this",
            "module.eks.module.kms.data.aws_caller_identity.current",
            "module.eks.module.kms.data.aws_iam_policy_document.this",
            "module.eks.module.kms.data.aws_partition.current",
            "module.eks.module.self_managed_node_group.aws_autoscaling_group.this",
            "module.eks.module.self_managed_node_group.aws_autoscaling_schedule.this",
            "module.eks.module.self_managed_node_group.aws_eks_access_entry.this",
            "module.eks.module.self_managed_node_group.aws_iam_instance_profile.this",
            "module.eks.module.self_managed_node_group.aws_iam_role.this",
            "module.eks.module.self_managed_node_group.aws_iam_role_policy.this",
            "module.eks.module.self_managed_node_group.aws_iam_role_policy_attachment.additional",
            "module.eks.module.self_managed_node_group.aws_iam_role_policy_attachment.this",
            "module.eks.module.self_managed_node_group.aws_launch_template.this",
            "module.eks.module.self_managed_node_group.aws_placement_group.this",
            "module.eks.module.self_managed_node_group.data.aws_caller_identity.current",
            "module.eks.module.self_managed_node_group.data.aws_ec2_instance_type.this",
            "module.eks.module.self_managed_node_group.data.aws_ec2_instance_type_offerings.this",
            "module.eks.module.self_managed_node_group.data.aws_iam_policy_document.assume_role_policy",
            "module.eks.module.self_managed_node_group.data.aws_iam_policy_document.role",
            "module.eks.module.self_managed_node_group.data.aws_partition.current",
            "module.eks.module.self_managed_node_group.data.aws_ssm_parameter.ami",
            "module.eks.module.self_managed_node_group.data.aws_subnets.placement_group",
            "module.eks.module.self_managed_node_group.module.user_data.data.cloudinit_config.al2023_eks_managed_node_group",
            "module.eks.module.self_managed_node_group.module.user_data.data.cloudinit_config.linux_eks_managed_node_group",
            "module.eks.module.self_managed_node_group.module.user_data.null_resource.validate_cluster_service_cidr",
            "module.eks.time_sleep.this",
            "module.vpc.aws_subnet.private",
            "module.vpc.aws_subnet.public",
            "module.vpc.aws_vpc.this",
            "module.vpc.aws_vpc_ipv4_cidr_block_association.this",
            "time_sleep.wait_for_cluster_ready"
          ]
        },
        {
          "index_key": "/api/v1/serviceaccounts/loadgenerator",
          "schema_version": 1,
          "attributes": {
            "api_version": "v1",
            "apply_only": false,
            "force_conflicts": false,
            "force_new": false,
            "id": "/api/v1/namespaces/default/serviceaccounts/loadgenerator",
            "ignore_fields": null,
            "kind": "ServiceAccount",
            "live_manifest_incluster": "9b76731d83898cc35675121ede91224f63ff5036c36c6afb398ebfeae84871ee",
            "live_uid": "7bc20789-6a0a-4172-b2db-c57b01b8b258",
            "name": "loadgenerator",
            "namespace": null,
            "override_namespace": null,
            "sensitive_fields": null,
            "server_side_apply": false,
            "timeouts": null,
            "uid": "7bc20789-6a0a-4172-b2db-c57b01b8b258",
            "validate_schema": true,
            "wait": null,
            "wait_for_rollout": true,
            "yaml_body": "apiVersion: v1\nkind: ServiceAccount\nmetadata:\n  name: loadgenerator\n",
            "yaml_body_parsed": "apiVersion: v1\nkind: ServiceAccount\nmetadata:\n  name: loadgenerator\n",
            "yaml_incluster": "9b76731d83898cc35675121ede91224f63ff5036c36c6afb398ebfeae84871ee"
          },
          "sensitive_attributes": [],
          "private": "eyJlMmJmYjczMC1lY2FhLTExZTYtOGY4OC0zNDM2M2JjN2M0YzAiOnsiY3JlYXRlIjo2MDAwMDAwMDAwMDB9LCJzY2hlbWFfdmVyc2lvbiI6IjEifQ==",
          "dependencies": [
            "data.aws_eks_cluster.this",
            "data.aws_eks_cluster_auth.this",
            "data.http.microservices_demo",
            "data.kubectl_file_documents.microservices_demo",
            "module.eks.aws_cloudwatch_log_group.this",
            "module.eks.aws_ec2_tag.cluster_primary_security_group",
            "module.eks.aws_eks_access_entry.this",
            "module.eks.aws_eks_access_policy_association.this",
            "module.eks.aws_eks_addon.before_compute",
            "module.eks.aws_eks_addon.this",
            "module.eks.aws_eks_cluster.this",
            "module.eks.aws_eks_identity_provider_config.this",
            "module.eks.aws_iam_openid_connect_provider.oidc_provider",
            "module.eks.aws_iam_policy.cluster_encryption",
            "module.eks.aws_iam_policy.cni_ipv6_policy",
            "module.eks.aws_iam_policy.custom",
            "module.eks.aws_iam_role.eks_auto",
            "module.eks.aws_iam_role.this",
            "module.eks.aws_iam_role_policy_attachment.additional",
            "module.eks.aws_iam_role_policy_attachment.cluster_encryption",
            "module.eks.aws_iam_role_policy_attachment.custom",
            "module.eks.aws_iam_role_policy_attachment.eks_auto",
            "module.eks.aws_iam_role_policy_attachment.eks_auto_additional",
            "module.eks.aws_iam_role_policy_attachment.this",
            "module.eks.aws_security_group.cluster",
            "module.eks.aws_security_group.node",
            "module.eks.aws_security_group_rule.cluster",
            "module.eks.aws_security_group_rule.node",
            "module.eks.data.aws_caller_identity.current",
            "module.eks.data.aws_eks_addon_version.this",
            "module.eks.data.aws_iam_policy_document.assume_role_policy",
            "module.eks.data.aws_iam_policy_document.cni_ipv6_policy",
            "module.eks.data.aws_iam_policy_document.custom",
            "module.eks.data.aws_iam_policy_document.node_assume_role_policy",
            "module.eks.data.aws_iam_session_context.current",
            "module.eks.data.aws_partition.current",
            "module.eks.data.tls_certificate.this",
            "module.eks.module.eks_managed_node_group.aws_autoscaling_schedule.this",
            "module.eks.module.eks_managed_node_group.aws_eks_node_group.this",
            "module.eks.module.eks_managed_node_group.aws_iam_role.this",
            "module.eks.module.eks_managed_node_group.aws_iam_role_policy.this",
            "module.eks.module.eks_managed_node_group.aws_iam_role_policy_attachment.additional",
            "module.eks.module.eks_managed_node_group.aws_iam_role_policy_attachment.this",
            "module.eks.module.eks_managed_node_group.aws_launch_template.this",
            "module.eks.module.eks_managed_node_group.aws_placement_group.this",
            "module.eks.module.eks_managed_node_group.data.aws_caller_identity.current",
            "module.eks.module.eks_managed_node_group.data.aws_ec2_instance_type.this",
            "module.eks.module.eks_managed_node_group.data.aws_ec2_instance_type_offerings.this",
            "module.eks.module.eks_managed_node_group.data.aws_iam_policy_document.assume_role_policy",
            "module.eks.module.eks_managed_node_group.data.aws_iam_policy_document.role",
            "module.eks.module.eks_managed_node_group.data.aws_partition.current",
            "module.eks.module.eks_managed_node_group.data.aws_ssm_parameter.ami",
            "module.eks.module.eks_managed_node_group.data.aws_subnets.placement_group",
            "module.eks.module.eks_managed_node_group.module.user_data.data.cloudinit_config.al2023_eks_managed_node_group",
            "module.eks.module.eks_managed_node_group.module.user_data.data.cloudinit_config.linux_eks_managed_node_group",
            "module.eks.module.eks_managed_node_group.module.user_data.null_resource.validate_cluster_service_cidr",
            "module.eks.module.fargate_profile.aws_eks_fargate_profile.this",
            "module.eks.module.fargate_profile.aws_iam_role.this",
            "module.eks.module.fargate_profile.aws_iam_role_policy.this",
            "module.eks.module.fargate_profile.aws_iam_role_policy_attachment.additional",
            "module.eks.module.fargate_profile.aws_iam_role_policy_attachment.this",
            "module.eks.module.fargate_profile.data.aws_caller_identity.current",
            "module.eks.module.fargate_profile.data.aws_iam_policy_document.assume_role_policy",
            "module.eks.module.fargate_profile.data.aws_iam_policy_document.role",
            "module.eks.module.fargate_profile.data.aws_partition.current",
            "module.eks.module.fargate_profile.data.aws_region.current",
            "module.eks.module.kms.aws_kms_alias.this",
            "module.eks.module.kms.aws_kms_external_key.this",
            "module.eks.module.kms.aws_kms_grant.this",
            "module.eks.module.kms.aws_kms_key.this",
            "module.eks.module.kms.aws_kms_replica_external_key.this",
            "module.eks.module.kms.aws_kms_replica_key.this",
            "module.eks.module.kms.data.aws_caller_identity.current",
            "module.eks.module.kms.data.aws_iam_policy_document.this",
            "module.eks.module.kms.data.aws_partition.current",
            "module.eks.module.self_managed_node_group.aws_autoscaling_group.this",
            "module.eks.module.self_managed_node_group.aws_autoscaling_schedule.this",
            "module.eks.module.self_managed_node_group.aws_eks_access_entry.this",
            "module.eks.module.self_managed_node_group.aws_iam_instance_profile.this",
            "module.eks.module.self_managed_node_group.aws_iam_role.this",
            "module.eks.module.self_managed_node_group.aws_iam_role_policy.this",
            "module.eks.module.self_managed_node_group.aws_iam_role_policy_attachment.additional",
            "module.eks.module.self_managed_node_group.aws_iam_role_policy_attachment.this",
            "module.eks.module.self_managed_node_group.aws_launch_template.this",
            "module.eks.module.self_managed_node_group.aws_placement_group.this",
            "module.eks.module.self_managed_node_group.data.aws_caller_identity.current",
            "module.eks.module.self_managed_node_group.data.aws_ec2_instance_type.this",
            "module.eks.module.self_managed_node_group.data.aws_ec2_instance_type_offerings.this",
            "module.eks.module.self_managed_node_group.data.aws_iam_policy_document.assume_role_policy",
            "module.eks.module.self_managed_node_group.data.aws_iam_policy_document.role",
            "module.eks.module.self_managed_node_group.data.aws_partition.current",
            "module.eks.module.self_managed_node_group.data.aws_ssm_parameter.ami",
            "module.eks.module.self_managed_node_group.data.aws_subnets.placement_group",
            "module.eks.module.self_managed_node_group.module.user_data.data.cloudinit_config.al2023_eks_managed_node_group",
            "module.eks.module.self_managed_node_group.module.user_data.data.cloudinit_config.linux_eks_managed_node_group",
            "module.eks.module.self_managed_node_group.module.user_data.null_resource.validate_cluster_service_cidr",
            "module.eks.time_sleep.this",
            "module.vpc.aws_subnet.private",
            "module.vpc.aws_subnet.public",
            "module.vpc.aws_vpc.this",
            "module.vpc.aws_vpc_ipv4_cidr_block_association.this",
            "time_sleep.wait_for_cluster_ready"
          ]
        },
        {
          "index_key": "/api/v1/serviceaccounts/paymentservice",
          "schema_version": 1,
          "attributes": {
            "api_version": "v1",
            "apply_only": false,
            "force_conflicts": false,
            "force_new": false,
            "id": "/api/v1/namespaces/default/serviceaccounts/paymentservice",
            "ignore_fields": null,
            "kind": "ServiceAccount",
            "live_manifest_incluster": "e111f6ec2260189d791ffa4e28f8f78b71a1536c783caec339d79c4094e0342b",
            "live_uid": "559fddff-951c-4258-8196-d35441e093d8",
            "name": "paymentservice",
            "namespace": null,
            "override_namespace": null,
            "sensitive_fields": null,
            "server_side_apply": false,
            "timeouts": null,
            "uid": "559fddff-951c-4258-8196-d35441e093d8",
            "validate_schema": true,
            "wait": null,
            "wait_for_rollout": true,
            "yaml_body": "apiVersion: v1\nkind: ServiceAccount\nmetadata:\n  name: paymentservice\n",
            "yaml_body_parsed": "apiVersion: v1\nkind: ServiceAccount\nmetadata:\n  name: paymentservice\n",
            "yaml_incluster": "e111f6ec2260189d791ffa4e28f8f78b71a1536c783caec339d79c4094e0342b"
          },
          "sensitive_attributes": [],
          "private": "eyJlMmJmYjczMC1lY2FhLTExZTYtOGY4OC0zNDM2M2JjN2M0YzAiOnsiY3JlYXRlIjo2MDAwMDAwMDAwMDB9LCJzY2hlbWFfdmVyc2lvbiI6IjEifQ==",
          "dependencies": [
            "data.aws_eks_cluster.this",
            "data.aws_eks_cluster_auth.this",
            "data.http.microservices_demo",
            "data.kubectl_file_documents.microservices_demo",
            "module.eks.aws_cloudwatch_log_group.this",
            "module.eks.aws_ec2_tag.cluster_primary_security_group",
            "module.eks.aws_eks_access_entry.this",
            "module.eks.aws_eks_access_policy_association.this",
            "module.eks.aws_eks_addon.before_compute",
            "module.eks.aws_eks_addon.this",
            "module.eks.aws_eks_cluster.this",
            "module.eks.aws_eks_identity_provider_config.this",
            "module.eks.aws_iam_openid_connect_provider.oidc_provider",
            "module.eks.aws_iam_policy.cluster_encryption",
            "module.eks.aws_iam_policy.cni_ipv6_policy",
            "module.eks.aws_iam_policy.custom",
            "module.eks.aws_iam_role.eks_auto",
            "module.eks.aws_iam_role.this",
            "module.eks.aws_iam_role_policy_attachment.additional",
            "module.eks.aws_iam_role_policy_attachment.cluster_encryption",
            "module.eks.aws_iam_role_policy_attachment.custom",
            "module.eks.aws_iam_role_policy_attachment.eks_auto",
            "module.eks.aws_iam_role_policy_attachment.eks_auto_additional",
            "module.eks.aws_iam_role_policy_attachment.this",
            "module.eks.aws_security_group.cluster",
            "module.eks.aws_security_group.node",
            "module.eks.aws_security_group_rule.cluster",
            "module.eks.aws_security_group_rule.node",
            "module.eks.data.aws_caller_identity.current",
            "module.eks.data.aws_eks_addon_version.this",
            "module.eks.data.aws_iam_policy_document.assume_role_policy",
            "module.eks.data.aws_iam_policy_document.cni_ipv6_policy",
            "module.eks.data.aws_iam_policy_document.custom",
            "module.eks.data.aws_iam_policy_document.node_assume_role_policy",
            "module.eks.data.aws_iam_session_context.current",
            "module.eks.data.aws_partition.current",
            "module.eks.data.tls_certificate.this",
            "module.eks.module.eks_managed_node_group.aws_autoscaling_schedule.this",
            "module.eks.module.eks_managed_node_group.aws_eks_node_group.this",
            "module.eks.module.eks_managed_node_group.aws_iam_role.this",
            "module.eks.module.eks_managed_node_group.aws_iam_role_policy.this",
            "module.eks.module.eks_managed_node_group.aws_iam_role_policy_attachment.additional",
            "module.eks.module.eks_managed_node_group.aws_iam_role_policy_attachment.this",
            "module.eks.module.eks_managed_node_group.aws_launch_template.this",
            "module.eks.module.eks_managed_node_group.aws_placement_group.this",
            "module.eks.module.eks_managed_node_group.data.aws_caller_identity.current",
            "module.eks.module.eks_managed_node_group.data.aws_ec2_instance_type.this",
            "module.eks.module.eks_managed_node_group.data.aws_ec2_instance_type_offerings.this",
            "module.eks.module.eks_managed_node_group.data.aws_iam_policy_document.assume_role_policy",
            "module.eks.module.eks_managed_node_group.data.aws_iam_policy_document.role",
            "module.eks.module.eks_managed_node_group.data.aws_partition.current",
            "module.eks.module.eks_managed_node_group.data.aws_ssm_parameter.ami",
            "module.eks.module.eks_managed_node_group.data.aws_subnets.placement_group",
            "module.eks.module.eks_managed_node_group.module.user_data.data.cloudinit_config.al2023_eks_managed_node_group",
            "module.eks.module.eks_managed_node_group.module.user_data.data.cloudinit_config.linux_eks_managed_node_group",
            "module.eks.module.eks_managed_node_group.module.user_data.null_resource.validate_cluster_service_cidr",
            "module.eks.module.fargate_profile.aws_eks_fargate_profile.this",
            "module.eks.module.fargate_profile.aws_iam_role.this",
            "module.eks.module.fargate_profile.aws_iam_role_policy.this",
            "module.eks.module.fargate_profile.aws_iam_role_policy_attachment.additional",
            "module.eks.module.fargate_profile.aws_iam_role_policy_attachment.this",
            "module.eks.module.fargate_profile.data.aws_caller_identity.current",
            "module.eks.module.fargate_profile.data.aws_iam_policy_document.assume_role_policy",
            "module.eks.module.fargate_profile.data.aws_iam_policy_document.role",
            "module.eks.module.fargate_profile.data.aws_partition.current",
            "module.eks.module.fargate_profile.data.aws_region.current",
            "module.eks.module.kms.aws_kms_alias.this",
            "module.eks.module.kms.aws_kms_external_key.this",
            "module.eks.module.kms.aws_kms_grant.this",
            "module.eks.module.kms.aws_kms_key.this",
            "module.eks.module.kms.aws_kms_replica_external_key.this",
            "module.eks.module.kms.aws_kms_replica_key.this",
            "module.eks.module.kms.data.aws_caller_identity.current",
            "module.eks.module.kms.data.aws_iam_policy_document.this",
            "module.eks.module.kms.data.aws_partition.current",
            "module.eks.module.self_managed_node_group.aws_autoscaling_group.this",
            "module.eks.module.self_managed_node_group.aws_autoscaling_schedule.this",
            "module.eks.module.self_managed_node_group.aws_eks_access_entry.this",
            "module.eks.module.self_managed_node_group.aws_iam_instance_profile.this",
            "module.eks.module.self_managed_node_group.aws_iam_role.this",
            "module.eks.module.self_managed_node_group.aws_iam_role_policy.this",
            "module.eks.module.self_managed_node_group.aws_iam_role_policy_attachment.additional",
            "module.eks.module.self_managed_node_group.aws_iam_role_policy_attachment.this",
            "module.eks.module.self_managed_node_group.aws_launch_template.this",
            "module.eks.module.self_managed_node_group.aws_placement_group.this",
            "module.eks.module.self_managed_node_group.data.aws_caller_identity.current",
            "module.eks.module.self_managed_node_group.data.aws_ec2_instance_type.this",
            "module.eks.module.self_managed_node_group.data.aws_ec2_instance_type_offerings.this",
            "module.eks.module.self_managed_node_group.data.aws_iam_policy_document.assume_role_policy",
            "module.eks.module.self_managed_node_group.data.aws_iam_policy_document.role",
            "module.eks.module.self_managed_node_group.data.aws_partition.current",
            "module.eks.module.self_managed_node_group.data.aws_ssm_parameter.ami",
            "module.eks.module.self_managed_node_group.data.aws_subnets.placement_group",
            "module.eks.module.self_managed_node_group.module.user_data.data.cloudinit_config.al2023_eks_managed_node_group",
            "module.eks.module.self_managed_node_group.module.user_data.data.cloudinit_config.linux_eks_managed_node_group",
            "module.eks.module.self_managed_node_group.module.user_data.null_resource.validate_cluster_service_cidr",
            "module.eks.time_sleep.this",
            "module.vpc.aws_subnet.private",
            "module.vpc.aws_subnet.public",
            "module.vpc.aws_vpc.this",
            "module.vpc.aws_vpc_ipv4_cidr_block_association.this",
            "time_sleep.wait_for_cluster_ready"
          ]
        },
        {
          "index_key": "/api/v1/serviceaccounts/productcatalogservice",
          "schema_version": 1,
          "attributes": {
            "api_version": "v1",
            "apply_only": false,
            "force_conflicts": false,
            "force_new": false,
            "id": "/api/v1/namespaces/default/serviceaccounts/productcatalogservice",
            "ignore_fields": null,
            "kind": "ServiceAccount",
            "live_manifest_incluster": "39fa9a2c2e8b8c7df5e5d09794378f8c914cc55de61649f1e7612f9b7687d5fd",
            "live_uid": "260773a7-242e-4b16-b72d-22bc150bab9d",
            "name": "productcatalogservice",
            "namespace": null,
            "override_namespace": null,
            "sensitive_fields": null,
            "server_side_apply": false,
            "timeouts": null,
            "uid": "260773a7-242e-4b16-b72d-22bc150bab9d",
            "validate_schema": true,
            "wait": null,
            "wait_for_rollout": true,
            "yaml_body": "apiVersion: v1\nkind: ServiceAccount\nmetadata:\n  name: productcatalogservice\n",
            "yaml_body_parsed": "apiVersion: v1\nkind: ServiceAccount\nmetadata:\n  name: productcatalogservice\n",
            "yaml_incluster": "39fa9a2c2e8b8c7df5e5d09794378f8c914cc55de61649f1e7612f9b7687d5fd"
          },
          "sensitive_attributes": [],
          "private": "eyJlMmJmYjczMC1lY2FhLTExZTYtOGY4OC0zNDM2M2JjN2M0YzAiOnsiY3JlYXRlIjo2MDAwMDAwMDAwMDB9LCJzY2hlbWFfdmVyc2lvbiI6IjEifQ==",
          "dependencies": [
            "data.aws_eks_cluster.this",
            "data.aws_eks_cluster_auth.this",
            "data.http.microservices_demo",
            "data.kubectl_file_documents.microservices_demo",
            "module.eks.aws_cloudwatch_log_group.this",
            "module.eks.aws_ec2_tag.cluster_primary_security_group",
            "module.eks.aws_eks_access_entry.this",
            "module.eks.aws_eks_access_policy_association.this",
            "module.eks.aws_eks_addon.before_compute",
            "module.eks.aws_eks_addon.this",
            "module.eks.aws_eks_cluster.this",
            "module.eks.aws_eks_identity_provider_config.this",
            "module.eks.aws_iam_openid_connect_provider.oidc_provider",
            "module.eks.aws_iam_policy.cluster_encryption",
            "module.eks.aws_iam_policy.cni_ipv6_policy",
            "module.eks.aws_iam_policy.custom",
            "module.eks.aws_iam_role.eks_auto",
            "module.eks.aws_iam_role.this",
            "module.eks.aws_iam_role_policy_attachment.additional",
            "module.eks.aws_iam_role_policy_attachment.cluster_encryption",
            "module.eks.aws_iam_role_policy_attachment.custom",
            "module.eks.aws_iam_role_policy_attachment.eks_auto",
            "module.eks.aws_iam_role_policy_attachment.eks_auto_additional",
            "module.eks.aws_iam_role_policy_attachment.this",
            "module.eks.aws_security_group.cluster",
            "module.eks.aws_security_group.node",
            "module.eks.aws_security_group_rule.cluster",
            "module.eks.aws_security_group_rule.node",
            "module.eks.data.aws_caller_identity.current",
            "module.eks.data.aws_eks_addon_version.this",
            "module.eks.data.aws_iam_policy_document.assume_role_policy",
            "module.eks.data.aws_iam_policy_document.cni_ipv6_policy",
            "module.eks.data.aws_iam_policy_document.custom",
            "module.eks.data.aws_iam_policy_document.node_assume_role_policy",
            "module.eks.data.aws_iam_session_context.current",
            "module.eks.data.aws_partition.current",
            "module.eks.data.tls_certificate.this",
            "module.eks.module.eks_managed_node_group.aws_autoscaling_schedule.this",
            "module.eks.module.eks_managed_node_group.aws_eks_node_group.this",
            "module.eks.module.eks_managed_node_group.aws_iam_role.this",
            "module.eks.module.eks_managed_node_group.aws_iam_role_policy.this",
            "module.eks.module.eks_managed_node_group.aws_iam_role_policy_attachment.additional",
            "module.eks.module.eks_managed_node_group.aws_iam_role_policy_attachment.this",
            "module.eks.module.eks_managed_node_group.aws_launch_template.this",
            "module.eks.module.eks_managed_node_group.aws_placement_group.this",
            "module.eks.module.eks_managed_node_group.data.aws_caller_identity.current",
            "module.eks.module.eks_managed_node_group.data.aws_ec2_instance_type.this",
            "module.eks.module.eks_managed_node_group.data.aws_ec2_instance_type_offerings.this",
            "module.eks.module.eks_managed_node_group.data.aws_iam_policy_document.assume_role_policy",
            "module.eks.module.eks_managed_node_group.data.aws_iam_policy_document.role",
            "module.eks.module.eks_managed_node_group.data.aws_partition.current",
            "module.eks.module.eks_managed_node_group.data.aws_ssm_parameter.ami",
            "module.eks.module.eks_managed_node_group.data.aws_subnets.placement_group",
            "module.eks.module.eks_managed_node_group.module.user_data.data.cloudinit_config.al2023_eks_managed_node_group",
            "module.eks.module.eks_managed_node_group.module.user_data.data.cloudinit_config.linux_eks_managed_node_group",
            "module.eks.module.eks_managed_node_group.module.user_data.null_resource.validate_cluster_service_cidr",
            "module.eks.module.fargate_profile.aws_eks_fargate_profile.this",
            "module.eks.module.fargate_profile.aws_iam_role.this",
            "module.eks.module.fargate_profile.aws_iam_role_policy.this",
            "module.eks.module.fargate_profile.aws_iam_role_policy_attachment.additional",
            "module.eks.module.fargate_profile.aws_iam_role_policy_attachment.this",
            "module.eks.module.fargate_profile.data.aws_caller_identity.current",
            "module.eks.module.fargate_profile.data.aws_iam_policy_document.assume_role_policy",
            "module.eks.module.fargate_profile.data.aws_iam_policy_document.role",
            "module.eks.module.fargate_profile.data.aws_partition.current",
            "module.eks.module.fargate_profile.data.aws_region.current",
            "module.eks.module.kms.aws_kms_alias.this",
            "module.eks.module.kms.aws_kms_external_key.this",
            "module.eks.module.kms.aws_kms_grant.this",
            "module.eks.module.kms.aws_kms_key.this",
            "module.eks.module.kms.aws_kms_replica_external_key.this",
            "module.eks.module.kms.aws_kms_replica_key.this",
            "module.eks.module.kms.data.aws_caller_identity.current",
            "module.eks.module.kms.data.aws_iam_policy_document.this",
            "module.eks.module.kms.data.aws_partition.current",
            "module.eks.module.self_managed_node_group.aws_autoscaling_group.this",
            "module.eks.module.self_managed_node_group.aws_autoscaling_schedule.this",
            "module.eks.module.self_managed_node_group.aws_eks_access_entry.this",
            "module.eks.module.self_managed_node_group.aws_iam_instance_profile.this",
            "module.eks.module.self_managed_node_group.aws_iam_role.this",
            "module.eks.module.self_managed_node_group.aws_iam_role_policy.this",
            "module.eks.module.self_managed_node_group.aws_iam_role_policy_attachment.additional",
            "module.eks.module.self_managed_node_group.aws_iam_role_policy_attachment.this",
            "module.eks.module.self_managed_node_group.aws_launch_template.this",
            "module.eks.module.self_managed_node_group.aws_placement_group.this",
            "module.eks.module.self_managed_node_group.data.aws_caller_identity.current",
            "module.eks.module.self_managed_node_group.data.aws_ec2_instance_type.this",
            "module.eks.module.self_managed_node_group.data.aws_ec2_instance_type_offerings.this",
            "module.eks.module.self_managed_node_group.data.aws_iam_policy_document.assume_role_policy",
            "module.eks.module.self_managed_node_group.data.aws_iam_policy_document.role",
            "module.eks.module.self_managed_node_group.data.aws_partition.current",
            "module.eks.module.self_managed_node_group.data.aws_ssm_parameter.ami",
            "module.eks.module.self_managed_node_group.data.aws_subnets.placement_group",
            "module.eks.module.self_managed_node_group.module.user_data.data.cloudinit_config.al2023_eks_managed_node_group",
            "module.eks.module.self_managed_node_group.module.user_data.data.cloudinit_config.linux_eks_managed_node_group",
            "module.eks.module.self_managed_node_group.module.user_data.null_resource.validate_cluster_service_cidr",
            "module.eks.time_sleep.this",
            "module.vpc.aws_subnet.private",
            "module.vpc.aws_subnet.public",
            "module.vpc.aws_vpc.this",
            "module.vpc.aws_vpc_ipv4_cidr_block_association.this",
            "time_sleep.wait_for_cluster_ready"
          ]
        },
        {
          "index_key": "/api/v1/serviceaccounts/recommendationservice",
          "schema_version": 1,
          "attributes": {
            "api_version": "v1",
            "apply_only": false,
            "force_conflicts": false,
            "force_new": false,
            "id": "/api/v1/namespaces/default/serviceaccounts/recommendationservice",
            "ignore_fields": null,
            "kind": "ServiceAccount",
            "live_manifest_incluster": "e9b3c7c0be26d6e8b1a2c9aced39b2f12fdcaab39d80a01980a49bcaa42edeae",
            "live_uid": "1d5da692-1a68-4401-8673-8e6fd653c4fa",
            "name": "recommendationservice",
            "namespace": null,
            "override_namespace": null,
            "sensitive_fields": null,
            "server_side_apply": false,
            "timeouts": null,
            "uid": "1d5da692-1a68-4401-8673-8e6fd653c4fa",
            "validate_schema": true,
            "wait": null,
            "wait_for_rollout": true,
            "yaml_body": "apiVersion: v1\nkind: ServiceAccount\nmetadata:\n  name: recommendationservice\n",
            "yaml_body_parsed": "apiVersion: v1\nkind: ServiceAccount\nmetadata:\n  name: recommendationservice\n",
            "yaml_incluster": "e9b3c7c0be26d6e8b1a2c9aced39b2f12fdcaab39d80a01980a49bcaa42edeae"
          },
          "sensitive_attributes": [],
          "private": "eyJlMmJmYjczMC1lY2FhLTExZTYtOGY4OC0zNDM2M2JjN2M0YzAiOnsiY3JlYXRlIjo2MDAwMDAwMDAwMDB9LCJzY2hlbWFfdmVyc2lvbiI6IjEifQ==",
          "dependencies": [
            "data.aws_eks_cluster.this",
            "data.aws_eks_cluster_auth.this",
            "data.http.microservices_demo",
            "data.kubectl_file_documents.microservices_demo",
            "module.eks.aws_cloudwatch_log_group.this",
            "module.eks.aws_ec2_tag.cluster_primary_security_group",
            "module.eks.aws_eks_access_entry.this",
            "module.eks.aws_eks_access_policy_association.this",
            "module.eks.aws_eks_addon.before_compute",
            "module.eks.aws_eks_addon.this",
            "module.eks.aws_eks_cluster.this",
            "module.eks.aws_eks_identity_provider_config.this",
            "module.eks.aws_iam_openid_connect_provider.oidc_provider",
            "module.eks.aws_iam_policy.cluster_encryption",
            "module.eks.aws_iam_policy.cni_ipv6_policy",
            "module.eks.aws_iam_policy.custom",
            "module.eks.aws_iam_role.eks_auto",
            "module.eks.aws_iam_role.this",
            "module.eks.aws_iam_role_policy_attachment.additional",
            "module.eks.aws_iam_role_policy_attachment.cluster_encryption",
            "module.eks.aws_iam_role_policy_attachment.custom",
            "module.eks.aws_iam_role_policy_attachment.eks_auto",
            "module.eks.aws_iam_role_policy_attachment.eks_auto_additional",
            "module.eks.aws_iam_role_policy_attachment.this",
            "module.eks.aws_security_group.cluster",
            "module.eks.aws_security_group.node",
            "module.eks.aws_security_group_rule.cluster",
            "module.eks.aws_security_group_rule.node",
            "module.eks.data.aws_caller_identity.current",
            "module.eks.data.aws_eks_addon_version.this",
            "module.eks.data.aws_iam_policy_document.assume_role_policy",
            "module.eks.data.aws_iam_policy_document.cni_ipv6_policy",
            "module.eks.data.aws_iam_policy_document.custom",
            "module.eks.data.aws_iam_policy_document.node_assume_role_policy",
            "module.eks.data.aws_iam_session_context.current",
            "module.eks.data.aws_partition.current",
            "module.eks.data.tls_certificate.this",
            "module.eks.module.eks_managed_node_group.aws_autoscaling_schedule.this",
            "module.eks.module.eks_managed_node_group.aws_eks_node_group.this",
            "module.eks.module.eks_managed_node_group.aws_iam_role.this",
            "module.eks.module.eks_managed_node_group.aws_iam_role_policy.this",
            "module.eks.module.eks_managed_node_group.aws_iam_role_policy_attachment.additional",
            "module.eks.module.eks_managed_node_group.aws_iam_role_policy_attachment.this",
            "module.eks.module.eks_managed_node_group.aws_launch_template.this",
            "module.eks.module.eks_managed_node_group.aws_placement_group.this",
            "module.eks.module.eks_managed_node_group.data.aws_caller_identity.current",
            "module.eks.module.eks_managed_node_group.data.aws_ec2_instance_type.this",
            "module.eks.module.eks_managed_node_group.data.aws_ec2_instance_type_offerings.this",
            "module.eks.module.eks_managed_node_group.data.aws_iam_policy_document.assume_role_policy",
            "module.eks.module.eks_managed_node_group.data.aws_iam_policy_document.role",
            "module.eks.module.eks_managed_node_group.data.aws_partition.current",
            "module.eks.module.eks_managed_node_group.data.aws_ssm_parameter.ami",
            "module.eks.module.eks_managed_node_group.data.aws_subnets.placement_group",
            "module.eks.module.eks_managed_node_group.module.user_data.data.cloudinit_config.al2023_eks_managed_node_group",
            "module.eks.module.eks_managed_node_group.module.user_data.data.cloudinit_config.linux_eks_managed_node_group",
            "module.eks.module.eks_managed_node_group.module.user_data.null_resource.validate_cluster_service_cidr",
            "module.eks.module.fargate_profile.aws_eks_fargate_profile.this",
            "module.eks.module.fargate_profile.aws_iam_role.this",
            "module.eks.module.fargate_profile.aws_iam_role_policy.this",
            "module.eks.module.fargate_profile.aws_iam_role_policy_attachment.additional",
            "module.eks.module.fargate_profile.aws_iam_role_policy_attachment.this",
            "module.eks.module.fargate_profile.data.aws_caller_identity.current",
            "module.eks.module.fargate_profile.data.aws_iam_policy_document.assume_role_policy",
            "module.eks.module.fargate_profile.data.aws_iam_policy_document.role",
            "module.eks.module.fargate_profile.data.aws_partition.current",
            "module.eks.module.fargate_profile.data.aws_region.current",
            "module.eks.module.kms.aws_kms_alias.this",
            "module.eks.module.kms.aws_kms_external_key.this",
            "module.eks.module.kms.aws_kms_grant.this",
            "module.eks.module.kms.aws_kms_key.this",
            "module.eks.module.kms.aws_kms_replica_external_key.this",
            "module.eks.module.kms.aws_kms_replica_key.this",
            "module.eks.module.kms.data.aws_caller_identity.current",
            "module.eks.module.kms.data.aws_iam_policy_document.this",
            "module.eks.module.kms.data.aws_partition.current",
            "module.eks.module.self_managed_node_group.aws_autoscaling_group.this",
            "module.eks.module.self_managed_node_group.aws_autoscaling_schedule.this",
            "module.eks.module.self_managed_node_group.aws_eks_access_entry.this",
            "module.eks.module.self_managed_node_group.aws_iam_instance_profile.this",
            "module.eks.module.self_managed_node_group.aws_iam_role.this",
            "module.eks.module.self_managed_node_group.aws_iam_role_policy.this",
            "module.eks.module.self_managed_node_group.aws_iam_role_policy_attachment.additional",
            "module.eks.module.self_managed_node_group.aws_iam_role_policy_attachment.this",
            "module.eks.module.self_managed_node_group.aws_launch_template.this",
            "module.eks.module.self_managed_node_group.aws_placement_group.this",
            "module.eks.module.self_managed_node_group.data.aws_caller_identity.current",
            "module.eks.module.self_managed_node_group.data.aws_ec2_instance_type.this",
            "module.eks.module.self_managed_node_group.data.aws_ec2_instance_type_offerings.this",
            "module.eks.module.self_managed_node_group.data.aws_iam_policy_document.assume_role_policy",
            "module.eks.module.self_managed_node_group.data.aws_iam_policy_document.role",
            "module.eks.module.self_managed_node_group.data.aws_partition.current",
            "module.eks.module.self_managed_node_group.data.aws_ssm_parameter.ami",
            "module.eks.module.self_managed_node_group.data.aws_subnets.placement_group",
            "module.eks.module.self_managed_node_group.module.user_data.data.cloudinit_config.al2023_eks_managed_node_group",
            "module.eks.module.self_managed_node_group.module.user_data.data.cloudinit_config.linux_eks_managed_node_group",
            "module.eks.module.self_managed_node_group.module.user_data.null_resource.validate_cluster_service_cidr",
            "module.eks.time_sleep.this",
            "module.vpc.aws_subnet.private",
            "module.vpc.aws_subnet.public",
            "module.vpc.aws_vpc.this",
            "module.vpc.aws_vpc_ipv4_cidr_block_association.this",
            "time_sleep.wait_for_cluster_ready"
          ]
        },
        {
          "index_key": "/api/v1/serviceaccounts/shippingservice",
          "schema_version": 1,
          "attributes": {
            "api_version": "v1",
            "apply_only": false,
            "force_conflicts": false,
            "force_new": false,
            "id": "/api/v1/namespaces/default/serviceaccounts/shippingservice",
            "ignore_fields": null,
            "kind": "ServiceAccount",
            "live_manifest_incluster": "ee707160c390fe36ed3433fb3b20d37fa6e235c37fc1f80c1faa9b7087b0729c",
            "live_uid": "ff7183e9-4174-4ff9-ab4a-9df4474c4ef3",
            "name": "shippingservice",
            "namespace": null,
            "override_namespace": null,
            "sensitive_fields": null,
            "server_side_apply": false,
            "timeouts": null,
            "uid": "ff7183e9-4174-4ff9-ab4a-9df4474c4ef3",
            "validate_schema": true,
            "wait": null,
            "wait_for_rollout": true,
            "yaml_body": "apiVersion: v1\nkind: ServiceAccount\nmetadata:\n  name: shippingservice\n",
            "yaml_body_parsed": "apiVersion: v1\nkind: ServiceAccount\nmetadata:\n  name: shippingservice\n",
            "yaml_incluster": "ee707160c390fe36ed3433fb3b20d37fa6e235c37fc1f80c1faa9b7087b0729c"
          },
          "sensitive_attributes": [],
          "private": "eyJlMmJmYjczMC1lY2FhLTExZTYtOGY4OC0zNDM2M2JjN2M0YzAiOnsiY3JlYXRlIjo2MDAwMDAwMDAwMDB9LCJzY2hlbWFfdmVyc2lvbiI6IjEifQ==",
          "dependencies": [
            "data.aws_eks_cluster.this",
            "data.aws_eks_cluster_auth.this",
            "data.http.microservices_demo",
            "data.kubectl_file_documents.microservices_demo",
            "module.eks.aws_cloudwatch_log_group.this",
            "module.eks.aws_ec2_tag.cluster_primary_security_group",
            "module.eks.aws_eks_access_entry.this",
            "module.eks.aws_eks_access_policy_association.this",
            "module.eks.aws_eks_addon.before_compute",
            "module.eks.aws_eks_addon.this",
            "module.eks.aws_eks_cluster.this",
            "module.eks.aws_eks_identity_provider_config.this",
            "module.eks.aws_iam_openid_connect_provider.oidc_provider",
            "module.eks.aws_iam_policy.cluster_encryption",
            "module.eks.aws_iam_policy.cni_ipv6_policy",
            "module.eks.aws_iam_policy.custom",
            "module.eks.aws_iam_role.eks_auto",
            "module.eks.aws_iam_role.this",
            "module.eks.aws_iam_role_policy_attachment.additional",
            "module.eks.aws_iam_role_policy_attachment.cluster_encryption",
            "module.eks.aws_iam_role_policy_attachment.custom",
            "module.eks.aws_iam_role_policy_attachment.eks_auto",
            "module.eks.aws_iam_role_policy_attachment.eks_auto_additional",
            "module.eks.aws_iam_role_policy_attachment.this",
            "module.eks.aws_security_group.cluster",
            "module.eks.aws_security_group.node",
            "module.eks.aws_security_group_rule.cluster",
            "module.eks.aws_security_group_rule.node",
            "module.eks.data.aws_caller_identity.current",
            "module.eks.data.aws_eks_addon_version.this",
            "module.eks.data.aws_iam_policy_document.assume_role_policy",
            "module.eks.data.aws_iam_policy_document.cni_ipv6_policy",
            "module.eks.data.aws_iam_policy_document.custom",
            "module.eks.data.aws_iam_policy_document.node_assume_role_policy",
            "module.eks.data.aws_iam_session_context.current",
            "module.eks.data.aws_partition.current",
            "module.eks.data.tls_certificate.this",
            "module.eks.module.eks_managed_node_group.aws_autoscaling_schedule.this",
            "module.eks.module.eks_managed_node_group.aws_eks_node_group.this",
            "module.eks.module.eks_managed_node_group.aws_iam_role.this",
            "module.eks.module.eks_managed_node_group.aws_iam_role_policy.this",
            "module.eks.module.eks_managed_node_group.aws_iam_role_policy_attachment.additional",
            "module.eks.module.eks_managed_node_group.aws_iam_role_policy_attachment.this",
            "module.eks.module.eks_managed_node_group.aws_launch_template.this",
            "module.eks.module.eks_managed_node_group.aws_placement_group.this",
            "module.eks.module.eks_managed_node_group.data.aws_caller_identity.current",
            "module.eks.module.eks_managed_node_group.data.aws_ec2_instance_type.this",
            "module.eks.module.eks_managed_node_group.data.aws_ec2_instance_type_offerings.this",
            "module.eks.module.eks_managed_node_group.data.aws_iam_policy_document.assume_role_policy",
            "module.eks.module.eks_managed_node_group.data.aws_iam_policy_document.role",
            "module.eks.module.eks_managed_node_group.data.aws_partition.current",
            "module.eks.module.eks_managed_node_group.data.aws_ssm_parameter.ami",
            "module.eks.module.eks_managed_node_group.data.aws_subnets.placement_group",
            "module.eks.module.eks_managed_node_group.module.user_data.data.cloudinit_config.al2023_eks_managed_node_group",
            "module.eks.module.eks_managed_node_group.module.user_data.data.cloudinit_config.linux_eks_managed_node_group",
            "module.eks.module.eks_managed_node_group.module.user_data.null_resource.validate_cluster_service_cidr",
            "module.eks.module.fargate_profile.aws_eks_fargate_profile.this",
            "module.eks.module.fargate_profile.aws_iam_role.this",
            "module.eks.module.fargate_profile.aws_iam_role_policy.this",
            "module.eks.module.fargate_profile.aws_iam_role_policy_attachment.additional",
            "module.eks.module.fargate_profile.aws_iam_role_policy_attachment.this",
            "module.eks.module.fargate_profile.data.aws_caller_identity.current",
            "module.eks.module.fargate_profile.data.aws_iam_policy_document.assume_role_policy",
            "module.eks.module.fargate_profile.data.aws_iam_policy_document.role",
            "module.eks.module.fargate_profile.data.aws_partition.current",
            "module.eks.module.fargate_profile.data.aws_region.current",
            "module.eks.module.kms.aws_kms_alias.this",
            "module.eks.module.kms.aws_kms_external_key.this",
            "module.eks.module.kms.aws_kms_grant.this",
            "module.eks.module.kms.aws_kms_key.this",
            "module.eks.module.kms.aws_kms_replica_external_key.this",
            "module.eks.module.kms.aws_kms_replica_key.this",
            "module.eks.module.kms.data.aws_caller_identity.current",
            "module.eks.module.kms.data.aws_iam_policy_document.this",
            "module.eks.module.kms.data.aws_partition.current",
            "module.eks.module.self_managed_node_group.aws_autoscaling_group.this",
            "module.eks.module.self_managed_node_group.aws_autoscaling_schedule.this",
            "module.eks.module.self_managed_node_group.aws_eks_access_entry.this",
            "module.eks.module.self_managed_node_group.aws_iam_instance_profile.this",
            "module.eks.module.self_managed_node_group.aws_iam_role.this",
            "module.eks.module.self_managed_node_group.aws_iam_role_policy.this",
            "module.eks.module.self_managed_node_group.aws_iam_role_policy_attachment.additional",
            "module.eks.module.self_managed_node_group.aws_iam_role_policy_attachment.this",
            "module.eks.module.self_managed_node_group.aws_launch_template.this",
            "module.eks.module.self_managed_node_group.aws_placement_group.this",
            "module.eks.module.self_managed_node_group.data.aws_caller_identity.current",
            "module.eks.module.self_managed_node_group.data.aws_ec2_instance_type.this",
            "module.eks.module.self_managed_node_group.data.aws_ec2_instance_type_offerings.this",
            "module.eks.module.self_managed_node_group.data.aws_iam_policy_document.assume_role_policy",
            "module.eks.module.self_managed_node_group.data.aws_iam_policy_document.role",
            "module.eks.module.self_managed_node_group.data.aws_partition.current",
            "module.eks.module.self_managed_node_group.data.aws_ssm_parameter.ami",
            "module.eks.module.self_managed_node_group.data.aws_subnets.placement_group",
            "module.eks.module.self_managed_node_group.module.user_data.data.cloudinit_config.al2023_eks_managed_node_group",
            "module.eks.module.self_managed_node_group.module.user_data.data.cloudinit_config.linux_eks_managed_node_group",
            "module.eks.module.self_managed_node_group.module.user_data.null_resource.validate_cluster_service_cidr",
            "module.eks.time_sleep.this",
            "module.vpc.aws_subnet.private",
            "module.vpc.aws_subnet.public",
            "module.vpc.aws_vpc.this",
            "module.vpc.aws_vpc_ipv4_cidr_block_association.this",
            "time_sleep.wait_for_cluster_ready"
          ]
        },
        {
          "index_key": "/api/v1/services/adservice",
          "schema_version": 1,
          "attributes": {
            "api_version": "v1",
            "apply_only": false,
            "force_conflicts": false,
            "force_new": false,
            "id": "/api/v1/namespaces/default/services/adservice",
            "ignore_fields": null,
            "kind": "Service",
            "live_manifest_incluster": "18c9f11b940c0a31f6203fb48b58d98345d2eefd711c1a21acef7fa77ee4822a",
            "live_uid": "7b4e4494-4285-434d-8d03-f697ff9408e0",
            "name": "adservice",
            "namespace": null,
            "override_namespace": null,
            "sensitive_fields": null,
            "server_side_apply": false,
            "timeouts": null,
            "uid": "7b4e4494-4285-434d-8d03-f697ff9408e0",
            "validate_schema": true,
            "wait": null,
            "wait_for_rollout": true,
            "yaml_body": "apiVersion: v1\nkind: Service\nmetadata:\n  labels:\n    app: adservice\n  name: adservice\nspec:\n  ports:\n  - name: grpc\n    port: 9555\n    targetPort: 9555\n  selector:\n    app: adservice\n  type: ClusterIP\n",
            "yaml_body_parsed": "apiVersion: v1\nkind: Service\nmetadata:\n  labels:\n    app: adservice\n  name: adservice\nspec:\n  ports:\n  - name: grpc\n    port: 9555\n    targetPort: 9555\n  selector:\n    app: adservice\n  type: ClusterIP\n",
            "yaml_incluster": "18c9f11b940c0a31f6203fb48b58d98345d2eefd711c1a21acef7fa77ee4822a"
          },
          "sensitive_attributes": [],
          "private": "eyJlMmJmYjczMC1lY2FhLTExZTYtOGY4OC0zNDM2M2JjN2M0YzAiOnsiY3JlYXRlIjo2MDAwMDAwMDAwMDB9LCJzY2hlbWFfdmVyc2lvbiI6IjEifQ==",
          "dependencies": [
            "data.aws_eks_cluster.this",
            "data.aws_eks_cluster_auth.this",
            "data.http.microservices_demo",
            "data.kubectl_file_documents.microservices_demo",
            "module.eks.aws_cloudwatch_log_group.this",
            "module.eks.aws_ec2_tag.cluster_primary_security_group",
            "module.eks.aws_eks_access_entry.this",
            "module.eks.aws_eks_access_policy_association.this",
            "module.eks.aws_eks_addon.before_compute",
            "module.eks.aws_eks_addon.this",
            "module.eks.aws_eks_cluster.this",
            "module.eks.aws_eks_identity_provider_config.this",
            "module.eks.aws_iam_openid_connect_provider.oidc_provider",
            "module.eks.aws_iam_policy.cluster_encryption",
            "module.eks.aws_iam_policy.cni_ipv6_policy",
            "module.eks.aws_iam_policy.custom",
            "module.eks.aws_iam_role.eks_auto",
            "module.eks.aws_iam_role.this",
            "module.eks.aws_iam_role_policy_attachment.additional",
            "module.eks.aws_iam_role_policy_attachment.cluster_encryption",
            "module.eks.aws_iam_role_policy_attachment.custom",
            "module.eks.aws_iam_role_policy_attachment.eks_auto",
            "module.eks.aws_iam_role_policy_attachment.eks_auto_additional",
            "module.eks.aws_iam_role_policy_attachment.this",
            "module.eks.aws_security_group.cluster",
            "module.eks.aws_security_group.node",
            "module.eks.aws_security_group_rule.cluster",
            "module.eks.aws_security_group_rule.node",
            "module.eks.data.aws_caller_identity.current",
            "module.eks.data.aws_eks_addon_version.this",
            "module.eks.data.aws_iam_policy_document.assume_role_policy",
            "module.eks.data.aws_iam_policy_document.cni_ipv6_policy",
            "module.eks.data.aws_iam_policy_document.custom",
            "module.eks.data.aws_iam_policy_document.node_assume_role_policy",
            "module.eks.data.aws_iam_session_context.current",
            "module.eks.data.aws_partition.current",
            "module.eks.data.tls_certificate.this",
            "module.eks.module.eks_managed_node_group.aws_autoscaling_schedule.this",
            "module.eks.module.eks_managed_node_group.aws_eks_node_group.this",
            "module.eks.module.eks_managed_node_group.aws_iam_role.this",
            "module.eks.module.eks_managed_node_group.aws_iam_role_policy.this",
            "module.eks.module.eks_managed_node_group.aws_iam_role_policy_attachment.additional",
            "module.eks.module.eks_managed_node_group.aws_iam_role_policy_attachment.this",
            "module.eks.module.eks_managed_node_group.aws_launch_template.this",
            "module.eks.module.eks_managed_node_group.aws_placement_group.this",
            "module.eks.module.eks_managed_node_group.data.aws_caller_identity.current",
            "module.eks.module.eks_managed_node_group.data.aws_ec2_instance_type.this",
            "module.eks.module.eks_managed_node_group.data.aws_ec2_instance_type_offerings.this",
            "module.eks.module.eks_managed_node_group.data.aws_iam_policy_document.assume_role_policy",
            "module.eks.module.eks_managed_node_group.data.aws_iam_policy_document.role",
            "module.eks.module.eks_managed_node_group.data.aws_partition.current",
            "module.eks.module.eks_managed_node_group.data.aws_ssm_parameter.ami",
            "module.eks.module.eks_managed_node_group.data.aws_subnets.placement_group",
            "module.eks.module.eks_managed_node_group.module.user_data.data.cloudinit_config.al2023_eks_managed_node_group",
            "module.eks.module.eks_managed_node_group.module.user_data.data.cloudinit_config.linux_eks_managed_node_group",
            "module.eks.module.eks_managed_node_group.module.user_data.null_resource.validate_cluster_service_cidr",
            "module.eks.module.fargate_profile.aws_eks_fargate_profile.this",
            "module.eks.module.fargate_profile.aws_iam_role.this",
            "module.eks.module.fargate_profile.aws_iam_role_policy.this",
            "module.eks.module.fargate_profile.aws_iam_role_policy_attachment.additional",
            "module.eks.module.fargate_profile.aws_iam_role_policy_attachment.this",
            "module.eks.module.fargate_profile.data.aws_caller_identity.current",
            "module.eks.module.fargate_profile.data.aws_iam_policy_document.assume_role_policy",
            "module.eks.module.fargate_profile.data.aws_iam_policy_document.role",
            "module.eks.module.fargate_profile.data.aws_partition.current",
            "module.eks.module.fargate_profile.data.aws_region.current",
            "module.eks.module.kms.aws_kms_alias.this",
            "module.eks.module.kms.aws_kms_external_key.this",
            "module.eks.module.kms.aws_kms_grant.this",
            "module.eks.module.kms.aws_kms_key.this",
            "module.eks.module.kms.aws_kms_replica_external_key.this",
            "module.eks.module.kms.aws_kms_replica_key.this",
            "module.eks.module.kms.data.aws_caller_identity.current",
            "module.eks.module.kms.data.aws_iam_policy_document.this",
            "module.eks.module.kms.data.aws_partition.current",
            "module.eks.module.self_managed_node_group.aws_autoscaling_group.this",
            "module.eks.module.self_managed_node_group.aws_autoscaling_schedule.this",
            "module.eks.module.self_managed_node_group.aws_eks_access_entry.this",
            "module.eks.module.self_managed_node_group.aws_iam_instance_profile.this",
            "module.eks.module.self_managed_node_group.aws_iam_role.this",
            "module.eks.module.self_managed_node_group.aws_iam_role_policy.this",
            "module.eks.module.self_managed_node_group.aws_iam_role_policy_attachment.additional",
            "module.eks.module.self_managed_node_group.aws_iam_role_policy_attachment.this",
            "module.eks.module.self_managed_node_group.aws_launch_template.this",
            "module.eks.module.self_managed_node_group.aws_placement_group.this",
            "module.eks.module.self_managed_node_group.data.aws_caller_identity.current",
            "module.eks.module.self_managed_node_group.data.aws_ec2_instance_type.this",
            "module.eks.module.self_managed_node_group.data.aws_ec2_instance_type_offerings.this",
            "module.eks.module.self_managed_node_group.data.aws_iam_policy_document.assume_role_policy",
            "module.eks.module.self_managed_node_group.data.aws_iam_policy_document.role",
            "module.eks.module.self_managed_node_group.data.aws_partition.current",
            "module.eks.module.self_managed_node_group.data.aws_ssm_parameter.ami",
            "module.eks.module.self_managed_node_group.data.aws_subnets.placement_group",
            "module.eks.module.self_managed_node_group.module.user_data.data.cloudinit_config.al2023_eks_managed_node_group",
            "module.eks.module.self_managed_node_group.module.user_data.data.cloudinit_config.linux_eks_managed_node_group",
            "module.eks.module.self_managed_node_group.module.user_data.null_resource.validate_cluster_service_cidr",
            "module.eks.time_sleep.this",
            "module.vpc.aws_subnet.private",
            "module.vpc.aws_subnet.public",
            "module.vpc.aws_vpc.this",
            "module.vpc.aws_vpc_ipv4_cidr_block_association.this",
            "time_sleep.wait_for_cluster_ready"
          ]
        },
        {
          "index_key": "/api/v1/services/cartservice",
          "schema_version": 1,
          "attributes": {
            "api_version": "v1",
            "apply_only": false,
            "force_conflicts": false,
            "force_new": false,
            "id": "/api/v1/namespaces/default/services/cartservice",
            "ignore_fields": null,
            "kind": "Service",
            "live_manifest_incluster": "0a0c87ee6dd4977297db0702546b118614b1f0af7d5ddfccbde4ea55c191574d",
            "live_uid": "0f998d58-f420-4065-b528-2359057ecc8a",
            "name": "cartservice",
            "namespace": null,
            "override_namespace": null,
            "sensitive_fields": null,
            "server_side_apply": false,
            "timeouts": null,
            "uid": "0f998d58-f420-4065-b528-2359057ecc8a",
            "validate_schema": true,
            "wait": null,
            "wait_for_rollout": true,
            "yaml_body": "apiVersion: v1\nkind: Service\nmetadata:\n  labels:\n    app: cartservice\n  name: cartservice\nspec:\n  ports:\n  - name: grpc\n    port: 7070\n    targetPort: 7070\n  selector:\n    app: cartservice\n  type: ClusterIP\n",
            "yaml_body_parsed": "apiVersion: v1\nkind: Service\nmetadata:\n  labels:\n    app: cartservice\n  name: cartservice\nspec:\n  ports:\n  - name: grpc\n    port: 7070\n    targetPort: 7070\n  selector:\n    app: cartservice\n  type: ClusterIP\n",
            "yaml_incluster": "0a0c87ee6dd4977297db0702546b118614b1f0af7d5ddfccbde4ea55c191574d"
          },
          "sensitive_attributes": [],
          "private": "eyJlMmJmYjczMC1lY2FhLTExZTYtOGY4OC0zNDM2M2JjN2M0YzAiOnsiY3JlYXRlIjo2MDAwMDAwMDAwMDB9LCJzY2hlbWFfdmVyc2lvbiI6IjEifQ==",
          "dependencies": [
            "data.aws_eks_cluster.this",
            "data.aws_eks_cluster_auth.this",
            "data.http.microservices_demo",
            "data.kubectl_file_documents.microservices_demo",
            "module.eks.aws_cloudwatch_log_group.this",
            "module.eks.aws_ec2_tag.cluster_primary_security_group",
            "module.eks.aws_eks_access_entry.this",
            "module.eks.aws_eks_access_policy_association.this",
            "module.eks.aws_eks_addon.before_compute",
            "module.eks.aws_eks_addon.this",
            "module.eks.aws_eks_cluster.this",
            "module.eks.aws_eks_identity_provider_config.this",
            "module.eks.aws_iam_openid_connect_provider.oidc_provider",
            "module.eks.aws_iam_policy.cluster_encryption",
            "module.eks.aws_iam_policy.cni_ipv6_policy",
            "module.eks.aws_iam_policy.custom",
            "module.eks.aws_iam_role.eks_auto",
            "module.eks.aws_iam_role.this",
            "module.eks.aws_iam_role_policy_attachment.additional",
            "module.eks.aws_iam_role_policy_attachment.cluster_encryption",
            "module.eks.aws_iam_role_policy_attachment.custom",
            "module.eks.aws_iam_role_policy_attachment.eks_auto",
            "module.eks.aws_iam_role_policy_attachment.eks_auto_additional",
            "module.eks.aws_iam_role_policy_attachment.this",
            "module.eks.aws_security_group.cluster",
            "module.eks.aws_security_group.node",
            "module.eks.aws_security_group_rule.cluster",
            "module.eks.aws_security_group_rule.node",
            "module.eks.data.aws_caller_identity.current",
            "module.eks.data.aws_eks_addon_version.this",
            "module.eks.data.aws_iam_policy_document.assume_role_policy",
            "module.eks.data.aws_iam_policy_document.cni_ipv6_policy",
            "module.eks.data.aws_iam_policy_document.custom",
            "module.eks.data.aws_iam_policy_document.node_assume_role_policy",
            "module.eks.data.aws_iam_session_context.current",
            "module.eks.data.aws_partition.current",
            "module.eks.data.tls_certificate.this",
            "module.eks.module.eks_managed_node_group.aws_autoscaling_schedule.this",
            "module.eks.module.eks_managed_node_group.aws_eks_node_group.this",
            "module.eks.module.eks_managed_node_group.aws_iam_role.this",
            "module.eks.module.eks_managed_node_group.aws_iam_role_policy.this",
            "module.eks.module.eks_managed_node_group.aws_iam_role_policy_attachment.additional",
            "module.eks.module.eks_managed_node_group.aws_iam_role_policy_attachment.this",
            "module.eks.module.eks_managed_node_group.aws_launch_template.this",
            "module.eks.module.eks_managed_node_group.aws_placement_group.this",
            "module.eks.module.eks_managed_node_group.data.aws_caller_identity.current",
            "module.eks.module.eks_managed_node_group.data.aws_ec2_instance_type.this",
            "module.eks.module.eks_managed_node_group.data.aws_ec2_instance_type_offerings.this",
            "module.eks.module.eks_managed_node_group.data.aws_iam_policy_document.assume_role_policy",
            "module.eks.module.eks_managed_node_group.data.aws_iam_policy_document.role",
            "module.eks.module.eks_managed_node_group.data.aws_partition.current",
            "module.eks.module.eks_managed_node_group.data.aws_ssm_parameter.ami",
            "module.eks.module.eks_managed_node_group.data.aws_subnets.placement_group",
            "module.eks.module.eks_managed_node_group.module.user_data.data.cloudinit_config.al2023_eks_managed_node_group",
            "module.eks.module.eks_managed_node_group.module.user_data.data.cloudinit_config.linux_eks_managed_node_group",
            "module.eks.module.eks_managed_node_group.module.user_data.null_resource.validate_cluster_service_cidr",
            "module.eks.module.fargate_profile.aws_eks_fargate_profile.this",
            "module.eks.module.fargate_profile.aws_iam_role.this",
            "module.eks.module.fargate_profile.aws_iam_role_policy.this",
            "module.eks.module.fargate_profile.aws_iam_role_policy_attachment.additional",
            "module.eks.module.fargate_profile.aws_iam_role_policy_attachment.this",
            "module.eks.module.fargate_profile.data.aws_caller_identity.current",
            "module.eks.module.fargate_profile.data.aws_iam_policy_document.assume_role_policy",
            "module.eks.module.fargate_profile.data.aws_iam_policy_document.role",
            "module.eks.module.fargate_profile.data.aws_partition.current",
            "module.eks.module.fargate_profile.data.aws_region.current",
            "module.eks.module.kms.aws_kms_alias.this",
            "module.eks.module.kms.aws_kms_external_key.this",
            "module.eks.module.kms.aws_kms_grant.this",
            "module.eks.module.kms.aws_kms_key.this",
            "module.eks.module.kms.aws_kms_replica_external_key.this",
            "module.eks.module.kms.aws_kms_replica_key.this",
            "module.eks.module.kms.data.aws_caller_identity.current",
            "module.eks.module.kms.data.aws_iam_policy_document.this",
            "module.eks.module.kms.data.aws_partition.current",
            "module.eks.module.self_managed_node_group.aws_autoscaling_group.this",
            "module.eks.module.self_managed_node_group.aws_autoscaling_schedule.this",
            "module.eks.module.self_managed_node_group.aws_eks_access_entry.this",
            "module.eks.module.self_managed_node_group.aws_iam_instance_profile.this",
            "module.eks.module.self_managed_node_group.aws_iam_role.this",
            "module.eks.module.self_managed_node_group.aws_iam_role_policy.this",
            "module.eks.module.self_managed_node_group.aws_iam_role_policy_attachment.additional",
            "module.eks.module.self_managed_node_group.aws_iam_role_policy_attachment.this",
            "module.eks.module.self_managed_node_group.aws_launch_template.this",
            "module.eks.module.self_managed_node_group.aws_placement_group.this",
            "module.eks.module.self_managed_node_group.data.aws_caller_identity.current",
            "module.eks.module.self_managed_node_group.data.aws_ec2_instance_type.this",
            "module.eks.module.self_managed_node_group.data.aws_ec2_instance_type_offerings.this",
            "module.eks.module.self_managed_node_group.data.aws_iam_policy_document.assume_role_policy",
            "module.eks.module.self_managed_node_group.data.aws_iam_policy_document.role",
            "module.eks.module.self_managed_node_group.data.aws_partition.current",
            "module.eks.module.self_managed_node_group.data.aws_ssm_parameter.ami",
            "module.eks.module.self_managed_node_group.data.aws_subnets.placement_group",
            "module.eks.module.self_managed_node_group.module.user_data.data.cloudinit_config.al2023_eks_managed_node_group",
            "module.eks.module.self_managed_node_group.module.user_data.data.cloudinit_config.linux_eks_managed_node_group",
            "module.eks.module.self_managed_node_group.module.user_data.null_resource.validate_cluster_service_cidr",
            "module.eks.time_sleep.this",
            "module.vpc.aws_subnet.private",
            "module.vpc.aws_subnet.public",
            "module.vpc.aws_vpc.this",
            "module.vpc.aws_vpc_ipv4_cidr_block_association.this",
            "time_sleep.wait_for_cluster_ready"
          ]
        },
        {
          "index_key": "/api/v1/services/checkoutservice",
          "schema_version": 1,
          "attributes": {
            "api_version": "v1",
            "apply_only": false,
            "force_conflicts": false,
            "force_new": false,
            "id": "/api/v1/namespaces/default/services/checkoutservice",
            "ignore_fields": null,
            "kind": "Service",
            "live_manifest_incluster": "4867d059ca630cd6c99af393cd2bcc62e42f443ce9afc9673f31061024a2b7da",
            "live_uid": "b4fee95b-0605-4e2b-bb58-772091e615f4",
            "name": "checkoutservice",
            "namespace": null,
            "override_namespace": null,
            "sensitive_fields": null,
            "server_side_apply": false,
            "timeouts": null,
            "uid": "b4fee95b-0605-4e2b-bb58-772091e615f4",
            "validate_schema": true,
            "wait": null,
            "wait_for_rollout": true,
            "yaml_body": "apiVersion: v1\nkind: Service\nmetadata:\n  labels:\n    app: checkoutservice\n  name: checkoutservice\nspec:\n  ports:\n  - name: grpc\n    port: 5050\n    targetPort: 5050\n  selector:\n    app: checkoutservice\n  type: ClusterIP\n",
            "yaml_body_parsed": "apiVersion: v1\nkind: Service\nmetadata:\n  labels:\n    app: checkoutservice\n  name: checkoutservice\nspec:\n  ports:\n  - name: grpc\n    port: 5050\n    targetPort: 5050\n  selector:\n    app: checkoutservice\n  type: ClusterIP\n",
            "yaml_incluster": "4867d059ca630cd6c99af393cd2bcc62e42f443ce9afc9673f31061024a2b7da"
          },
          "sensitive_attributes": [],
          "private": "eyJlMmJmYjczMC1lY2FhLTExZTYtOGY4OC0zNDM2M2JjN2M0YzAiOnsiY3JlYXRlIjo2MDAwMDAwMDAwMDB9LCJzY2hlbWFfdmVyc2lvbiI6IjEifQ==",
          "dependencies": [
            "data.aws_eks_cluster.this",
            "data.aws_eks_cluster_auth.this",
            "data.http.microservices_demo",
            "data.kubectl_file_documents.microservices_demo",
            "module.eks.aws_cloudwatch_log_group.this",
            "module.eks.aws_ec2_tag.cluster_primary_security_group",
            "module.eks.aws_eks_access_entry.this",
            "module.eks.aws_eks_access_policy_association.this",
            "module.eks.aws_eks_addon.before_compute",
            "module.eks.aws_eks_addon.this",
            "module.eks.aws_eks_cluster.this",
            "module.eks.aws_eks_identity_provider_config.this",
            "module.eks.aws_iam_openid_connect_provider.oidc_provider",
            "module.eks.aws_iam_policy.cluster_encryption",
            "module.eks.aws_iam_policy.cni_ipv6_policy",
            "module.eks.aws_iam_policy.custom",
            "module.eks.aws_iam_role.eks_auto",
            "module.eks.aws_iam_role.this",
            "module.eks.aws_iam_role_policy_attachment.additional",
            "module.eks.aws_iam_role_policy_attachment.cluster_encryption",
            "module.eks.aws_iam_role_policy_attachment.custom",
            "module.eks.aws_iam_role_policy_attachment.eks_auto",
            "module.eks.aws_iam_role_policy_attachment.eks_auto_additional",
            "module.eks.aws_iam_role_policy_attachment.this",
            "module.eks.aws_security_group.cluster",
            "module.eks.aws_security_group.node",
            "module.eks.aws_security_group_rule.cluster",
            "module.eks.aws_security_group_rule.node",
            "module.eks.data.aws_caller_identity.current",
            "module.eks.data.aws_eks_addon_version.this",
            "module.eks.data.aws_iam_policy_document.assume_role_policy",
            "module.eks.data.aws_iam_policy_document.cni_ipv6_policy",
            "module.eks.data.aws_iam_policy_document.custom",
            "module.eks.data.aws_iam_policy_document.node_assume_role_policy",
            "module.eks.data.aws_iam_session_context.current",
            "module.eks.data.aws_partition.current",
            "module.eks.data.tls_certificate.this",
            "module.eks.module.eks_managed_node_group.aws_autoscaling_schedule.this",
            "module.eks.module.eks_managed_node_group.aws_eks_node_group.this",
            "module.eks.module.eks_managed_node_group.aws_iam_role.this",
            "module.eks.module.eks_managed_node_group.aws_iam_role_policy.this",
            "module.eks.module.eks_managed_node_group.aws_iam_role_policy_attachment.additional",
            "module.eks.module.eks_managed_node_group.aws_iam_role_policy_attachment.this",
            "module.eks.module.eks_managed_node_group.aws_launch_template.this",
            "module.eks.module.eks_managed_node_group.aws_placement_group.this",
            "module.eks.module.eks_managed_node_group.data.aws_caller_identity.current",
            "module.eks.module.eks_managed_node_group.data.aws_ec2_instance_type.this",
            "module.eks.module.eks_managed_node_group.data.aws_ec2_instance_type_offerings.this",
            "module.eks.module.eks_managed_node_group.data.aws_iam_policy_document.assume_role_policy",
            "module.eks.module.eks_managed_node_group.data.aws_iam_policy_document.role",
            "module.eks.module.eks_managed_node_group.data.aws_partition.current",
            "module.eks.module.eks_managed_node_group.data.aws_ssm_parameter.ami",
            "module.eks.module.eks_managed_node_group.data.aws_subnets.placement_group",
            "module.eks.module.eks_managed_node_group.module.user_data.data.cloudinit_config.al2023_eks_managed_node_group",
            "module.eks.module.eks_managed_node_group.module.user_data.data.cloudinit_config.linux_eks_managed_node_group",
            "module.eks.module.eks_managed_node_group.module.user_data.null_resource.validate_cluster_service_cidr",
            "module.eks.module.fargate_profile.aws_eks_fargate_profile.this",
            "module.eks.module.fargate_profile.aws_iam_role.this",
            "module.eks.module.fargate_profile.aws_iam_role_policy.this",
            "module.eks.module.fargate_profile.aws_iam_role_policy_attachment.additional",
            "module.eks.module.fargate_profile.aws_iam_role_policy_attachment.this",
            "module.eks.module.fargate_profile.data.aws_caller_identity.current",
            "module.eks.module.fargate_profile.data.aws_iam_policy_document.assume_role_policy",
            "module.eks.module.fargate_profile.data.aws_iam_policy_document.role",
            "module.eks.module.fargate_profile.data.aws_partition.current",
            "module.eks.module.fargate_profile.data.aws_region.current",
            "module.eks.module.kms.aws_kms_alias.this",
            "module.eks.module.kms.aws_kms_external_key.this",
            "module.eks.module.kms.aws_kms_grant.this",
            "module.eks.module.kms.aws_kms_key.this",
            "module.eks.module.kms.aws_kms_replica_external_key.this",
            "module.eks.module.kms.aws_kms_replica_key.this",
            "module.eks.module.kms.data.aws_caller_identity.current",
            "module.eks.module.kms.data.aws_iam_policy_document.this",
            "module.eks.module.kms.data.aws_partition.current",
            "module.eks.module.self_managed_node_group.aws_autoscaling_group.this",
            "module.eks.module.self_managed_node_group.aws_autoscaling_schedule.this",
            "module.eks.module.self_managed_node_group.aws_eks_access_entry.this",
            "module.eks.module.self_managed_node_group.aws_iam_instance_profile.this",
            "module.eks.module.self_managed_node_group.aws_iam_role.this",
            "module.eks.module.self_managed_node_group.aws_iam_role_policy.this",
            "module.eks.module.self_managed_node_group.aws_iam_role_policy_attachment.additional",
            "module.eks.module.self_managed_node_group.aws_iam_role_policy_attachment.this",
            "module.eks.module.self_managed_node_group.aws_launch_template.this",
            "module.eks.module.self_managed_node_group.aws_placement_group.this",
            "module.eks.module.self_managed_node_group.data.aws_caller_identity.current",
            "module.eks.module.self_managed_node_group.data.aws_ec2_instance_type.this",
            "module.eks.module.self_managed_node_group.data.aws_ec2_instance_type_offerings.this",
            "module.eks.module.self_managed_node_group.data.aws_iam_policy_document.assume_role_policy",
            "module.eks.module.self_managed_node_group.data.aws_iam_policy_document.role",
            "module.eks.module.self_managed_node_group.data.aws_partition.current",
            "module.eks.module.self_managed_node_group.data.aws_ssm_parameter.ami",
            "module.eks.module.self_managed_node_group.data.aws_subnets.placement_group",
            "module.eks.module.self_managed_node_group.module.user_data.data.cloudinit_config.al2023_eks_managed_node_group",
            "module.eks.module.self_managed_node_group.module.user_data.data.cloudinit_config.linux_eks_managed_node_group",
            "module.eks.module.self_managed_node_group.module.user_data.null_resource.validate_cluster_service_cidr",
            "module.eks.time_sleep.this",
            "module.vpc.aws_subnet.private",
            "module.vpc.aws_subnet.public",
            "module.vpc.aws_vpc.this",
            "module.vpc.aws_vpc_ipv4_cidr_block_association.this",
            "time_sleep.wait_for_cluster_ready"
          ]
        },
        {
          "index_key": "/api/v1/services/currencyservice",
          "schema_version": 1,
          "attributes": {
            "api_version": "v1",
            "apply_only": false,
            "force_conflicts": false,
            "force_new": false,
            "id": "/api/v1/namespaces/default/services/currencyservice",
            "ignore_fields": null,
            "kind": "Service",
            "live_manifest_incluster": "6fee3933888f5e76a1b158d2ab6bdc31636a3cac487f0695e137e5ea4859c580",
            "live_uid": "336f334f-9f4d-4fa0-b635-4b690f7b0b7d",
            "name": "currencyservice",
            "namespace": null,
            "override_namespace": null,
            "sensitive_fields": null,
            "server_side_apply": false,
            "timeouts": null,
            "uid": "336f334f-9f4d-4fa0-b635-4b690f7b0b7d",
            "validate_schema": true,
            "wait": null,
            "wait_for_rollout": true,
            "yaml_body": "apiVersion: v1\nkind: Service\nmetadata:\n  labels:\n    app: currencyservice\n  name: currencyservice\nspec:\n  ports:\n  - name: grpc\n    port: 7000\n    targetPort: 7000\n  selector:\n    app: currencyservice\n  type: ClusterIP\n",
            "yaml_body_parsed": "apiVersion: v1\nkind: Service\nmetadata:\n  labels:\n    app: currencyservice\n  name: currencyservice\nspec:\n  ports:\n  - name: grpc\n    port: 7000\n    targetPort: 7000\n  selector:\n    app: currencyservice\n  type: ClusterIP\n",
            "yaml_incluster": "6fee3933888f5e76a1b158d2ab6bdc31636a3cac487f0695e137e5ea4859c580"
          },
          "sensitive_attributes": [],
          "private": "eyJlMmJmYjczMC1lY2FhLTExZTYtOGY4OC0zNDM2M2JjN2M0YzAiOnsiY3JlYXRlIjo2MDAwMDAwMDAwMDB9LCJzY2hlbWFfdmVyc2lvbiI6IjEifQ==",
          "dependencies": [
            "data.aws_eks_cluster.this",
            "data.aws_eks_cluster_auth.this",
            "data.http.microservices_demo",
            "data.kubectl_file_documents.microservices_demo",
            "module.eks.aws_cloudwatch_log_group.this",
            "module.eks.aws_ec2_tag.cluster_primary_security_group",
            "module.eks.aws_eks_access_entry.this",
            "module.eks.aws_eks_access_policy_association.this",
            "module.eks.aws_eks_addon.before_compute",
            "module.eks.aws_eks_addon.this",
            "module.eks.aws_eks_cluster.this",
            "module.eks.aws_eks_identity_provider_config.this",
            "module.eks.aws_iam_openid_connect_provider.oidc_provider",
            "module.eks.aws_iam_policy.cluster_encryption",
            "module.eks.aws_iam_policy.cni_ipv6_policy",
            "module.eks.aws_iam_policy.custom",
            "module.eks.aws_iam_role.eks_auto",
            "module.eks.aws_iam_role.this",
            "module.eks.aws_iam_role_policy_attachment.additional",
            "module.eks.aws_iam_role_policy_attachment.cluster_encryption",
            "module.eks.aws_iam_role_policy_attachment.custom",
            "module.eks.aws_iam_role_policy_attachment.eks_auto",
            "module.eks.aws_iam_role_policy_attachment.eks_auto_additional",
            "module.eks.aws_iam_role_policy_attachment.this",
            "module.eks.aws_security_group.cluster",
            "module.eks.aws_security_group.node",
            "module.eks.aws_security_group_rule.cluster",
            "module.eks.aws_security_group_rule.node",
            "module.eks.data.aws_caller_identity.current",
            "module.eks.data.aws_eks_addon_version.this",
            "module.eks.data.aws_iam_policy_document.assume_role_policy",
            "module.eks.data.aws_iam_policy_document.cni_ipv6_policy",
            "module.eks.data.aws_iam_policy_document.custom",
            "module.eks.data.aws_iam_policy_document.node_assume_role_policy",
            "module.eks.data.aws_iam_session_context.current",
            "module.eks.data.aws_partition.current",
            "module.eks.data.tls_certificate.this",
            "module.eks.module.eks_managed_node_group.aws_autoscaling_schedule.this",
            "module.eks.module.eks_managed_node_group.aws_eks_node_group.this",
            "module.eks.module.eks_managed_node_group.aws_iam_role.this",
            "module.eks.module.eks_managed_node_group.aws_iam_role_policy.this",
            "module.eks.module.eks_managed_node_group.aws_iam_role_policy_attachment.additional",
            "module.eks.module.eks_managed_node_group.aws_iam_role_policy_attachment.this",
            "module.eks.module.eks_managed_node_group.aws_launch_template.this",
            "module.eks.module.eks_managed_node_group.aws_placement_group.this",
            "module.eks.module.eks_managed_node_group.data.aws_caller_identity.current",
            "module.eks.module.eks_managed_node_group.data.aws_ec2_instance_type.this",
            "module.eks.module.eks_managed_node_group.data.aws_ec2_instance_type_offerings.this",
            "module.eks.module.eks_managed_node_group.data.aws_iam_policy_document.assume_role_policy",
            "module.eks.module.eks_managed_node_group.data.aws_iam_policy_document.role",
            "module.eks.module.eks_managed_node_group.data.aws_partition.current",
            "module.eks.module.eks_managed_node_group.data.aws_ssm_parameter.ami",
            "module.eks.module.eks_managed_node_group.data.aws_subnets.placement_group",
            "module.eks.module.eks_managed_node_group.module.user_data.data.cloudinit_config.al2023_eks_managed_node_group",
            "module.eks.module.eks_managed_node_group.module.user_data.data.cloudinit_config.linux_eks_managed_node_group",
            "module.eks.module.eks_managed_node_group.module.user_data.null_resource.validate_cluster_service_cidr",
            "module.eks.module.fargate_profile.aws_eks_fargate_profile.this",
            "module.eks.module.fargate_profile.aws_iam_role.this",
            "module.eks.module.fargate_profile.aws_iam_role_policy.this",
            "module.eks.module.fargate_profile.aws_iam_role_policy_attachment.additional",
            "module.eks.module.fargate_profile.aws_iam_role_policy_attachment.this",
            "module.eks.module.fargate_profile.data.aws_caller_identity.current",
            "module.eks.module.fargate_profile.data.aws_iam_policy_document.assume_role_policy",
            "module.eks.module.fargate_profile.data.aws_iam_policy_document.role",
            "module.eks.module.fargate_profile.data.aws_partition.current",
            "module.eks.module.fargate_profile.data.aws_region.current",
            "module.eks.module.kms.aws_kms_alias.this",
            "module.eks.module.kms.aws_kms_external_key.this",
            "module.eks.module.kms.aws_kms_grant.this",
            "module.eks.module.kms.aws_kms_key.this",
            "module.eks.module.kms.aws_kms_replica_external_key.this",
            "module.eks.module.kms.aws_kms_replica_key.this",
            "module.eks.module.kms.data.aws_caller_identity.current",
            "module.eks.module.kms.data.aws_iam_policy_document.this",
            "module.eks.module.kms.data.aws_partition.current",
            "module.eks.module.self_managed_node_group.aws_autoscaling_group.this",
            "module.eks.module.self_managed_node_group.aws_autoscaling_schedule.this",
            "module.eks.module.self_managed_node_group.aws_eks_access_entry.this",
            "module.eks.module.self_managed_node_group.aws_iam_instance_profile.this",
            "module.eks.module.self_managed_node_group.aws_iam_role.this",
            "module.eks.module.self_managed_node_group.aws_iam_role_policy.this",
            "module.eks.module.self_managed_node_group.aws_iam_role_policy_attachment.additional",
            "module.eks.module.self_managed_node_group.aws_iam_role_policy_attachment.this",
            "module.eks.module.self_managed_node_group.aws_launch_template.this",
            "module.eks.module.self_managed_node_group.aws_placement_group.this",
            "module.eks.module.self_managed_node_group.data.aws_caller_identity.current",
            "module.eks.module.self_managed_node_group.data.aws_ec2_instance_type.this",
            "module.eks.module.self_managed_node_group.data.aws_ec2_instance_type_offerings.this",
            "module.eks.module.self_managed_node_group.data.aws_iam_policy_document.assume_role_policy",
            "module.eks.module.self_managed_node_group.data.aws_iam_policy_document.role",
            "module.eks.module.self_managed_node_group.data.aws_partition.current",
            "module.eks.module.self_managed_node_group.data.aws_ssm_parameter.ami",
            "module.eks.module.self_managed_node_group.data.aws_subnets.placement_group",
            "module.eks.module.self_managed_node_group.module.user_data.data.cloudinit_config.al2023_eks_managed_node_group",
            "module.eks.module.self_managed_node_group.module.user_data.data.cloudinit_config.linux_eks_managed_node_group",
            "module.eks.module.self_managed_node_group.module.user_data.null_resource.validate_cluster_service_cidr",
            "module.eks.time_sleep.this",
            "module.vpc.aws_subnet.private",
            "module.vpc.aws_subnet.public",
            "module.vpc.aws_vpc.this",
            "module.vpc.aws_vpc_ipv4_cidr_block_association.this",
            "time_sleep.wait_for_cluster_ready"
          ]
        },
        {
          "index_key": "/api/v1/services/emailservice",
          "schema_version": 1,
          "attributes": {
            "api_version": "v1",
            "apply_only": false,
            "force_conflicts": false,
            "force_new": false,
            "id": "/api/v1/namespaces/default/services/emailservice",
            "ignore_fields": null,
            "kind": "Service",
            "live_manifest_incluster": "50f587196d37a877a3aa37cfd3202f303c01f67cada20fce1bfad4f791a75db4",
            "live_uid": "7d34890f-30b6-4d93-9a42-9b57061668bf",
            "name": "emailservice",
            "namespace": null,
            "override_namespace": null,
            "sensitive_fields": null,
            "server_side_apply": false,
            "timeouts": null,
            "uid": "7d34890f-30b6-4d93-9a42-9b57061668bf",
            "validate_schema": true,
            "wait": null,
            "wait_for_rollout": true,
            "yaml_body": "apiVersion: v1\nkind: Service\nmetadata:\n  labels:\n    app: emailservice\n  name: emailservice\nspec:\n  ports:\n  - name: grpc\n    port: 5000\n    targetPort: 8080\n  selector:\n    app: emailservice\n  type: ClusterIP\n",
            "yaml_body_parsed": "apiVersion: v1\nkind: Service\nmetadata:\n  labels:\n    app: emailservice\n  name: emailservice\nspec:\n  ports:\n  - name: grpc\n    port: 5000\n    targetPort: 8080\n  selector:\n    app: emailservice\n  type: ClusterIP\n",
            "yaml_incluster": "50f587196d37a877a3aa37cfd3202f303c01f67cada20fce1bfad4f791a75db4"
          },
          "sensitive_attributes": [],
          "private": "eyJlMmJmYjczMC1lY2FhLTExZTYtOGY4OC0zNDM2M2JjN2M0YzAiOnsiY3JlYXRlIjo2MDAwMDAwMDAwMDB9LCJzY2hlbWFfdmVyc2lvbiI6IjEifQ==",
          "dependencies": [
            "data.aws_eks_cluster.this",
            "data.aws_eks_cluster_auth.this",
            "data.http.microservices_demo",
            "data.kubectl_file_documents.microservices_demo",
            "module.eks.aws_cloudwatch_log_group.this",
            "module.eks.aws_ec2_tag.cluster_primary_security_group",
            "module.eks.aws_eks_access_entry.this",
            "module.eks.aws_eks_access_policy_association.this",
            "module.eks.aws_eks_addon.before_compute",
            "module.eks.aws_eks_addon.this",
            "module.eks.aws_eks_cluster.this",
            "module.eks.aws_eks_identity_provider_config.this",
            "module.eks.aws_iam_openid_connect_provider.oidc_provider",
            "module.eks.aws_iam_policy.cluster_encryption",
            "module.eks.aws_iam_policy.cni_ipv6_policy",
            "module.eks.aws_iam_policy.custom",
            "module.eks.aws_iam_role.eks_auto",
            "module.eks.aws_iam_role.this",
            "module.eks.aws_iam_role_policy_attachment.additional",
            "module.eks.aws_iam_role_policy_attachment.cluster_encryption",
            "module.eks.aws_iam_role_policy_attachment.custom",
            "module.eks.aws_iam_role_policy_attachment.eks_auto",
            "module.eks.aws_iam_role_policy_attachment.eks_auto_additional",
            "module.eks.aws_iam_role_policy_attachment.this",
            "module.eks.aws_security_group.cluster",
            "module.eks.aws_security_group.node",
            "module.eks.aws_security_group_rule.cluster",
            "module.eks.aws_security_group_rule.node",
            "module.eks.data.aws_caller_identity.current",
            "module.eks.data.aws_eks_addon_version.this",
            "module.eks.data.aws_iam_policy_document.assume_role_policy",
            "module.eks.data.aws_iam_policy_document.cni_ipv6_policy",
            "module.eks.data.aws_iam_policy_document.custom",
            "module.eks.data.aws_iam_policy_document.node_assume_role_policy",
            "module.eks.data.aws_iam_session_context.current",
            "module.eks.data.aws_partition.current",
            "module.eks.data.tls_certificate.this",
            "module.eks.module.eks_managed_node_group.aws_autoscaling_schedule.this",
            "module.eks.module.eks_managed_node_group.aws_eks_node_group.this",
            "module.eks.module.eks_managed_node_group.aws_iam_role.this",
            "module.eks.module.eks_managed_node_group.aws_iam_role_policy.this",
            "module.eks.module.eks_managed_node_group.aws_iam_role_policy_attachment.additional",
            "module.eks.module.eks_managed_node_group.aws_iam_role_policy_attachment.this",
            "module.eks.module.eks_managed_node_group.aws_launch_template.this",
            "module.eks.module.eks_managed_node_group.aws_placement_group.this",
            "module.eks.module.eks_managed_node_group.data.aws_caller_identity.current",
            "module.eks.module.eks_managed_node_group.data.aws_ec2_instance_type.this",
            "module.eks.module.eks_managed_node_group.data.aws_ec2_instance_type_offerings.this",
            "module.eks.module.eks_managed_node_group.data.aws_iam_policy_document.assume_role_policy",
            "module.eks.module.eks_managed_node_group.data.aws_iam_policy_document.role",
            "module.eks.module.eks_managed_node_group.data.aws_partition.current",
            "module.eks.module.eks_managed_node_group.data.aws_ssm_parameter.ami",
            "module.eks.module.eks_managed_node_group.data.aws_subnets.placement_group",
            "module.eks.module.eks_managed_node_group.module.user_data.data.cloudinit_config.al2023_eks_managed_node_group",
            "module.eks.module.eks_managed_node_group.module.user_data.data.cloudinit_config.linux_eks_managed_node_group",
            "module.eks.module.eks_managed_node_group.module.user_data.null_resource.validate_cluster_service_cidr",
            "module.eks.module.fargate_profile.aws_eks_fargate_profile.this",
            "module.eks.module.fargate_profile.aws_iam_role.this",
            "module.eks.module.fargate_profile.aws_iam_role_policy.this",
            "module.eks.module.fargate_profile.aws_iam_role_policy_attachment.additional",
            "module.eks.module.fargate_profile.aws_iam_role_policy_attachment.this",
            "module.eks.module.fargate_profile.data.aws_caller_identity.current",
            "module.eks.module.fargate_profile.data.aws_iam_policy_document.assume_role_policy",
            "module.eks.module.fargate_profile.data.aws_iam_policy_document.role",
            "module.eks.module.fargate_profile.data.aws_partition.current",
            "module.eks.module.fargate_profile.data.aws_region.current",
            "module.eks.module.kms.aws_kms_alias.this",
            "module.eks.module.kms.aws_kms_external_key.this",
            "module.eks.module.kms.aws_kms_grant.this",
            "module.eks.module.kms.aws_kms_key.this",
            "module.eks.module.kms.aws_kms_replica_external_key.this",
            "module.eks.module.kms.aws_kms_replica_key.this",
            "module.eks.module.kms.data.aws_caller_identity.current",
            "module.eks.module.kms.data.aws_iam_policy_document.this",
            "module.eks.module.kms.data.aws_partition.current",
            "module.eks.module.self_managed_node_group.aws_autoscaling_group.this",
            "module.eks.module.self_managed_node_group.aws_autoscaling_schedule.this",
            "module.eks.module.self_managed_node_group.aws_eks_access_entry.this",
            "module.eks.module.self_managed_node_group.aws_iam_instance_profile.this",
            "module.eks.module.self_managed_node_group.aws_iam_role.this",
            "module.eks.module.self_managed_node_group.aws_iam_role_policy.this",
            "module.eks.module.self_managed_node_group.aws_iam_role_policy_attachment.additional",
            "module.eks.module.self_managed_node_group.aws_iam_role_policy_attachment.this",
            "module.eks.module.self_managed_node_group.aws_launch_template.this",
            "module.eks.module.self_managed_node_group.aws_placement_group.this",
            "module.eks.module.self_managed_node_group.data.aws_caller_identity.current",
            "module.eks.module.self_managed_node_group.data.aws_ec2_instance_type.this",
            "module.eks.module.self_managed_node_group.data.aws_ec2_instance_type_offerings.this",
            "module.eks.module.self_managed_node_group.data.aws_iam_policy_document.assume_role_policy",
            "module.eks.module.self_managed_node_group.data.aws_iam_policy_document.role",
            "module.eks.module.self_managed_node_group.data.aws_partition.current",
            "module.eks.module.self_managed_node_group.data.aws_ssm_parameter.ami",
            "module.eks.module.self_managed_node_group.data.aws_subnets.placement_group",
            "module.eks.module.self_managed_node_group.module.user_data.data.cloudinit_config.al2023_eks_managed_node_group",
            "module.eks.module.self_managed_node_group.module.user_data.data.cloudinit_config.linux_eks_managed_node_group",
            "module.eks.module.self_managed_node_group.module.user_data.null_resource.validate_cluster_service_cidr",
            "module.eks.time_sleep.this",
            "module.vpc.aws_subnet.private",
            "module.vpc.aws_subnet.public",
            "module.vpc.aws_vpc.this",
            "module.vpc.aws_vpc_ipv4_cidr_block_association.this",
            "time_sleep.wait_for_cluster_ready"
          ]
        },
        {
          "index_key": "/api/v1/services/frontend",
          "schema_version": 1,
          "attributes": {
            "api_version": "v1",
            "apply_only": false,
            "force_conflicts": false,
            "force_new": false,
            "id": "/api/v1/namespaces/default/services/frontend",
            "ignore_fields": null,
            "kind": "Service",
            "live_manifest_incluster": "493e27086dc3c88972f1e2d182aa4b776fa28802d65f8ea8b590f81be3bb520a",
            "live_uid": "10a6f89e-5904-4a7d-81cc-70d536751caa",
            "name": "frontend",
            "namespace": null,
            "override_namespace": null,
            "sensitive_fields": null,
            "server_side_apply": false,
            "timeouts": null,
            "uid": "10a6f89e-5904-4a7d-81cc-70d536751caa",
            "validate_schema": true,
            "wait": null,
            "wait_for_rollout": true,
            "yaml_body": "apiVersion: v1\nkind: Service\nmetadata:\n  labels:\n    app: frontend\n  name: frontend\nspec:\n  ports:\n  - name: http\n    port: 80\n    targetPort: 8080\n  selector:\n    app: frontend\n  type: ClusterIP\n",
            "yaml_body_parsed": "apiVersion: v1\nkind: Service\nmetadata:\n  labels:\n    app: frontend\n  name: frontend\nspec:\n  ports:\n  - name: http\n    port: 80\n    targetPort: 8080\n  selector:\n    app: frontend\n  type: ClusterIP\n",
            "yaml_incluster": "493e27086dc3c88972f1e2d182aa4b776fa28802d65f8ea8b590f81be3bb520a"
          },
          "sensitive_attributes": [],
          "private": "eyJlMmJmYjczMC1lY2FhLTExZTYtOGY4OC0zNDM2M2JjN2M0YzAiOnsiY3JlYXRlIjo2MDAwMDAwMDAwMDB9LCJzY2hlbWFfdmVyc2lvbiI6IjEifQ==",
          "dependencies": [
            "data.aws_eks_cluster.this",
            "data.aws_eks_cluster_auth.this",
            "data.http.microservices_demo",
            "data.kubectl_file_documents.microservices_demo",
            "module.eks.aws_cloudwatch_log_group.this",
            "module.eks.aws_ec2_tag.cluster_primary_security_group",
            "module.eks.aws_eks_access_entry.this",
            "module.eks.aws_eks_access_policy_association.this",
            "module.eks.aws_eks_addon.before_compute",
            "module.eks.aws_eks_addon.this",
            "module.eks.aws_eks_cluster.this",
            "module.eks.aws_eks_identity_provider_config.this",
            "module.eks.aws_iam_openid_connect_provider.oidc_provider",
            "module.eks.aws_iam_policy.cluster_encryption",
            "module.eks.aws_iam_policy.cni_ipv6_policy",
            "module.eks.aws_iam_policy.custom",
            "module.eks.aws_iam_role.eks_auto",
            "module.eks.aws_iam_role.this",
            "module.eks.aws_iam_role_policy_attachment.additional",
            "module.eks.aws_iam_role_policy_attachment.cluster_encryption",
            "module.eks.aws_iam_role_policy_attachment.custom",
            "module.eks.aws_iam_role_policy_attachment.eks_auto",
            "module.eks.aws_iam_role_policy_attachment.eks_auto_additional",
            "module.eks.aws_iam_role_policy_attachment.this",
            "module.eks.aws_security_group.cluster",
            "module.eks.aws_security_group.node",
            "module.eks.aws_security_group_rule.cluster",
            "module.eks.aws_security_group_rule.node",
            "module.eks.data.aws_caller_identity.current",
            "module.eks.data.aws_eks_addon_version.this",
            "module.eks.data.aws_iam_policy_document.assume_role_policy",
            "module.eks.data.aws_iam_policy_document.cni_ipv6_policy",
            "module.eks.data.aws_iam_policy_document.custom",
            "module.eks.data.aws_iam_policy_document.node_assume_role_policy",
            "module.eks.data.aws_iam_session_context.current",
            "module.eks.data.aws_partition.current",
            "module.eks.data.tls_certificate.this",
            "module.eks.module.eks_managed_node_group.aws_autoscaling_schedule.this",
            "module.eks.module.eks_managed_node_group.aws_eks_node_group.this",
            "module.eks.module.eks_managed_node_group.aws_iam_role.this",
            "module.eks.module.eks_managed_node_group.aws_iam_role_policy.this",
            "module.eks.module.eks_managed_node_group.aws_iam_role_policy_attachment.additional",
            "module.eks.module.eks_managed_node_group.aws_iam_role_policy_attachment.this",
            "module.eks.module.eks_managed_node_group.aws_launch_template.this",
            "module.eks.module.eks_managed_node_group.aws_placement_group.this",
            "module.eks.module.eks_managed_node_group.data.aws_caller_identity.current",
            "module.eks.module.eks_managed_node_group.data.aws_ec2_instance_type.this",
            "module.eks.module.eks_managed_node_group.data.aws_ec2_instance_type_offerings.this",
            "module.eks.module.eks_managed_node_group.data.aws_iam_policy_document.assume_role_policy",
            "module.eks.module.eks_managed_node_group.data.aws_iam_policy_document.role",
            "module.eks.module.eks_managed_node_group.data.aws_partition.current",
            "module.eks.module.eks_managed_node_group.data.aws_ssm_parameter.ami",
            "module.eks.module.eks_managed_node_group.data.aws_subnets.placement_group",
            "module.eks.module.eks_managed_node_group.module.user_data.data.cloudinit_config.al2023_eks_managed_node_group",
            "module.eks.module.eks_managed_node_group.module.user_data.data.cloudinit_config.linux_eks_managed_node_group",
            "module.eks.module.eks_managed_node_group.module.user_data.null_resource.validate_cluster_service_cidr",
            "module.eks.module.fargate_profile.aws_eks_fargate_profile.this",
            "module.eks.module.fargate_profile.aws_iam_role.this",
            "module.eks.module.fargate_profile.aws_iam_role_policy.this",
            "module.eks.module.fargate_profile.aws_iam_role_policy_attachment.additional",
            "module.eks.module.fargate_profile.aws_iam_role_policy_attachment.this",
            "module.eks.module.fargate_profile.data.aws_caller_identity.current",
            "module.eks.module.fargate_profile.data.aws_iam_policy_document.assume_role_policy",
            "module.eks.module.fargate_profile.data.aws_iam_policy_document.role",
            "module.eks.module.fargate_profile.data.aws_partition.current",
            "module.eks.module.fargate_profile.data.aws_region.current",
            "module.eks.module.kms.aws_kms_alias.this",
            "module.eks.module.kms.aws_kms_external_key.this",
            "module.eks.module.kms.aws_kms_grant.this",
            "module.eks.module.kms.aws_kms_key.this",
            "module.eks.module.kms.aws_kms_replica_external_key.this",
            "module.eks.module.kms.aws_kms_replica_key.this",
            "module.eks.module.kms.data.aws_caller_identity.current",
            "module.eks.module.kms.data.aws_iam_policy_document.this",
            "module.eks.module.kms.data.aws_partition.current",
            "module.eks.module.self_managed_node_group.aws_autoscaling_group.this",
            "module.eks.module.self_managed_node_group.aws_autoscaling_schedule.this",
            "module.eks.module.self_managed_node_group.aws_eks_access_entry.this",
            "module.eks.module.self_managed_node_group.aws_iam_instance_profile.this",
            "module.eks.module.self_managed_node_group.aws_iam_role.this",
            "module.eks.module.self_managed_node_group.aws_iam_role_policy.this",
            "module.eks.module.self_managed_node_group.aws_iam_role_policy_attachment.additional",
            "module.eks.module.self_managed_node_group.aws_iam_role_policy_attachment.this",
            "module.eks.module.self_managed_node_group.aws_launch_template.this",
            "module.eks.module.self_managed_node_group.aws_placement_group.this",
            "module.eks.module.self_managed_node_group.data.aws_caller_identity.current",
            "module.eks.module.self_managed_node_group.data.aws_ec2_instance_type.this",
            "module.eks.module.self_managed_node_group.data.aws_ec2_instance_type_offerings.this",
            "module.eks.module.self_managed_node_group.data.aws_iam_policy_document.assume_role_policy",
            "module.eks.module.self_managed_node_group.data.aws_iam_policy_document.role",
            "module.eks.module.self_managed_node_group.data.aws_partition.current",
            "module.eks.module.self_managed_node_group.data.aws_ssm_parameter.ami",
            "module.eks.module.self_managed_node_group.data.aws_subnets.placement_group",
            "module.eks.module.self_managed_node_group.module.user_data.data.cloudinit_config.al2023_eks_managed_node_group",
            "module.eks.module.self_managed_node_group.module.user_data.data.cloudinit_config.linux_eks_managed_node_group",
            "module.eks.module.self_managed_node_group.module.user_data.null_resource.validate_cluster_service_cidr",
            "module.eks.time_sleep.this",
            "module.vpc.aws_subnet.private",
            "module.vpc.aws_subnet.public",
            "module.vpc.aws_vpc.this",
            "module.vpc.aws_vpc_ipv4_cidr_block_association.this",
            "time_sleep.wait_for_cluster_ready"
          ]
        },
        {
          "index_key": "/api/v1/services/frontend-external",
          "schema_version": 1,
          "attributes": {
            "api_version": "v1",
            "apply_only": false,
            "force_conflicts": false,
            "force_new": false,
            "id": "/api/v1/namespaces/default/services/frontend-external",
            "ignore_fields": null,
            "kind": "Service",
            "live_manifest_incluster": "74989644d526fee0235f7fe169f6d4e0d9a06399ef16e07c6b67799fc8c182ff",
            "live_uid": "b6c02b63-bd13-4a77-a784-b6ad12d52dc4",
            "name": "frontend-external",
            "namespace": null,
            "override_namespace": null,
            "sensitive_fields": null,
            "server_side_apply": false,
            "timeouts": null,
            "uid": "b6c02b63-bd13-4a77-a784-b6ad12d52dc4",
            "validate_schema": true,
            "wait": null,
            "wait_for_rollout": true,
            "yaml_body": "apiVersion: v1\nkind: Service\nmetadata:\n  labels:\n    app: frontend\n  name: frontend-external\nspec:\n  ports:\n  - name: http\n    port: 80\n    targetPort: 8080\n  selector:\n    app: frontend\n  type: LoadBalancer\n",
            "yaml_body_parsed": "apiVersion: v1\nkind: Service\nmetadata:\n  labels:\n    app: frontend\n  name: frontend-external\nspec:\n  ports:\n  - name: http\n    port: 80\n    targetPort: 8080\n  selector:\n    app: frontend\n  type: LoadBalancer\n",
            "yaml_incluster": "74989644d526fee0235f7fe169f6d4e0d9a06399ef16e07c6b67799fc8c182ff"
          },
          "sensitive_attributes": [],
          "private": "eyJlMmJmYjczMC1lY2FhLTExZTYtOGY4OC0zNDM2M2JjN2M0YzAiOnsiY3JlYXRlIjo2MDAwMDAwMDAwMDB9LCJzY2hlbWFfdmVyc2lvbiI6IjEifQ==",
          "dependencies": [
            "data.aws_eks_cluster.this",
            "data.aws_eks_cluster_auth.this",
            "data.http.microservices_demo",
            "data.kubectl_file_documents.microservices_demo",
            "module.eks.aws_cloudwatch_log_group.this",
            "module.eks.aws_ec2_tag.cluster_primary_security_group",
            "module.eks.aws_eks_access_entry.this",
            "module.eks.aws_eks_access_policy_association.this",
            "module.eks.aws_eks_addon.before_compute",
            "module.eks.aws_eks_addon.this",
            "module.eks.aws_eks_cluster.this",
            "module.eks.aws_eks_identity_provider_config.this",
            "module.eks.aws_iam_openid_connect_provider.oidc_provider",
            "module.eks.aws_iam_policy.cluster_encryption",
            "module.eks.aws_iam_policy.cni_ipv6_policy",
            "module.eks.aws_iam_policy.custom",
            "module.eks.aws_iam_role.eks_auto",
            "module.eks.aws_iam_role.this",
            "module.eks.aws_iam_role_policy_attachment.additional",
            "module.eks.aws_iam_role_policy_attachment.cluster_encryption",
            "module.eks.aws_iam_role_policy_attachment.custom",
            "module.eks.aws_iam_role_policy_attachment.eks_auto",
            "module.eks.aws_iam_role_policy_attachment.eks_auto_additional",
            "module.eks.aws_iam_role_policy_attachment.this",
            "module.eks.aws_security_group.cluster",
            "module.eks.aws_security_group.node",
            "module.eks.aws_security_group_rule.cluster",
            "module.eks.aws_security_group_rule.node",
            "module.eks.data.aws_caller_identity.current",
            "module.eks.data.aws_eks_addon_version.this",
            "module.eks.data.aws_iam_policy_document.assume_role_policy",
            "module.eks.data.aws_iam_policy_document.cni_ipv6_policy",
            "module.eks.data.aws_iam_policy_document.custom",
            "module.eks.data.aws_iam_policy_document.node_assume_role_policy",
            "module.eks.data.aws_iam_session_context.current",
            "module.eks.data.aws_partition.current",
            "module.eks.data.tls_certificate.this",
            "module.eks.module.eks_managed_node_group.aws_autoscaling_schedule.this",
            "module.eks.module.eks_managed_node_group.aws_eks_node_group.this",
            "module.eks.module.eks_managed_node_group.aws_iam_role.this",
            "module.eks.module.eks_managed_node_group.aws_iam_role_policy.this",
            "module.eks.module.eks_managed_node_group.aws_iam_role_policy_attachment.additional",
            "module.eks.module.eks_managed_node_group.aws_iam_role_policy_attachment.this",
            "module.eks.module.eks_managed_node_group.aws_launch_template.this",
            "module.eks.module.eks_managed_node_group.aws_placement_group.this",
            "module.eks.module.eks_managed_node_group.data.aws_caller_identity.current",
            "module.eks.module.eks_managed_node_group.data.aws_ec2_instance_type.this",
            "module.eks.module.eks_managed_node_group.data.aws_ec2_instance_type_offerings.this",
            "module.eks.module.eks_managed_node_group.data.aws_iam_policy_document.assume_role_policy",
            "module.eks.module.eks_managed_node_group.data.aws_iam_policy_document.role",
            "module.eks.module.eks_managed_node_group.data.aws_partition.current",
            "module.eks.module.eks_managed_node_group.data.aws_ssm_parameter.ami",
            "module.eks.module.eks_managed_node_group.data.aws_subnets.placement_group",
            "module.eks.module.eks_managed_node_group.module.user_data.data.cloudinit_config.al2023_eks_managed_node_group",
            "module.eks.module.eks_managed_node_group.module.user_data.data.cloudinit_config.linux_eks_managed_node_group",
            "module.eks.module.eks_managed_node_group.module.user_data.null_resource.validate_cluster_service_cidr",
            "module.eks.module.fargate_profile.aws_eks_fargate_profile.this",
            "module.eks.module.fargate_profile.aws_iam_role.this",
            "module.eks.module.fargate_profile.aws_iam_role_policy.this",
            "module.eks.module.fargate_profile.aws_iam_role_policy_attachment.additional",
            "module.eks.module.fargate_profile.aws_iam_role_policy_attachment.this",
            "module.eks.module.fargate_profile.data.aws_caller_identity.current",
            "module.eks.module.fargate_profile.data.aws_iam_policy_document.assume_role_policy",
            "module.eks.module.fargate_profile.data.aws_iam_policy_document.role",
            "module.eks.module.fargate_profile.data.aws_partition.current",
            "module.eks.module.fargate_profile.data.aws_region.current",
            "module.eks.module.kms.aws_kms_alias.this",
            "module.eks.module.kms.aws_kms_external_key.this",
            "module.eks.module.kms.aws_kms_grant.this",
            "module.eks.module.kms.aws_kms_key.this",
            "module.eks.module.kms.aws_kms_replica_external_key.this",
            "module.eks.module.kms.aws_kms_replica_key.this",
            "module.eks.module.kms.data.aws_caller_identity.current",
            "module.eks.module.kms.data.aws_iam_policy_document.this",
            "module.eks.module.kms.data.aws_partition.current",
            "module.eks.module.self_managed_node_group.aws_autoscaling_group.this",
            "module.eks.module.self_managed_node_group.aws_autoscaling_schedule.this",
            "module.eks.module.self_managed_node_group.aws_eks_access_entry.this",
            "module.eks.module.self_managed_node_group.aws_iam_instance_profile.this",
            "module.eks.module.self_managed_node_group.aws_iam_role.this",
            "module.eks.module.self_managed_node_group.aws_iam_role_policy.this",
            "module.eks.module.self_managed_node_group.aws_iam_role_policy_attachment.additional",
            "module.eks.module.self_managed_node_group.aws_iam_role_policy_attachment.this",
            "module.eks.module.self_managed_node_group.aws_launch_template.this",
            "module.eks.module.self_managed_node_group.aws_placement_group.this",
            "module.eks.module.self_managed_node_group.data.aws_caller_identity.current",
            "module.eks.module.self_managed_node_group.data.aws_ec2_instance_type.this",
            "module.eks.module.self_managed_node_group.data.aws_ec2_instance_type_offerings.this",
            "module.eks.module.self_managed_node_group.data.aws_iam_policy_document.assume_role_policy",
            "module.eks.module.self_managed_node_group.data.aws_iam_policy_document.role",
            "module.eks.module.self_managed_node_group.data.aws_partition.current",
            "module.eks.module.self_managed_node_group.data.aws_ssm_parameter.ami",
            "module.eks.module.self_managed_node_group.data.aws_subnets.placement_group",
            "module.eks.module.self_managed_node_group.module.user_data.data.cloudinit_config.al2023_eks_managed_node_group",
            "module.eks.module.self_managed_node_group.module.user_data.data.cloudinit_config.linux_eks_managed_node_group",
            "module.eks.module.self_managed_node_group.module.user_data.null_resource.validate_cluster_service_cidr",
            "module.eks.time_sleep.this",
            "module.vpc.aws_subnet.private",
            "module.vpc.aws_subnet.public",
            "module.vpc.aws_vpc.this",
            "module.vpc.aws_vpc_ipv4_cidr_block_association.this",
            "time_sleep.wait_for_cluster_ready"
          ]
        },
        {
          "index_key": "/api/v1/services/paymentservice",
          "schema_version": 1,
          "attributes": {
            "api_version": "v1",
            "apply_only": false,
            "force_conflicts": false,
            "force_new": false,
            "id": "/api/v1/namespaces/default/services/paymentservice",
            "ignore_fields": null,
            "kind": "Service",
            "live_manifest_incluster": "78fc8e5d9272bb65b1ee0042ac337d9bf94b9f6a19399c7d05b30526ee6e2da0",
            "live_uid": "7663b32e-6e02-4696-87c7-438fa1acccd7",
            "name": "paymentservice",
            "namespace": null,
            "override_namespace": null,
            "sensitive_fields": null,
            "server_side_apply": false,
            "timeouts": null,
            "uid": "7663b32e-6e02-4696-87c7-438fa1acccd7",
            "validate_schema": true,
            "wait": null,
            "wait_for_rollout": true,
            "yaml_body": "apiVersion: v1\nkind: Service\nmetadata:\n  labels:\n    app: paymentservice\n  name: paymentservice\nspec:\n  ports:\n  - name: grpc\n    port: 50051\n    targetPort: 50051\n  selector:\n    app: paymentservice\n  type: ClusterIP\n",
            "yaml_body_parsed": "apiVersion: v1\nkind: Service\nmetadata:\n  labels:\n    app: paymentservice\n  name: paymentservice\nspec:\n  ports:\n  - name: grpc\n    port: 50051\n    targetPort: 50051\n  selector:\n    app: paymentservice\n  type: ClusterIP\n",
            "yaml_incluster": "78fc8e5d9272bb65b1ee0042ac337d9bf94b9f6a19399c7d05b30526ee6e2da0"
          },
          "sensitive_attributes": [],
          "private": "eyJlMmJmYjczMC1lY2FhLTExZTYtOGY4OC0zNDM2M2JjN2M0YzAiOnsiY3JlYXRlIjo2MDAwMDAwMDAwMDB9LCJzY2hlbWFfdmVyc2lvbiI6IjEifQ==",
          "dependencies": [
            "data.aws_eks_cluster.this",
            "data.aws_eks_cluster_auth.this",
            "data.http.microservices_demo",
            "data.kubectl_file_documents.microservices_demo",
            "module.eks.aws_cloudwatch_log_group.this",
            "module.eks.aws_ec2_tag.cluster_primary_security_group",
            "module.eks.aws_eks_access_entry.this",
            "module.eks.aws_eks_access_policy_association.this",
            "module.eks.aws_eks_addon.before_compute",
            "module.eks.aws_eks_addon.this",
            "module.eks.aws_eks_cluster.this",
            "module.eks.aws_eks_identity_provider_config.this",
            "module.eks.aws_iam_openid_connect_provider.oidc_provider",
            "module.eks.aws_iam_policy.cluster_encryption",
            "module.eks.aws_iam_policy.cni_ipv6_policy",
            "module.eks.aws_iam_policy.custom",
            "module.eks.aws_iam_role.eks_auto",
            "module.eks.aws_iam_role.this",
            "module.eks.aws_iam_role_policy_attachment.additional",
            "module.eks.aws_iam_role_policy_attachment.cluster_encryption",
            "module.eks.aws_iam_role_policy_attachment.custom",
            "module.eks.aws_iam_role_policy_attachment.eks_auto",
            "module.eks.aws_iam_role_policy_attachment.eks_auto_additional",
            "module.eks.aws_iam_role_policy_attachment.this",
            "module.eks.aws_security_group.cluster",
            "module.eks.aws_security_group.node",
            "module.eks.aws_security_group_rule.cluster",
            "module.eks.aws_security_group_rule.node",
            "module.eks.data.aws_caller_identity.current",
            "module.eks.data.aws_eks_addon_version.this",
            "module.eks.data.aws_iam_policy_document.assume_role_policy",
            "module.eks.data.aws_iam_policy_document.cni_ipv6_policy",
            "module.eks.data.aws_iam_policy_document.custom",
            "module.eks.data.aws_iam_policy_document.node_assume_role_policy",
            "module.eks.data.aws_iam_session_context.current",
            "module.eks.data.aws_partition.current",
            "module.eks.data.tls_certificate.this",
            "module.eks.module.eks_managed_node_group.aws_autoscaling_schedule.this",
            "module.eks.module.eks_managed_node_group.aws_eks_node_group.this",
            "module.eks.module.eks_managed_node_group.aws_iam_role.this",
            "module.eks.module.eks_managed_node_group.aws_iam_role_policy.this",
            "module.eks.module.eks_managed_node_group.aws_iam_role_policy_attachment.additional",
            "module.eks.module.eks_managed_node_group.aws_iam_role_policy_attachment.this",
            "module.eks.module.eks_managed_node_group.aws_launch_template.this",
            "module.eks.module.eks_managed_node_group.aws_placement_group.this",
            "module.eks.module.eks_managed_node_group.data.aws_caller_identity.current",
            "module.eks.module.eks_managed_node_group.data.aws_ec2_instance_type.this",
            "module.eks.module.eks_managed_node_group.data.aws_ec2_instance_type_offerings.this",
            "module.eks.module.eks_managed_node_group.data.aws_iam_policy_document.assume_role_policy",
            "module.eks.module.eks_managed_node_group.data.aws_iam_policy_document.role",
            "module.eks.module.eks_managed_node_group.data.aws_partition.current",
            "module.eks.module.eks_managed_node_group.data.aws_ssm_parameter.ami",
            "module.eks.module.eks_managed_node_group.data.aws_subnets.placement_group",
            "module.eks.module.eks_managed_node_group.module.user_data.data.cloudinit_config.al2023_eks_managed_node_group",
            "module.eks.module.eks_managed_node_group.module.user_data.data.cloudinit_config.linux_eks_managed_node_group",
            "module.eks.module.eks_managed_node_group.module.user_data.null_resource.validate_cluster_service_cidr",
            "module.eks.module.fargate_profile.aws_eks_fargate_profile.this",
            "module.eks.module.fargate_profile.aws_iam_role.this",
            "module.eks.module.fargate_profile.aws_iam_role_policy.this",
            "module.eks.module.fargate_profile.aws_iam_role_policy_attachment.additional",
            "module.eks.module.fargate_profile.aws_iam_role_policy_attachment.this",
            "module.eks.module.fargate_profile.data.aws_caller_identity.current",
            "module.eks.module.fargate_profile.data.aws_iam_policy_document.assume_role_policy",
            "module.eks.module.fargate_profile.data.aws_iam_policy_document.role",
            "module.eks.module.fargate_profile.data.aws_partition.current",
            "module.eks.module.fargate_profile.data.aws_region.current",
            "module.eks.module.kms.aws_kms_alias.this",
            "module.eks.module.kms.aws_kms_external_key.this",
            "module.eks.module.kms.aws_kms_grant.this",
            "module.eks.module.kms.aws_kms_key.this",
            "module.eks.module.kms.aws_kms_replica_external_key.this",
            "module.eks.module.kms.aws_kms_replica_key.this",
            "module.eks.module.kms.data.aws_caller_identity.current",
            "module.eks.module.kms.data.aws_iam_policy_document.this",
            "module.eks.module.kms.data.aws_partition.current",
            "module.eks.module.self_managed_node_group.aws_autoscaling_group.this",
            "module.eks.module.self_managed_node_group.aws_autoscaling_schedule.this",
            "module.eks.module.self_managed_node_group.aws_eks_access_entry.this",
            "module.eks.module.self_managed_node_group.aws_iam_instance_profile.this",
            "module.eks.module.self_managed_node_group.aws_iam_role.this",
            "module.eks.module.self_managed_node_group.aws_iam_role_policy.this",
            "module.eks.module.self_managed_node_group.aws_iam_role_policy_attachment.additional",
            "module.eks.module.self_managed_node_group.aws_iam_role_policy_attachment.this",
            "module.eks.module.self_managed_node_group.aws_launch_template.this",
            "module.eks.module.self_managed_node_group.aws_placement_group.this",
            "module.eks.module.self_managed_node_group.data.aws_caller_identity.current",
            "module.eks.module.self_managed_node_group.data.aws_ec2_instance_type.this",
            "module.eks.module.self_managed_node_group.data.aws_ec2_instance_type_offerings.this",
            "module.eks.module.self_managed_node_group.data.aws_iam_policy_document.assume_role_policy",
            "module.eks.module.self_managed_node_group.data.aws_iam_policy_document.role",
            "module.eks.module.self_managed_node_group.data.aws_partition.current",
            "module.eks.module.self_managed_node_group.data.aws_ssm_parameter.ami",
            "module.eks.module.self_managed_node_group.data.aws_subnets.placement_group",
            "module.eks.module.self_managed_node_group.module.user_data.data.cloudinit_config.al2023_eks_managed_node_group",
            "module.eks.module.self_managed_node_group.module.user_data.data.cloudinit_config.linux_eks_managed_node_group",
            "module.eks.module.self_managed_node_group.module.user_data.null_resource.validate_cluster_service_cidr",
            "module.eks.time_sleep.this",
            "module.vpc.aws_subnet.private",
            "module.vpc.aws_subnet.public",
            "module.vpc.aws_vpc.this",
            "module.vpc.aws_vpc_ipv4_cidr_block_association.this",
            "time_sleep.wait_for_cluster_ready"
          ]
        },
        {
          "index_key": "/api/v1/services/productcatalogservice",
          "schema_version": 1,
          "attributes": {
            "api_version": "v1",
            "apply_only": false,
            "force_conflicts": false,
            "force_new": false,
            "id": "/api/v1/namespaces/default/services/productcatalogservice",
            "ignore_fields": null,
            "kind": "Service",
            "live_manifest_incluster": "a7a8f99a7b2990dbf91894c674f1aaeca5430d5c69c79323840daf9eed9724d7",
            "live_uid": "7ecdf9ae-9cd9-4897-96bb-112978c25e1d",
            "name": "productcatalogservice",
            "namespace": null,
            "override_namespace": null,
            "sensitive_fields": null,
            "server_side_apply": false,
            "timeouts": null,
            "uid": "7ecdf9ae-9cd9-4897-96bb-112978c25e1d",
            "validate_schema": true,
            "wait": null,
            "wait_for_rollout": true,
            "yaml_body": "apiVersion: v1\nkind: Service\nmetadata:\n  labels:\n    app: productcatalogservice\n  name: productcatalogservice\nspec:\n  ports:\n  - name: grpc\n    port: 3550\n    targetPort: 3550\n  selector:\n    app: productcatalogservice\n  type: ClusterIP\n",
            "yaml_body_parsed": "apiVersion: v1\nkind: Service\nmetadata:\n  labels:\n    app: productcatalogservice\n  name: productcatalogservice\nspec:\n  ports:\n  - name: grpc\n    port: 3550\n    targetPort: 3550\n  selector:\n    app: productcatalogservice\n  type: ClusterIP\n",
            "yaml_incluster": "a7a8f99a7b2990dbf91894c674f1aaeca5430d5c69c79323840daf9eed9724d7"
          },
          "sensitive_attributes": [],
          "private": "eyJlMmJmYjczMC1lY2FhLTExZTYtOGY4OC0zNDM2M2JjN2M0YzAiOnsiY3JlYXRlIjo2MDAwMDAwMDAwMDB9LCJzY2hlbWFfdmVyc2lvbiI6IjEifQ==",
          "dependencies": [
            "data.aws_eks_cluster.this",
            "data.aws_eks_cluster_auth.this",
            "data.http.microservices_demo",
            "data.kubectl_file_documents.microservices_demo",
            "module.eks.aws_cloudwatch_log_group.this",
            "module.eks.aws_ec2_tag.cluster_primary_security_group",
            "module.eks.aws_eks_access_entry.this",
            "module.eks.aws_eks_access_policy_association.this",
            "module.eks.aws_eks_addon.before_compute",
            "module.eks.aws_eks_addon.this",
            "module.eks.aws_eks_cluster.this",
            "module.eks.aws_eks_identity_provider_config.this",
            "module.eks.aws_iam_openid_connect_provider.oidc_provider",
            "module.eks.aws_iam_policy.cluster_encryption",
            "module.eks.aws_iam_policy.cni_ipv6_policy",
            "module.eks.aws_iam_policy.custom",
            "module.eks.aws_iam_role.eks_auto",
            "module.eks.aws_iam_role.this",
            "module.eks.aws_iam_role_policy_attachment.additional",
            "module.eks.aws_iam_role_policy_attachment.cluster_encryption",
            "module.eks.aws_iam_role_policy_attachment.custom",
            "module.eks.aws_iam_role_policy_attachment.eks_auto",
            "module.eks.aws_iam_role_policy_attachment.eks_auto_additional",
            "module.eks.aws_iam_role_policy_attachment.this",
            "module.eks.aws_security_group.cluster",
            "module.eks.aws_security_group.node",
            "module.eks.aws_security_group_rule.cluster",
            "module.eks.aws_security_group_rule.node",
            "module.eks.data.aws_caller_identity.current",
            "module.eks.data.aws_eks_addon_version.this",
            "module.eks.data.aws_iam_policy_document.assume_role_policy",
            "module.eks.data.aws_iam_policy_document.cni_ipv6_policy",
            "module.eks.data.aws_iam_policy_document.custom",
            "module.eks.data.aws_iam_policy_document.node_assume_role_policy",
            "module.eks.data.aws_iam_session_context.current",
            "module.eks.data.aws_partition.current",
            "module.eks.data.tls_certificate.this",
            "module.eks.module.eks_managed_node_group.aws_autoscaling_schedule.this",
            "module.eks.module.eks_managed_node_group.aws_eks_node_group.this",
            "module.eks.module.eks_managed_node_group.aws_iam_role.this",
            "module.eks.module.eks_managed_node_group.aws_iam_role_policy.this",
            "module.eks.module.eks_managed_node_group.aws_iam_role_policy_attachment.additional",
            "module.eks.module.eks_managed_node_group.aws_iam_role_policy_attachment.this",
            "module.eks.module.eks_managed_node_group.aws_launch_template.this",
            "module.eks.module.eks_managed_node_group.aws_placement_group.this",
            "module.eks.module.eks_managed_node_group.data.aws_caller_identity.current",
            "module.eks.module.eks_managed_node_group.data.aws_ec2_instance_type.this",
            "module.eks.module.eks_managed_node_group.data.aws_ec2_instance_type_offerings.this",
            "module.eks.module.eks_managed_node_group.data.aws_iam_policy_document.assume_role_policy",
            "module.eks.module.eks_managed_node_group.data.aws_iam_policy_document.role",
            "module.eks.module.eks_managed_node_group.data.aws_partition.current",
            "module.eks.module.eks_managed_node_group.data.aws_ssm_parameter.ami",
            "module.eks.module.eks_managed_node_group.data.aws_subnets.placement_group",
            "module.eks.module.eks_managed_node_group.module.user_data.data.cloudinit_config.al2023_eks_managed_node_group",
            "module.eks.module.eks_managed_node_group.module.user_data.data.cloudinit_config.linux_eks_managed_node_group",
            "module.eks.module.eks_managed_node_group.module.user_data.null_resource.validate_cluster_service_cidr",
            "module.eks.module.fargate_profile.aws_eks_fargate_profile.this",
            "module.eks.module.fargate_profile.aws_iam_role.this",
            "module.eks.module.fargate_profile.aws_iam_role_policy.this",
            "module.eks.module.fargate_profile.aws_iam_role_policy_attachment.additional",
            "module.eks.module.fargate_profile.aws_iam_role_policy_attachment.this",
            "module.eks.module.fargate_profile.data.aws_caller_identity.current",
            "module.eks.module.fargate_profile.data.aws_iam_policy_document.assume_role_policy",
            "module.eks.module.fargate_profile.data.aws_iam_policy_document.role",
            "module.eks.module.fargate_profile.data.aws_partition.current",
            "module.eks.module.fargate_profile.data.aws_region.current",
            "module.eks.module.kms.aws_kms_alias.this",
            "module.eks.module.kms.aws_kms_external_key.this",
            "module.eks.module.kms.aws_kms_grant.this",
            "module.eks.module.kms.aws_kms_key.this",
            "module.eks.module.kms.aws_kms_replica_external_key.this",
            "module.eks.module.kms.aws_kms_replica_key.this",
            "module.eks.module.kms.data.aws_caller_identity.current",
            "module.eks.module.kms.data.aws_iam_policy_document.this",
            "module.eks.module.kms.data.aws_partition.current",
            "module.eks.module.self_managed_node_group.aws_autoscaling_group.this",
            "module.eks.module.self_managed_node_group.aws_autoscaling_schedule.this",
            "module.eks.module.self_managed_node_group.aws_eks_access_entry.this",
            "module.eks.module.self_managed_node_group.aws_iam_instance_profile.this",
            "module.eks.module.self_managed_node_group.aws_iam_role.this",
            "module.eks.module.self_managed_node_group.aws_iam_role_policy.this",
            "module.eks.module.self_managed_node_group.aws_iam_role_policy_attachment.additional",
            "module.eks.module.self_managed_node_group.aws_iam_role_policy_attachment.this",
            "module.eks.module.self_managed_node_group.aws_launch_template.this",
            "module.eks.module.self_managed_node_group.aws_placement_group.this",
            "module.eks.module.self_managed_node_group.data.aws_caller_identity.current",
            "module.eks.module.self_managed_node_group.data.aws_ec2_instance_type.this",
            "module.eks.module.self_managed_node_group.data.aws_ec2_instance_type_offerings.this",
            "module.eks.module.self_managed_node_group.data.aws_iam_policy_document.assume_role_policy",
            "module.eks.module.self_managed_node_group.data.aws_iam_policy_document.role",
            "module.eks.module.self_managed_node_group.data.aws_partition.current",
            "module.eks.module.self_managed_node_group.data.aws_ssm_parameter.ami",
            "module.eks.module.self_managed_node_group.data.aws_subnets.placement_group",
            "module.eks.module.self_managed_node_group.module.user_data.data.cloudinit_config.al2023_eks_managed_node_group",
            "module.eks.module.self_managed_node_group.module.user_data.data.cloudinit_config.linux_eks_managed_node_group",
            "module.eks.module.self_managed_node_group.module.user_data.null_resource.validate_cluster_service_cidr",
            "module.eks.time_sleep.this",
            "module.vpc.aws_subnet.private",
            "module.vpc.aws_subnet.public",
            "module.vpc.aws_vpc.this",
            "module.vpc.aws_vpc_ipv4_cidr_block_association.this",
            "time_sleep.wait_for_cluster_ready"
          ]
        },
        {
          "index_key": "/api/v1/services/recommendationservice",
          "schema_version": 1,
          "attributes": {
            "api_version": "v1",
            "apply_only": false,
            "force_conflicts": false,
            "force_new": false,
            "id": "/api/v1/namespaces/default/services/recommendationservice",
            "ignore_fields": null,
            "kind": "Service",
            "live_manifest_incluster": "8f2399719679b753dfa0325b816be5cdf912c953f5079693adcbf7aacfad1ce0",
            "live_uid": "83f53900-2df5-4ae6-902f-f836bb97e92f",
            "name": "recommendationservice",
            "namespace": null,
            "override_namespace": null,
            "sensitive_fields": null,
            "server_side_apply": false,
            "timeouts": null,
            "uid": "83f53900-2df5-4ae6-902f-f836bb97e92f",
            "validate_schema": true,
            "wait": null,
            "wait_for_rollout": true,
            "yaml_body": "apiVersion: v1\nkind: Service\nmetadata:\n  labels:\n    app: recommendationservice\n  name: recommendationservice\nspec:\n  ports:\n  - name: grpc\n    port: 8080\n    targetPort: 8080\n  selector:\n    app: recommendationservice\n  type: ClusterIP\n",
            "yaml_body_parsed": "apiVersion: v1\nkind: Service\nmetadata:\n  labels:\n    app: recommendationservice\n  name: recommendationservice\nspec:\n  ports:\n  - name: grpc\n    port: 8080\n    targetPort: 8080\n  selector:\n    app: recommendationservice\n  type: ClusterIP\n",
            "yaml_incluster": "8f2399719679b753dfa0325b816be5cdf912c953f5079693adcbf7aacfad1ce0"
          },
          "sensitive_attributes": [],
          "private": "eyJlMmJmYjczMC1lY2FhLTExZTYtOGY4OC0zNDM2M2JjN2M0YzAiOnsiY3JlYXRlIjo2MDAwMDAwMDAwMDB9LCJzY2hlbWFfdmVyc2lvbiI6IjEifQ==",
          "dependencies": [
            "data.aws_eks_cluster.this",
            "data.aws_eks_cluster_auth.this",
            "data.http.microservices_demo",
            "data.kubectl_file_documents.microservices_demo",
            "module.eks.aws_cloudwatch_log_group.this",
            "module.eks.aws_ec2_tag.cluster_primary_security_group",
            "module.eks.aws_eks_access_entry.this",
            "module.eks.aws_eks_access_policy_association.this",
            "module.eks.aws_eks_addon.before_compute",
            "module.eks.aws_eks_addon.this",
            "module.eks.aws_eks_cluster.this",
            "module.eks.aws_eks_identity_provider_config.this",
            "module.eks.aws_iam_openid_connect_provider.oidc_provider",
            "module.eks.aws_iam_policy.cluster_encryption",
            "module.eks.aws_iam_policy.cni_ipv6_policy",
            "module.eks.aws_iam_policy.custom",
            "module.eks.aws_iam_role.eks_auto",
            "module.eks.aws_iam_role.this",
            "module.eks.aws_iam_role_policy_attachment.additional",
            "module.eks.aws_iam_role_policy_attachment.cluster_encryption",
            "module.eks.aws_iam_role_policy_attachment.custom",
            "module.eks.aws_iam_role_policy_attachment.eks_auto",
            "module.eks.aws_iam_role_policy_attachment.eks_auto_additional",
            "module.eks.aws_iam_role_policy_attachment.this",
            "module.eks.aws_security_group.cluster",
            "module.eks.aws_security_group.node",
            "module.eks.aws_security_group_rule.cluster",
            "module.eks.aws_security_group_rule.node",
            "module.eks.data.aws_caller_identity.current",
            "module.eks.data.aws_eks_addon_version.this",
            "module.eks.data.aws_iam_policy_document.assume_role_policy",
            "module.eks.data.aws_iam_policy_document.cni_ipv6_policy",
            "module.eks.data.aws_iam_policy_document.custom",
            "module.eks.data.aws_iam_policy_document.node_assume_role_policy",
            "module.eks.data.aws_iam_session_context.current",
            "module.eks.data.aws_partition.current",
            "module.eks.data.tls_certificate.this",
            "module.eks.module.eks_managed_node_group.aws_autoscaling_schedule.this",
            "module.eks.module.eks_managed_node_group.aws_eks_node_group.this",
            "module.eks.module.eks_managed_node_group.aws_iam_role.this",
            "module.eks.module.eks_managed_node_group.aws_iam_role_policy.this",
            "module.eks.module.eks_managed_node_group.aws_iam_role_policy_attachment.additional",
            "module.eks.module.eks_managed_node_group.aws_iam_role_policy_attachment.this",
            "module.eks.module.eks_managed_node_group.aws_launch_template.this",
            "module.eks.module.eks_managed_node_group.aws_placement_group.this",
            "module.eks.module.eks_managed_node_group.data.aws_caller_identity.current",
            "module.eks.module.eks_managed_node_group.data.aws_ec2_instance_type.this",
            "module.eks.module.eks_managed_node_group.data.aws_ec2_instance_type_offerings.this",
            "module.eks.module.eks_managed_node_group.data.aws_iam_policy_document.assume_role_policy",
            "module.eks.module.eks_managed_node_group.data.aws_iam_policy_document.role",
            "module.eks.module.eks_managed_node_group.data.aws_partition.current",
            "module.eks.module.eks_managed_node_group.data.aws_ssm_parameter.ami",
            "module.eks.module.eks_managed_node_group.data.aws_subnets.placement_group",
            "module.eks.module.eks_managed_node_group.module.user_data.data.cloudinit_config.al2023_eks_managed_node_group",
            "module.eks.module.eks_managed_node_group.module.user_data.data.cloudinit_config.linux_eks_managed_node_group",
            "module.eks.module.eks_managed_node_group.module.user_data.null_resource.validate_cluster_service_cidr",
            "module.eks.module.fargate_profile.aws_eks_fargate_profile.this",
            "module.eks.module.fargate_profile.aws_iam_role.this",
            "module.eks.module.fargate_profile.aws_iam_role_policy.this",
            "module.eks.module.fargate_profile.aws_iam_role_policy_attachment.additional",
            "module.eks.module.fargate_profile.aws_iam_role_policy_attachment.this",
            "module.eks.module.fargate_profile.data.aws_caller_identity.current",
            "module.eks.module.fargate_profile.data.aws_iam_policy_document.assume_role_policy",
            "module.eks.module.fargate_profile.data.aws_iam_policy_document.role",
            "module.eks.module.fargate_profile.data.aws_partition.current",
            "module.eks.module.fargate_profile.data.aws_region.current",
            "module.eks.module.kms.aws_kms_alias.this",
            "module.eks.module.kms.aws_kms_external_key.this",
            "module.eks.module.kms.aws_kms_grant.this",
            "module.eks.module.kms.aws_kms_key.this",
            "module.eks.module.kms.aws_kms_replica_external_key.this",
            "module.eks.module.kms.aws_kms_replica_key.this",
            "module.eks.module.kms.data.aws_caller_identity.current",
            "module.eks.module.kms.data.aws_iam_policy_document.this",
            "module.eks.module.kms.data.aws_partition.current",
            "module.eks.module.self_managed_node_group.aws_autoscaling_group.this",
            "module.eks.module.self_managed_node_group.aws_autoscaling_schedule.this",
            "module.eks.module.self_managed_node_group.aws_eks_access_entry.this",
            "module.eks.module.self_managed_node_group.aws_iam_instance_profile.this",
            "module.eks.module.self_managed_node_group.aws_iam_role.this",
            "module.eks.module.self_managed_node_group.aws_iam_role_policy.this",
            "module.eks.module.self_managed_node_group.aws_iam_role_policy_attachment.additional",
            "module.eks.module.self_managed_node_group.aws_iam_role_policy_attachment.this",
            "module.eks.module.self_managed_node_group.aws_launch_template.this",
            "module.eks.module.self_managed_node_group.aws_placement_group.this",
            "module.eks.module.self_managed_node_group.data.aws_caller_identity.current",
            "module.eks.module.self_managed_node_group.data.aws_ec2_instance_type.this",
            "module.eks.module.self_managed_node_group.data.aws_ec2_instance_type_offerings.this",
            "module.eks.module.self_managed_node_group.data.aws_iam_policy_document.assume_role_policy",
            "module.eks.module.self_managed_node_group.data.aws_iam_policy_document.role",
            "module.eks.module.self_managed_node_group.data.aws_partition.current",
            "module.eks.module.self_managed_node_group.data.aws_ssm_parameter.ami",
            "module.eks.module.self_managed_node_group.data.aws_subnets.placement_group",
            "module.eks.module.self_managed_node_group.module.user_data.data.cloudinit_config.al2023_eks_managed_node_group",
            "module.eks.module.self_managed_node_group.module.user_data.data.cloudinit_config.linux_eks_managed_node_group",
            "module.eks.module.self_managed_node_group.module.user_data.null_resource.validate_cluster_service_cidr",
            "module.eks.time_sleep.this",
            "module.vpc.aws_subnet.private",
            "module.vpc.aws_subnet.public",
            "module.vpc.aws_vpc.this",
            "module.vpc.aws_vpc_ipv4_cidr_block_association.this",
            "time_sleep.wait_for_cluster_ready"
          ]
        },
        {
          "index_key": "/api/v1/services/redis-cart",
          "schema_version": 1,
          "attributes": {
            "api_version": "v1",
            "apply_only": false,
            "force_conflicts": false,
            "force_new": false,
            "id": "/api/v1/namespaces/default/services/redis-cart",
            "ignore_fields": null,
            "kind": "Service",
            "live_manifest_incluster": "275918e1b94bb44d7a404726de4db4ab24fdbcc6f5101313cbf2a22f62711deb",
            "live_uid": "19cf8ca9-b8ce-46b2-bf17-ff718e972805",
            "name": "redis-cart",
            "namespace": null,
            "override_namespace": null,
            "sensitive_fields": null,
            "server_side_apply": false,
            "timeouts": null,
            "uid": "19cf8ca9-b8ce-46b2-bf17-ff718e972805",
            "validate_schema": true,
            "wait": null,
            "wait_for_rollout": true,
            "yaml_body": "apiVersion: v1\nkind: Service\nmetadata:\n  labels:\n    app: redis-cart\n  name: redis-cart\nspec:\n  ports:\n  - name: tcp-redis\n    port: 6379\n    targetPort: 6379\n  selector:\n    app: redis-cart\n  type: ClusterIP\n",
            "yaml_body_parsed": "apiVersion: v1\nkind: Service\nmetadata:\n  labels:\n    app: redis-cart\n  name: redis-cart\nspec:\n  ports:\n  - name: tcp-redis\n    port: 6379\n    targetPort: 6379\n  selector:\n    app: redis-cart\n  type: ClusterIP\n",
            "yaml_incluster": "275918e1b94bb44d7a404726de4db4ab24fdbcc6f5101313cbf2a22f62711deb"
          },
          "sensitive_attributes": [],
          "private": "eyJlMmJmYjczMC1lY2FhLTExZTYtOGY4OC0zNDM2M2JjN2M0YzAiOnsiY3JlYXRlIjo2MDAwMDAwMDAwMDB9LCJzY2hlbWFfdmVyc2lvbiI6IjEifQ==",
          "dependencies": [
            "data.aws_eks_cluster.this",
            "data.aws_eks_cluster_auth.this",
            "data.http.microservices_demo",
            "data.kubectl_file_documents.microservices_demo",
            "module.eks.aws_cloudwatch_log_group.this",
            "module.eks.aws_ec2_tag.cluster_primary_security_group",
            "module.eks.aws_eks_access_entry.this",
            "module.eks.aws_eks_access_policy_association.this",
            "module.eks.aws_eks_addon.before_compute",
            "module.eks.aws_eks_addon.this",
            "module.eks.aws_eks_cluster.this",
            "module.eks.aws_eks_identity_provider_config.this",
            "module.eks.aws_iam_openid_connect_provider.oidc_provider",
            "module.eks.aws_iam_policy.cluster_encryption",
            "module.eks.aws_iam_policy.cni_ipv6_policy",
            "module.eks.aws_iam_policy.custom",
            "module.eks.aws_iam_role.eks_auto",
            "module.eks.aws_iam_role.this",
            "module.eks.aws_iam_role_policy_attachment.additional",
            "module.eks.aws_iam_role_policy_attachment.cluster_encryption",
            "module.eks.aws_iam_role_policy_attachment.custom",
            "module.eks.aws_iam_role_policy_attachment.eks_auto",
            "module.eks.aws_iam_role_policy_attachment.eks_auto_additional",
            "module.eks.aws_iam_role_policy_attachment.this",
            "module.eks.aws_security_group.cluster",
            "module.eks.aws_security_group.node",
            "module.eks.aws_security_group_rule.cluster",
            "module.eks.aws_security_group_rule.node",
            "module.eks.data.aws_caller_identity.current",
            "module.eks.data.aws_eks_addon_version.this",
            "module.eks.data.aws_iam_policy_document.assume_role_policy",
            "module.eks.data.aws_iam_policy_document.cni_ipv6_policy",
            "module.eks.data.aws_iam_policy_document.custom",
            "module.eks.data.aws_iam_policy_document.node_assume_role_policy",
            "module.eks.data.aws_iam_session_context.current",
            "module.eks.data.aws_partition.current",
            "module.eks.data.tls_certificate.this",
            "module.eks.module.eks_managed_node_group.aws_autoscaling_schedule.this",
            "module.eks.module.eks_managed_node_group.aws_eks_node_group.this",
            "module.eks.module.eks_managed_node_group.aws_iam_role.this",
            "module.eks.module.eks_managed_node_group.aws_iam_role_policy.this",
            "module.eks.module.eks_managed_node_group.aws_iam_role_policy_attachment.additional",
            "module.eks.module.eks_managed_node_group.aws_iam_role_policy_attachment.this",
            "module.eks.module.eks_managed_node_group.aws_launch_template.this",
            "module.eks.module.eks_managed_node_group.aws_placement_group.this",
            "module.eks.module.eks_managed_node_group.data.aws_caller_identity.current",
            "module.eks.module.eks_managed_node_group.data.aws_ec2_instance_type.this",
            "module.eks.module.eks_managed_node_group.data.aws_ec2_instance_type_offerings.this",
            "module.eks.module.eks_managed_node_group.data.aws_iam_policy_document.assume_role_policy",
            "module.eks.module.eks_managed_node_group.data.aws_iam_policy_document.role",
            "module.eks.module.eks_managed_node_group.data.aws_partition.current",
            "module.eks.module.eks_managed_node_group.data.aws_ssm_parameter.ami",
            "module.eks.module.eks_managed_node_group.data.aws_subnets.placement_group",
            "module.eks.module.eks_managed_node_group.module.user_data.data.cloudinit_config.al2023_eks_managed_node_group",
            "module.eks.module.eks_managed_node_group.module.user_data.data.cloudinit_config.linux_eks_managed_node_group",
            "module.eks.module.eks_managed_node_group.module.user_data.null_resource.validate_cluster_service_cidr",
            "module.eks.module.fargate_profile.aws_eks_fargate_profile.this",
            "module.eks.module.fargate_profile.aws_iam_role.this",
            "module.eks.module.fargate_profile.aws_iam_role_policy.this",
            "module.eks.module.fargate_profile.aws_iam_role_policy_attachment.additional",
            "module.eks.module.fargate_profile.aws_iam_role_policy_attachment.this",
            "module.eks.module.fargate_profile.data.aws_caller_identity.current",
            "module.eks.module.fargate_profile.data.aws_iam_policy_document.assume_role_policy",
            "module.eks.module.fargate_profile.data.aws_iam_policy_document.role",
            "module.eks.module.fargate_profile.data.aws_partition.current",
            "module.eks.module.fargate_profile.data.aws_region.current",
            "module.eks.module.kms.aws_kms_alias.this",
            "module.eks.module.kms.aws_kms_external_key.this",
            "module.eks.module.kms.aws_kms_grant.this",
            "module.eks.module.kms.aws_kms_key.this",
            "module.eks.module.kms.aws_kms_replica_external_key.this",
            "module.eks.module.kms.aws_kms_replica_key.this",
            "module.eks.module.kms.data.aws_caller_identity.current",
            "module.eks.module.kms.data.aws_iam_policy_document.this",
            "module.eks.module.kms.data.aws_partition.current",
            "module.eks.module.self_managed_node_group.aws_autoscaling_group.this",
            "module.eks.module.self_managed_node_group.aws_autoscaling_schedule.this",
            "module.eks.module.self_managed_node_group.aws_eks_access_entry.this",
            "module.eks.module.self_managed_node_group.aws_iam_instance_profile.this",
            "module.eks.module.self_managed_node_group.aws_iam_role.this",
            "module.eks.module.self_managed_node_group.aws_iam_role_policy.this",
            "module.eks.module.self_managed_node_group.aws_iam_role_policy_attachment.additional",
            "module.eks.module.self_managed_node_group.aws_iam_role_policy_attachment.this",
            "module.eks.module.self_managed_node_group.aws_launch_template.this",
            "module.eks.module.self_managed_node_group.aws_placement_group.this",
            "module.eks.module.self_managed_node_group.data.aws_caller_identity.current",
            "module.eks.module.self_managed_node_group.data.aws_ec2_instance_type.this",
            "module.eks.module.self_managed_node_group.data.aws_ec2_instance_type_offerings.this",
            "module.eks.module.self_managed_node_group.data.aws_iam_policy_document.assume_role_policy",
            "module.eks.module.self_managed_node_group.data.aws_iam_policy_document.role",
            "module.eks.module.self_managed_node_group.data.aws_partition.current",
            "module.eks.module.self_managed_node_group.data.aws_ssm_parameter.ami",
            "module.eks.module.self_managed_node_group.data.aws_subnets.placement_group",
            "module.eks.module.self_managed_node_group.module.user_data.data.cloudinit_config.al2023_eks_managed_node_group",
            "module.eks.module.self_managed_node_group.module.user_data.data.cloudinit_config.linux_eks_managed_node_group",
            "module.eks.module.self_managed_node_group.module.user_data.null_resource.validate_cluster_service_cidr",
            "module.eks.time_sleep.this",
            "module.vpc.aws_subnet.private",
            "module.vpc.aws_subnet.public",
            "module.vpc.aws_vpc.this",
            "module.vpc.aws_vpc_ipv4_cidr_block_association.this",
            "time_sleep.wait_for_cluster_ready"
          ]
        },
        {
          "index_key": "/api/v1/services/shippingservice",
          "schema_version": 1,
          "attributes": {
            "api_version": "v1",
            "apply_only": false,
            "force_conflicts": false,
            "force_new": false,
            "id": "/api/v1/namespaces/default/services/shippingservice",
            "ignore_fields": null,
            "kind": "Service",
            "live_manifest_incluster": "ae9fbc4827a8cfbd613fb54336848fbb41d6606e32df933fea66643235861c04",
            "live_uid": "ae1c50db-2228-4a63-9fe2-5901396f931c",
            "name": "shippingservice",
            "namespace": null,
            "override_namespace": null,
            "sensitive_fields": null,
            "server_side_apply": false,
            "timeouts": null,
            "uid": "ae1c50db-2228-4a63-9fe2-5901396f931c",
            "validate_schema": true,
            "wait": null,
            "wait_for_rollout": true,
            "yaml_body": "apiVersion: v1\nkind: Service\nmetadata:\n  labels:\n    app: shippingservice\n  name: shippingservice\nspec:\n  ports:\n  - name: grpc\n    port: 50051\n    targetPort: 50051\n  selector:\n    app: shippingservice\n  type: ClusterIP\n",
            "yaml_body_parsed": "apiVersion: v1\nkind: Service\nmetadata:\n  labels:\n    app: shippingservice\n  name: shippingservice\nspec:\n  ports:\n  - name: grpc\n    port: 50051\n    targetPort: 50051\n  selector:\n    app: shippingservice\n  type: ClusterIP\n",
            "yaml_incluster": "ae9fbc4827a8cfbd613fb54336848fbb41d6606e32df933fea66643235861c04"
          },
          "sensitive_attributes": [],
          "private": "eyJlMmJmYjczMC1lY2FhLTExZTYtOGY4OC0zNDM2M2JjN2M0YzAiOnsiY3JlYXRlIjo2MDAwMDAwMDAwMDB9LCJzY2hlbWFfdmVyc2lvbiI6IjEifQ==",
          "dependencies": [
            "data.aws_eks_cluster.this",
            "data.aws_eks_cluster_auth.this",
            "data.http.microservices_demo",
            "data.kubectl_file_documents.microservices_demo",
            "module.eks.aws_cloudwatch_log_group.this",
            "module.eks.aws_ec2_tag.cluster_primary_security_group",
            "module.eks.aws_eks_access_entry.this",
            "module.eks.aws_eks_access_policy_association.this",
            "module.eks.aws_eks_addon.before_compute",
            "module.eks.aws_eks_addon.this",
            "module.eks.aws_eks_cluster.this",
            "module.eks.aws_eks_identity_provider_config.this",
            "module.eks.aws_iam_openid_connect_provider.oidc_provider",
            "module.eks.aws_iam_policy.cluster_encryption",
            "module.eks.aws_iam_policy.cni_ipv6_policy",
            "module.eks.aws_iam_policy.custom",
            "module.eks.aws_iam_role.eks_auto",
            "module.eks.aws_iam_role.this",
            "module.eks.aws_iam_role_policy_attachment.additional",
            "module.eks.aws_iam_role_policy_attachment.cluster_encryption",
            "module.eks.aws_iam_role_policy_attachment.custom",
            "module.eks.aws_iam_role_policy_attachment.eks_auto",
            "module.eks.aws_iam_role_policy_attachment.eks_auto_additional",
            "module.eks.aws_iam_role_policy_attachment.this",
            "module.eks.aws_security_group.cluster",
            "module.eks.aws_security_group.node",
            "module.eks.aws_security_group_rule.cluster",
            "module.eks.aws_security_group_rule.node",
            "module.eks.data.aws_caller_identity.current",
            "module.eks.data.aws_eks_addon_version.this",
            "module.eks.data.aws_iam_policy_document.assume_role_policy",
            "module.eks.data.aws_iam_policy_document.cni_ipv6_policy",
            "module.eks.data.aws_iam_policy_document.custom",
            "module.eks.data.aws_iam_policy_document.node_assume_role_policy",
            "module.eks.data.aws_iam_session_context.current",
            "module.eks.data.aws_partition.current",
            "module.eks.data.tls_certificate.this",
            "module.eks.module.eks_managed_node_group.aws_autoscaling_schedule.this",
            "module.eks.module.eks_managed_node_group.aws_eks_node_group.this",
            "module.eks.module.eks_managed_node_group.aws_iam_role.this",
            "module.eks.module.eks_managed_node_group.aws_iam_role_policy.this",
            "module.eks.module.eks_managed_node_group.aws_iam_role_policy_attachment.additional",
            "module.eks.module.eks_managed_node_group.aws_iam_role_policy_attachment.this",
            "module.eks.module.eks_managed_node_group.aws_launch_template.this",
            "module.eks.module.eks_managed_node_group.aws_placement_group.this",
            "module.eks.module.eks_managed_node_group.data.aws_caller_identity.current",
            "module.eks.module.eks_managed_node_group.data.aws_ec2_instance_type.this",
            "module.eks.module.eks_managed_node_group.data.aws_ec2_instance_type_offerings.this",
            "module.eks.module.eks_managed_node_group.data.aws_iam_policy_document.assume_role_policy",
            "module.eks.module.eks_managed_node_group.data.aws_iam_policy_document.role",
            "module.eks.module.eks_managed_node_group.data.aws_partition.current",
            "module.eks.module.eks_managed_node_group.data.aws_ssm_parameter.ami",
            "module.eks.module.eks_managed_node_group.data.aws_subnets.placement_group",
            "module.eks.module.eks_managed_node_group.module.user_data.data.cloudinit_config.al2023_eks_managed_node_group",
            "module.eks.module.eks_managed_node_group.module.user_data.data.cloudinit_config.linux_eks_managed_node_group",
            "module.eks.module.eks_managed_node_group.module.user_data.null_resource.validate_cluster_service_cidr",
            "module.eks.module.fargate_profile.aws_eks_fargate_profile.this",
            "module.eks.module.fargate_profile.aws_iam_role.this",
            "module.eks.module.fargate_profile.aws_iam_role_policy.this",
            "module.eks.module.fargate_profile.aws_iam_role_policy_attachment.additional",
            "module.eks.module.fargate_profile.aws_iam_role_policy_attachment.this",
            "module.eks.module.fargate_profile.data.aws_caller_identity.current",
            "module.eks.module.fargate_profile.data.aws_iam_policy_document.assume_role_policy",
            "module.eks.module.fargate_profile.data.aws_iam_policy_document.role",
            "module.eks.module.fargate_profile.data.aws_partition.current",
            "module.eks.module.fargate_profile.data.aws_region.current",
            "module.eks.module.kms.aws_kms_alias.this",
            "module.eks.module.kms.aws_kms_external_key.this",
            "module.eks.module.kms.aws_kms_grant.this",
            "module.eks.module.kms.aws_kms_key.this",
            "module.eks.module.kms.aws_kms_replica_external_key.this",
            "module.eks.module.kms.aws_kms_replica_key.this",
            "module.eks.module.kms.data.aws_caller_identity.current",
            "module.eks.module.kms.data.aws_iam_policy_document.this",
            "module.eks.module.kms.data.aws_partition.current",
            "module.eks.module.self_managed_node_group.aws_autoscaling_group.this",
            "module.eks.module.self_managed_node_group.aws_autoscaling_schedule.this",
            "module.eks.module.self_managed_node_group.aws_eks_access_entry.this",
            "module.eks.module.self_managed_node_group.aws_iam_instance_profile.this",
            "module.eks.module.self_managed_node_group.aws_iam_role.this",
            "module.eks.module.self_managed_node_group.aws_iam_role_policy.this",
            "module.eks.module.self_managed_node_group.aws_iam_role_policy_attachment.additional",
            "module.eks.module.self_managed_node_group.aws_iam_role_policy_attachment.this",
            "module.eks.module.self_managed_node_group.aws_launch_template.this",
            "module.eks.module.self_managed_node_group.aws_placement_group.this",
            "module.eks.module.self_managed_node_group.data.aws_caller_identity.current",
            "module.eks.module.self_managed_node_group.data.aws_ec2_instance_type.this",
            "module.eks.module.self_managed_node_group.data.aws_ec2_instance_type_offerings.this",
            "module.eks.module.self_managed_node_group.data.aws_iam_policy_document.assume_role_policy",
            "module.eks.module.self_managed_node_group.data.aws_iam_policy_document.role",
            "module.eks.module.self_managed_node_group.data.aws_partition.current",
            "module.eks.module.self_managed_node_group.data.aws_ssm_parameter.ami",
            "module.eks.module.self_managed_node_group.data.aws_subnets.placement_group",
            "module.eks.module.self_managed_node_group.module.user_data.data.cloudinit_config.al2023_eks_managed_node_group",
            "module.eks.module.self_managed_node_group.module.user_data.data.cloudinit_config.linux_eks_managed_node_group",
            "module.eks.module.self_managed_node_group.module.user_data.null_resource.validate_cluster_service_cidr",
            "module.eks.time_sleep.this",
            "module.vpc.aws_subnet.private",
            "module.vpc.aws_subnet.public",
            "module.vpc.aws_vpc.this",
            "module.vpc.aws_vpc_ipv4_cidr_block_association.this",
            "time_sleep.wait_for_cluster_ready"
          ]
        },
        {
          "index_key": "/apis/apps/v1/deployments/adservice",
          "schema_version": 1,
          "attributes": {
            "api_version": "apps/v1",
            "apply_only": false,
            "force_conflicts": false,
            "force_new": false,
            "id": "/apis/apps/v1/namespaces/default/deployments/adservice",
            "ignore_fields": null,
            "kind": "Deployment",
            "live_manifest_incluster": "0349f0d4a78986686fd3babf74c3afbe38d3e5272ffff3116ca8d47783e478c4",
            "live_uid": "c4014145-411e-4167-b2a7-274a5bb22eda",
            "name": "adservice",
            "namespace": null,
            "override_namespace": null,
            "sensitive_fields": null,
            "server_side_apply": false,
            "timeouts": null,
            "uid": "c4014145-411e-4167-b2a7-274a5bb22eda",
            "validate_schema": true,
            "wait": null,
            "wait_for_rollout": true,
            "yaml_body": "apiVersion: apps/v1\nkind: Deployment\nmetadata:\n  labels:\n    app: adservice\n  name: adservice\nspec:\n  selector:\n    matchLabels:\n      app: adservice\n  template:\n    metadata:\n      labels:\n        app: adservice\n    spec:\n      containers:\n      - env:\n        - name: PORT\n          value: \"9555\"\n        image: us-central1-docker.pkg.dev/google-samples/microservices-demo/adservice:v0.10.3\n        livenessProbe:\n          grpc:\n            port: 9555\n          initialDelaySeconds: 20\n          periodSeconds: 15\n        name: server\n        ports:\n        - containerPort: 9555\n        readinessProbe:\n          grpc:\n            port: 9555\n          initialDelaySeconds: 20\n          periodSeconds: 15\n        resources:\n          limits:\n            cpu: 300m\n            memory: 300Mi\n          requests:\n            cpu: 200m\n            memory: 180Mi\n        securityContext:\n          allowPrivilegeEscalation: false\n          capabilities:\n            drop:\n            - ALL\n          privileged: false\n          readOnlyRootFilesystem: true\n      securityContext:\n        fsGroup: 1000\n        runAsGroup: 1000\n        runAsNonRoot: true\n        runAsUser: 1000\n      serviceAccountName: adservice\n      terminationGracePeriodSeconds: 5\n",
            "yaml_body_parsed": "apiVersion: apps/v1\nkind: Deployment\nmetadata:\n  labels:\n    app: adservice\n  name: adservice\nspec:\n  selector:\n    matchLabels:\n      app: adservice\n  template:\n    metadata:\n      labels:\n        app: adservice\n    spec:\n      containers:\n      - env:\n        - name: PORT\n          value: \"9555\"\n        image: us-central1-docker.pkg.dev/google-samples/microservices-demo/adservice:v0.10.3\n        livenessProbe:\n          grpc:\n            port: 9555\n          initialDelaySeconds: 20\n          periodSeconds: 15\n        name: server\n        ports:\n        - containerPort: 9555\n        readinessProbe:\n          grpc:\n            port: 9555\n          initialDelaySeconds: 20\n          periodSeconds: 15\n        resources:\n          limits:\n            cpu: 300m\n            memory: 300Mi\n          requests:\n            cpu: 200m\n            memory: 180Mi\n        securityContext:\n          allowPrivilegeEscalation: false\n          capabilities:\n            drop:\n            - ALL\n          privileged: false\n          readOnlyRootFilesystem: true\n      securityContext:\n        fsGroup: 1000\n        runAsGroup: 1000\n        runAsNonRoot: true\n        runAsUser: 1000\n      serviceAccountName: adservice\n      terminationGracePeriodSeconds: 5\n",
            "yaml_incluster": "0349f0d4a78986686fd3babf74c3afbe38d3e5272ffff3116ca8d47783e478c4"
          },
          "sensitive_attributes": [],
          "private": "eyJlMmJmYjczMC1lY2FhLTExZTYtOGY4OC0zNDM2M2JjN2M0YzAiOnsiY3JlYXRlIjo2MDAwMDAwMDAwMDB9LCJzY2hlbWFfdmVyc2lvbiI6IjEifQ==",
          "dependencies": [
            "data.aws_eks_cluster.this",
            "data.aws_eks_cluster_auth.this",
            "data.http.microservices_demo",
            "data.kubectl_file_documents.microservices_demo",
            "module.eks.aws_cloudwatch_log_group.this",
            "module.eks.aws_ec2_tag.cluster_primary_security_group",
            "module.eks.aws_eks_access_entry.this",
            "module.eks.aws_eks_access_policy_association.this",
            "module.eks.aws_eks_addon.before_compute",
            "module.eks.aws_eks_addon.this",
            "module.eks.aws_eks_cluster.this",
            "module.eks.aws_eks_identity_provider_config.this",
            "module.eks.aws_iam_openid_connect_provider.oidc_provider",
            "module.eks.aws_iam_policy.cluster_encryption",
            "module.eks.aws_iam_policy.cni_ipv6_policy",
            "module.eks.aws_iam_policy.custom",
            "module.eks.aws_iam_role.eks_auto",
            "module.eks.aws_iam_role.this",
            "module.eks.aws_iam_role_policy_attachment.additional",
            "module.eks.aws_iam_role_policy_attachment.cluster_encryption",
            "module.eks.aws_iam_role_policy_attachment.custom",
            "module.eks.aws_iam_role_policy_attachment.eks_auto",
            "module.eks.aws_iam_role_policy_attachment.eks_auto_additional",
            "module.eks.aws_iam_role_policy_attachment.this",
            "module.eks.aws_security_group.cluster",
            "module.eks.aws_security_group.node",
            "module.eks.aws_security_group_rule.cluster",
            "module.eks.aws_security_group_rule.node",
            "module.eks.data.aws_caller_identity.current",
            "module.eks.data.aws_eks_addon_version.this",
            "module.eks.data.aws_iam_policy_document.assume_role_policy",
            "module.eks.data.aws_iam_policy_document.cni_ipv6_policy",
            "module.eks.data.aws_iam_policy_document.custom",
            "module.eks.data.aws_iam_policy_document.node_assume_role_policy",
            "module.eks.data.aws_iam_session_context.current",
            "module.eks.data.aws_partition.current",
            "module.eks.data.tls_certificate.this",
            "module.eks.module.eks_managed_node_group.aws_autoscaling_schedule.this",
            "module.eks.module.eks_managed_node_group.aws_eks_node_group.this",
            "module.eks.module.eks_managed_node_group.aws_iam_role.this",
            "module.eks.module.eks_managed_node_group.aws_iam_role_policy.this",
            "module.eks.module.eks_managed_node_group.aws_iam_role_policy_attachment.additional",
            "module.eks.module.eks_managed_node_group.aws_iam_role_policy_attachment.this",
            "module.eks.module.eks_managed_node_group.aws_launch_template.this",
            "module.eks.module.eks_managed_node_group.aws_placement_group.this",
            "module.eks.module.eks_managed_node_group.data.aws_caller_identity.current",
            "module.eks.module.eks_managed_node_group.data.aws_ec2_instance_type.this",
            "module.eks.module.eks_managed_node_group.data.aws_ec2_instance_type_offerings.this",
            "module.eks.module.eks_managed_node_group.data.aws_iam_policy_document.assume_role_policy",
            "module.eks.module.eks_managed_node_group.data.aws_iam_policy_document.role",
            "module.eks.module.eks_managed_node_group.data.aws_partition.current",
            "module.eks.module.eks_managed_node_group.data.aws_ssm_parameter.ami",
            "module.eks.module.eks_managed_node_group.data.aws_subnets.placement_group",
            "module.eks.module.eks_managed_node_group.module.user_data.data.cloudinit_config.al2023_eks_managed_node_group",
            "module.eks.module.eks_managed_node_group.module.user_data.data.cloudinit_config.linux_eks_managed_node_group",
            "module.eks.module.eks_managed_node_group.module.user_data.null_resource.validate_cluster_service_cidr",
            "module.eks.module.fargate_profile.aws_eks_fargate_profile.this",
            "module.eks.module.fargate_profile.aws_iam_role.this",
            "module.eks.module.fargate_profile.aws_iam_role_policy.this",
            "module.eks.module.fargate_profile.aws_iam_role_policy_attachment.additional",
            "module.eks.module.fargate_profile.aws_iam_role_policy_attachment.this",
            "module.eks.module.fargate_profile.data.aws_caller_identity.current",
            "module.eks.module.fargate_profile.data.aws_iam_policy_document.assume_role_policy",
            "module.eks.module.fargate_profile.data.aws_iam_policy_document.role",
            "module.eks.module.fargate_profile.data.aws_partition.current",
            "module.eks.module.fargate_profile.data.aws_region.current",
            "module.eks.module.kms.aws_kms_alias.this",
            "module.eks.module.kms.aws_kms_external_key.this",
            "module.eks.module.kms.aws_kms_grant.this",
            "module.eks.module.kms.aws_kms_key.this",
            "module.eks.module.kms.aws_kms_replica_external_key.this",
            "module.eks.module.kms.aws_kms_replica_key.this",
            "module.eks.module.kms.data.aws_caller_identity.current",
            "module.eks.module.kms.data.aws_iam_policy_document.this",
            "module.eks.module.kms.data.aws_partition.current",
            "module.eks.module.self_managed_node_group.aws_autoscaling_group.this",
            "module.eks.module.self_managed_node_group.aws_autoscaling_schedule.this",
            "module.eks.module.self_managed_node_group.aws_eks_access_entry.this",
            "module.eks.module.self_managed_node_group.aws_iam_instance_profile.this",
            "module.eks.module.self_managed_node_group.aws_iam_role.this",
            "module.eks.module.self_managed_node_group.aws_iam_role_policy.this",
            "module.eks.module.self_managed_node_group.aws_iam_role_policy_attachment.additional",
            "module.eks.module.self_managed_node_group.aws_iam_role_policy_attachment.this",
            "module.eks.module.self_managed_node_group.aws_launch_template.this",
            "module.eks.module.self_managed_node_group.aws_placement_group.this",
            "module.eks.module.self_managed_node_group.data.aws_caller_identity.current",
            "module.eks.module.self_managed_node_group.data.aws_ec2_instance_type.this",
            "module.eks.module.self_managed_node_group.data.aws_ec2_instance_type_offerings.this",
            "module.eks.module.self_managed_node_group.data.aws_iam_policy_document.assume_role_policy",
            "module.eks.module.self_managed_node_group.data.aws_iam_policy_document.role",
            "module.eks.module.self_managed_node_group.data.aws_partition.current",
            "module.eks.module.self_managed_node_group.data.aws_ssm_parameter.ami",
            "module.eks.module.self_managed_node_group.data.aws_subnets.placement_group",
            "module.eks.module.self_managed_node_group.module.user_data.data.cloudinit_config.al2023_eks_managed_node_group",
            "module.eks.module.self_managed_node_group.module.user_data.data.cloudinit_config.linux_eks_managed_node_group",
            "module.eks.module.self_managed_node_group.module.user_data.null_resource.validate_cluster_service_cidr",
            "module.eks.time_sleep.this",
            "module.vpc.aws_subnet.private",
            "module.vpc.aws_subnet.public",
            "module.vpc.aws_vpc.this",
            "module.vpc.aws_vpc_ipv4_cidr_block_association.this",
            "time_sleep.wait_for_cluster_ready"
          ]
        },
        {
          "index_key": "/apis/apps/v1/deployments/cartservice",
          "schema_version": 1,
          "attributes": {
            "api_version": "apps/v1",
            "apply_only": false,
            "force_conflicts": false,
            "force_new": false,
            "id": "/apis/apps/v1/namespaces/default/deployments/cartservice",
            "ignore_fields": null,
            "kind": "Deployment",
            "live_manifest_incluster": "395e482580c719f0bbe7e2ccb4d1c8f4746ee4ef11b4a338837a8f3c23ddd4df",
            "live_uid": "7f1a1caf-aab5-4abc-a38b-ae514b0d0a11",
            "name": "cartservice",
            "namespace": null,
            "override_namespace": null,
            "sensitive_fields": null,
            "server_side_apply": false,
            "timeouts": null,
            "uid": "7f1a1caf-aab5-4abc-a38b-ae514b0d0a11",
            "validate_schema": true,
            "wait": null,
            "wait_for_rollout": true,
            "yaml_body": "apiVersion: apps/v1\nkind: Deployment\nmetadata:\n  labels:\n    app: cartservice\n  name: cartservice\nspec:\n  selector:\n    matchLabels:\n      app: cartservice\n  template:\n    metadata:\n      labels:\n        app: cartservice\n    spec:\n      containers:\n      - env:\n        - name: REDIS_ADDR\n          value: redis-cart:6379\n        image: us-central1-docker.pkg.dev/google-samples/microservices-demo/cartservice:v0.10.3\n        livenessProbe:\n          grpc:\n            port: 7070\n          initialDelaySeconds: 15\n          periodSeconds: 10\n        name: server\n        ports:\n        - containerPort: 7070\n        readinessProbe:\n          grpc:\n            port: 7070\n          initialDelaySeconds: 15\n        resources:\n          limits:\n            cpu: 300m\n            memory: 128Mi\n          requests:\n            cpu: 200m\n            memory: 64Mi\n        securityContext:\n          allowPrivilegeEscalation: false\n          capabilities:\n            drop:\n            - ALL\n          privileged: false\n          readOnlyRootFilesystem: true\n      securityContext:\n        fsGroup: 1000\n        runAsGroup: 1000\n        runAsNonRoot: true\n        runAsUser: 1000\n      serviceAccountName: cartservice\n      terminationGracePeriodSeconds: 5\n",
            "yaml_body_parsed": "apiVersion: apps/v1\nkind: Deployment\nmetadata:\n  labels:\n    app: cartservice\n  name: cartservice\nspec:\n  selector:\n    matchLabels:\n      app: cartservice\n  template:\n    metadata:\n      labels:\n        app: cartservice\n    spec:\n      containers:\n      - env:\n        - name: REDIS_ADDR\n          value: redis-cart:6379\n        image: us-central1-docker.pkg.dev/google-samples/microservices-demo/cartservice:v0.10.3\n        livenessProbe:\n          grpc:\n            port: 7070\n          initialDelaySeconds: 15\n          periodSeconds: 10\n        name: server\n        ports:\n        - containerPort: 7070\n        readinessProbe:\n          grpc:\n            port: 7070\n          initialDelaySeconds: 15\n        resources:\n          limits:\n            cpu: 300m\n            memory: 128Mi\n          requests:\n            cpu: 200m\n            memory: 64Mi\n        securityContext:\n          allowPrivilegeEscalation: false\n          capabilities:\n            drop:\n            - ALL\n          privileged: false\n          readOnlyRootFilesystem: true\n      securityContext:\n        fsGroup: 1000\n        runAsGroup: 1000\n        runAsNonRoot: true\n        runAsUser: 1000\n      serviceAccountName: cartservice\n      terminationGracePeriodSeconds: 5\n",
            "yaml_incluster": "395e482580c719f0bbe7e2ccb4d1c8f4746ee4ef11b4a338837a8f3c23ddd4df"
          },
          "sensitive_attributes": [],
          "private": "eyJlMmJmYjczMC1lY2FhLTExZTYtOGY4OC0zNDM2M2JjN2M0YzAiOnsiY3JlYXRlIjo2MDAwMDAwMDAwMDB9LCJzY2hlbWFfdmVyc2lvbiI6IjEifQ==",
          "dependencies": [
            "data.aws_eks_cluster.this",
            "data.aws_eks_cluster_auth.this",
            "data.http.microservices_demo",
            "data.kubectl_file_documents.microservices_demo",
            "module.eks.aws_cloudwatch_log_group.this",
            "module.eks.aws_ec2_tag.cluster_primary_security_group",
            "module.eks.aws_eks_access_entry.this",
            "module.eks.aws_eks_access_policy_association.this",
            "module.eks.aws_eks_addon.before_compute",
            "module.eks.aws_eks_addon.this",
            "module.eks.aws_eks_cluster.this",
            "module.eks.aws_eks_identity_provider_config.this",
            "module.eks.aws_iam_openid_connect_provider.oidc_provider",
            "module.eks.aws_iam_policy.cluster_encryption",
            "module.eks.aws_iam_policy.cni_ipv6_policy",
            "module.eks.aws_iam_policy.custom",
            "module.eks.aws_iam_role.eks_auto",
            "module.eks.aws_iam_role.this",
            "module.eks.aws_iam_role_policy_attachment.additional",
            "module.eks.aws_iam_role_policy_attachment.cluster_encryption",
            "module.eks.aws_iam_role_policy_attachment.custom",
            "module.eks.aws_iam_role_policy_attachment.eks_auto",
            "module.eks.aws_iam_role_policy_attachment.eks_auto_additional",
            "module.eks.aws_iam_role_policy_attachment.this",
            "module.eks.aws_security_group.cluster",
            "module.eks.aws_security_group.node",
            "module.eks.aws_security_group_rule.cluster",
            "module.eks.aws_security_group_rule.node",
            "module.eks.data.aws_caller_identity.current",
            "module.eks.data.aws_eks_addon_version.this",
            "module.eks.data.aws_iam_policy_document.assume_role_policy",
            "module.eks.data.aws_iam_policy_document.cni_ipv6_policy",
            "module.eks.data.aws_iam_policy_document.custom",
            "module.eks.data.aws_iam_policy_document.node_assume_role_policy",
            "module.eks.data.aws_iam_session_context.current",
            "module.eks.data.aws_partition.current",
            "module.eks.data.tls_certificate.this",
            "module.eks.module.eks_managed_node_group.aws_autoscaling_schedule.this",
            "module.eks.module.eks_managed_node_group.aws_eks_node_group.this",
            "module.eks.module.eks_managed_node_group.aws_iam_role.this",
            "module.eks.module.eks_managed_node_group.aws_iam_role_policy.this",
            "module.eks.module.eks_managed_node_group.aws_iam_role_policy_attachment.additional",
            "module.eks.module.eks_managed_node_group.aws_iam_role_policy_attachment.this",
            "module.eks.module.eks_managed_node_group.aws_launch_template.this",
            "module.eks.module.eks_managed_node_group.aws_placement_group.this",
            "module.eks.module.eks_managed_node_group.data.aws_caller_identity.current",
            "module.eks.module.eks_managed_node_group.data.aws_ec2_instance_type.this",
            "module.eks.module.eks_managed_node_group.data.aws_ec2_instance_type_offerings.this",
            "module.eks.module.eks_managed_node_group.data.aws_iam_policy_document.assume_role_policy",
            "module.eks.module.eks_managed_node_group.data.aws_iam_policy_document.role",
            "module.eks.module.eks_managed_node_group.data.aws_partition.current",
            "module.eks.module.eks_managed_node_group.data.aws_ssm_parameter.ami",
            "module.eks.module.eks_managed_node_group.data.aws_subnets.placement_group",
            "module.eks.module.eks_managed_node_group.module.user_data.data.cloudinit_config.al2023_eks_managed_node_group",
            "module.eks.module.eks_managed_node_group.module.user_data.data.cloudinit_config.linux_eks_managed_node_group",
            "module.eks.module.eks_managed_node_group.module.user_data.null_resource.validate_cluster_service_cidr",
            "module.eks.module.fargate_profile.aws_eks_fargate_profile.this",
            "module.eks.module.fargate_profile.aws_iam_role.this",
            "module.eks.module.fargate_profile.aws_iam_role_policy.this",
            "module.eks.module.fargate_profile.aws_iam_role_policy_attachment.additional",
            "module.eks.module.fargate_profile.aws_iam_role_policy_attachment.this",
            "module.eks.module.fargate_profile.data.aws_caller_identity.current",
            "module.eks.module.fargate_profile.data.aws_iam_policy_document.assume_role_policy",
            "module.eks.module.fargate_profile.data.aws_iam_policy_document.role",
            "module.eks.module.fargate_profile.data.aws_partition.current",
            "module.eks.module.fargate_profile.data.aws_region.current",
            "module.eks.module.kms.aws_kms_alias.this",
            "module.eks.module.kms.aws_kms_external_key.this",
            "module.eks.module.kms.aws_kms_grant.this",
            "module.eks.module.kms.aws_kms_key.this",
            "module.eks.module.kms.aws_kms_replica_external_key.this",
            "module.eks.module.kms.aws_kms_replica_key.this",
            "module.eks.module.kms.data.aws_caller_identity.current",
            "module.eks.module.kms.data.aws_iam_policy_document.this",
            "module.eks.module.kms.data.aws_partition.current",
            "module.eks.module.self_managed_node_group.aws_autoscaling_group.this",
            "module.eks.module.self_managed_node_group.aws_autoscaling_schedule.this",
            "module.eks.module.self_managed_node_group.aws_eks_access_entry.this",
            "module.eks.module.self_managed_node_group.aws_iam_instance_profile.this",
            "module.eks.module.self_managed_node_group.aws_iam_role.this",
            "module.eks.module.self_managed_node_group.aws_iam_role_policy.this",
            "module.eks.module.self_managed_node_group.aws_iam_role_policy_attachment.additional",
            "module.eks.module.self_managed_node_group.aws_iam_role_policy_attachment.this",
            "module.eks.module.self_managed_node_group.aws_launch_template.this",
            "module.eks.module.self_managed_node_group.aws_placement_group.this",
            "module.eks.module.self_managed_node_group.data.aws_caller_identity.current",
            "module.eks.module.self_managed_node_group.data.aws_ec2_instance_type.this",
            "module.eks.module.self_managed_node_group.data.aws_ec2_instance_type_offerings.this",
            "module.eks.module.self_managed_node_group.data.aws_iam_policy_document.assume_role_policy",
            "module.eks.module.self_managed_node_group.data.aws_iam_policy_document.role",
            "module.eks.module.self_managed_node_group.data.aws_partition.current",
            "module.eks.module.self_managed_node_group.data.aws_ssm_parameter.ami",
            "module.eks.module.self_managed_node_group.data.aws_subnets.placement_group",
            "module.eks.module.self_managed_node_group.module.user_data.data.cloudinit_config.al2023_eks_managed_node_group",
            "module.eks.module.self_managed_node_group.module.user_data.data.cloudinit_config.linux_eks_managed_node_group",
            "module.eks.module.self_managed_node_group.module.user_data.null_resource.validate_cluster_service_cidr",
            "module.eks.time_sleep.this",
            "module.vpc.aws_subnet.private",
            "module.vpc.aws_subnet.public",
            "module.vpc.aws_vpc.this",
            "module.vpc.aws_vpc_ipv4_cidr_block_association.this",
            "time_sleep.wait_for_cluster_ready"
          ]
        },
        {
          "index_key": "/apis/apps/v1/deployments/checkoutservice",
          "schema_version": 1,
          "attributes": {
            "api_version": "apps/v1",
            "apply_only": false,
            "force_conflicts": false,
            "force_new": false,
            "id": "/apis/apps/v1/namespaces/default/deployments/checkoutservice",
            "ignore_fields": null,
            "kind": "Deployment",
            "live_manifest_incluster": "4970c8aa09b5c5825c138b8d402cae9572b4344f8a6bb48e857c513a5b003521",
            "live_uid": "0f8cc66d-d991-47fe-a17e-9cb54837546f",
            "name": "checkoutservice",
            "namespace": null,
            "override_namespace": null,
            "sensitive_fields": null,
            "server_side_apply": false,
            "timeouts": null,
            "uid": "0f8cc66d-d991-47fe-a17e-9cb54837546f",
            "validate_schema": true,
            "wait": null,
            "wait_for_rollout": true,
            "yaml_body": "apiVersion: apps/v1\nkind: Deployment\nmetadata:\n  labels:\n    app: checkoutservice\n  name: checkoutservice\nspec:\n  selector:\n    matchLabels:\n      app: checkoutservice\n  template:\n    metadata:\n      labels:\n        app: checkoutservice\n    spec:\n      containers:\n      - env:\n        - name: PORT\n          value: \"5050\"\n        - name: PRODUCT_CATALOG_SERVICE_ADDR\n          value: productcatalogservice:3550\n        - name: SHIPPING_SERVICE_ADDR\n          value: shippingservice:50051\n        - name: PAYMENT_SERVICE_ADDR\n          value: paymentservice:50051\n        - name: EMAIL_SERVICE_ADDR\n          value: emailservice:5000\n        - name: CURRENCY_SERVICE_ADDR\n          value: currencyservice:7000\n        - name: CART_SERVICE_ADDR\n          value: cartservice:7070\n        image: us-central1-docker.pkg.dev/google-samples/microservices-demo/checkoutservice:v0.10.3\n        livenessProbe:\n          grpc:\n            port: 5050\n        name: server\n        ports:\n        - containerPort: 5050\n        readinessProbe:\n          grpc:\n            port: 5050\n        resources:\n          limits:\n            cpu: 200m\n            memory: 128Mi\n          requests:\n            cpu: 100m\n            memory: 64Mi\n        securityContext:\n          allowPrivilegeEscalation: false\n          capabilities:\n            drop:\n            - ALL\n          privileged: false\n          readOnlyRootFilesystem: true\n      securityContext:\n        fsGroup: 1000\n        runAsGroup: 1000\n        runAsNonRoot: true\n        runAsUser: 1000\n      serviceAccountName: checkoutservice\n",
            "yaml_body_parsed": "apiVersion: apps/v1\nkind: Deployment\nmetadata:\n  labels:\n    app: checkoutservice\n  name: checkoutservice\nspec:\n  selector:\n    matchLabels:\n      app: checkoutservice\n  template:\n    metadata:\n      labels:\n        app: checkoutservice\n    spec:\n      containers:\n      - env:\n        - name: PORT\n          value: \"5050\"\n        - name: PRODUCT_CATALOG_SERVICE_ADDR\n          value: productcatalogservice:3550\n        - name: SHIPPING_SERVICE_ADDR\n          value: shippingservice:50051\n        - name: PAYMENT_SERVICE_ADDR\n          value: paymentservice:50051\n        - name: EMAIL_SERVICE_ADDR\n          value: emailservice:5000\n        - name: CURRENCY_SERVICE_ADDR\n          value: currencyservice:7000\n        - name: CART_SERVICE_ADDR\n          value: cartservice:7070\n        image: us-central1-docker.pkg.dev/google-samples/microservices-demo/checkoutservice:v0.10.3\n        livenessProbe:\n          grpc:\n            port: 5050\n        name: server\n        ports:\n        - containerPort: 5050\n        readinessProbe:\n          grpc:\n            port: 5050\n        resources:\n          limits:\n            cpu: 200m\n            memory: 128Mi\n          requests:\n            cpu: 100m\n            memory: 64Mi\n        securityContext:\n          allowPrivilegeEscalation: false\n          capabilities:\n            drop:\n            - ALL\n          privileged: false\n          readOnlyRootFilesystem: true\n      securityContext:\n        fsGroup: 1000\n        runAsGroup: 1000\n        runAsNonRoot: true\n        runAsUser: 1000\n      serviceAccountName: checkoutservice\n",
            "yaml_incluster": "4970c8aa09b5c5825c138b8d402cae9572b4344f8a6bb48e857c513a5b003521"
          },
          "sensitive_attributes": [],
          "private": "eyJlMmJmYjczMC1lY2FhLTExZTYtOGY4OC0zNDM2M2JjN2M0YzAiOnsiY3JlYXRlIjo2MDAwMDAwMDAwMDB9LCJzY2hlbWFfdmVyc2lvbiI6IjEifQ==",
          "dependencies": [
            "data.aws_eks_cluster.this",
            "data.aws_eks_cluster_auth.this",
            "data.http.microservices_demo",
            "data.kubectl_file_documents.microservices_demo",
            "module.eks.aws_cloudwatch_log_group.this",
            "module.eks.aws_ec2_tag.cluster_primary_security_group",
            "module.eks.aws_eks_access_entry.this",
            "module.eks.aws_eks_access_policy_association.this",
            "module.eks.aws_eks_addon.before_compute",
            "module.eks.aws_eks_addon.this",
            "module.eks.aws_eks_cluster.this",
            "module.eks.aws_eks_identity_provider_config.this",
            "module.eks.aws_iam_openid_connect_provider.oidc_provider",
            "module.eks.aws_iam_policy.cluster_encryption",
            "module.eks.aws_iam_policy.cni_ipv6_policy",
            "module.eks.aws_iam_policy.custom",
            "module.eks.aws_iam_role.eks_auto",
            "module.eks.aws_iam_role.this",
            "module.eks.aws_iam_role_policy_attachment.additional",
            "module.eks.aws_iam_role_policy_attachment.cluster_encryption",
            "module.eks.aws_iam_role_policy_attachment.custom",
            "module.eks.aws_iam_role_policy_attachment.eks_auto",
            "module.eks.aws_iam_role_policy_attachment.eks_auto_additional",
            "module.eks.aws_iam_role_policy_attachment.this",
            "module.eks.aws_security_group.cluster",
            "module.eks.aws_security_group.node",
            "module.eks.aws_security_group_rule.cluster",
            "module.eks.aws_security_group_rule.node",
            "module.eks.data.aws_caller_identity.current",
            "module.eks.data.aws_eks_addon_version.this",
            "module.eks.data.aws_iam_policy_document.assume_role_policy",
            "module.eks.data.aws_iam_policy_document.cni_ipv6_policy",
            "module.eks.data.aws_iam_policy_document.custom",
            "module.eks.data.aws_iam_policy_document.node_assume_role_policy",
            "module.eks.data.aws_iam_session_context.current",
            "module.eks.data.aws_partition.current",
            "module.eks.data.tls_certificate.this",
            "module.eks.module.eks_managed_node_group.aws_autoscaling_schedule.this",
            "module.eks.module.eks_managed_node_group.aws_eks_node_group.this",
            "module.eks.module.eks_managed_node_group.aws_iam_role.this",
            "module.eks.module.eks_managed_node_group.aws_iam_role_policy.this",
            "module.eks.module.eks_managed_node_group.aws_iam_role_policy_attachment.additional",
            "module.eks.module.eks_managed_node_group.aws_iam_role_policy_attachment.this",
            "module.eks.module.eks_managed_node_group.aws_launch_template.this",
            "module.eks.module.eks_managed_node_group.aws_placement_group.this",
            "module.eks.module.eks_managed_node_group.data.aws_caller_identity.current",
            "module.eks.module.eks_managed_node_group.data.aws_ec2_instance_type.this",
            "module.eks.module.eks_managed_node_group.data.aws_ec2_instance_type_offerings.this",
            "module.eks.module.eks_managed_node_group.data.aws_iam_policy_document.assume_role_policy",
            "module.eks.module.eks_managed_node_group.data.aws_iam_policy_document.role",
            "module.eks.module.eks_managed_node_group.data.aws_partition.current",
            "module.eks.module.eks_managed_node_group.data.aws_ssm_parameter.ami",
            "module.eks.module.eks_managed_node_group.data.aws_subnets.placement_group",
            "module.eks.module.eks_managed_node_group.module.user_data.data.cloudinit_config.al2023_eks_managed_node_group",
            "module.eks.module.eks_managed_node_group.module.user_data.data.cloudinit_config.linux_eks_managed_node_group",
            "module.eks.module.eks_managed_node_group.module.user_data.null_resource.validate_cluster_service_cidr",
            "module.eks.module.fargate_profile.aws_eks_fargate_profile.this",
            "module.eks.module.fargate_profile.aws_iam_role.this",
            "module.eks.module.fargate_profile.aws_iam_role_policy.this",
            "module.eks.module.fargate_profile.aws_iam_role_policy_attachment.additional",
            "module.eks.module.fargate_profile.aws_iam_role_policy_attachment.this",
            "module.eks.module.fargate_profile.data.aws_caller_identity.current",
            "module.eks.module.fargate_profile.data.aws_iam_policy_document.assume_role_policy",
            "module.eks.module.fargate_profile.data.aws_iam_policy_document.role",
            "module.eks.module.fargate_profile.data.aws_partition.current",
            "module.eks.module.fargate_profile.data.aws_region.current",
            "module.eks.module.kms.aws_kms_alias.this",
            "module.eks.module.kms.aws_kms_external_key.this",
            "module.eks.module.kms.aws_kms_grant.this",
            "module.eks.module.kms.aws_kms_key.this",
            "module.eks.module.kms.aws_kms_replica_external_key.this",
            "module.eks.module.kms.aws_kms_replica_key.this",
            "module.eks.module.kms.data.aws_caller_identity.current",
            "module.eks.module.kms.data.aws_iam_policy_document.this",
            "module.eks.module.kms.data.aws_partition.current",
            "module.eks.module.self_managed_node_group.aws_autoscaling_group.this",
            "module.eks.module.self_managed_node_group.aws_autoscaling_schedule.this",
            "module.eks.module.self_managed_node_group.aws_eks_access_entry.this",
            "module.eks.module.self_managed_node_group.aws_iam_instance_profile.this",
            "module.eks.module.self_managed_node_group.aws_iam_role.this",
            "module.eks.module.self_managed_node_group.aws_iam_role_policy.this",
            "module.eks.module.self_managed_node_group.aws_iam_role_policy_attachment.additional",
            "module.eks.module.self_managed_node_group.aws_iam_role_policy_attachment.this",
            "module.eks.module.self_managed_node_group.aws_launch_template.this",
            "module.eks.module.self_managed_node_group.aws_placement_group.this",
            "module.eks.module.self_managed_node_group.data.aws_caller_identity.current",
            "module.eks.module.self_managed_node_group.data.aws_ec2_instance_type.this",
            "module.eks.module.self_managed_node_group.data.aws_ec2_instance_type_offerings.this",
            "module.eks.module.self_managed_node_group.data.aws_iam_policy_document.assume_role_policy",
            "module.eks.module.self_managed_node_group.data.aws_iam_policy_document.role",
            "module.eks.module.self_managed_node_group.data.aws_partition.current",
            "module.eks.module.self_managed_node_group.data.aws_ssm_parameter.ami",
            "module.eks.module.self_managed_node_group.data.aws_subnets.placement_group",
            "module.eks.module.self_managed_node_group.module.user_data.data.cloudinit_config.al2023_eks_managed_node_group",
            "module.eks.module.self_managed_node_group.module.user_data.data.cloudinit_config.linux_eks_managed_node_group",
            "module.eks.module.self_managed_node_group.module.user_data.null_resource.validate_cluster_service_cidr",
            "module.eks.time_sleep.this",
            "module.vpc.aws_subnet.private",
            "module.vpc.aws_subnet.public",
            "module.vpc.aws_vpc.this",
            "module.vpc.aws_vpc_ipv4_cidr_block_association.this",
            "time_sleep.wait_for_cluster_ready"
          ]
        },
        {
          "index_key": "/apis/apps/v1/deployments/currencyservice",
          "schema_version": 1,
          "attributes": {
            "api_version": "apps/v1",
            "apply_only": false,
            "force_conflicts": false,
            "force_new": false,
            "id": "/apis/apps/v1/namespaces/default/deployments/currencyservice",
            "ignore_fields": null,
            "kind": "Deployment",
            "live_manifest_incluster": "6e96e1971a0082f399fd0f41954040484bbcfa0b7d330da053e975d534fb5671",
            "live_uid": "c49e23e3-5780-4e9c-95ff-e4b89666b5a0",
            "name": "currencyservice",
            "namespace": null,
            "override_namespace": null,
            "sensitive_fields": null,
            "server_side_apply": false,
            "timeouts": null,
            "uid": "c49e23e3-5780-4e9c-95ff-e4b89666b5a0",
            "validate_schema": true,
            "wait": null,
            "wait_for_rollout": true,
            "yaml_body": "apiVersion: apps/v1\nkind: Deployment\nmetadata:\n  labels:\n    app: currencyservice\n  name: currencyservice\nspec:\n  selector:\n    matchLabels:\n      app: currencyservice\n  template:\n    metadata:\n      labels:\n        app: currencyservice\n    spec:\n      containers:\n      - env:\n        - name: PORT\n          value: \"7000\"\n        - name: DISABLE_PROFILER\n          value: \"1\"\n        image: us-central1-docker.pkg.dev/google-samples/microservices-demo/currencyservice:v0.10.3\n        livenessProbe:\n          grpc:\n            port: 7000\n        name: server\n        ports:\n        - containerPort: 7000\n          name: grpc\n        readinessProbe:\n          grpc:\n            port: 7000\n        resources:\n          limits:\n            cpu: 200m\n            memory: 128Mi\n          requests:\n            cpu: 100m\n            memory: 64Mi\n        securityContext:\n          allowPrivilegeEscalation: false\n          capabilities:\n            drop:\n            - ALL\n          privileged: false\n          readOnlyRootFilesystem: true\n      securityContext:\n        fsGroup: 1000\n        runAsGroup: 1000\n        runAsNonRoot: true\n        runAsUser: 1000\n      serviceAccountName: currencyservice\n      terminationGracePeriodSeconds: 5\n",
            "yaml_body_parsed": "apiVersion: apps/v1\nkind: Deployment\nmetadata:\n  labels:\n    app: currencyservice\n  name: currencyservice\nspec:\n  selector:\n    matchLabels:\n      app: currencyservice\n  template:\n    metadata:\n      labels:\n        app: currencyservice\n    spec:\n      containers:\n      - env:\n        - name: PORT\n          value: \"7000\"\n        - name: DISABLE_PROFILER\n          value: \"1\"\n        image: us-central1-docker.pkg.dev/google-samples/microservices-demo/currencyservice:v0.10.3\n        livenessProbe:\n          grpc:\n            port: 7000\n        name: server\n        ports:\n        - containerPort: 7000\n          name: grpc\n        readinessProbe:\n          grpc:\n            port: 7000\n        resources:\n          limits:\n            cpu: 200m\n            memory: 128Mi\n          requests:\n            cpu: 100m\n            memory: 64Mi\n        securityContext:\n          allowPrivilegeEscalation: false\n          capabilities:\n            drop:\n            - ALL\n          privileged: false\n          readOnlyRootFilesystem: true\n      securityContext:\n        fsGroup: 1000\n        runAsGroup: 1000\n        runAsNonRoot: true\n        runAsUser: 1000\n      serviceAccountName: currencyservice\n      terminationGracePeriodSeconds: 5\n",
            "yaml_incluster": "6e96e1971a0082f399fd0f41954040484bbcfa0b7d330da053e975d534fb5671"
          },
          "sensitive_attributes": [],
          "private": "eyJlMmJmYjczMC1lY2FhLTExZTYtOGY4OC0zNDM2M2JjN2M0YzAiOnsiY3JlYXRlIjo2MDAwMDAwMDAwMDB9LCJzY2hlbWFfdmVyc2lvbiI6IjEifQ==",
          "dependencies": [
            "data.aws_eks_cluster.this",
            "data.aws_eks_cluster_auth.this",
            "data.http.microservices_demo",
            "data.kubectl_file_documents.microservices_demo",
            "module.eks.aws_cloudwatch_log_group.this",
            "module.eks.aws_ec2_tag.cluster_primary_security_group",
            "module.eks.aws_eks_access_entry.this",
            "module.eks.aws_eks_access_policy_association.this",
            "module.eks.aws_eks_addon.before_compute",
            "module.eks.aws_eks_addon.this",
            "module.eks.aws_eks_cluster.this",
            "module.eks.aws_eks_identity_provider_config.this",
            "module.eks.aws_iam_openid_connect_provider.oidc_provider",
            "module.eks.aws_iam_policy.cluster_encryption",
            "module.eks.aws_iam_policy.cni_ipv6_policy",
            "module.eks.aws_iam_policy.custom",
            "module.eks.aws_iam_role.eks_auto",
            "module.eks.aws_iam_role.this",
            "module.eks.aws_iam_role_policy_attachment.additional",
            "module.eks.aws_iam_role_policy_attachment.cluster_encryption",
            "module.eks.aws_iam_role_policy_attachment.custom",
            "module.eks.aws_iam_role_policy_attachment.eks_auto",
            "module.eks.aws_iam_role_policy_attachment.eks_auto_additional",
            "module.eks.aws_iam_role_policy_attachment.this",
            "module.eks.aws_security_group.cluster",
            "module.eks.aws_security_group.node",
            "module.eks.aws_security_group_rule.cluster",
            "module.eks.aws_security_group_rule.node",
            "module.eks.data.aws_caller_identity.current",
            "module.eks.data.aws_eks_addon_version.this",
            "module.eks.data.aws_iam_policy_document.assume_role_policy",
            "module.eks.data.aws_iam_policy_document.cni_ipv6_policy",
            "module.eks.data.aws_iam_policy_document.custom",
            "module.eks.data.aws_iam_policy_document.node_assume_role_policy",
            "module.eks.data.aws_iam_session_context.current",
            "module.eks.data.aws_partition.current",
            "module.eks.data.tls_certificate.this",
            "module.eks.module.eks_managed_node_group.aws_autoscaling_schedule.this",
            "module.eks.module.eks_managed_node_group.aws_eks_node_group.this",
            "module.eks.module.eks_managed_node_group.aws_iam_role.this",
            "module.eks.module.eks_managed_node_group.aws_iam_role_policy.this",
            "module.eks.module.eks_managed_node_group.aws_iam_role_policy_attachment.additional",
            "module.eks.module.eks_managed_node_group.aws_iam_role_policy_attachment.this",
            "module.eks.module.eks_managed_node_group.aws_launch_template.this",
            "module.eks.module.eks_managed_node_group.aws_placement_group.this",
            "module.eks.module.eks_managed_node_group.data.aws_caller_identity.current",
            "module.eks.module.eks_managed_node_group.data.aws_ec2_instance_type.this",
            "module.eks.module.eks_managed_node_group.data.aws_ec2_instance_type_offerings.this",
            "module.eks.module.eks_managed_node_group.data.aws_iam_policy_document.assume_role_policy",
            "module.eks.module.eks_managed_node_group.data.aws_iam_policy_document.role",
            "module.eks.module.eks_managed_node_group.data.aws_partition.current",
            "module.eks.module.eks_managed_node_group.data.aws_ssm_parameter.ami",
            "module.eks.module.eks_managed_node_group.data.aws_subnets.placement_group",
            "module.eks.module.eks_managed_node_group.module.user_data.data.cloudinit_config.al2023_eks_managed_node_group",
            "module.eks.module.eks_managed_node_group.module.user_data.data.cloudinit_config.linux_eks_managed_node_group",
            "module.eks.module.eks_managed_node_group.module.user_data.null_resource.validate_cluster_service_cidr",
            "module.eks.module.fargate_profile.aws_eks_fargate_profile.this",
            "module.eks.module.fargate_profile.aws_iam_role.this",
            "module.eks.module.fargate_profile.aws_iam_role_policy.this",
            "module.eks.module.fargate_profile.aws_iam_role_policy_attachment.additional",
            "module.eks.module.fargate_profile.aws_iam_role_policy_attachment.this",
            "module.eks.module.fargate_profile.data.aws_caller_identity.current",
            "module.eks.module.fargate_profile.data.aws_iam_policy_document.assume_role_policy",
            "module.eks.module.fargate_profile.data.aws_iam_policy_document.role",
            "module.eks.module.fargate_profile.data.aws_partition.current",
            "module.eks.module.fargate_profile.data.aws_region.current",
            "module.eks.module.kms.aws_kms_alias.this",
            "module.eks.module.kms.aws_kms_external_key.this",
            "module.eks.module.kms.aws_kms_grant.this",
            "module.eks.module.kms.aws_kms_key.this",
            "module.eks.module.kms.aws_kms_replica_external_key.this",
            "module.eks.module.kms.aws_kms_replica_key.this",
            "module.eks.module.kms.data.aws_caller_identity.current",
            "module.eks.module.kms.data.aws_iam_policy_document.this",
            "module.eks.module.kms.data.aws_partition.current",
            "module.eks.module.self_managed_node_group.aws_autoscaling_group.this",
            "module.eks.module.self_managed_node_group.aws_autoscaling_schedule.this",
            "module.eks.module.self_managed_node_group.aws_eks_access_entry.this",
            "module.eks.module.self_managed_node_group.aws_iam_instance_profile.this",
            "module.eks.module.self_managed_node_group.aws_iam_role.this",
            "module.eks.module.self_managed_node_group.aws_iam_role_policy.this",
            "module.eks.module.self_managed_node_group.aws_iam_role_policy_attachment.additional",
            "module.eks.module.self_managed_node_group.aws_iam_role_policy_attachment.this",
            "module.eks.module.self_managed_node_group.aws_launch_template.this",
            "module.eks.module.self_managed_node_group.aws_placement_group.this",
            "module.eks.module.self_managed_node_group.data.aws_caller_identity.current",
            "module.eks.module.self_managed_node_group.data.aws_ec2_instance_type.this",
            "module.eks.module.self_managed_node_group.data.aws_ec2_instance_type_offerings.this",
            "module.eks.module.self_managed_node_group.data.aws_iam_policy_document.assume_role_policy",
            "module.eks.module.self_managed_node_group.data.aws_iam_policy_document.role",
            "module.eks.module.self_managed_node_group.data.aws_partition.current",
            "module.eks.module.self_managed_node_group.data.aws_ssm_parameter.ami",
            "module.eks.module.self_managed_node_group.data.aws_subnets.placement_group",
            "module.eks.module.self_managed_node_group.module.user_data.data.cloudinit_config.al2023_eks_managed_node_group",
            "module.eks.module.self_managed_node_group.module.user_data.data.cloudinit_config.linux_eks_managed_node_group",
            "module.eks.module.self_managed_node_group.module.user_data.null_resource.validate_cluster_service_cidr",
            "module.eks.time_sleep.this",
            "module.vpc.aws_subnet.private",
            "module.vpc.aws_subnet.public",
            "module.vpc.aws_vpc.this",
            "module.vpc.aws_vpc_ipv4_cidr_block_association.this",
            "time_sleep.wait_for_cluster_ready"
          ]
        },
        {
          "index_key": "/apis/apps/v1/deployments/emailservice",
          "schema_version": 1,
          "attributes": {
            "api_version": "apps/v1",
            "apply_only": false,
            "force_conflicts": false,
            "force_new": false,
            "id": "/apis/apps/v1/namespaces/default/deployments/emailservice",
            "ignore_fields": null,
            "kind": "Deployment",
            "live_manifest_incluster": "8af9ec06c17392462f2a282ef8ad4c49f536024f8e189e65c8b0e3db8caf4e09",
            "live_uid": "c070a6ad-f264-4fc9-9338-e9bd219dfe10",
            "name": "emailservice",
            "namespace": null,
            "override_namespace": null,
            "sensitive_fields": null,
            "server_side_apply": false,
            "timeouts": null,
            "uid": "c070a6ad-f264-4fc9-9338-e9bd219dfe10",
            "validate_schema": true,
            "wait": null,
            "wait_for_rollout": true,
            "yaml_body": "apiVersion: apps/v1\nkind: Deployment\nmetadata:\n  labels:\n    app: emailservice\n  name: emailservice\nspec:\n  selector:\n    matchLabels:\n      app: emailservice\n  template:\n    metadata:\n      labels:\n        app: emailservice\n    spec:\n      containers:\n      - env:\n        - name: PORT\n          value: \"8080\"\n        - name: DISABLE_PROFILER\n          value: \"1\"\n        image: us-central1-docker.pkg.dev/google-samples/microservices-demo/emailservice:v0.10.3\n        livenessProbe:\n          grpc:\n            port: 8080\n          periodSeconds: 5\n        name: server\n        ports:\n        - containerPort: 8080\n        readinessProbe:\n          grpc:\n            port: 8080\n          periodSeconds: 5\n        resources:\n          limits:\n            cpu: 200m\n            memory: 128Mi\n          requests:\n            cpu: 100m\n            memory: 64Mi\n        securityContext:\n          allowPrivilegeEscalation: false\n          capabilities:\n            drop:\n            - ALL\n          privileged: false\n          readOnlyRootFilesystem: true\n      securityContext:\n        fsGroup: 1000\n        runAsGroup: 1000\n        runAsNonRoot: true\n        runAsUser: 1000\n      serviceAccountName: emailservice\n      terminationGracePeriodSeconds: 5\n",
            "yaml_body_parsed": "apiVersion: apps/v1\nkind: Deployment\nmetadata:\n  labels:\n    app: emailservice\n  name: emailservice\nspec:\n  selector:\n    matchLabels:\n      app: emailservice\n  template:\n    metadata:\n      labels:\n        app: emailservice\n    spec:\n      containers:\n      - env:\n        - name: PORT\n          value: \"8080\"\n        - name: DISABLE_PROFILER\n          value: \"1\"\n        image: us-central1-docker.pkg.dev/google-samples/microservices-demo/emailservice:v0.10.3\n        livenessProbe:\n          grpc:\n            port: 8080\n          periodSeconds: 5\n        name: server\n        ports:\n        - containerPort: 8080\n        readinessProbe:\n          grpc:\n            port: 8080\n          periodSeconds: 5\n        resources:\n          limits:\n            cpu: 200m\n            memory: 128Mi\n          requests:\n            cpu: 100m\n            memory: 64Mi\n        securityContext:\n          allowPrivilegeEscalation: false\n          capabilities:\n            drop:\n            - ALL\n          privileged: false\n          readOnlyRootFilesystem: true\n      securityContext:\n        fsGroup: 1000\n        runAsGroup: 1000\n        runAsNonRoot: true\n        runAsUser: 1000\n      serviceAccountName: emailservice\n      terminationGracePeriodSeconds: 5\n",
            "yaml_incluster": "8af9ec06c17392462f2a282ef8ad4c49f536024f8e189e65c8b0e3db8caf4e09"
          },
          "sensitive_attributes": [],
          "private": "eyJlMmJmYjczMC1lY2FhLTExZTYtOGY4OC0zNDM2M2JjN2M0YzAiOnsiY3JlYXRlIjo2MDAwMDAwMDAwMDB9LCJzY2hlbWFfdmVyc2lvbiI6IjEifQ==",
          "dependencies": [
            "data.aws_eks_cluster.this",
            "data.aws_eks_cluster_auth.this",
            "data.http.microservices_demo",
            "data.kubectl_file_documents.microservices_demo",
            "module.eks.aws_cloudwatch_log_group.this",
            "module.eks.aws_ec2_tag.cluster_primary_security_group",
            "module.eks.aws_eks_access_entry.this",
            "module.eks.aws_eks_access_policy_association.this",
            "module.eks.aws_eks_addon.before_compute",
            "module.eks.aws_eks_addon.this",
            "module.eks.aws_eks_cluster.this",
            "module.eks.aws_eks_identity_provider_config.this",
            "module.eks.aws_iam_openid_connect_provider.oidc_provider",
            "module.eks.aws_iam_policy.cluster_encryption",
            "module.eks.aws_iam_policy.cni_ipv6_policy",
            "module.eks.aws_iam_policy.custom",
            "module.eks.aws_iam_role.eks_auto",
            "module.eks.aws_iam_role.this",
            "module.eks.aws_iam_role_policy_attachment.additional",
            "module.eks.aws_iam_role_policy_attachment.cluster_encryption",
            "module.eks.aws_iam_role_policy_attachment.custom",
            "module.eks.aws_iam_role_policy_attachment.eks_auto",
            "module.eks.aws_iam_role_policy_attachment.eks_auto_additional",
            "module.eks.aws_iam_role_policy_attachment.this",
            "module.eks.aws_security_group.cluster",
            "module.eks.aws_security_group.node",
            "module.eks.aws_security_group_rule.cluster",
            "module.eks.aws_security_group_rule.node",
            "module.eks.data.aws_caller_identity.current",
            "module.eks.data.aws_eks_addon_version.this",
            "module.eks.data.aws_iam_policy_document.assume_role_policy",
            "module.eks.data.aws_iam_policy_document.cni_ipv6_policy",
            "module.eks.data.aws_iam_policy_document.custom",
            "module.eks.data.aws_iam_policy_document.node_assume_role_policy",
            "module.eks.data.aws_iam_session_context.current",
            "module.eks.data.aws_partition.current",
            "module.eks.data.tls_certificate.this",
            "module.eks.module.eks_managed_node_group.aws_autoscaling_schedule.this",
            "module.eks.module.eks_managed_node_group.aws_eks_node_group.this",
            "module.eks.module.eks_managed_node_group.aws_iam_role.this",
            "module.eks.module.eks_managed_node_group.aws_iam_role_policy.this",
            "module.eks.module.eks_managed_node_group.aws_iam_role_policy_attachment.additional",
            "module.eks.module.eks_managed_node_group.aws_iam_role_policy_attachment.this",
            "module.eks.module.eks_managed_node_group.aws_launch_template.this",
            "module.eks.module.eks_managed_node_group.aws_placement_group.this",
            "module.eks.module.eks_managed_node_group.data.aws_caller_identity.current",
            "module.eks.module.eks_managed_node_group.data.aws_ec2_instance_type.this",
            "module.eks.module.eks_managed_node_group.data.aws_ec2_instance_type_offerings.this",
            "module.eks.module.eks_managed_node_group.data.aws_iam_policy_document.assume_role_policy",
            "module.eks.module.eks_managed_node_group.data.aws_iam_policy_document.role",
            "module.eks.module.eks_managed_node_group.data.aws_partition.current",
            "module.eks.module.eks_managed_node_group.data.aws_ssm_parameter.ami",
            "module.eks.module.eks_managed_node_group.data.aws_subnets.placement_group",
            "module.eks.module.eks_managed_node_group.module.user_data.data.cloudinit_config.al2023_eks_managed_node_group",
            "module.eks.module.eks_managed_node_group.module.user_data.data.cloudinit_config.linux_eks_managed_node_group",
            "module.eks.module.eks_managed_node_group.module.user_data.null_resource.validate_cluster_service_cidr",
            "module.eks.module.fargate_profile.aws_eks_fargate_profile.this",
            "module.eks.module.fargate_profile.aws_iam_role.this",
            "module.eks.module.fargate_profile.aws_iam_role_policy.this",
            "module.eks.module.fargate_profile.aws_iam_role_policy_attachment.additional",
            "module.eks.module.fargate_profile.aws_iam_role_policy_attachment.this",
            "module.eks.module.fargate_profile.data.aws_caller_identity.current",
            "module.eks.module.fargate_profile.data.aws_iam_policy_document.assume_role_policy",
            "module.eks.module.fargate_profile.data.aws_iam_policy_document.role",
            "module.eks.module.fargate_profile.data.aws_partition.current",
            "module.eks.module.fargate_profile.data.aws_region.current",
            "module.eks.module.kms.aws_kms_alias.this",
            "module.eks.module.kms.aws_kms_external_key.this",
            "module.eks.module.kms.aws_kms_grant.this",
            "module.eks.module.kms.aws_kms_key.this",
            "module.eks.module.kms.aws_kms_replica_external_key.this",
            "module.eks.module.kms.aws_kms_replica_key.this",
            "module.eks.module.kms.data.aws_caller_identity.current",
            "module.eks.module.kms.data.aws_iam_policy_document.this",
            "module.eks.module.kms.data.aws_partition.current",
            "module.eks.module.self_managed_node_group.aws_autoscaling_group.this",
            "module.eks.module.self_managed_node_group.aws_autoscaling_schedule.this",
            "module.eks.module.self_managed_node_group.aws_eks_access_entry.this",
            "module.eks.module.self_managed_node_group.aws_iam_instance_profile.this",
            "module.eks.module.self_managed_node_group.aws_iam_role.this",
            "module.eks.module.self_managed_node_group.aws_iam_role_policy.this",
            "module.eks.module.self_managed_node_group.aws_iam_role_policy_attachment.additional",
            "module.eks.module.self_managed_node_group.aws_iam_role_policy_attachment.this",
            "module.eks.module.self_managed_node_group.aws_launch_template.this",
            "module.eks.module.self_managed_node_group.aws_placement_group.this",
            "module.eks.module.self_managed_node_group.data.aws_caller_identity.current",
            "module.eks.module.self_managed_node_group.data.aws_ec2_instance_type.this",
            "module.eks.module.self_managed_node_group.data.aws_ec2_instance_type_offerings.this",
            "module.eks.module.self_managed_node_group.data.aws_iam_policy_document.assume_role_policy",
            "module.eks.module.self_managed_node_group.data.aws_iam_policy_document.role",
            "module.eks.module.self_managed_node_group.data.aws_partition.current",
            "module.eks.module.self_managed_node_group.data.aws_ssm_parameter.ami",
            "module.eks.module.self_managed_node_group.data.aws_subnets.placement_group",
            "module.eks.module.self_managed_node_group.module.user_data.data.cloudinit_config.al2023_eks_managed_node_group",
            "module.eks.module.self_managed_node_group.module.user_data.data.cloudinit_config.linux_eks_managed_node_group",
            "module.eks.module.self_managed_node_group.module.user_data.null_resource.validate_cluster_service_cidr",
            "module.eks.time_sleep.this",
            "module.vpc.aws_subnet.private",
            "module.vpc.aws_subnet.public",
            "module.vpc.aws_vpc.this",
            "module.vpc.aws_vpc_ipv4_cidr_block_association.this",
            "time_sleep.wait_for_cluster_ready"
          ]
        },
        {
          "index_key": "/apis/apps/v1/deployments/frontend",
          "schema_version": 1,
          "attributes": {
            "api_version": "apps/v1",
            "apply_only": false,
            "force_conflicts": false,
            "force_new": false,
            "id": "/apis/apps/v1/namespaces/default/deployments/frontend",
            "ignore_fields": null,
            "kind": "Deployment",
            "live_manifest_incluster": "79af6f3d9abee1b2ea27054fb3d6844a5002065b83782b90052aa46952cbe038",
            "live_uid": "2af9936b-4f3a-430f-87b1-51fa144cc4a1",
            "name": "frontend",
            "namespace": null,
            "override_namespace": null,
            "sensitive_fields": null,
            "server_side_apply": false,
            "timeouts": null,
            "uid": "2af9936b-4f3a-430f-87b1-51fa144cc4a1",
            "validate_schema": true,
            "wait": null,
            "wait_for_rollout": true,
            "yaml_body": "apiVersion: apps/v1\nkind: Deployment\nmetadata:\n  labels:\n    app: frontend\n  name: frontend\nspec:\n  selector:\n    matchLabels:\n      app: frontend\n  template:\n    metadata:\n      annotations:\n        sidecar.istio.io/rewriteAppHTTPProbers: \"true\"\n      labels:\n        app: frontend\n    spec:\n      containers:\n      - env:\n        - name: PORT\n          value: \"8080\"\n        - name: PRODUCT_CATALOG_SERVICE_ADDR\n          value: productcatalogservice:3550\n        - name: CURRENCY_SERVICE_ADDR\n          value: currencyservice:7000\n        - name: CART_SERVICE_ADDR\n          value: cartservice:7070\n        - name: RECOMMENDATION_SERVICE_ADDR\n          value: recommendationservice:8080\n        - name: SHIPPING_SERVICE_ADDR\n          value: shippingservice:50051\n        - name: CHECKOUT_SERVICE_ADDR\n          value: checkoutservice:5050\n        - name: AD_SERVICE_ADDR\n          value: adservice:9555\n        - name: SHOPPING_ASSISTANT_SERVICE_ADDR\n          value: shoppingassistantservice:80\n        - name: ENABLE_PROFILER\n          value: \"0\"\n        image: us-central1-docker.pkg.dev/google-samples/microservices-demo/frontend:v0.10.3\n        livenessProbe:\n          httpGet:\n            httpHeaders:\n            - name: Cookie\n              value: shop_session-id=x-liveness-probe\n            path: /_healthz\n            port: 8080\n          initialDelaySeconds: 10\n        name: server\n        ports:\n        - containerPort: 8080\n        readinessProbe:\n          httpGet:\n            httpHeaders:\n            - name: Cookie\n              value: shop_session-id=x-readiness-probe\n            path: /_healthz\n            port: 8080\n          initialDelaySeconds: 10\n        resources:\n          limits:\n            cpu: 200m\n            memory: 128Mi\n          requests:\n            cpu: 100m\n            memory: 64Mi\n        securityContext:\n          allowPrivilegeEscalation: false\n          capabilities:\n            drop:\n            - ALL\n          privileged: false\n          readOnlyRootFilesystem: true\n      securityContext:\n        fsGroup: 1000\n        runAsGroup: 1000\n        runAsNonRoot: true\n        runAsUser: 1000\n      serviceAccountName: frontend\n",
            "yaml_body_parsed": "apiVersion: apps/v1\nkind: Deployment\nmetadata:\n  labels:\n    app: frontend\n  name: frontend\nspec:\n  selector:\n    matchLabels:\n      app: frontend\n  template:\n    metadata:\n      annotations:\n        sidecar.istio.io/rewriteAppHTTPProbers: \"true\"\n      labels:\n        app: frontend\n    spec:\n      containers:\n      - env:\n        - name: PORT\n          value: \"8080\"\n        - name: PRODUCT_CATALOG_SERVICE_ADDR\n          value: productcatalogservice:3550\n        - name: CURRENCY_SERVICE_ADDR\n          value: currencyservice:7000\n        - name: CART_SERVICE_ADDR\n          value: cartservice:7070\n        - name: RECOMMENDATION_SERVICE_ADDR\n          value: recommendationservice:8080\n        - name: SHIPPING_SERVICE_ADDR\n          value: shippingservice:50051\n        - name: CHECKOUT_SERVICE_ADDR\n          value: checkoutservice:5050\n        - name: AD_SERVICE_ADDR\n          value: adservice:9555\n        - name: SHOPPING_ASSISTANT_SERVICE_ADDR\n          value: shoppingassistantservice:80\n        - name: ENABLE_PROFILER\n          value: \"0\"\n        image: us-central1-docker.pkg.dev/google-samples/microservices-demo/frontend:v0.10.3\n        livenessProbe:\n          httpGet:\n            httpHeaders:\n            - name: Cookie\n              value: shop_session-id=x-liveness-probe\n            path: /_healthz\n            port: 8080\n          initialDelaySeconds: 10\n        name: server\n        ports:\n        - containerPort: 8080\n        readinessProbe:\n          httpGet:\n            httpHeaders:\n            - name: Cookie\n              value: shop_session-id=x-readiness-probe\n            path: /_healthz\n            port: 8080\n          initialDelaySeconds: 10\n        resources:\n          limits:\n            cpu: 200m\n            memory: 128Mi\n          requests:\n            cpu: 100m\n            memory: 64Mi\n        securityContext:\n          allowPrivilegeEscalation: false\n          capabilities:\n            drop:\n            - ALL\n          privileged: false\n          readOnlyRootFilesystem: true\n      securityContext:\n        fsGroup: 1000\n        runAsGroup: 1000\n        runAsNonRoot: true\n        runAsUser: 1000\n      serviceAccountName: frontend\n",
            "yaml_incluster": "79af6f3d9abee1b2ea27054fb3d6844a5002065b83782b90052aa46952cbe038"
          },
          "sensitive_attributes": [],
          "private": "eyJlMmJmYjczMC1lY2FhLTExZTYtOGY4OC0zNDM2M2JjN2M0YzAiOnsiY3JlYXRlIjo2MDAwMDAwMDAwMDB9LCJzY2hlbWFfdmVyc2lvbiI6IjEifQ==",
          "dependencies": [
            "data.aws_eks_cluster.this",
            "data.aws_eks_cluster_auth.this",
            "data.http.microservices_demo",
            "data.kubectl_file_documents.microservices_demo",
            "module.eks.aws_cloudwatch_log_group.this",
            "module.eks.aws_ec2_tag.cluster_primary_security_group",
            "module.eks.aws_eks_access_entry.this",
            "module.eks.aws_eks_access_policy_association.this",
            "module.eks.aws_eks_addon.before_compute",
            "module.eks.aws_eks_addon.this",
            "module.eks.aws_eks_cluster.this",
            "module.eks.aws_eks_identity_provider_config.this",
            "module.eks.aws_iam_openid_connect_provider.oidc_provider",
            "module.eks.aws_iam_policy.cluster_encryption",
            "module.eks.aws_iam_policy.cni_ipv6_policy",
            "module.eks.aws_iam_policy.custom",
            "module.eks.aws_iam_role.eks_auto",
            "module.eks.aws_iam_role.this",
            "module.eks.aws_iam_role_policy_attachment.additional",
            "module.eks.aws_iam_role_policy_attachment.cluster_encryption",
            "module.eks.aws_iam_role_policy_attachment.custom",
            "module.eks.aws_iam_role_policy_attachment.eks_auto",
            "module.eks.aws_iam_role_policy_attachment.eks_auto_additional",
            "module.eks.aws_iam_role_policy_attachment.this",
            "module.eks.aws_security_group.cluster",
            "module.eks.aws_security_group.node",
            "module.eks.aws_security_group_rule.cluster",
            "module.eks.aws_security_group_rule.node",
            "module.eks.data.aws_caller_identity.current",
            "module.eks.data.aws_eks_addon_version.this",
            "module.eks.data.aws_iam_policy_document.assume_role_policy",
            "module.eks.data.aws_iam_policy_document.cni_ipv6_policy",
            "module.eks.data.aws_iam_policy_document.custom",
            "module.eks.data.aws_iam_policy_document.node_assume_role_policy",
            "module.eks.data.aws_iam_session_context.current",
            "module.eks.data.aws_partition.current",
            "module.eks.data.tls_certificate.this",
            "module.eks.module.eks_managed_node_group.aws_autoscaling_schedule.this",
            "module.eks.module.eks_managed_node_group.aws_eks_node_group.this",
            "module.eks.module.eks_managed_node_group.aws_iam_role.this",
            "module.eks.module.eks_managed_node_group.aws_iam_role_policy.this",
            "module.eks.module.eks_managed_node_group.aws_iam_role_policy_attachment.additional",
            "module.eks.module.eks_managed_node_group.aws_iam_role_policy_attachment.this",
            "module.eks.module.eks_managed_node_group.aws_launch_template.this",
            "module.eks.module.eks_managed_node_group.aws_placement_group.this",
            "module.eks.module.eks_managed_node_group.data.aws_caller_identity.current",
            "module.eks.module.eks_managed_node_group.data.aws_ec2_instance_type.this",
            "module.eks.module.eks_managed_node_group.data.aws_ec2_instance_type_offerings.this",
            "module.eks.module.eks_managed_node_group.data.aws_iam_policy_document.assume_role_policy",
            "module.eks.module.eks_managed_node_group.data.aws_iam_policy_document.role",
            "module.eks.module.eks_managed_node_group.data.aws_partition.current",
            "module.eks.module.eks_managed_node_group.data.aws_ssm_parameter.ami",
            "module.eks.module.eks_managed_node_group.data.aws_subnets.placement_group",
            "module.eks.module.eks_managed_node_group.module.user_data.data.cloudinit_config.al2023_eks_managed_node_group",
            "module.eks.module.eks_managed_node_group.module.user_data.data.cloudinit_config.linux_eks_managed_node_group",
            "module.eks.module.eks_managed_node_group.module.user_data.null_resource.validate_cluster_service_cidr",
            "module.eks.module.fargate_profile.aws_eks_fargate_profile.this",
            "module.eks.module.fargate_profile.aws_iam_role.this",
            "module.eks.module.fargate_profile.aws_iam_role_policy.this",
            "module.eks.module.fargate_profile.aws_iam_role_policy_attachment.additional",
            "module.eks.module.fargate_profile.aws_iam_role_policy_attachment.this",
            "module.eks.module.fargate_profile.data.aws_caller_identity.current",
            "module.eks.module.fargate_profile.data.aws_iam_policy_document.assume_role_policy",
            "module.eks.module.fargate_profile.data.aws_iam_policy_document.role",
            "module.eks.module.fargate_profile.data.aws_partition.current",
            "module.eks.module.fargate_profile.data.aws_region.current",
            "module.eks.module.kms.aws_kms_alias.this",
            "module.eks.module.kms.aws_kms_external_key.this",
            "module.eks.module.kms.aws_kms_grant.this",
            "module.eks.module.kms.aws_kms_key.this",
            "module.eks.module.kms.aws_kms_replica_external_key.this",
            "module.eks.module.kms.aws_kms_replica_key.this",
            "module.eks.module.kms.data.aws_caller_identity.current",
            "module.eks.module.kms.data.aws_iam_policy_document.this",
            "module.eks.module.kms.data.aws_partition.current",
            "module.eks.module.self_managed_node_group.aws_autoscaling_group.this",
            "module.eks.module.self_managed_node_group.aws_autoscaling_schedule.this",
            "module.eks.module.self_managed_node_group.aws_eks_access_entry.this",
            "module.eks.module.self_managed_node_group.aws_iam_instance_profile.this",
            "module.eks.module.self_managed_node_group.aws_iam_role.this",
            "module.eks.module.self_managed_node_group.aws_iam_role_policy.this",
            "module.eks.module.self_managed_node_group.aws_iam_role_policy_attachment.additional",
            "module.eks.module.self_managed_node_group.aws_iam_role_policy_attachment.this",
            "module.eks.module.self_managed_node_group.aws_launch_template.this",
            "module.eks.module.self_managed_node_group.aws_placement_group.this",
            "module.eks.module.self_managed_node_group.data.aws_caller_identity.current",
            "module.eks.module.self_managed_node_group.data.aws_ec2_instance_type.this",
            "module.eks.module.self_managed_node_group.data.aws_ec2_instance_type_offerings.this",
            "module.eks.module.self_managed_node_group.data.aws_iam_policy_document.assume_role_policy",
            "module.eks.module.self_managed_node_group.data.aws_iam_policy_document.role",
            "module.eks.module.self_managed_node_group.data.aws_partition.current",
            "module.eks.module.self_managed_node_group.data.aws_ssm_parameter.ami",
            "module.eks.module.self_managed_node_group.data.aws_subnets.placement_group",
            "module.eks.module.self_managed_node_group.module.user_data.data.cloudinit_config.al2023_eks_managed_node_group",
            "module.eks.module.self_managed_node_group.module.user_data.data.cloudinit_config.linux_eks_managed_node_group",
            "module.eks.module.self_managed_node_group.module.user_data.null_resource.validate_cluster_service_cidr",
            "module.eks.time_sleep.this",
            "module.vpc.aws_subnet.private",
            "module.vpc.aws_subnet.public",
            "module.vpc.aws_vpc.this",
            "module.vpc.aws_vpc_ipv4_cidr_block_association.this",
            "time_sleep.wait_for_cluster_ready"
          ]
        },
        {
          "index_key": "/apis/apps/v1/deployments/loadgenerator",
          "schema_version": 1,
          "attributes": {
            "api_version": "apps/v1",
            "apply_only": false,
            "force_conflicts": false,
            "force_new": false,
            "id": "/apis/apps/v1/namespaces/default/deployments/loadgenerator",
            "ignore_fields": null,
            "kind": "Deployment",
            "live_manifest_incluster": "59132dacd35a577bbacd3f2f452e42b1c0b8c978fc0b8a64cfdad6077ade6ea3",
            "live_uid": "8a4e3f13-399e-4267-8cd5-83f020acbded",
            "name": "loadgenerator",
            "namespace": null,
            "override_namespace": null,
            "sensitive_fields": null,
            "server_side_apply": false,
            "timeouts": null,
            "uid": "8a4e3f13-399e-4267-8cd5-83f020acbded",
            "validate_schema": true,
            "wait": null,
            "wait_for_rollout": true,
            "yaml_body": "apiVersion: apps/v1\nkind: Deployment\nmetadata:\n  labels:\n    app: loadgenerator\n  name: loadgenerator\nspec:\n  replicas: 1\n  selector:\n    matchLabels:\n      app: loadgenerator\n  template:\n    metadata:\n      annotations:\n        sidecar.istio.io/rewriteAppHTTPProbers: \"true\"\n      labels:\n        app: loadgenerator\n    spec:\n      containers:\n      - env:\n        - name: FRONTEND_ADDR\n          value: frontend:80\n        - name: USERS\n          value: \"10\"\n        - name: RATE\n          value: \"1\"\n        image: us-central1-docker.pkg.dev/google-samples/microservices-demo/loadgenerator:v0.10.3\n        name: main\n        resources:\n          limits:\n            cpu: 500m\n            memory: 512Mi\n          requests:\n            cpu: 300m\n            memory: 256Mi\n        securityContext:\n          allowPrivilegeEscalation: false\n          capabilities:\n            drop:\n            - ALL\n          privileged: false\n          readOnlyRootFilesystem: true\n      initContainers:\n      - command:\n        - /bin/sh\n        - -exc\n        - |\n          MAX_RETRIES=12\n          RETRY_INTERVAL=10\n          for i in $(seq 1 $MAX_RETRIES); do\n            echo \"Attempt $i: Pinging frontend: ${FRONTEND_ADDR}...\"\n            STATUSCODE=$(wget --server-response http://${FRONTEND_ADDR} 2\u003e\u00261 | awk '/^  HTTP/{print $2}')\n            if [ $STATUSCODE -eq 200 ]; then\n                echo \"Frontend is reachable.\"\n                exit 0\n            fi\n            echo \"Error: Could not reach frontend - Status code: ${STATUSCODE}\"\n            sleep $RETRY_INTERVAL\n          done\n          echo \"Failed to reach frontend after $MAX_RETRIES attempts.\"\n          exit 1\n        env:\n        - name: FRONTEND_ADDR\n          value: frontend:80\n        image: busybox:latest\n        name: frontend-check\n        securityContext:\n          allowPrivilegeEscalation: false\n          capabilities:\n            drop:\n            - ALL\n          privileged: false\n          readOnlyRootFilesystem: true\n      restartPolicy: Always\n      securityContext:\n        fsGroup: 1000\n        runAsGroup: 1000\n        runAsNonRoot: true\n        runAsUser: 1000\n      serviceAccountName: loadgenerator\n      terminationGracePeriodSeconds: 5\n",
            "yaml_body_parsed": "apiVersion: apps/v1\nkind: Deployment\nmetadata:\n  labels:\n    app: loadgenerator\n  name: loadgenerator\nspec:\n  replicas: 1\n  selector:\n    matchLabels:\n      app: loadgenerator\n  template:\n    metadata:\n      annotations:\n        sidecar.istio.io/rewriteAppHTTPProbers: \"true\"\n      labels:\n        app: loadgenerator\n    spec:\n      containers:\n      - env:\n        - name: FRONTEND_ADDR\n          value: frontend:80\n        - name: USERS\n          value: \"10\"\n        - name: RATE\n          value: \"1\"\n        image: us-central1-docker.pkg.dev/google-samples/microservices-demo/loadgenerator:v0.10.3\n        name: main\n        resources:\n          limits:\n            cpu: 500m\n            memory: 512Mi\n          requests:\n            cpu: 300m\n            memory: 256Mi\n        securityContext:\n          allowPrivilegeEscalation: false\n          capabilities:\n            drop:\n            - ALL\n          privileged: false\n          readOnlyRootFilesystem: true\n      initContainers:\n      - command:\n        - /bin/sh\n        - -exc\n        - |\n          MAX_RETRIES=12\n          RETRY_INTERVAL=10\n          for i in $(seq 1 $MAX_RETRIES); do\n            echo \"Attempt $i: Pinging frontend: ${FRONTEND_ADDR}...\"\n            STATUSCODE=$(wget --server-response http://${FRONTEND_ADDR} 2\u003e\u00261 | awk '/^  HTTP/{print $2}')\n            if [ $STATUSCODE -eq 200 ]; then\n                echo \"Frontend is reachable.\"\n                exit 0\n            fi\n            echo \"Error: Could not reach frontend - Status code: ${STATUSCODE}\"\n            sleep $RETRY_INTERVAL\n          done\n          echo \"Failed to reach frontend after $MAX_RETRIES attempts.\"\n          exit 1\n        env:\n        - name: FRONTEND_ADDR\n          value: frontend:80\n        image: busybox:latest\n        name: frontend-check\n        securityContext:\n          allowPrivilegeEscalation: false\n          capabilities:\n            drop:\n            - ALL\n          privileged: false\n          readOnlyRootFilesystem: true\n      restartPolicy: Always\n      securityContext:\n        fsGroup: 1000\n        runAsGroup: 1000\n        runAsNonRoot: true\n        runAsUser: 1000\n      serviceAccountName: loadgenerator\n      terminationGracePeriodSeconds: 5\n",
            "yaml_incluster": "59132dacd35a577bbacd3f2f452e42b1c0b8c978fc0b8a64cfdad6077ade6ea3"
          },
          "sensitive_attributes": [],
          "private": "eyJlMmJmYjczMC1lY2FhLTExZTYtOGY4OC0zNDM2M2JjN2M0YzAiOnsiY3JlYXRlIjo2MDAwMDAwMDAwMDB9LCJzY2hlbWFfdmVyc2lvbiI6IjEifQ==",
          "dependencies": [
            "data.aws_eks_cluster.this",
            "data.aws_eks_cluster_auth.this",
            "data.http.microservices_demo",
            "data.kubectl_file_documents.microservices_demo",
            "module.eks.aws_cloudwatch_log_group.this",
            "module.eks.aws_ec2_tag.cluster_primary_security_group",
            "module.eks.aws_eks_access_entry.this",
            "module.eks.aws_eks_access_policy_association.this",
            "module.eks.aws_eks_addon.before_compute",
            "module.eks.aws_eks_addon.this",
            "module.eks.aws_eks_cluster.this",
            "module.eks.aws_eks_identity_provider_config.this",
            "module.eks.aws_iam_openid_connect_provider.oidc_provider",
            "module.eks.aws_iam_policy.cluster_encryption",
            "module.eks.aws_iam_policy.cni_ipv6_policy",
            "module.eks.aws_iam_policy.custom",
            "module.eks.aws_iam_role.eks_auto",
            "module.eks.aws_iam_role.this",
            "module.eks.aws_iam_role_policy_attachment.additional",
            "module.eks.aws_iam_role_policy_attachment.cluster_encryption",
            "module.eks.aws_iam_role_policy_attachment.custom",
            "module.eks.aws_iam_role_policy_attachment.eks_auto",
            "module.eks.aws_iam_role_policy_attachment.eks_auto_additional",
            "module.eks.aws_iam_role_policy_attachment.this",
            "module.eks.aws_security_group.cluster",
            "module.eks.aws_security_group.node",
            "module.eks.aws_security_group_rule.cluster",
            "module.eks.aws_security_group_rule.node",
            "module.eks.data.aws_caller_identity.current",
            "module.eks.data.aws_eks_addon_version.this",
            "module.eks.data.aws_iam_policy_document.assume_role_policy",
            "module.eks.data.aws_iam_policy_document.cni_ipv6_policy",
            "module.eks.data.aws_iam_policy_document.custom",
            "module.eks.data.aws_iam_policy_document.node_assume_role_policy",
            "module.eks.data.aws_iam_session_context.current",
            "module.eks.data.aws_partition.current",
            "module.eks.data.tls_certificate.this",
            "module.eks.module.eks_managed_node_group.aws_autoscaling_schedule.this",
            "module.eks.module.eks_managed_node_group.aws_eks_node_group.this",
            "module.eks.module.eks_managed_node_group.aws_iam_role.this",
            "module.eks.module.eks_managed_node_group.aws_iam_role_policy.this",
            "module.eks.module.eks_managed_node_group.aws_iam_role_policy_attachment.additional",
            "module.eks.module.eks_managed_node_group.aws_iam_role_policy_attachment.this",
            "module.eks.module.eks_managed_node_group.aws_launch_template.this",
            "module.eks.module.eks_managed_node_group.aws_placement_group.this",
            "module.eks.module.eks_managed_node_group.data.aws_caller_identity.current",
            "module.eks.module.eks_managed_node_group.data.aws_ec2_instance_type.this",
            "module.eks.module.eks_managed_node_group.data.aws_ec2_instance_type_offerings.this",
            "module.eks.module.eks_managed_node_group.data.aws_iam_policy_document.assume_role_policy",
            "module.eks.module.eks_managed_node_group.data.aws_iam_policy_document.role",
            "module.eks.module.eks_managed_node_group.data.aws_partition.current",
            "module.eks.module.eks_managed_node_group.data.aws_ssm_parameter.ami",
            "module.eks.module.eks_managed_node_group.data.aws_subnets.placement_group",
            "module.eks.module.eks_managed_node_group.module.user_data.data.cloudinit_config.al2023_eks_managed_node_group",
            "module.eks.module.eks_managed_node_group.module.user_data.data.cloudinit_config.linux_eks_managed_node_group",
            "module.eks.module.eks_managed_node_group.module.user_data.null_resource.validate_cluster_service_cidr",
            "module.eks.module.fargate_profile.aws_eks_fargate_profile.this",
            "module.eks.module.fargate_profile.aws_iam_role.this",
            "module.eks.module.fargate_profile.aws_iam_role_policy.this",
            "module.eks.module.fargate_profile.aws_iam_role_policy_attachment.additional",
            "module.eks.module.fargate_profile.aws_iam_role_policy_attachment.this",
            "module.eks.module.fargate_profile.data.aws_caller_identity.current",
            "module.eks.module.fargate_profile.data.aws_iam_policy_document.assume_role_policy",
            "module.eks.module.fargate_profile.data.aws_iam_policy_document.role",
            "module.eks.module.fargate_profile.data.aws_partition.current",
            "module.eks.module.fargate_profile.data.aws_region.current",
            "module.eks.module.kms.aws_kms_alias.this",
            "module.eks.module.kms.aws_kms_external_key.this",
            "module.eks.module.kms.aws_kms_grant.this",
            "module.eks.module.kms.aws_kms_key.this",
            "module.eks.module.kms.aws_kms_replica_external_key.this",
            "module.eks.module.kms.aws_kms_replica_key.this",
            "module.eks.module.kms.data.aws_caller_identity.current",
            "module.eks.module.kms.data.aws_iam_policy_document.this",
            "module.eks.module.kms.data.aws_partition.current",
            "module.eks.module.self_managed_node_group.aws_autoscaling_group.this",
            "module.eks.module.self_managed_node_group.aws_autoscaling_schedule.this",
            "module.eks.module.self_managed_node_group.aws_eks_access_entry.this",
            "module.eks.module.self_managed_node_group.aws_iam_instance_profile.this",
            "module.eks.module.self_managed_node_group.aws_iam_role.this",
            "module.eks.module.self_managed_node_group.aws_iam_role_policy.this",
            "module.eks.module.self_managed_node_group.aws_iam_role_policy_attachment.additional",
            "module.eks.module.self_managed_node_group.aws_iam_role_policy_attachment.this",
            "module.eks.module.self_managed_node_group.aws_launch_template.this",
            "module.eks.module.self_managed_node_group.aws_placement_group.this",
            "module.eks.module.self_managed_node_group.data.aws_caller_identity.current",
            "module.eks.module.self_managed_node_group.data.aws_ec2_instance_type.this",
            "module.eks.module.self_managed_node_group.data.aws_ec2_instance_type_offerings.this",
            "module.eks.module.self_managed_node_group.data.aws_iam_policy_document.assume_role_policy",
            "module.eks.module.self_managed_node_group.data.aws_iam_policy_document.role",
            "module.eks.module.self_managed_node_group.data.aws_partition.current",
            "module.eks.module.self_managed_node_group.data.aws_ssm_parameter.ami",
            "module.eks.module.self_managed_node_group.data.aws_subnets.placement_group",
            "module.eks.module.self_managed_node_group.module.user_data.data.cloudinit_config.al2023_eks_managed_node_group",
            "module.eks.module.self_managed_node_group.module.user_data.data.cloudinit_config.linux_eks_managed_node_group",
            "module.eks.module.self_managed_node_group.module.user_data.null_resource.validate_cluster_service_cidr",
            "module.eks.time_sleep.this",
            "module.vpc.aws_subnet.private",
            "module.vpc.aws_subnet.public",
            "module.vpc.aws_vpc.this",
            "module.vpc.aws_vpc_ipv4_cidr_block_association.this",
            "time_sleep.wait_for_cluster_ready"
          ]
        },
        {
          "index_key": "/apis/apps/v1/deployments/paymentservice",
          "schema_version": 1,
          "attributes": {
            "api_version": "apps/v1",
            "apply_only": false,
            "force_conflicts": false,
            "force_new": false,
            "id": "/apis/apps/v1/namespaces/default/deployments/paymentservice",
            "ignore_fields": null,
            "kind": "Deployment",
            "live_manifest_incluster": "56587ebdbf4119d1e23928ce69ed1a326bc1628a4d33ad8d909bca99327f869a",
            "live_uid": "607bfc3a-47a1-4fdd-8670-4026af83203e",
            "name": "paymentservice",
            "namespace": null,
            "override_namespace": null,
            "sensitive_fields": null,
            "server_side_apply": false,
            "timeouts": null,
            "uid": "607bfc3a-47a1-4fdd-8670-4026af83203e",
            "validate_schema": true,
            "wait": null,
            "wait_for_rollout": true,
            "yaml_body": "apiVersion: apps/v1\nkind: Deployment\nmetadata:\n  labels:\n    app: paymentservice\n  name: paymentservice\nspec:\n  selector:\n    matchLabels:\n      app: paymentservice\n  template:\n    metadata:\n      labels:\n        app: paymentservice\n    spec:\n      containers:\n      - env:\n        - name: PORT\n          value: \"50051\"\n        - name: DISABLE_PROFILER\n          value: \"1\"\n        image: us-central1-docker.pkg.dev/google-samples/microservices-demo/paymentservice:v0.10.3\n        livenessProbe:\n          grpc:\n            port: 50051\n        name: server\n        ports:\n        - containerPort: 50051\n        readinessProbe:\n          grpc:\n            port: 50051\n        resources:\n          limits:\n            cpu: 200m\n            memory: 128Mi\n          requests:\n            cpu: 100m\n            memory: 64Mi\n        securityContext:\n          allowPrivilegeEscalation: false\n          capabilities:\n            drop:\n            - ALL\n          privileged: false\n          readOnlyRootFilesystem: true\n      securityContext:\n        fsGroup: 1000\n        runAsGroup: 1000\n        runAsNonRoot: true\n        runAsUser: 1000\n      serviceAccountName: paymentservice\n      terminationGracePeriodSeconds: 5\n",
            "yaml_body_parsed": "apiVersion: apps/v1\nkind: Deployment\nmetadata:\n  labels:\n    app: paymentservice\n  name: paymentservice\nspec:\n  selector:\n    matchLabels:\n      app: paymentservice\n  template:\n    metadata:\n      labels:\n        app: paymentservice\n    spec:\n      containers:\n      - env:\n        - name: PORT\n          value: \"50051\"\n        - name: DISABLE_PROFILER\n          value: \"1\"\n        image: us-central1-docker.pkg.dev/google-samples/microservices-demo/paymentservice:v0.10.3\n        livenessProbe:\n          grpc:\n            port: 50051\n        name: server\n        ports:\n        - containerPort: 50051\n        readinessProbe:\n          grpc:\n            port: 50051\n        resources:\n          limits:\n            cpu: 200m\n            memory: 128Mi\n          requests:\n            cpu: 100m\n            memory: 64Mi\n        securityContext:\n          allowPrivilegeEscalation: false\n          capabilities:\n            drop:\n            - ALL\n          privileged: false\n          readOnlyRootFilesystem: true\n      securityContext:\n        fsGroup: 1000\n        runAsGroup: 1000\n        runAsNonRoot: true\n        runAsUser: 1000\n      serviceAccountName: paymentservice\n      terminationGracePeriodSeconds: 5\n",
            "yaml_incluster": "56587ebdbf4119d1e23928ce69ed1a326bc1628a4d33ad8d909bca99327f869a"
          },
          "sensitive_attributes": [],
          "private": "eyJlMmJmYjczMC1lY2FhLTExZTYtOGY4OC0zNDM2M2JjN2M0YzAiOnsiY3JlYXRlIjo2MDAwMDAwMDAwMDB9LCJzY2hlbWFfdmVyc2lvbiI6IjEifQ==",
          "dependencies": [
            "data.aws_eks_cluster.this",
            "data.aws_eks_cluster_auth.this",
            "data.http.microservices_demo",
            "data.kubectl_file_documents.microservices_demo",
            "module.eks.aws_cloudwatch_log_group.this",
            "module.eks.aws_ec2_tag.cluster_primary_security_group",
            "module.eks.aws_eks_access_entry.this",
            "module.eks.aws_eks_access_policy_association.this",
            "module.eks.aws_eks_addon.before_compute",
            "module.eks.aws_eks_addon.this",
            "module.eks.aws_eks_cluster.this",
            "module.eks.aws_eks_identity_provider_config.this",
            "module.eks.aws_iam_openid_connect_provider.oidc_provider",
            "module.eks.aws_iam_policy.cluster_encryption",
            "module.eks.aws_iam_policy.cni_ipv6_policy",
            "module.eks.aws_iam_policy.custom",
            "module.eks.aws_iam_role.eks_auto",
            "module.eks.aws_iam_role.this",
            "module.eks.aws_iam_role_policy_attachment.additional",
            "module.eks.aws_iam_role_policy_attachment.cluster_encryption",
            "module.eks.aws_iam_role_policy_attachment.custom",
            "module.eks.aws_iam_role_policy_attachment.eks_auto",
            "module.eks.aws_iam_role_policy_attachment.eks_auto_additional",
            "module.eks.aws_iam_role_policy_attachment.this",
            "module.eks.aws_security_group.cluster",
            "module.eks.aws_security_group.node",
            "module.eks.aws_security_group_rule.cluster",
            "module.eks.aws_security_group_rule.node",
            "module.eks.data.aws_caller_identity.current",
            "module.eks.data.aws_eks_addon_version.this",
            "module.eks.data.aws_iam_policy_document.assume_role_policy",
            "module.eks.data.aws_iam_policy_document.cni_ipv6_policy",
            "module.eks.data.aws_iam_policy_document.custom",
            "module.eks.data.aws_iam_policy_document.node_assume_role_policy",
            "module.eks.data.aws_iam_session_context.current",
            "module.eks.data.aws_partition.current",
            "module.eks.data.tls_certificate.this",
            "module.eks.module.eks_managed_node_group.aws_autoscaling_schedule.this",
            "module.eks.module.eks_managed_node_group.aws_eks_node_group.this",
            "module.eks.module.eks_managed_node_group.aws_iam_role.this",
            "module.eks.module.eks_managed_node_group.aws_iam_role_policy.this",
            "module.eks.module.eks_managed_node_group.aws_iam_role_policy_attachment.additional",
            "module.eks.module.eks_managed_node_group.aws_iam_role_policy_attachment.this",
            "module.eks.module.eks_managed_node_group.aws_launch_template.this",
            "module.eks.module.eks_managed_node_group.aws_placement_group.this",
            "module.eks.module.eks_managed_node_group.data.aws_caller_identity.current",
            "module.eks.module.eks_managed_node_group.data.aws_ec2_instance_type.this",
            "module.eks.module.eks_managed_node_group.data.aws_ec2_instance_type_offerings.this",
            "module.eks.module.eks_managed_node_group.data.aws_iam_policy_document.assume_role_policy",
            "module.eks.module.eks_managed_node_group.data.aws_iam_policy_document.role",
            "module.eks.module.eks_managed_node_group.data.aws_partition.current",
            "module.eks.module.eks_managed_node_group.data.aws_ssm_parameter.ami",
            "module.eks.module.eks_managed_node_group.data.aws_subnets.placement_group",
            "module.eks.module.eks_managed_node_group.module.user_data.data.cloudinit_config.al2023_eks_managed_node_group",
            "module.eks.module.eks_managed_node_group.module.user_data.data.cloudinit_config.linux_eks_managed_node_group",
            "module.eks.module.eks_managed_node_group.module.user_data.null_resource.validate_cluster_service_cidr",
            "module.eks.module.fargate_profile.aws_eks_fargate_profile.this",
            "module.eks.module.fargate_profile.aws_iam_role.this",
            "module.eks.module.fargate_profile.aws_iam_role_policy.this",
            "module.eks.module.fargate_profile.aws_iam_role_policy_attachment.additional",
            "module.eks.module.fargate_profile.aws_iam_role_policy_attachment.this",
            "module.eks.module.fargate_profile.data.aws_caller_identity.current",
            "module.eks.module.fargate_profile.data.aws_iam_policy_document.assume_role_policy",
            "module.eks.module.fargate_profile.data.aws_iam_policy_document.role",
            "module.eks.module.fargate_profile.data.aws_partition.current",
            "module.eks.module.fargate_profile.data.aws_region.current",
            "module.eks.module.kms.aws_kms_alias.this",
            "module.eks.module.kms.aws_kms_external_key.this",
            "module.eks.module.kms.aws_kms_grant.this",
            "module.eks.module.kms.aws_kms_key.this",
            "module.eks.module.kms.aws_kms_replica_external_key.this",
            "module.eks.module.kms.aws_kms_replica_key.this",
            "module.eks.module.kms.data.aws_caller_identity.current",
            "module.eks.module.kms.data.aws_iam_policy_document.this",
            "module.eks.module.kms.data.aws_partition.current",
            "module.eks.module.self_managed_node_group.aws_autoscaling_group.this",
            "module.eks.module.self_managed_node_group.aws_autoscaling_schedule.this",
            "module.eks.module.self_managed_node_group.aws_eks_access_entry.this",
            "module.eks.module.self_managed_node_group.aws_iam_instance_profile.this",
            "module.eks.module.self_managed_node_group.aws_iam_role.this",
            "module.eks.module.self_managed_node_group.aws_iam_role_policy.this",
            "module.eks.module.self_managed_node_group.aws_iam_role_policy_attachment.additional",
            "module.eks.module.self_managed_node_group.aws_iam_role_policy_attachment.this",
            "module.eks.module.self_managed_node_group.aws_launch_template.this",
            "module.eks.module.self_managed_node_group.aws_placement_group.this",
            "module.eks.module.self_managed_node_group.data.aws_caller_identity.current",
            "module.eks.module.self_managed_node_group.data.aws_ec2_instance_type.this",
            "module.eks.module.self_managed_node_group.data.aws_ec2_instance_type_offerings.this",
            "module.eks.module.self_managed_node_group.data.aws_iam_policy_document.assume_role_policy",
            "module.eks.module.self_managed_node_group.data.aws_iam_policy_document.role",
            "module.eks.module.self_managed_node_group.data.aws_partition.current",
            "module.eks.module.self_managed_node_group.data.aws_ssm_parameter.ami",
            "module.eks.module.self_managed_node_group.data.aws_subnets.placement_group",
            "module.eks.module.self_managed_node_group.module.user_data.data.cloudinit_config.al2023_eks_managed_node_group",
            "module.eks.module.self_managed_node_group.module.user_data.data.cloudinit_config.linux_eks_managed_node_group",
            "module.eks.module.self_managed_node_group.module.user_data.null_resource.validate_cluster_service_cidr",
            "module.eks.time_sleep.this",
            "module.vpc.aws_subnet.private",
            "module.vpc.aws_subnet.public",
            "module.vpc.aws_vpc.this",
            "module.vpc.aws_vpc_ipv4_cidr_block_association.this",
            "time_sleep.wait_for_cluster_ready"
          ]
        },
        {
          "index_key": "/apis/apps/v1/deployments/productcatalogservice",
          "schema_version": 1,
          "attributes": {
            "api_version": "apps/v1",
            "apply_only": false,
            "force_conflicts": false,
            "force_new": false,
            "id": "/apis/apps/v1/namespaces/default/deployments/productcatalogservice",
            "ignore_fields": null,
            "kind": "Deployment",
            "live_manifest_incluster": "839bf5ea0bbe239b3d5b748ed53549daed8b9a7f456dc8f780b31ffacee57ad8",
            "live_uid": "53ecf3cb-27df-4749-86b3-ad51d63fa682",
            "name": "productcatalogservice",
            "namespace": null,
            "override_namespace": null,
            "sensitive_fields": null,
            "server_side_apply": false,
            "timeouts": null,
            "uid": "53ecf3cb-27df-4749-86b3-ad51d63fa682",
            "validate_schema": true,
            "wait": null,
            "wait_for_rollout": true,
            "yaml_body": "apiVersion: apps/v1\nkind: Deployment\nmetadata:\n  labels:\n    app: productcatalogservice\n  name: productcatalogservice\nspec:\n  selector:\n    matchLabels:\n      app: productcatalogservice\n  template:\n    metadata:\n      labels:\n        app: productcatalogservice\n    spec:\n      containers:\n      - env:\n        - name: PORT\n          value: \"3550\"\n        - name: DISABLE_PROFILER\n          value: \"1\"\n        image: us-central1-docker.pkg.dev/google-samples/microservices-demo/productcatalogservice:v0.10.3\n        livenessProbe:\n          grpc:\n            port: 3550\n        name: server\n        ports:\n        - containerPort: 3550\n        readinessProbe:\n          grpc:\n            port: 3550\n        resources:\n          limits:\n            cpu: 200m\n            memory: 128Mi\n          requests:\n            cpu: 100m\n            memory: 64Mi\n        securityContext:\n          allowPrivilegeEscalation: false\n          capabilities:\n            drop:\n            - ALL\n          privileged: false\n          readOnlyRootFilesystem: true\n      securityContext:\n        fsGroup: 1000\n        runAsGroup: 1000\n        runAsNonRoot: true\n        runAsUser: 1000\n      serviceAccountName: productcatalogservice\n      terminationGracePeriodSeconds: 5\n",
            "yaml_body_parsed": "apiVersion: apps/v1\nkind: Deployment\nmetadata:\n  labels:\n    app: productcatalogservice\n  name: productcatalogservice\nspec:\n  selector:\n    matchLabels:\n      app: productcatalogservice\n  template:\n    metadata:\n      labels:\n        app: productcatalogservice\n    spec:\n      containers:\n      - env:\n        - name: PORT\n          value: \"3550\"\n        - name: DISABLE_PROFILER\n          value: \"1\"\n        image: us-central1-docker.pkg.dev/google-samples/microservices-demo/productcatalogservice:v0.10.3\n        livenessProbe:\n          grpc:\n            port: 3550\n        name: server\n        ports:\n        - containerPort: 3550\n        readinessProbe:\n          grpc:\n            port: 3550\n        resources:\n          limits:\n            cpu: 200m\n            memory: 128Mi\n          requests:\n            cpu: 100m\n            memory: 64Mi\n        securityContext:\n          allowPrivilegeEscalation: false\n          capabilities:\n            drop:\n            - ALL\n          privileged: false\n          readOnlyRootFilesystem: true\n      securityContext:\n        fsGroup: 1000\n        runAsGroup: 1000\n        runAsNonRoot: true\n        runAsUser: 1000\n      serviceAccountName: productcatalogservice\n      terminationGracePeriodSeconds: 5\n",
            "yaml_incluster": "839bf5ea0bbe239b3d5b748ed53549daed8b9a7f456dc8f780b31ffacee57ad8"
          },
          "sensitive_attributes": [],
          "private": "eyJlMmJmYjczMC1lY2FhLTExZTYtOGY4OC0zNDM2M2JjN2M0YzAiOnsiY3JlYXRlIjo2MDAwMDAwMDAwMDB9LCJzY2hlbWFfdmVyc2lvbiI6IjEifQ==",
          "dependencies": [
            "data.aws_eks_cluster.this",
            "data.aws_eks_cluster_auth.this",
            "data.http.microservices_demo",
            "data.kubectl_file_documents.microservices_demo",
            "module.eks.aws_cloudwatch_log_group.this",
            "module.eks.aws_ec2_tag.cluster_primary_security_group",
            "module.eks.aws_eks_access_entry.this",
            "module.eks.aws_eks_access_policy_association.this",
            "module.eks.aws_eks_addon.before_compute",
            "module.eks.aws_eks_addon.this",
            "module.eks.aws_eks_cluster.this",
            "module.eks.aws_eks_identity_provider_config.this",
            "module.eks.aws_iam_openid_connect_provider.oidc_provider",
            "module.eks.aws_iam_policy.cluster_encryption",
            "module.eks.aws_iam_policy.cni_ipv6_policy",
            "module.eks.aws_iam_policy.custom",
            "module.eks.aws_iam_role.eks_auto",
            "module.eks.aws_iam_role.this",
            "module.eks.aws_iam_role_policy_attachment.additional",
            "module.eks.aws_iam_role_policy_attachment.cluster_encryption",
            "module.eks.aws_iam_role_policy_attachment.custom",
            "module.eks.aws_iam_role_policy_attachment.eks_auto",
            "module.eks.aws_iam_role_policy_attachment.eks_auto_additional",
            "module.eks.aws_iam_role_policy_attachment.this",
            "module.eks.aws_security_group.cluster",
            "module.eks.aws_security_group.node",
            "module.eks.aws_security_group_rule.cluster",
            "module.eks.aws_security_group_rule.node",
            "module.eks.data.aws_caller_identity.current",
            "module.eks.data.aws_eks_addon_version.this",
            "module.eks.data.aws_iam_policy_document.assume_role_policy",
            "module.eks.data.aws_iam_policy_document.cni_ipv6_policy",
            "module.eks.data.aws_iam_policy_document.custom",
            "module.eks.data.aws_iam_policy_document.node_assume_role_policy",
            "module.eks.data.aws_iam_session_context.current",
            "module.eks.data.aws_partition.current",
            "module.eks.data.tls_certificate.this",
            "module.eks.module.eks_managed_node_group.aws_autoscaling_schedule.this",
            "module.eks.module.eks_managed_node_group.aws_eks_node_group.this",
            "module.eks.module.eks_managed_node_group.aws_iam_role.this",
            "module.eks.module.eks_managed_node_group.aws_iam_role_policy.this",
            "module.eks.module.eks_managed_node_group.aws_iam_role_policy_attachment.additional",
            "module.eks.module.eks_managed_node_group.aws_iam_role_policy_attachment.this",
            "module.eks.module.eks_managed_node_group.aws_launch_template.this",
            "module.eks.module.eks_managed_node_group.aws_placement_group.this",
            "module.eks.module.eks_managed_node_group.data.aws_caller_identity.current",
            "module.eks.module.eks_managed_node_group.data.aws_ec2_instance_type.this",
            "module.eks.module.eks_managed_node_group.data.aws_ec2_instance_type_offerings.this",
            "module.eks.module.eks_managed_node_group.data.aws_iam_policy_document.assume_role_policy",
            "module.eks.module.eks_managed_node_group.data.aws_iam_policy_document.role",
            "module.eks.module.eks_managed_node_group.data.aws_partition.current",
            "module.eks.module.eks_managed_node_group.data.aws_ssm_parameter.ami",
            "module.eks.module.eks_managed_node_group.data.aws_subnets.placement_group",
            "module.eks.module.eks_managed_node_group.module.user_data.data.cloudinit_config.al2023_eks_managed_node_group",
            "module.eks.module.eks_managed_node_group.module.user_data.data.cloudinit_config.linux_eks_managed_node_group",
            "module.eks.module.eks_managed_node_group.module.user_data.null_resource.validate_cluster_service_cidr",
            "module.eks.module.fargate_profile.aws_eks_fargate_profile.this",
            "module.eks.module.fargate_profile.aws_iam_role.this",
            "module.eks.module.fargate_profile.aws_iam_role_policy.this",
            "module.eks.module.fargate_profile.aws_iam_role_policy_attachment.additional",
            "module.eks.module.fargate_profile.aws_iam_role_policy_attachment.this",
            "module.eks.module.fargate_profile.data.aws_caller_identity.current",
            "module.eks.module.fargate_profile.data.aws_iam_policy_document.assume_role_policy",
            "module.eks.module.fargate_profile.data.aws_iam_policy_document.role",
            "module.eks.module.fargate_profile.data.aws_partition.current",
            "module.eks.module.fargate_profile.data.aws_region.current",
            "module.eks.module.kms.aws_kms_alias.this",
            "module.eks.module.kms.aws_kms_external_key.this",
            "module.eks.module.kms.aws_kms_grant.this",
            "module.eks.module.kms.aws_kms_key.this",
            "module.eks.module.kms.aws_kms_replica_external_key.this",
            "module.eks.module.kms.aws_kms_replica_key.this",
            "module.eks.module.kms.data.aws_caller_identity.current",
            "module.eks.module.kms.data.aws_iam_policy_document.this",
            "module.eks.module.kms.data.aws_partition.current",
            "module.eks.module.self_managed_node_group.aws_autoscaling_group.this",
            "module.eks.module.self_managed_node_group.aws_autoscaling_schedule.this",
            "module.eks.module.self_managed_node_group.aws_eks_access_entry.this",
            "module.eks.module.self_managed_node_group.aws_iam_instance_profile.this",
            "module.eks.module.self_managed_node_group.aws_iam_role.this",
            "module.eks.module.self_managed_node_group.aws_iam_role_policy.this",
            "module.eks.module.self_managed_node_group.aws_iam_role_policy_attachment.additional",
            "module.eks.module.self_managed_node_group.aws_iam_role_policy_attachment.this",
            "module.eks.module.self_managed_node_group.aws_launch_template.this",
            "module.eks.module.self_managed_node_group.aws_placement_group.this",
            "module.eks.module.self_managed_node_group.data.aws_caller_identity.current",
            "module.eks.module.self_managed_node_group.data.aws_ec2_instance_type.this",
            "module.eks.module.self_managed_node_group.data.aws_ec2_instance_type_offerings.this",
            "module.eks.module.self_managed_node_group.data.aws_iam_policy_document.assume_role_policy",
            "module.eks.module.self_managed_node_group.data.aws_iam_policy_document.role",
            "module.eks.module.self_managed_node_group.data.aws_partition.current",
            "module.eks.module.self_managed_node_group.data.aws_ssm_parameter.ami",
            "module.eks.module.self_managed_node_group.data.aws_subnets.placement_group",
            "module.eks.module.self_managed_node_group.module.user_data.data.cloudinit_config.al2023_eks_managed_node_group",
            "module.eks.module.self_managed_node_group.module.user_data.data.cloudinit_config.linux_eks_managed_node_group",
            "module.eks.module.self_managed_node_group.module.user_data.null_resource.validate_cluster_service_cidr",
            "module.eks.time_sleep.this",
            "module.vpc.aws_subnet.private",
            "module.vpc.aws_subnet.public",
            "module.vpc.aws_vpc.this",
            "module.vpc.aws_vpc_ipv4_cidr_block_association.this",
            "time_sleep.wait_for_cluster_ready"
          ]
        },
        {
          "index_key": "/apis/apps/v1/deployments/recommendationservice",
          "schema_version": 1,
          "attributes": {
            "api_version": "apps/v1",
            "apply_only": false,
            "force_conflicts": false,
            "force_new": false,
            "id": "/apis/apps/v1/namespaces/default/deployments/recommendationservice",
            "ignore_fields": null,
            "kind": "Deployment",
            "live_manifest_incluster": "692552f19036b84981227d3df495fb5f116450e5a2c7087fc6c88fe626315605",
            "live_uid": "f4ee10ac-05fd-4280-87c6-5c011c82caf7",
            "name": "recommendationservice",
            "namespace": null,
            "override_namespace": null,
            "sensitive_fields": null,
            "server_side_apply": false,
            "timeouts": null,
            "uid": "f4ee10ac-05fd-4280-87c6-5c011c82caf7",
            "validate_schema": true,
            "wait": null,
            "wait_for_rollout": true,
            "yaml_body": "apiVersion: apps/v1\nkind: Deployment\nmetadata:\n  labels:\n    app: recommendationservice\n  name: recommendationservice\nspec:\n  selector:\n    matchLabels:\n      app: recommendationservice\n  template:\n    metadata:\n      labels:\n        app: recommendationservice\n    spec:\n      containers:\n      - env:\n        - name: PORT\n          value: \"8080\"\n        - name: PRODUCT_CATALOG_SERVICE_ADDR\n          value: productcatalogservice:3550\n        - name: DISABLE_PROFILER\n          value: \"1\"\n        image: us-central1-docker.pkg.dev/google-samples/microservices-demo/recommendationservice:v0.10.3\n        livenessProbe:\n          grpc:\n            port: 8080\n          periodSeconds: 5\n        name: server\n        ports:\n        - containerPort: 8080\n        readinessProbe:\n          grpc:\n            port: 8080\n          periodSeconds: 5\n        resources:\n          limits:\n            cpu: 200m\n            memory: 450Mi\n          requests:\n            cpu: 100m\n            memory: 220Mi\n        securityContext:\n          allowPrivilegeEscalation: false\n          capabilities:\n            drop:\n            - ALL\n          privileged: false\n          readOnlyRootFilesystem: true\n      securityContext:\n        fsGroup: 1000\n        runAsGroup: 1000\n        runAsNonRoot: true\n        runAsUser: 1000\n      serviceAccountName: recommendationservice\n      terminationGracePeriodSeconds: 5\n",
            "yaml_body_parsed": "apiVersion: apps/v1\nkind: Deployment\nmetadata:\n  labels:\n    app: recommendationservice\n  name: recommendationservice\nspec:\n  selector:\n    matchLabels:\n      app: recommendationservice\n  template:\n    metadata:\n      labels:\n        app: recommendationservice\n    spec:\n      containers:\n      - env:\n        - name: PORT\n          value: \"8080\"\n        - name: PRODUCT_CATALOG_SERVICE_ADDR\n          value: productcatalogservice:3550\n        - name: DISABLE_PROFILER\n          value: \"1\"\n        image: us-central1-docker.pkg.dev/google-samples/microservices-demo/recommendationservice:v0.10.3\n        livenessProbe:\n          grpc:\n            port: 8080\n          periodSeconds: 5\n        name: server\n        ports:\n        - containerPort: 8080\n        readinessProbe:\n          grpc:\n            port: 8080\n          periodSeconds: 5\n        resources:\n          limits:\n            cpu: 200m\n            memory: 450Mi\n          requests:\n            cpu: 100m\n            memory: 220Mi\n        securityContext:\n          allowPrivilegeEscalation: false\n          capabilities:\n            drop:\n            - ALL\n          privileged: false\n          readOnlyRootFilesystem: true\n      securityContext:\n        fsGroup: 1000\n        runAsGroup: 1000\n        runAsNonRoot: true\n        runAsUser: 1000\n      serviceAccountName: recommendationservice\n      terminationGracePeriodSeconds: 5\n",
            "yaml_incluster": "692552f19036b84981227d3df495fb5f116450e5a2c7087fc6c88fe626315605"
          },
          "sensitive_attributes": [],
          "private": "eyJlMmJmYjczMC1lY2FhLTExZTYtOGY4OC0zNDM2M2JjN2M0YzAiOnsiY3JlYXRlIjo2MDAwMDAwMDAwMDB9LCJzY2hlbWFfdmVyc2lvbiI6IjEifQ==",
          "dependencies": [
            "data.aws_eks_cluster.this",
            "data.aws_eks_cluster_auth.this",
            "data.http.microservices_demo",
            "data.kubectl_file_documents.microservices_demo",
            "module.eks.aws_cloudwatch_log_group.this",
            "module.eks.aws_ec2_tag.cluster_primary_security_group",
            "module.eks.aws_eks_access_entry.this",
            "module.eks.aws_eks_access_policy_association.this",
            "module.eks.aws_eks_addon.before_compute",
            "module.eks.aws_eks_addon.this",
            "module.eks.aws_eks_cluster.this",
            "module.eks.aws_eks_identity_provider_config.this",
            "module.eks.aws_iam_openid_connect_provider.oidc_provider",
            "module.eks.aws_iam_policy.cluster_encryption",
            "module.eks.aws_iam_policy.cni_ipv6_policy",
            "module.eks.aws_iam_policy.custom",
            "module.eks.aws_iam_role.eks_auto",
            "module.eks.aws_iam_role.this",
            "module.eks.aws_iam_role_policy_attachment.additional",
            "module.eks.aws_iam_role_policy_attachment.cluster_encryption",
            "module.eks.aws_iam_role_policy_attachment.custom",
            "module.eks.aws_iam_role_policy_attachment.eks_auto",
            "module.eks.aws_iam_role_policy_attachment.eks_auto_additional",
            "module.eks.aws_iam_role_policy_attachment.this",
            "module.eks.aws_security_group.cluster",
            "module.eks.aws_security_group.node",
            "module.eks.aws_security_group_rule.cluster",
            "module.eks.aws_security_group_rule.node",
            "module.eks.data.aws_caller_identity.current",
            "module.eks.data.aws_eks_addon_version.this",
            "module.eks.data.aws_iam_policy_document.assume_role_policy",
            "module.eks.data.aws_iam_policy_document.cni_ipv6_policy",
            "module.eks.data.aws_iam_policy_document.custom",
            "module.eks.data.aws_iam_policy_document.node_assume_role_policy",
            "module.eks.data.aws_iam_session_context.current",
            "module.eks.data.aws_partition.current",
            "module.eks.data.tls_certificate.this",
            "module.eks.module.eks_managed_node_group.aws_autoscaling_schedule.this",
            "module.eks.module.eks_managed_node_group.aws_eks_node_group.this",
            "module.eks.module.eks_managed_node_group.aws_iam_role.this",
            "module.eks.module.eks_managed_node_group.aws_iam_role_policy.this",
            "module.eks.module.eks_managed_node_group.aws_iam_role_policy_attachment.additional",
            "module.eks.module.eks_managed_node_group.aws_iam_role_policy_attachment.this",
            "module.eks.module.eks_managed_node_group.aws_launch_template.this",
            "module.eks.module.eks_managed_node_group.aws_placement_group.this",
            "module.eks.module.eks_managed_node_group.data.aws_caller_identity.current",
            "module.eks.module.eks_managed_node_group.data.aws_ec2_instance_type.this",
            "module.eks.module.eks_managed_node_group.data.aws_ec2_instance_type_offerings.this",
            "module.eks.module.eks_managed_node_group.data.aws_iam_policy_document.assume_role_policy",
            "module.eks.module.eks_managed_node_group.data.aws_iam_policy_document.role",
            "module.eks.module.eks_managed_node_group.data.aws_partition.current",
            "module.eks.module.eks_managed_node_group.data.aws_ssm_parameter.ami",
            "module.eks.module.eks_managed_node_group.data.aws_subnets.placement_group",
            "module.eks.module.eks_managed_node_group.module.user_data.data.cloudinit_config.al2023_eks_managed_node_group",
            "module.eks.module.eks_managed_node_group.module.user_data.data.cloudinit_config.linux_eks_managed_node_group",
            "module.eks.module.eks_managed_node_group.module.user_data.null_resource.validate_cluster_service_cidr",
            "module.eks.module.fargate_profile.aws_eks_fargate_profile.this",
            "module.eks.module.fargate_profile.aws_iam_role.this",
            "module.eks.module.fargate_profile.aws_iam_role_policy.this",
            "module.eks.module.fargate_profile.aws_iam_role_policy_attachment.additional",
            "module.eks.module.fargate_profile.aws_iam_role_policy_attachment.this",
            "module.eks.module.fargate_profile.data.aws_caller_identity.current",
            "module.eks.module.fargate_profile.data.aws_iam_policy_document.assume_role_policy",
            "module.eks.module.fargate_profile.data.aws_iam_policy_document.role",
            "module.eks.module.fargate_profile.data.aws_partition.current",
            "module.eks.module.fargate_profile.data.aws_region.current",
            "module.eks.module.kms.aws_kms_alias.this",
            "module.eks.module.kms.aws_kms_external_key.this",
            "module.eks.module.kms.aws_kms_grant.this",
            "module.eks.module.kms.aws_kms_key.this",
            "module.eks.module.kms.aws_kms_replica_external_key.this",
            "module.eks.module.kms.aws_kms_replica_key.this",
            "module.eks.module.kms.data.aws_caller_identity.current",
            "module.eks.module.kms.data.aws_iam_policy_document.this",
            "module.eks.module.kms.data.aws_partition.current",
            "module.eks.module.self_managed_node_group.aws_autoscaling_group.this",
            "module.eks.module.self_managed_node_group.aws_autoscaling_schedule.this",
            "module.eks.module.self_managed_node_group.aws_eks_access_entry.this",
            "module.eks.module.self_managed_node_group.aws_iam_instance_profile.this",
            "module.eks.module.self_managed_node_group.aws_iam_role.this",
            "module.eks.module.self_managed_node_group.aws_iam_role_policy.this",
            "module.eks.module.self_managed_node_group.aws_iam_role_policy_attachment.additional",
            "module.eks.module.self_managed_node_group.aws_iam_role_policy_attachment.this",
            "module.eks.module.self_managed_node_group.aws_launch_template.this",
            "module.eks.module.self_managed_node_group.aws_placement_group.this",
            "module.eks.module.self_managed_node_group.data.aws_caller_identity.current",
            "module.eks.module.self_managed_node_group.data.aws_ec2_instance_type.this",
            "module.eks.module.self_managed_node_group.data.aws_ec2_instance_type_offerings.this",
            "module.eks.module.self_managed_node_group.data.aws_iam_policy_document.assume_role_policy",
            "module.eks.module.self_managed_node_group.data.aws_iam_policy_document.role",
            "module.eks.module.self_managed_node_group.data.aws_partition.current",
            "module.eks.module.self_managed_node_group.data.aws_ssm_parameter.ami",
            "module.eks.module.self_managed_node_group.data.aws_subnets.placement_group",
            "module.eks.module.self_managed_node_group.module.user_data.data.cloudinit_config.al2023_eks_managed_node_group",
            "module.eks.module.self_managed_node_group.module.user_data.data.cloudinit_config.linux_eks_managed_node_group",
            "module.eks.module.self_managed_node_group.module.user_data.null_resource.validate_cluster_service_cidr",
            "module.eks.time_sleep.this",
            "module.vpc.aws_subnet.private",
            "module.vpc.aws_subnet.public",
            "module.vpc.aws_vpc.this",
            "module.vpc.aws_vpc_ipv4_cidr_block_association.this",
            "time_sleep.wait_for_cluster_ready"
          ]
        },
        {
          "index_key": "/apis/apps/v1/deployments/redis-cart",
          "schema_version": 1,
          "attributes": {
            "api_version": "apps/v1",
            "apply_only": false,
            "force_conflicts": false,
            "force_new": false,
            "id": "/apis/apps/v1/namespaces/default/deployments/redis-cart",
            "ignore_fields": null,
            "kind": "Deployment",
            "live_manifest_incluster": "4b8237b092e789842e74635ccf5d490ad3fa99eeb45409028718cce8842df207",
            "live_uid": "8714cc69-ece2-419b-9e80-f624702eca52",
            "name": "redis-cart",
            "namespace": null,
            "override_namespace": null,
            "sensitive_fields": null,
            "server_side_apply": false,
            "timeouts": null,
            "uid": "8714cc69-ece2-419b-9e80-f624702eca52",
            "validate_schema": true,
            "wait": null,
            "wait_for_rollout": true,
            "yaml_body": "apiVersion: apps/v1\nkind: Deployment\nmetadata:\n  labels:\n    app: redis-cart\n  name: redis-cart\nspec:\n  selector:\n    matchLabels:\n      app: redis-cart\n  template:\n    metadata:\n      labels:\n        app: redis-cart\n    spec:\n      containers:\n      - image: redis:alpine\n        livenessProbe:\n          periodSeconds: 5\n          tcpSocket:\n            port: 6379\n        name: redis\n        ports:\n        - containerPort: 6379\n        readinessProbe:\n          periodSeconds: 5\n          tcpSocket:\n            port: 6379\n        resources:\n          limits:\n            cpu: 125m\n            memory: 256Mi\n          requests:\n            cpu: 70m\n            memory: 200Mi\n        securityContext:\n          allowPrivilegeEscalation: false\n          capabilities:\n            drop:\n            - ALL\n          privileged: false\n          readOnlyRootFilesystem: true\n        volumeMounts:\n        - mountPath: /data\n          name: redis-data\n      securityContext:\n        fsGroup: 1000\n        runAsGroup: 1000\n        runAsNonRoot: true\n        runAsUser: 1000\n      volumes:\n      - emptyDir: {}\n        name: redis-data\n",
            "yaml_body_parsed": "apiVersion: apps/v1\nkind: Deployment\nmetadata:\n  labels:\n    app: redis-cart\n  name: redis-cart\nspec:\n  selector:\n    matchLabels:\n      app: redis-cart\n  template:\n    metadata:\n      labels:\n        app: redis-cart\n    spec:\n      containers:\n      - image: redis:alpine\n        livenessProbe:\n          periodSeconds: 5\n          tcpSocket:\n            port: 6379\n        name: redis\n        ports:\n        - containerPort: 6379\n        readinessProbe:\n          periodSeconds: 5\n          tcpSocket:\n            port: 6379\n        resources:\n          limits:\n            cpu: 125m\n            memory: 256Mi\n          requests:\n            cpu: 70m\n            memory: 200Mi\n        securityContext:\n          allowPrivilegeEscalation: false\n          capabilities:\n            drop:\n            - ALL\n          privileged: false\n          readOnlyRootFilesystem: true\n        volumeMounts:\n        - mountPath: /data\n          name: redis-data\n      securityContext:\n        fsGroup: 1000\n        runAsGroup: 1000\n        runAsNonRoot: true\n        runAsUser: 1000\n      volumes:\n      - emptyDir: {}\n        name: redis-data\n",
            "yaml_incluster": "4b8237b092e789842e74635ccf5d490ad3fa99eeb45409028718cce8842df207"
          },
          "sensitive_attributes": [],
          "private": "eyJlMmJmYjczMC1lY2FhLTExZTYtOGY4OC0zNDM2M2JjN2M0YzAiOnsiY3JlYXRlIjo2MDAwMDAwMDAwMDB9LCJzY2hlbWFfdmVyc2lvbiI6IjEifQ==",
          "dependencies": [
            "data.aws_eks_cluster.this",
            "data.aws_eks_cluster_auth.this",
            "data.http.microservices_demo",
            "data.kubectl_file_documents.microservices_demo",
            "module.eks.aws_cloudwatch_log_group.this",
            "module.eks.aws_ec2_tag.cluster_primary_security_group",
            "module.eks.aws_eks_access_entry.this",
            "module.eks.aws_eks_access_policy_association.this",
            "module.eks.aws_eks_addon.before_compute",
            "module.eks.aws_eks_addon.this",
            "module.eks.aws_eks_cluster.this",
            "module.eks.aws_eks_identity_provider_config.this",
            "module.eks.aws_iam_openid_connect_provider.oidc_provider",
            "module.eks.aws_iam_policy.cluster_encryption",
            "module.eks.aws_iam_policy.cni_ipv6_policy",
            "module.eks.aws_iam_policy.custom",
            "module.eks.aws_iam_role.eks_auto",
            "module.eks.aws_iam_role.this",
            "module.eks.aws_iam_role_policy_attachment.additional",
            "module.eks.aws_iam_role_policy_attachment.cluster_encryption",
            "module.eks.aws_iam_role_policy_attachment.custom",
            "module.eks.aws_iam_role_policy_attachment.eks_auto",
            "module.eks.aws_iam_role_policy_attachment.eks_auto_additional",
            "module.eks.aws_iam_role_policy_attachment.this",
            "module.eks.aws_security_group.cluster",
            "module.eks.aws_security_group.node",
            "module.eks.aws_security_group_rule.cluster",
            "module.eks.aws_security_group_rule.node",
            "module.eks.data.aws_caller_identity.current",
            "module.eks.data.aws_eks_addon_version.this",
            "module.eks.data.aws_iam_policy_document.assume_role_policy",
            "module.eks.data.aws_iam_policy_document.cni_ipv6_policy",
            "module.eks.data.aws_iam_policy_document.custom",
            "module.eks.data.aws_iam_policy_document.node_assume_role_policy",
            "module.eks.data.aws_iam_session_context.current",
            "module.eks.data.aws_partition.current",
            "module.eks.data.tls_certificate.this",
            "module.eks.module.eks_managed_node_group.aws_autoscaling_schedule.this",
            "module.eks.module.eks_managed_node_group.aws_eks_node_group.this",
            "module.eks.module.eks_managed_node_group.aws_iam_role.this",
            "module.eks.module.eks_managed_node_group.aws_iam_role_policy.this",
            "module.eks.module.eks_managed_node_group.aws_iam_role_policy_attachment.additional",
            "module.eks.module.eks_managed_node_group.aws_iam_role_policy_attachment.this",
            "module.eks.module.eks_managed_node_group.aws_launch_template.this",
            "module.eks.module.eks_managed_node_group.aws_placement_group.this",
            "module.eks.module.eks_managed_node_group.data.aws_caller_identity.current",
            "module.eks.module.eks_managed_node_group.data.aws_ec2_instance_type.this",
            "module.eks.module.eks_managed_node_group.data.aws_ec2_instance_type_offerings.this",
            "module.eks.module.eks_managed_node_group.data.aws_iam_policy_document.assume_role_policy",
            "module.eks.module.eks_managed_node_group.data.aws_iam_policy_document.role",
            "module.eks.module.eks_managed_node_group.data.aws_partition.current",
            "module.eks.module.eks_managed_node_group.data.aws_ssm_parameter.ami",
            "module.eks.module.eks_managed_node_group.data.aws_subnets.placement_group",
            "module.eks.module.eks_managed_node_group.module.user_data.data.cloudinit_config.al2023_eks_managed_node_group",
            "module.eks.module.eks_managed_node_group.module.user_data.data.cloudinit_config.linux_eks_managed_node_group",
            "module.eks.module.eks_managed_node_group.module.user_data.null_resource.validate_cluster_service_cidr",
            "module.eks.module.fargate_profile.aws_eks_fargate_profile.this",
            "module.eks.module.fargate_profile.aws_iam_role.this",
            "module.eks.module.fargate_profile.aws_iam_role_policy.this",
            "module.eks.module.fargate_profile.aws_iam_role_policy_attachment.additional",
            "module.eks.module.fargate_profile.aws_iam_role_policy_attachment.this",
            "module.eks.module.fargate_profile.data.aws_caller_identity.current",
            "module.eks.module.fargate_profile.data.aws_iam_policy_document.assume_role_policy",
            "module.eks.module.fargate_profile.data.aws_iam_policy_document.role",
            "module.eks.module.fargate_profile.data.aws_partition.current",
            "module.eks.module.fargate_profile.data.aws_region.current",
            "module.eks.module.kms.aws_kms_alias.this",
            "module.eks.module.kms.aws_kms_external_key.this",
            "module.eks.module.kms.aws_kms_grant.this",
            "module.eks.module.kms.aws_kms_key.this",
            "module.eks.module.kms.aws_kms_replica_external_key.this",
            "module.eks.module.kms.aws_kms_replica_key.this",
            "module.eks.module.kms.data.aws_caller_identity.current",
            "module.eks.module.kms.data.aws_iam_policy_document.this",
            "module.eks.module.kms.data.aws_partition.current",
            "module.eks.module.self_managed_node_group.aws_autoscaling_group.this",
            "module.eks.module.self_managed_node_group.aws_autoscaling_schedule.this",
            "module.eks.module.self_managed_node_group.aws_eks_access_entry.this",
            "module.eks.module.self_managed_node_group.aws_iam_instance_profile.this",
            "module.eks.module.self_managed_node_group.aws_iam_role.this",
            "module.eks.module.self_managed_node_group.aws_iam_role_policy.this",
            "module.eks.module.self_managed_node_group.aws_iam_role_policy_attachment.additional",
            "module.eks.module.self_managed_node_group.aws_iam_role_policy_attachment.this",
            "module.eks.module.self_managed_node_group.aws_launch_template.this",
            "module.eks.module.self_managed_node_group.aws_placement_group.this",
            "module.eks.module.self_managed_node_group.data.aws_caller_identity.current",
            "module.eks.module.self_managed_node_group.data.aws_ec2_instance_type.this",
            "module.eks.module.self_managed_node_group.data.aws_ec2_instance_type_offerings.this",
            "module.eks.module.self_managed_node_group.data.aws_iam_policy_document.assume_role_policy",
            "module.eks.module.self_managed_node_group.data.aws_iam_policy_document.role",
            "module.eks.module.self_managed_node_group.data.aws_partition.current",
            "module.eks.module.self_managed_node_group.data.aws_ssm_parameter.ami",
            "module.eks.module.self_managed_node_group.data.aws_subnets.placement_group",
            "module.eks.module.self_managed_node_group.module.user_data.data.cloudinit_config.al2023_eks_managed_node_group",
            "module.eks.module.self_managed_node_group.module.user_data.data.cloudinit_config.linux_eks_managed_node_group",
            "module.eks.module.self_managed_node_group.module.user_data.null_resource.validate_cluster_service_cidr",
            "module.eks.time_sleep.this",
            "module.vpc.aws_subnet.private",
            "module.vpc.aws_subnet.public",
            "module.vpc.aws_vpc.this",
            "module.vpc.aws_vpc_ipv4_cidr_block_association.this",
            "time_sleep.wait_for_cluster_ready"
          ]
        },
        {
          "index_key": "/apis/apps/v1/deployments/shippingservice",
          "schema_version": 1,
          "attributes": {
            "api_version": "apps/v1",
            "apply_only": false,
            "force_conflicts": false,
            "force_new": false,
            "id": "/apis/apps/v1/namespaces/default/deployments/shippingservice",
            "ignore_fields": null,
            "kind": "Deployment",
            "live_manifest_incluster": "edfd25b51ced32505d58d38de8d23c52dbebf6fa491af05d8e4070e04eaf041c",
            "live_uid": "2d99af88-ef71-4155-943c-0eac4e2f47ae",
            "name": "shippingservice",
            "namespace": null,
            "override_namespace": null,
            "sensitive_fields": null,
            "server_side_apply": false,
            "timeouts": null,
            "uid": "2d99af88-ef71-4155-943c-0eac4e2f47ae",
            "validate_schema": true,
            "wait": null,
            "wait_for_rollout": true,
            "yaml_body": "apiVersion: apps/v1\nkind: Deployment\nmetadata:\n  labels:\n    app: shippingservice\n  name: shippingservice\nspec:\n  selector:\n    matchLabels:\n      app: shippingservice\n  template:\n    metadata:\n      labels:\n        app: shippingservice\n    spec:\n      containers:\n      - env:\n        - name: PORT\n          value: \"50051\"\n        - name: DISABLE_PROFILER\n          value: \"1\"\n        image: us-central1-docker.pkg.dev/google-samples/microservices-demo/shippingservice:v0.10.3\n        livenessProbe:\n          grpc:\n            port: 50051\n        name: server\n        ports:\n        - containerPort: 50051\n        readinessProbe:\n          grpc:\n            port: 50051\n          periodSeconds: 5\n        resources:\n          limits:\n            cpu: 200m\n            memory: 128Mi\n          requests:\n            cpu: 100m\n            memory: 64Mi\n        securityContext:\n          allowPrivilegeEscalation: false\n          capabilities:\n            drop:\n            - ALL\n          privileged: false\n          readOnlyRootFilesystem: true\n      securityContext:\n        fsGroup: 1000\n        runAsGroup: 1000\n        runAsNonRoot: true\n        runAsUser: 1000\n      serviceAccountName: shippingservice\n",
            "yaml_body_parsed": "apiVersion: apps/v1\nkind: Deployment\nmetadata:\n  labels:\n    app: shippingservice\n  name: shippingservice\nspec:\n  selector:\n    matchLabels:\n      app: shippingservice\n  template:\n    metadata:\n      labels:\n        app: shippingservice\n    spec:\n      containers:\n      - env:\n        - name: PORT\n          value: \"50051\"\n        - name: DISABLE_PROFILER\n          value: \"1\"\n        image: us-central1-docker.pkg.dev/google-samples/microservices-demo/shippingservice:v0.10.3\n        livenessProbe:\n          grpc:\n            port: 50051\n        name: server\n        ports:\n        - containerPort: 50051\n        readinessProbe:\n          grpc:\n            port: 50051\n          periodSeconds: 5\n        resources:\n          limits:\n            cpu: 200m\n            memory: 128Mi\n          requests:\n            cpu: 100m\n            memory: 64Mi\n        securityContext:\n          allowPrivilegeEscalation: false\n          capabilities:\n            drop:\n            - ALL\n          privileged: false\n          readOnlyRootFilesystem: true\n      securityContext:\n        fsGroup: 1000\n        runAsGroup: 1000\n        runAsNonRoot: true\n        runAsUser: 1000\n      serviceAccountName: shippingservice\n",
            "yaml_incluster": "edfd25b51ced32505d58d38de8d23c52dbebf6fa491af05d8e4070e04eaf041c"
          },
          "sensitive_attributes": [],
          "private": "eyJlMmJmYjczMC1lY2FhLTExZTYtOGY4OC0zNDM2M2JjN2M0YzAiOnsiY3JlYXRlIjo2MDAwMDAwMDAwMDB9LCJzY2hlbWFfdmVyc2lvbiI6IjEifQ==",
          "dependencies": [
            "data.aws_eks_cluster.this",
            "data.aws_eks_cluster_auth.this",
            "data.http.microservices_demo",
            "data.kubectl_file_documents.microservices_demo",
            "module.eks.aws_cloudwatch_log_group.this",
            "module.eks.aws_ec2_tag.cluster_primary_security_group",
            "module.eks.aws_eks_access_entry.this",
            "module.eks.aws_eks_access_policy_association.this",
            "module.eks.aws_eks_addon.before_compute",
            "module.eks.aws_eks_addon.this",
            "module.eks.aws_eks_cluster.this",
            "module.eks.aws_eks_identity_provider_config.this",
            "module.eks.aws_iam_openid_connect_provider.oidc_provider",
            "module.eks.aws_iam_policy.cluster_encryption",
            "module.eks.aws_iam_policy.cni_ipv6_policy",
            "module.eks.aws_iam_policy.custom",
            "module.eks.aws_iam_role.eks_auto",
            "module.eks.aws_iam_role.this",
            "module.eks.aws_iam_role_policy_attachment.additional",
            "module.eks.aws_iam_role_policy_attachment.cluster_encryption",
            "module.eks.aws_iam_role_policy_attachment.custom",
            "module.eks.aws_iam_role_policy_attachment.eks_auto",
            "module.eks.aws_iam_role_policy_attachment.eks_auto_additional",
            "module.eks.aws_iam_role_policy_attachment.this",
            "module.eks.aws_security_group.cluster",
            "module.eks.aws_security_group.node",
            "module.eks.aws_security_group_rule.cluster",
            "module.eks.aws_security_group_rule.node",
            "module.eks.data.aws_caller_identity.current",
            "module.eks.data.aws_eks_addon_version.this",
            "module.eks.data.aws_iam_policy_document.assume_role_policy",
            "module.eks.data.aws_iam_policy_document.cni_ipv6_policy",
            "module.eks.data.aws_iam_policy_document.custom",
            "module.eks.data.aws_iam_policy_document.node_assume_role_policy",
            "module.eks.data.aws_iam_session_context.current",
            "module.eks.data.aws_partition.current",
            "module.eks.data.tls_certificate.this",
            "module.eks.module.eks_managed_node_group.aws_autoscaling_schedule.this",
            "module.eks.module.eks_managed_node_group.aws_eks_node_group.this",
            "module.eks.module.eks_managed_node_group.aws_iam_role.this",
            "module.eks.module.eks_managed_node_group.aws_iam_role_policy.this",
            "module.eks.module.eks_managed_node_group.aws_iam_role_policy_attachment.additional",
            "module.eks.module.eks_managed_node_group.aws_iam_role_policy_attachment.this",
            "module.eks.module.eks_managed_node_group.aws_launch_template.this",
            "module.eks.module.eks_managed_node_group.aws_placement_group.this",
            "module.eks.module.eks_managed_node_group.data.aws_caller_identity.current",
            "module.eks.module.eks_managed_node_group.data.aws_ec2_instance_type.this",
            "module.eks.module.eks_managed_node_group.data.aws_ec2_instance_type_offerings.this",
            "module.eks.module.eks_managed_node_group.data.aws_iam_policy_document.assume_role_policy",
            "module.eks.module.eks_managed_node_group.data.aws_iam_policy_document.role",
            "module.eks.module.eks_managed_node_group.data.aws_partition.current",
            "module.eks.module.eks_managed_node_group.data.aws_ssm_parameter.ami",
            "module.eks.module.eks_managed_node_group.data.aws_subnets.placement_group",
            "module.eks.module.eks_managed_node_group.module.user_data.data.cloudinit_config.al2023_eks_managed_node_group",
            "module.eks.module.eks_managed_node_group.module.user_data.data.cloudinit_config.linux_eks_managed_node_group",
            "module.eks.module.eks_managed_node_group.module.user_data.null_resource.validate_cluster_service_cidr",
            "module.eks.module.fargate_profile.aws_eks_fargate_profile.this",
            "module.eks.module.fargate_profile.aws_iam_role.this",
            "module.eks.module.fargate_profile.aws_iam_role_policy.this",
            "module.eks.module.fargate_profile.aws_iam_role_policy_attachment.additional",
            "module.eks.module.fargate_profile.aws_iam_role_policy_attachment.this",
            "module.eks.module.fargate_profile.data.aws_caller_identity.current",
            "module.eks.module.fargate_profile.data.aws_iam_policy_document.assume_role_policy",
            "module.eks.module.fargate_profile.data.aws_iam_policy_document.role",
            "module.eks.module.fargate_profile.data.aws_partition.current",
            "module.eks.module.fargate_profile.data.aws_region.current",
            "module.eks.module.kms.aws_kms_alias.this",
            "module.eks.module.kms.aws_kms_external_key.this",
            "module.eks.module.kms.aws_kms_grant.this",
            "module.eks.module.kms.aws_kms_key.this",
            "module.eks.module.kms.aws_kms_replica_external_key.this",
            "module.eks.module.kms.aws_kms_replica_key.this",
            "module.eks.module.kms.data.aws_caller_identity.current",
            "module.eks.module.kms.data.aws_iam_policy_document.this",
            "module.eks.module.kms.data.aws_partition.current",
            "module.eks.module.self_managed_node_group.aws_autoscaling_group.this",
            "module.eks.module.self_managed_node_group.aws_autoscaling_schedule.this",
            "module.eks.module.self_managed_node_group.aws_eks_access_entry.this",
            "module.eks.module.self_managed_node_group.aws_iam_instance_profile.this",
            "module.eks.module.self_managed_node_group.aws_iam_role.this",
            "module.eks.module.self_managed_node_group.aws_iam_role_policy.this",
            "module.eks.module.self_managed_node_group.aws_iam_role_policy_attachment.additional",
            "module.eks.module.self_managed_node_group.aws_iam_role_policy_attachment.this",
            "module.eks.module.self_managed_node_group.aws_launch_template.this",
            "module.eks.module.self_managed_node_group.aws_placement_group.this",
            "module.eks.module.self_managed_node_group.data.aws_caller_identity.current",
            "module.eks.module.self_managed_node_group.data.aws_ec2_instance_type.this",
            "module.eks.module.self_managed_node_group.data.aws_ec2_instance_type_offerings.this",
            "module.eks.module.self_managed_node_group.data.aws_iam_policy_document.assume_role_policy",
            "module.eks.module.self_managed_node_group.data.aws_iam_policy_document.role",
            "module.eks.module.self_managed_node_group.data.aws_partition.current",
            "module.eks.module.self_managed_node_group.data.aws_ssm_parameter.ami",
            "module.eks.module.self_managed_node_group.data.aws_subnets.placement_group",
            "module.eks.module.self_managed_node_group.module.user_data.data.cloudinit_config.al2023_eks_managed_node_group",
            "module.eks.module.self_managed_node_group.module.user_data.data.cloudinit_config.linux_eks_managed_node_group",
            "module.eks.module.self_managed_node_group.module.user_data.null_resource.validate_cluster_service_cidr",
            "module.eks.time_sleep.this",
            "module.vpc.aws_subnet.private",
            "module.vpc.aws_subnet.public",
            "module.vpc.aws_vpc.this",
            "module.vpc.aws_vpc_ipv4_cidr_block_association.this",
            "time_sleep.wait_for_cluster_ready"
          ]
        }
      ]
    },
    {
      "mode": "managed",
      "type": "time_sleep",
      "name": "wait_for_cluster_ready",
      "provider": "provider[\"registry.terraform.io/hashicorp/time\"]",
      "instances": [
        {
          "schema_version": 0,
          "attributes": {
            "create_duration": "20s",
            "destroy_duration": null,
            "id": "2025-09-18T12:23:15Z",
            "triggers": null
          },
          "sensitive_attributes": [],
          "dependencies": [
            "module.eks.aws_cloudwatch_log_group.this",
            "module.eks.aws_ec2_tag.cluster_primary_security_group",
            "module.eks.aws_eks_access_entry.this",
            "module.eks.aws_eks_access_policy_association.this",
            "module.eks.aws_eks_addon.before_compute",
            "module.eks.aws_eks_addon.this",
            "module.eks.aws_eks_cluster.this",
            "module.eks.aws_eks_identity_provider_config.this",
            "module.eks.aws_iam_openid_connect_provider.oidc_provider",
            "module.eks.aws_iam_policy.cluster_encryption",
            "module.eks.aws_iam_policy.cni_ipv6_policy",
            "module.eks.aws_iam_policy.custom",
            "module.eks.aws_iam_role.eks_auto",
            "module.eks.aws_iam_role.this",
            "module.eks.aws_iam_role_policy_attachment.additional",
            "module.eks.aws_iam_role_policy_attachment.cluster_encryption",
            "module.eks.aws_iam_role_policy_attachment.custom",
            "module.eks.aws_iam_role_policy_attachment.eks_auto",
            "module.eks.aws_iam_role_policy_attachment.eks_auto_additional",
            "module.eks.aws_iam_role_policy_attachment.this",
            "module.eks.aws_security_group.cluster",
            "module.eks.aws_security_group.node",
            "module.eks.aws_security_group_rule.cluster",
            "module.eks.aws_security_group_rule.node",
            "module.eks.data.aws_caller_identity.current",
            "module.eks.data.aws_eks_addon_version.this",
            "module.eks.data.aws_iam_policy_document.assume_role_policy",
            "module.eks.data.aws_iam_policy_document.cni_ipv6_policy",
            "module.eks.data.aws_iam_policy_document.custom",
            "module.eks.data.aws_iam_policy_document.node_assume_role_policy",
            "module.eks.data.aws_iam_session_context.current",
            "module.eks.data.aws_partition.current",
            "module.eks.data.tls_certificate.this",
            "module.eks.module.eks_managed_node_group.aws_autoscaling_schedule.this",
            "module.eks.module.eks_managed_node_group.aws_eks_node_group.this",
            "module.eks.module.eks_managed_node_group.aws_iam_role.this",
            "module.eks.module.eks_managed_node_group.aws_iam_role_policy.this",
            "module.eks.module.eks_managed_node_group.aws_iam_role_policy_attachment.additional",
            "module.eks.module.eks_managed_node_group.aws_iam_role_policy_attachment.this",
            "module.eks.module.eks_managed_node_group.aws_launch_template.this",
            "module.eks.module.eks_managed_node_group.aws_placement_group.this",
            "module.eks.module.eks_managed_node_group.data.aws_caller_identity.current",
            "module.eks.module.eks_managed_node_group.data.aws_ec2_instance_type.this",
            "module.eks.module.eks_managed_node_group.data.aws_ec2_instance_type_offerings.this",
            "module.eks.module.eks_managed_node_group.data.aws_iam_policy_document.assume_role_policy",
            "module.eks.module.eks_managed_node_group.data.aws_iam_policy_document.role",
            "module.eks.module.eks_managed_node_group.data.aws_partition.current",
            "module.eks.module.eks_managed_node_group.data.aws_ssm_parameter.ami",
            "module.eks.module.eks_managed_node_group.data.aws_subnets.placement_group",
            "module.eks.module.eks_managed_node_group.module.user_data.data.cloudinit_config.al2023_eks_managed_node_group",
            "module.eks.module.eks_managed_node_group.module.user_data.data.cloudinit_config.linux_eks_managed_node_group",
            "module.eks.module.eks_managed_node_group.module.user_data.null_resource.validate_cluster_service_cidr",
            "module.eks.module.fargate_profile.aws_eks_fargate_profile.this",
            "module.eks.module.fargate_profile.aws_iam_role.this",
            "module.eks.module.fargate_profile.aws_iam_role_policy.this",
            "module.eks.module.fargate_profile.aws_iam_role_policy_attachment.additional",
            "module.eks.module.fargate_profile.aws_iam_role_policy_attachment.this",
            "module.eks.module.fargate_profile.data.aws_caller_identity.current",
            "module.eks.module.fargate_profile.data.aws_iam_policy_document.assume_role_policy",
            "module.eks.module.fargate_profile.data.aws_iam_policy_document.role",
            "module.eks.module.fargate_profile.data.aws_partition.current",
            "module.eks.module.fargate_profile.data.aws_region.current",
            "module.eks.module.kms.aws_kms_alias.this",
            "module.eks.module.kms.aws_kms_external_key.this",
            "module.eks.module.kms.aws_kms_grant.this",
            "module.eks.module.kms.aws_kms_key.this",
            "module.eks.module.kms.aws_kms_replica_external_key.this",
            "module.eks.module.kms.aws_kms_replica_key.this",
            "module.eks.module.kms.data.aws_caller_identity.current",
            "module.eks.module.kms.data.aws_iam_policy_document.this",
            "module.eks.module.kms.data.aws_partition.current",
            "module.eks.module.self_managed_node_group.aws_autoscaling_group.this",
            "module.eks.module.self_managed_node_group.aws_autoscaling_schedule.this",
            "module.eks.module.self_managed_node_group.aws_eks_access_entry.this",
            "module.eks.module.self_managed_node_group.aws_iam_instance_profile.this",
            "module.eks.module.self_managed_node_group.aws_iam_role.this",
            "module.eks.module.self_managed_node_group.aws_iam_role_policy.this",
            "module.eks.module.self_managed_node_group.aws_iam_role_policy_attachment.additional",
            "module.eks.module.self_managed_node_group.aws_iam_role_policy_attachment.this",
            "module.eks.module.self_managed_node_group.aws_launch_template.this",
            "module.eks.module.self_managed_node_group.aws_placement_group.this",
            "module.eks.module.self_managed_node_group.data.aws_caller_identity.current",
            "module.eks.module.self_managed_node_group.data.aws_ec2_instance_type.this",
            "module.eks.module.self_managed_node_group.data.aws_ec2_instance_type_offerings.this",
            "module.eks.module.self_managed_node_group.data.aws_iam_policy_document.assume_role_policy",
            "module.eks.module.self_managed_node_group.data.aws_iam_policy_document.role",
            "module.eks.module.self_managed_node_group.data.aws_partition.current",
            "module.eks.module.self_managed_node_group.data.aws_ssm_parameter.ami",
            "module.eks.module.self_managed_node_group.data.aws_subnets.placement_group",
            "module.eks.module.self_managed_node_group.module.user_data.data.cloudinit_config.al2023_eks_managed_node_group",
            "module.eks.module.self_managed_node_group.module.user_data.data.cloudinit_config.linux_eks_managed_node_group",
            "module.eks.module.self_managed_node_group.module.user_data.null_resource.validate_cluster_service_cidr",
            "module.eks.time_sleep.this",
            "module.vpc.aws_subnet.private",
            "module.vpc.aws_subnet.public",
            "module.vpc.aws_vpc.this",
            "module.vpc.aws_vpc_ipv4_cidr_block_association.this"
          ]
        }
      ]
    },
    {
      "module": "module.eks",
      "mode": "data",
      "type": "aws_caller_identity",
      "name": "current",
      "provider": "provider[\"registry.terraform.io/hashicorp/aws\"]",
      "instances": [
        {
          "index_key": 0,
          "schema_version": 0,
          "attributes": {
            "account_id": "676206911983",
            "arn": "arn:aws:iam::676206911983:user/mujoko",
            "id": "676206911983",
            "user_id": "AIDAZ24ISUHXX3OB5XTVP"
          },
          "sensitive_attributes": []
        }
      ]
    },
    {
      "module": "module.eks",
      "mode": "data",
      "type": "aws_eks_addon_version",
      "name": "this",
      "provider": "provider[\"registry.terraform.io/hashicorp/aws\"]",
      "instances": [
        {
          "index_key": "aws-ebs-csi-driver",
          "schema_version": 0,
          "attributes": {
            "addon_name": "aws-ebs-csi-driver",
            "id": "aws-ebs-csi-driver",
            "kubernetes_version": "1.33",
            "most_recent": true,
            "version": "v1.48.0-eksbuild.2"
          },
          "sensitive_attributes": []
        },
        {
          "index_key": "coredns",
          "schema_version": 0,
          "attributes": {
            "addon_name": "coredns",
            "id": "coredns",
            "kubernetes_version": "1.33",
            "most_recent": true,
            "version": "v1.12.3-eksbuild.1"
          },
          "sensitive_attributes": []
        },
        {
          "index_key": "kube-proxy",
          "schema_version": 0,
          "attributes": {
            "addon_name": "kube-proxy",
            "id": "kube-proxy",
            "kubernetes_version": "1.33",
            "most_recent": true,
            "version": "v1.33.3-eksbuild.6"
          },
          "sensitive_attributes": []
        },
        {
          "index_key": "vpc-cni",
          "schema_version": 0,
          "attributes": {
            "addon_name": "vpc-cni",
            "id": "vpc-cni",
            "kubernetes_version": "1.33",
            "most_recent": true,
            "version": "v1.20.1-eksbuild.3"
          },
          "sensitive_attributes": []
        }
      ]
    },
    {
      "module": "module.eks",
      "mode": "data",
      "type": "aws_iam_policy_document",
      "name": "assume_role_policy",
      "provider": "provider[\"registry.terraform.io/hashicorp/aws\"]",
      "instances": [
        {
          "index_key": 0,
          "schema_version": 0,
          "attributes": {
            "id": "2830595799",
            "json": "{\n  \"Version\": \"2012-10-17\",\n  \"Statement\": [\n    {\n      \"Sid\": \"EKSClusterAssumeRole\",\n      \"Effect\": \"Allow\",\n      \"Action\": [\n        \"sts:TagSession\",\n        \"sts:AssumeRole\"\n      ],\n      \"Principal\": {\n        \"Service\": \"eks.amazonaws.com\"\n      }\n    }\n  ]\n}",
            "minified_json": "{\"Version\":\"2012-10-17\",\"Statement\":[{\"Sid\":\"EKSClusterAssumeRole\",\"Effect\":\"Allow\",\"Action\":[\"sts:TagSession\",\"sts:AssumeRole\"],\"Principal\":{\"Service\":\"eks.amazonaws.com\"}}]}",
            "override_json": null,
            "override_policy_documents": null,
            "policy_id": null,
            "source_json": null,
            "source_policy_documents": null,
            "statement": [
              {
                "actions": [
                  "sts:AssumeRole",
                  "sts:TagSession"
                ],
                "condition": [],
                "effect": "Allow",
                "not_actions": [],
                "not_principals": [],
                "not_resources": [],
                "principals": [
                  {
                    "identifiers": [
                      "eks.amazonaws.com"
                    ],
                    "type": "Service"
                  }
                ],
                "resources": [],
                "sid": "EKSClusterAssumeRole"
              }
            ],
            "version": "2012-10-17"
          },
          "sensitive_attributes": []
        }
      ]
    },
    {
      "module": "module.eks",
      "mode": "data",
      "type": "aws_iam_policy_document",
      "name": "custom",
      "provider": "provider[\"registry.terraform.io/hashicorp/aws\"]",
      "instances": [
        {
          "index_key": 0,
          "schema_version": 0,
          "attributes": {
            "id": "513122117",
            "json": "{\n  \"Version\": \"2012-10-17\",\n  \"Statement\": [\n    {\n      \"Sid\": \"Compute\",\n      \"Effect\": \"Allow\",\n      \"Action\": [\n        \"ec2:RunInstances\",\n        \"ec2:CreateLaunchTemplate\",\n        \"ec2:CreateFleet\"\n      ],\n      \"Resource\": \"*\",\n      \"Condition\": {\n        \"StringEquals\": {\n          \"aws:RequestTag/eks:eks-cluster-name\": \"${aws:PrincipalTag/eks:eks-cluster-name}\"\n        },\n        \"StringLike\": {\n          \"aws:RequestTag/eks:kubernetes-node-class-name\": \"*\",\n          \"aws:RequestTag/eks:kubernetes-node-pool-name\": \"*\"\n        }\n      }\n    },\n    {\n      \"Sid\": \"Storage\",\n      \"Effect\": \"Allow\",\n      \"Action\": [\n        \"ec2:CreateVolume\",\n        \"ec2:CreateSnapshot\"\n      ],\n      \"Resource\": [\n        \"arn:aws:ec2:*:*:volume/*\",\n        \"arn:aws:ec2:*:*:snapshot/*\"\n      ],\n      \"Condition\": {\n        \"StringEquals\": {\n          \"aws:RequestTag/eks:eks-cluster-name\": \"${aws:PrincipalTag/eks:eks-cluster-name}\"\n        }\n      }\n    },\n    {\n      \"Sid\": \"Networking\",\n      \"Effect\": \"Allow\",\n      \"Action\": \"ec2:CreateNetworkInterface\",\n      \"Resource\": \"*\",\n      \"Condition\": {\n        \"StringEquals\": {\n          \"aws:RequestTag/eks:eks-cluster-name\": \"${aws:PrincipalTag/eks:eks-cluster-name}\",\n          \"aws:RequestTag/eks:kubernetes-cni-node-name\": \"*\"\n        }\n      }\n    },\n    {\n      \"Sid\": \"LoadBalancer\",\n      \"Effect\": \"Allow\",\n      \"Action\": [\n        \"elasticloadbalancing:CreateTargetGroup\",\n        \"elasticloadbalancing:CreateRule\",\n        \"elasticloadbalancing:CreateLoadBalancer\",\n        \"elasticloadbalancing:CreateListener\",\n        \"ec2:CreateSecurityGroup\"\n      ],\n      \"Resource\": \"*\",\n      \"Condition\": {\n        \"StringEquals\": {\n          \"aws:RequestTag/eks:eks-cluster-name\": \"${aws:PrincipalTag/eks:eks-cluster-name}\"\n        }\n      }\n    },\n    {\n      \"Sid\": \"ShieldProtection\",\n      \"Effect\": \"Allow\",\n      \"Action\": \"shield:CreateProtection\",\n      \"Resource\": \"*\",\n      \"Condition\": {\n        \"StringEquals\": {\n          \"aws:RequestTag/eks:eks-cluster-name\": \"${aws:PrincipalTag/eks:eks-cluster-name}\"\n        }\n      }\n    },\n    {\n      \"Sid\": \"ShieldTagResource\",\n      \"Effect\": \"Allow\",\n      \"Action\": \"shield:TagResource\",\n      \"Resource\": \"arn:aws:shield::*:protection/*\",\n      \"Condition\": {\n        \"StringEquals\": {\n          \"aws:RequestTag/eks:eks-cluster-name\": \"${aws:PrincipalTag/eks:eks-cluster-name}\"\n        }\n      }\n    }\n  ]\n}",
            "minified_json": "{\"Version\":\"2012-10-17\",\"Statement\":[{\"Sid\":\"Compute\",\"Effect\":\"Allow\",\"Action\":[\"ec2:RunInstances\",\"ec2:CreateLaunchTemplate\",\"ec2:CreateFleet\"],\"Resource\":\"*\",\"Condition\":{\"StringEquals\":{\"aws:RequestTag/eks:eks-cluster-name\":\"${aws:PrincipalTag/eks:eks-cluster-name}\"},\"StringLike\":{\"aws:RequestTag/eks:kubernetes-node-class-name\":\"*\",\"aws:RequestTag/eks:kubernetes-node-pool-name\":\"*\"}}},{\"Sid\":\"Storage\",\"Effect\":\"Allow\",\"Action\":[\"ec2:CreateVolume\",\"ec2:CreateSnapshot\"],\"Resource\":[\"arn:aws:ec2:*:*:volume/*\",\"arn:aws:ec2:*:*:snapshot/*\"],\"Condition\":{\"StringEquals\":{\"aws:RequestTag/eks:eks-cluster-name\":\"${aws:PrincipalTag/eks:eks-cluster-name}\"}}},{\"Sid\":\"Networking\",\"Effect\":\"Allow\",\"Action\":\"ec2:CreateNetworkInterface\",\"Resource\":\"*\",\"Condition\":{\"StringEquals\":{\"aws:RequestTag/eks:eks-cluster-name\":\"${aws:PrincipalTag/eks:eks-cluster-name}\",\"aws:RequestTag/eks:kubernetes-cni-node-name\":\"*\"}}},{\"Sid\":\"LoadBalancer\",\"Effect\":\"Allow\",\"Action\":[\"elasticloadbalancing:CreateTargetGroup\",\"elasticloadbalancing:CreateRule\",\"elasticloadbalancing:CreateLoadBalancer\",\"elasticloadbalancing:CreateListener\",\"ec2:CreateSecurityGroup\"],\"Resource\":\"*\",\"Condition\":{\"StringEquals\":{\"aws:RequestTag/eks:eks-cluster-name\":\"${aws:PrincipalTag/eks:eks-cluster-name}\"}}},{\"Sid\":\"ShieldProtection\",\"Effect\":\"Allow\",\"Action\":\"shield:CreateProtection\",\"Resource\":\"*\",\"Condition\":{\"StringEquals\":{\"aws:RequestTag/eks:eks-cluster-name\":\"${aws:PrincipalTag/eks:eks-cluster-name}\"}}},{\"Sid\":\"ShieldTagResource\",\"Effect\":\"Allow\",\"Action\":\"shield:TagResource\",\"Resource\":\"arn:aws:shield::*:protection/*\",\"Condition\":{\"StringEquals\":{\"aws:RequestTag/eks:eks-cluster-name\":\"${aws:PrincipalTag/eks:eks-cluster-name}\"}}}]}",
            "override_json": null,
            "override_policy_documents": null,
            "policy_id": null,
            "source_json": null,
            "source_policy_documents": null,
            "statement": [
              {
                "actions": [
                  "ec2:CreateFleet",
                  "ec2:CreateLaunchTemplate",
                  "ec2:RunInstances"
                ],
                "condition": [
                  {
                    "test": "StringEquals",
                    "values": [
                      "${aws:PrincipalTag/eks:eks-cluster-name}"
                    ],
                    "variable": "aws:RequestTag/eks:eks-cluster-name"
                  },
                  {
                    "test": "StringLike",
                    "values": [
                      "*"
                    ],
                    "variable": "aws:RequestTag/eks:kubernetes-node-class-name"
                  },
                  {
                    "test": "StringLike",
                    "values": [
                      "*"
                    ],
                    "variable": "aws:RequestTag/eks:kubernetes-node-pool-name"
                  }
                ],
                "effect": "Allow",
                "not_actions": [],
                "not_principals": [],
                "not_resources": [],
                "principals": [],
                "resources": [
                  "*"
                ],
                "sid": "Compute"
              },
              {
                "actions": [
                  "ec2:CreateSnapshot",
                  "ec2:CreateVolume"
                ],
                "condition": [
                  {
                    "test": "StringEquals",
                    "values": [
                      "${aws:PrincipalTag/eks:eks-cluster-name}"
                    ],
                    "variable": "aws:RequestTag/eks:eks-cluster-name"
                  }
                ],
                "effect": "Allow",
                "not_actions": [],
                "not_principals": [],
                "not_resources": [],
                "principals": [],
                "resources": [
                  "arn:aws:ec2:*:*:snapshot/*",
                  "arn:aws:ec2:*:*:volume/*"
                ],
                "sid": "Storage"
              },
              {
                "actions": [
                  "ec2:CreateNetworkInterface"
                ],
                "condition": [
                  {
                    "test": "StringEquals",
                    "values": [
                      "${aws:PrincipalTag/eks:eks-cluster-name}"
                    ],
                    "variable": "aws:RequestTag/eks:eks-cluster-name"
                  },
                  {
                    "test": "StringEquals",
                    "values": [
                      "*"
                    ],
                    "variable": "aws:RequestTag/eks:kubernetes-cni-node-name"
                  }
                ],
                "effect": "Allow",
                "not_actions": [],
                "not_principals": [],
                "not_resources": [],
                "principals": [],
                "resources": [
                  "*"
                ],
                "sid": "Networking"
              },
              {
                "actions": [
                  "ec2:CreateSecurityGroup",
                  "elasticloadbalancing:CreateListener",
                  "elasticloadbalancing:CreateLoadBalancer",
                  "elasticloadbalancing:CreateRule",
                  "elasticloadbalancing:CreateTargetGroup"
                ],
                "condition": [
                  {
                    "test": "StringEquals",
                    "values": [
                      "${aws:PrincipalTag/eks:eks-cluster-name}"
                    ],
                    "variable": "aws:RequestTag/eks:eks-cluster-name"
                  }
                ],
                "effect": "Allow",
                "not_actions": [],
                "not_principals": [],
                "not_resources": [],
                "principals": [],
                "resources": [
                  "*"
                ],
                "sid": "LoadBalancer"
              },
              {
                "actions": [
                  "shield:CreateProtection"
                ],
                "condition": [
                  {
                    "test": "StringEquals",
                    "values": [
                      "${aws:PrincipalTag/eks:eks-cluster-name}"
                    ],
                    "variable": "aws:RequestTag/eks:eks-cluster-name"
                  }
                ],
                "effect": "Allow",
                "not_actions": [],
                "not_principals": [],
                "not_resources": [],
                "principals": [],
                "resources": [
                  "*"
                ],
                "sid": "ShieldProtection"
              },
              {
                "actions": [
                  "shield:TagResource"
                ],
                "condition": [
                  {
                    "test": "StringEquals",
                    "values": [
                      "${aws:PrincipalTag/eks:eks-cluster-name}"
                    ],
                    "variable": "aws:RequestTag/eks:eks-cluster-name"
                  }
                ],
                "effect": "Allow",
                "not_actions": [],
                "not_principals": [],
                "not_resources": [],
                "principals": [],
                "resources": [
                  "arn:aws:shield::*:protection/*"
                ],
                "sid": "ShieldTagResource"
              }
            ],
            "version": "2012-10-17"
          },
          "sensitive_attributes": []
        }
      ]
    },
    {
      "module": "module.eks",
      "mode": "data",
      "type": "aws_iam_session_context",
      "name": "current",
      "provider": "provider[\"registry.terraform.io/hashicorp/aws\"]",
      "instances": [
        {
          "index_key": 0,
          "schema_version": 0,
          "attributes": {
            "arn": "arn:aws:iam::676206911983:user/mujoko",
            "id": "arn:aws:iam::676206911983:user/mujoko",
            "issuer_arn": "arn:aws:iam::676206911983:user/mujoko",
            "issuer_id": "",
            "issuer_name": "",
            "session_name": ""
          },
          "sensitive_attributes": []
        }
      ]
    },
    {
      "module": "module.eks",
      "mode": "data",
      "type": "aws_partition",
      "name": "current",
      "provider": "provider[\"registry.terraform.io/hashicorp/aws\"]",
      "instances": [
        {
          "index_key": 0,
          "schema_version": 0,
          "attributes": {
            "dns_suffix": "amazonaws.com",
            "id": "aws",
            "partition": "aws",
            "reverse_dns_prefix": "com.amazonaws"
          },
          "sensitive_attributes": []
        }
      ]
    },
    {
      "module": "module.eks",
      "mode": "data",
      "type": "tls_certificate",
      "name": "this",
      "provider": "provider[\"registry.terraform.io/hashicorp/tls\"]",
      "instances": [
        {
          "index_key": 0,
          "schema_version": 0,
          "attributes": {
            "certificates": [
              {
                "cert_pem": "-----BEGIN CERTIFICATE-----\nMIIEdTCCA12gAwIBAgIJAKcOSkw0grd/MA0GCSqGSIb3DQEBCwUAMGgxCzAJBgNV\nBAYTAlVTMSUwIwYDVQQKExxTdGFyZmllbGQgVGVjaG5vbG9naWVzLCBJbmMuMTIw\nMAYDVQQLEylTdGFyZmllbGQgQ2xhc3MgMiBDZXJ0aWZpY2F0aW9uIEF1dGhvcml0\neTAeFw0wOTA5MDIwMDAwMDBaFw0zNDA2MjgxNzM5MTZaMIGYMQswCQYDVQQGEwJV\nUzEQMA4GA1UECBMHQXJpem9uYTETMBEGA1UEBxMKU2NvdHRzZGFsZTElMCMGA1UE\nChMcU3RhcmZpZWxkIFRlY2hub2xvZ2llcywgSW5jLjE7MDkGA1UEAxMyU3RhcmZp\nZWxkIFNlcnZpY2VzIFJvb3QgQ2VydGlmaWNhdGUgQXV0aG9yaXR5IC0gRzIwggEi\nMA0GCSqGSIb3DQEBAQUAA4IBDwAwggEKAoIBAQDVDDrEKvlO4vW+GZdfjohTsR8/\ny8+fIBNtKTrID30892t2OGPZNmCom15cAICyL1l/9of5JUOG52kbUpqQ4XHj2C0N\nTm/2yEnZtvMaVq4rtnQU68/7JuMauh2WLmo7WJSJR1b/JaCTcFOD2oR0FMNnngRo\nOt+OQFodSk7PQ5E751bWAHDLUu57fa4657wx+UX2wmDPE1kCK4DMNEffud6QZW0C\nzyyRpqbn3oUYSXxmTqM6bam17jQuug0DuDPfR+uxa40l2ZvOgdFFRjKWcIfeAg5J\nQ4W2bHO7ZOphQazJ1FTfhy/HIrImzJ9ZVGif/L4qL8RVHHVAYBeFAlU5i38FAgMB\nAAGjgfAwge0wDwYDVR0TAQH/BAUwAwEB/zAOBgNVHQ8BAf8EBAMCAYYwHQYDVR0O\nBBYEFJxfAN+qAdcwKziIorhtSpzyEZGDMB8GA1UdIwQYMBaAFL9ft9HO3R+G9FtV\nrNzXEMIOqYjnME8GCCsGAQUFBwEBBEMwQTAcBggrBgEFBQcwAYYQaHR0cDovL28u\nc3MyLnVzLzAhBggrBgEFBQcwAoYVaHR0cDovL3guc3MyLnVzL3guY2VyMCYGA1Ud\nHwQfMB0wG6AZoBeGFWh0dHA6Ly9zLnNzMi51cy9yLmNybDARBgNVHSAECjAIMAYG\nBFUdIAAwDQYJKoZIhvcNAQELBQADggEBACMd44pXyn3pF3lM8R5V/cxTbj5HD9/G\nVfKyBDbtgB9TxF00KGu+x1X8Z+rLP3+QsjPNG1gQggL4+C/1E2DUBc7xgQjB3ad1\nl08YuW3e95ORCLp+QCztweq7dp4zBncdDQh/U90bZKuCJ/Fp1U1ervShw3WnWEQt\n8jxwmKy6abaVd38PMV4s/KCHOkdp8Hlf9BRUpJVeEXgSYCfOn8J3/yNTd126/+pZ\n59vPr5KW7ySaNRB6nJHGDn2Z9j8Z3/VyVOEVqQdZe4O/Ui5GjLIAZHYcSNPYeehu\nVsyuLAOQ1xk4meTKCRlb/weWsKh/NEnfVqn3sF/tM+2MR7cwA130A4w=\n-----END CERTIFICATE-----\n",
                "is_ca": true,
                "issuer": "OU=Starfield Class 2 Certification Authority,O=Starfield Technologies\\, Inc.,C=US",
                "not_after": "2034-06-28T17:39:16Z",
                "not_before": "2009-09-02T00:00:00Z",
                "public_key_algorithm": "RSA",
                "serial_number": "12037640545166866303",
                "sha1_fingerprint": "9e99a48a9960b14926bb7f3b02e22da2b0ab7280",
                "signature_algorithm": "SHA256-RSA",
                "subject": "CN=Starfield Services Root Certificate Authority - G2,O=Starfield Technologies\\, Inc.,L=Scottsdale,ST=Arizona,C=US",
                "version": 3
              },
              {
                "cert_pem": "-----BEGIN CERTIFICATE-----\nMIIEkjCCA3qgAwIBAgITBn+USionzfP6wq4rAfkI7rnExjANBgkqhkiG9w0BAQsF\nADCBmDELMAkGA1UEBhMCVVMxEDAOBgNVBAgTB0FyaXpvbmExEzARBgNVBAcTClNj\nb3R0c2RhbGUxJTAjBgNVBAoTHFN0YXJmaWVsZCBUZWNobm9sb2dpZXMsIEluYy4x\nOzA5BgNVBAMTMlN0YXJmaWVsZCBTZXJ2aWNlcyBSb290IENlcnRpZmljYXRlIEF1\ndGhvcml0eSAtIEcyMB4XDTE1MDUyNTEyMDAwMFoXDTM3MTIzMTAxMDAwMFowOTEL\nMAkGA1UEBhMCVVMxDzANBgNVBAoTBkFtYXpvbjEZMBcGA1UEAxMQQW1hem9uIFJv\nb3QgQ0EgMTCCASIwDQYJKoZIhvcNAQEBBQADggEPADCCAQoCggEBALJ4gHHKeNXj\nca9HgFB0fW7Y14h29Jlo91ghYPl0hAEvrAIthtOgQ3pOsqTQNroBvo3bSMgHFzZM\n9O6II8c+6zf1tRn4SWiw3te5djgdYZ6k/oI2peVKVuRF4fn9tBb6dNqcmzU5L/qw\nIFAGbHrQgLKm+a/sRxmPUDgH3KKHOVj4utWp+UhnMJbulHheb4mjUcAwhmahRWa6\nVOujw5H5SNz/0egwLX0tdHA114gk957EWW67c4cX8jJGKLhD+rcdqsq08p8kDi1L\n93FcXmn/6pUCyziKrlA4b9v7LWIbxcceVOF34GfID5yHI9Y/QCB/IIDEgEw+OyQm\njgSubJrIqg0CAwEAAaOCATEwggEtMA8GA1UdEwEB/wQFMAMBAf8wDgYDVR0PAQH/\nBAQDAgGGMB0GA1UdDgQWBBSEGMyFNOy8DJSULghZnMeyEE4KCDAfBgNVHSMEGDAW\ngBScXwDfqgHXMCs4iKK4bUqc8hGRgzB4BggrBgEFBQcBAQRsMGowLgYIKwYBBQUH\nMAGGImh0dHA6Ly9vY3NwLnJvb3RnMi5hbWF6b250cnVzdC5jb20wOAYIKwYBBQUH\nMAKGLGh0dHA6Ly9jcnQucm9vdGcyLmFtYXpvbnRydXN0LmNvbS9yb290ZzIuY2Vy\nMD0GA1UdHwQ2MDQwMqAwoC6GLGh0dHA6Ly9jcmwucm9vdGcyLmFtYXpvbnRydXN0\nLmNvbS9yb290ZzIuY3JsMBEGA1UdIAQKMAgwBgYEVR0gADANBgkqhkiG9w0BAQsF\nAAOCAQEAYjdCXLwQtT6LLOkMm2xF4gcAevnFWAu5CIw+7bMlPLVvUOTNNWqnkzSW\nMiGpSESrnO09tKpzbeR/FoCJbM8oAxiDR3mjEH4wW6w7sGDgd9QIpuEdfF7Au/ma\neyKdpwAJfqxGF4PcnCZXmTA5YpaP7dreqsXMGz7KQ2hsVxa81Q4gLv7/wmpdLqBK\nbRRYh5TmOTFffHPLkIhqhBGWJ6bt2YFGpn6jcgAKUj6DiAdjd4lpFw85hdKrCEVN\n0FE6/V1dN2RMfjCyVSRCnTawXZwXgWHxyvkQAiSr6w10kY17RSlQOYiypok1JR4U\nakcjMS9cmvqtmg5iUaQqqcT5NJ0hGA==\n-----END CERTIFICATE-----\n",
                "is_ca": true,
                "issuer": "CN=Starfield Services Root Certificate Authority - G2,O=Starfield Technologies\\, Inc.,L=Scottsdale,ST=Arizona,C=US",
                "not_after": "2037-12-31T01:00:00Z",
                "not_before": "2015-05-25T12:00:00Z",
                "public_key_algorithm": "RSA",
                "serial_number": "144918191876577076464031512351042010504348870",
                "sha1_fingerprint": "06b25927c42a721631c1efd9431e648fa62e1e39",
                "signature_algorithm": "SHA256-RSA",
                "subject": "CN=Amazon Root CA 1,O=Amazon,C=US",
                "version": 3
              },
              {
                "cert_pem": "-----BEGIN CERTIFICATE-----\nMIIEXjCCA0agAwIBAgITB3MSTNQG0mfAmRzdKZqfODF5hTANBgkqhkiG9w0BAQsF\nADA5MQswCQYDVQQGEwJVUzEPMA0GA1UEChMGQW1hem9uMRkwFwYDVQQDExBBbWF6\nb24gUm9vdCBDQSAxMB4XDTIyMDgyMzIyMjYwNFoXDTMwMDgyMzIyMjYwNFowPDEL\nMAkGA1UEBhMCVVMxDzANBgNVBAoTBkFtYXpvbjEcMBoGA1UEAxMTQW1hem9uIFJT\nQSAyMDQ4IE0wMzCCASIwDQYJKoZIhvcNAQEBBQADggEPADCCAQoCggEBALd/pVko\n8vuM475Tf45HV3BbCl/B9Jy89G1CRkFjcPY06WA9lS+7dWbUA7GtWUKoksr69hKM\nwcMsNpxlw7b3jeXFgxB09/nmalcAWtnLzF+LaDKEA5DQmvKzuh1nfIfqEiKCQSmX\nXh09Xs+dO7cm5qbaL2hhNJCSAejciwcvOFgFNgEMR42wm6KIFHsQW28jhA+1u/M0\np6fVwReuEgZfLfdx82Px0LJck3lST3EB/JfbdsdOzzzg5YkY1dfuqf8y5fUeZ7Cz\nWXbTjujwX/TovmeWKA36VLCz75azW6tDNuDn66FOpADZZ9omVaF6BqNJiLMVl6P3\n/c0OiUMC6Z5OfKcCAwEAAaOCAVowggFWMBIGA1UdEwEB/wQIMAYBAf8CAQAwDgYD\nVR0PAQH/BAQDAgGGMB0GA1UdJQQWMBQGCCsGAQUFBwMBBggrBgEFBQcDAjAdBgNV\nHQ4EFgQUVdkYX9IczAHhWLS+q9lVQgHXLgIwHwYDVR0jBBgwFoAUhBjMhTTsvAyU\nlC4IWZzHshBOCggwewYIKwYBBQUHAQEEbzBtMC8GCCsGAQUFBzABhiNodHRwOi8v\nb2NzcC5yb290Y2ExLmFtYXpvbnRydXN0LmNvbTA6BggrBgEFBQcwAoYuaHR0cDov\nL2NydC5yb290Y2ExLmFtYXpvbnRydXN0LmNvbS9yb290Y2ExLmNlcjA/BgNVHR8E\nODA2MDSgMqAwhi5odHRwOi8vY3JsLnJvb3RjYTEuYW1hem9udHJ1c3QuY29tL3Jv\nb3RjYTEuY3JsMBMGA1UdIAQMMAowCAYGZ4EMAQIBMA0GCSqGSIb3DQEBCwUAA4IB\nAQAGjeWm2cC+3z2MzSCnte46/7JZvj3iQZDY7EvODNdZF41n71Lrk9kbfNwerK0d\nVNzW36Wefr7j7ZSwBVg50W5ay65jNSN74TTQV1yt4WnSbVvN6KlMs1hiyOZdoHKs\nKDV2UGNxbdoBYCQNa2GYF8FQIWLugNp35aSOpMy6cFlymFQomIrnOQHwK1nvVY4q\nxDSJMU/gNJz17D8ArPN3ngnyZ2TwepJ0uBINz3G5te2rdFUF4i4Y3Bb7FUlHDYm4\nu8aIRGpk2ZpfXmxaoxnbIBZRvGLPSUuPwnwoUOMsJ8jirI5vs2dvchPb7MtI1rle\ni02f2ivH2vxkjDLltSpe2fiC\n-----END CERTIFICATE-----\n",
                "is_ca": true,
                "issuer": "CN=Amazon Root CA 1,O=Amazon,C=US",
                "not_after": "2030-08-23T22:26:04Z",
                "not_before": "2022-08-23T22:26:04Z",
                "public_key_algorithm": "RSA",
                "serial_number": "166129356476704345391986644047206454194698629",
                "sha1_fingerprint": "d9fe0a65fa00cabf61f5120d373a8135e1461f15",
                "signature_algorithm": "SHA256-RSA",
                "subject": "CN=Amazon RSA 2048 M03,O=Amazon,C=US",
                "version": 3
              },
              {
                "cert_pem": "-----BEGIN CERTIFICATE-----\nMIIF8DCCBNigAwIBAgIQD377Ehzyz5F1LZNVF46k3DANBgkqhkiG9w0BAQsFADA8\nMQswCQYDVQQGEwJVUzEPMA0GA1UEChMGQW1hem9uMRwwGgYDVQQDExNBbWF6b24g\nUlNBIDIwNDggTTAzMB4XDTI1MDMwMjAwMDAwMFoXDTI2MDQwMTIzNTk1OVowLTEr\nMCkGA1UEAwwiKi5la3MuYXAtc291dGhlYXN0LTEuYW1hem9uYXdzLmNvbTCCASIw\nDQYJKoZIhvcNAQEBBQADggEPADCCAQoCggEBAOVZQNETVWMngTZaod40XEXTuJPL\nFdE1UdPOsF7IudXKZIP1m13zFWxttMDDrLemvih25CVM4c3NnuErBPjYrNGUkZS1\nD/6QNwufuKYw7XWZOdMfkZdwLZZhVf8/gDcj0WTY7V9+ktFuQyJc6OgX4YtghY7w\n6xmEcjh2hjsMGPRFclBmKPqgEkDTsqLZ4JDw70vO81HNdU9lybK7QMMQtywNWqbE\nVae0u+Tl3/QN3AU5KR6DDz3Q2hkXosPj8vWciWDep+gSmDf9MiBSz5NolVFdX4CG\n+YrJP1hTbVsCrJ8Q2q7iqne7rpoxLjyuqEx5MCB0lbaFaG7hOX0GLvkz/h0CAwEA\nAaOCAvswggL3MB8GA1UdIwQYMBaAFFXZGF/SHMwB4Vi0vqvZVUIB1y4CMB0GA1Ud\nDgQWBBR/bros7byO2o4exvfZ57pP47EqGzAtBgNVHREEJjAkgiIqLmVrcy5hcC1z\nb3V0aGVhc3QtMS5hbWF6b25hd3MuY29tMBMGA1UdIAQMMAowCAYGZ4EMAQIBMA4G\nA1UdDwEB/wQEAwIFoDAdBgNVHSUEFjAUBggrBgEFBQcDAQYIKwYBBQUHAwIwOwYD\nVR0fBDQwMjAwoC6gLIYqaHR0cDovL2NybC5yMm0wMy5hbWF6b250cnVzdC5jb20v\ncjJtMDMuY3JsMHUGCCsGAQUFBwEBBGkwZzAtBggrBgEFBQcwAYYhaHR0cDovL29j\nc3AucjJtMDMuYW1hem9udHJ1c3QuY29tMDYGCCsGAQUFBzAChipodHRwOi8vY3J0\nLnIybTAzLmFtYXpvbnRydXN0LmNvbS9yMm0wMy5jZXIwDAYDVR0TAQH/BAIwADCC\nAX4GCisGAQQB1nkCBAIEggFuBIIBagFoAHYADleUvPOuqT4zGyyZB7P3kN+bwj1x\nMiXdIaklrGHFTiEAAAGVVD/s8QAABAMARzBFAiEA+gAAA3/0U9ZRjCDoYRXgxI4v\nlrJearOe3zRmTI2YBwQCIChQCksBRJoBHpf6hk4JKzz6GHM9uMciTj3nXVKl847B\nAHcAZBHEbKQS7KeJHKICLgC8q08oB9QeNSer6v7VA8l9zfAAAAGVVD/tJQAABAMA\nSDBGAiEAqOoi95PswcClH+9ucgf2TlwquzePIfoOVzMaPChEQIICIQCTM7W+RYrZ\ncFUEWghIA3K9KQv+6Xfu0XH4SvPT/dKMJwB1AEmcm2neHXzs/DbezYdkprhbrwqH\ngBnRVVL76esp3fjDAAABlVQ/7TMAAAQDAEYwRAIgaYxq5zrPoVxZZlnabKBbxxSy\n+4TaRfdf5l9ayUpdnl8CIEU5a2uU22d1iGuXm7Nhe/b7y3Xaf4L0yEIi+lx5+umK\nMA0GCSqGSIb3DQEBCwUAA4IBAQAskd1Pz+SmcV04qcsxHfMUlDkKllYF61xKsres\n+mUqAss8j0VbMOgyqsBcmiK0yhxHd/KMbKYo4z57GAnROkuBu0jYQpLmBFljR4Nj\nRtlR3QcNm7ZBLnKnKRTWDLF+O8h1bch3bUZ07yvCr5/NTvmBW0MPBi4Agnt8czGc\n7bBy29oFpwzf/itjSXnSOk/DBYLypti8/12JdmOFP8mEWeppT1i4IF2apOs0esqN\ntQYe3Ihgin6469Mw7ZumgLG++Txm4/3kMnqp+EdHlD3SykXvbZ8sybFA2bZg5Esi\nTexHAxs4TWMQqqjF+AlG4csZsicc79KA7uPWxibwwML7e2Lt\n-----END CERTIFICATE-----\n",
                "is_ca": false,
                "issuer": "CN=Amazon RSA 2048 M03,O=Amazon,C=US",
                "not_after": "2026-04-01T23:59:59Z",
                "not_before": "2025-03-02T00:00:00Z",
                "public_key_algorithm": "RSA",
                "serial_number": "20597741660825688737214249644634055900",
                "sha1_fingerprint": "3fbc9130feaa2b8831f3a5afdbaa66ce69ac1480",
                "signature_algorithm": "SHA256-RSA",
                "subject": "CN=*.eks.ap-southeast-1.amazonaws.com",
                "version": 3
              }
            ],
            "content": null,
            "id": "44aa241e53ec3a10fc3077a20adc62bcda8df42c",
            "url": "https://oidc.eks.ap-southeast-1.amazonaws.com/id/D134612C1DF1BC42EE6595D7160E79F9",
            "verify_chain": true
          },
          "sensitive_attributes": []
        }
      ]
    },
    {
      "module": "module.eks",
      "mode": "managed",
      "type": "aws_cloudwatch_log_group",
      "name": "this",
      "provider": "provider[\"registry.terraform.io/hashicorp/aws\"]",
      "instances": [
        {
          "index_key": 0,
          "schema_version": 0,
          "attributes": {
            "arn": "arn:aws:logs:ap-southeast-1:676206911983:log-group:/aws/eks/butik-online/cluster",
            "id": "/aws/eks/butik-online/cluster",
            "kms_key_id": "",
            "log_group_class": "STANDARD",
            "name": "/aws/eks/butik-online/cluster",
            "name_prefix": "",
            "retention_in_days": 90,
            "skip_destroy": false,
            "tags": {
              "Environment": "demo",
              "ManagedBy": "Terraform",
              "Name": "/aws/eks/butik-online/cluster",
              "Project": "butik-online-eks"
            },
            "tags_all": {
              "Environment": "demo",
              "ManagedBy": "Terraform",
              "Name": "/aws/eks/butik-online/cluster",
              "Project": "butik-online-eks"
            }
          },
          "sensitive_attributes": [],
          "private": "bnVsbA==",
          "create_before_destroy": true
        }
      ]
    },
    {
      "module": "module.eks",
      "mode": "managed",
      "type": "aws_ec2_tag",
      "name": "cluster_primary_security_group",
      "provider": "provider[\"registry.terraform.io/hashicorp/aws\"]",
      "instances": [
        {
          "index_key": "Environment",
          "schema_version": 0,
          "attributes": {
            "id": "sg-0fe98422b9db17128,Environment",
            "key": "Environment",
            "resource_id": "sg-0fe98422b9db17128",
            "value": "demo"
          },
          "sensitive_attributes": [],
          "private": "bnVsbA==",
          "dependencies": [
            "module.eks.aws_cloudwatch_log_group.this",
            "module.eks.aws_eks_cluster.this",
            "module.eks.aws_iam_policy.cni_ipv6_policy",
            "module.eks.aws_iam_role.eks_auto",
            "module.eks.aws_iam_role.this",
            "module.eks.aws_iam_role_policy_attachment.this",
            "module.eks.aws_security_group.cluster",
            "module.eks.aws_security_group.node",
            "module.eks.aws_security_group_rule.cluster",
            "module.eks.aws_security_group_rule.node",
            "module.eks.data.aws_caller_identity.current",
            "module.eks.data.aws_iam_policy_document.assume_role_policy",
            "module.eks.data.aws_iam_policy_document.cni_ipv6_policy",
            "module.eks.data.aws_iam_policy_document.node_assume_role_policy",
            "module.eks.data.aws_iam_session_context.current",
            "module.eks.data.aws_partition.current",
            "module.eks.module.kms.aws_kms_external_key.this",
            "module.eks.module.kms.aws_kms_key.this",
            "module.eks.module.kms.aws_kms_replica_external_key.this",
            "module.eks.module.kms.aws_kms_replica_key.this",
            "module.eks.module.kms.data.aws_caller_identity.current",
            "module.eks.module.kms.data.aws_iam_policy_document.this",
            "module.eks.module.kms.data.aws_partition.current",
            "module.vpc.aws_subnet.private",
            "module.vpc.aws_subnet.public",
            "module.vpc.aws_vpc.this",
            "module.vpc.aws_vpc_ipv4_cidr_block_association.this"
          ]
        },
        {
          "index_key": "ManagedBy",
          "schema_version": 0,
          "attributes": {
            "id": "sg-0fe98422b9db17128,ManagedBy",
            "key": "ManagedBy",
            "resource_id": "sg-0fe98422b9db17128",
            "value": "Terraform"
          },
          "sensitive_attributes": [],
          "private": "bnVsbA==",
          "dependencies": [
            "module.eks.aws_cloudwatch_log_group.this",
            "module.eks.aws_eks_cluster.this",
            "module.eks.aws_iam_policy.cni_ipv6_policy",
            "module.eks.aws_iam_role.eks_auto",
            "module.eks.aws_iam_role.this",
            "module.eks.aws_iam_role_policy_attachment.this",
            "module.eks.aws_security_group.cluster",
            "module.eks.aws_security_group.node",
            "module.eks.aws_security_group_rule.cluster",
            "module.eks.aws_security_group_rule.node",
            "module.eks.data.aws_caller_identity.current",
            "module.eks.data.aws_iam_policy_document.assume_role_policy",
            "module.eks.data.aws_iam_policy_document.cni_ipv6_policy",
            "module.eks.data.aws_iam_policy_document.node_assume_role_policy",
            "module.eks.data.aws_iam_session_context.current",
            "module.eks.data.aws_partition.current",
            "module.eks.module.kms.aws_kms_external_key.this",
            "module.eks.module.kms.aws_kms_key.this",
            "module.eks.module.kms.aws_kms_replica_external_key.this",
            "module.eks.module.kms.aws_kms_replica_key.this",
            "module.eks.module.kms.data.aws_caller_identity.current",
            "module.eks.module.kms.data.aws_iam_policy_document.this",
            "module.eks.module.kms.data.aws_partition.current",
            "module.vpc.aws_subnet.private",
            "module.vpc.aws_subnet.public",
            "module.vpc.aws_vpc.this",
            "module.vpc.aws_vpc_ipv4_cidr_block_association.this"
          ]
        },
        {
          "index_key": "Project",
          "schema_version": 0,
          "attributes": {
            "id": "sg-0fe98422b9db17128,Project",
            "key": "Project",
            "resource_id": "sg-0fe98422b9db17128",
            "value": "butik-online-eks"
          },
          "sensitive_attributes": [],
          "private": "bnVsbA==",
          "dependencies": [
            "module.eks.aws_cloudwatch_log_group.this",
            "module.eks.aws_eks_cluster.this",
            "module.eks.aws_iam_policy.cni_ipv6_policy",
            "module.eks.aws_iam_role.eks_auto",
            "module.eks.aws_iam_role.this",
            "module.eks.aws_iam_role_policy_attachment.this",
            "module.eks.aws_security_group.cluster",
            "module.eks.aws_security_group.node",
            "module.eks.aws_security_group_rule.cluster",
            "module.eks.aws_security_group_rule.node",
            "module.eks.data.aws_caller_identity.current",
            "module.eks.data.aws_iam_policy_document.assume_role_policy",
            "module.eks.data.aws_iam_policy_document.cni_ipv6_policy",
            "module.eks.data.aws_iam_policy_document.node_assume_role_policy",
            "module.eks.data.aws_iam_session_context.current",
            "module.eks.data.aws_partition.current",
            "module.eks.module.kms.aws_kms_external_key.this",
            "module.eks.module.kms.aws_kms_key.this",
            "module.eks.module.kms.aws_kms_replica_external_key.this",
            "module.eks.module.kms.aws_kms_replica_key.this",
            "module.eks.module.kms.data.aws_caller_identity.current",
            "module.eks.module.kms.data.aws_iam_policy_document.this",
            "module.eks.module.kms.data.aws_partition.current",
            "module.vpc.aws_subnet.private",
            "module.vpc.aws_subnet.public",
            "module.vpc.aws_vpc.this",
            "module.vpc.aws_vpc_ipv4_cidr_block_association.this"
          ]
        }
      ]
    },
    {
      "module": "module.eks",
      "mode": "managed",
      "type": "aws_eks_access_entry",
      "name": "this",
      "provider": "provider[\"registry.terraform.io/hashicorp/aws\"]",
      "instances": [
        {
          "index_key": "cluster_creator",
          "schema_version": 0,
          "attributes": {
            "access_entry_arn": "arn:aws:eks:ap-southeast-1:676206911983:access-entry/butik-online/user/676206911983/mujoko/0eccae61-8eac-df36-5291-70eb6cecc2c1",
            "cluster_name": "butik-online",
            "created_at": "2025-09-18T12:18:35Z",
            "id": "butik-online:arn:aws:iam::676206911983:user/mujoko",
            "kubernetes_groups": [],
            "modified_at": "2025-09-18T12:18:35Z",
            "principal_arn": "arn:aws:iam::676206911983:user/mujoko",
            "tags": {
              "Environment": "demo",
              "ManagedBy": "Terraform",
              "Project": "butik-online-eks"
            },
            "tags_all": {
              "Environment": "demo",
              "ManagedBy": "Terraform",
              "Project": "butik-online-eks"
            },
            "timeouts": null,
            "type": "STANDARD",
            "user_name": "arn:aws:iam::676206911983:user/mujoko"
          },
          "sensitive_attributes": [],
          "private": "eyJlMmJmYjczMC1lY2FhLTExZTYtOGY4OC0zNDM2M2JjN2M0YzAiOnsiY3JlYXRlIjo2MDAwMDAwMDAwMDAsImRlbGV0ZSI6NjAwMDAwMDAwMDAwfX0=",
          "dependencies": [
            "module.eks.aws_cloudwatch_log_group.this",
            "module.eks.aws_eks_cluster.this",
            "module.eks.aws_iam_policy.cni_ipv6_policy",
            "module.eks.aws_iam_role.eks_auto",
            "module.eks.aws_iam_role.this",
            "module.eks.aws_iam_role_policy_attachment.this",
            "module.eks.aws_security_group.cluster",
            "module.eks.aws_security_group.node",
            "module.eks.aws_security_group_rule.cluster",
            "module.eks.aws_security_group_rule.node",
            "module.eks.data.aws_caller_identity.current",
            "module.eks.data.aws_iam_policy_document.assume_role_policy",
            "module.eks.data.aws_iam_policy_document.cni_ipv6_policy",
            "module.eks.data.aws_iam_policy_document.node_assume_role_policy",
            "module.eks.data.aws_iam_session_context.current",
            "module.eks.data.aws_partition.current",
            "module.eks.module.kms.aws_kms_external_key.this",
            "module.eks.module.kms.aws_kms_key.this",
            "module.eks.module.kms.aws_kms_replica_external_key.this",
            "module.eks.module.kms.aws_kms_replica_key.this",
            "module.eks.module.kms.data.aws_caller_identity.current",
            "module.eks.module.kms.data.aws_iam_policy_document.this",
            "module.eks.module.kms.data.aws_partition.current",
            "module.vpc.aws_subnet.private",
            "module.vpc.aws_subnet.public",
            "module.vpc.aws_vpc.this",
            "module.vpc.aws_vpc_ipv4_cidr_block_association.this"
          ]
        }
      ]
    },
    {
      "module": "module.eks",
      "mode": "managed",
      "type": "aws_eks_access_policy_association",
      "name": "this",
      "provider": "provider[\"registry.terraform.io/hashicorp/aws\"]",
      "instances": [
        {
          "index_key": "cluster_creator_admin",
          "schema_version": 0,
          "attributes": {
            "access_scope": [
              {
                "namespaces": [],
                "type": "cluster"
              }
            ],
            "associated_at": "2025-09-18 12:18:35.714 +0000 UTC",
            "cluster_name": "butik-online",
            "id": "butik-online#arn:aws:iam::676206911983:user/mujoko#arn:aws:eks::aws:cluster-access-policy/AmazonEKSClusterAdminPolicy",
            "modified_at": "2025-09-18 12:18:35.714 +0000 UTC",
            "policy_arn": "arn:aws:eks::aws:cluster-access-policy/AmazonEKSClusterAdminPolicy",
            "principal_arn": "arn:aws:iam::676206911983:user/mujoko",
            "timeouts": null
          },
          "sensitive_attributes": [],
          "private": "eyJlMmJmYjczMC1lY2FhLTExZTYtOGY4OC0zNDM2M2JjN2M0YzAiOnsiY3JlYXRlIjo2MDAwMDAwMDAwMDAsImRlbGV0ZSI6NjAwMDAwMDAwMDAwfX0=",
          "dependencies": [
            "module.eks.aws_cloudwatch_log_group.this",
            "module.eks.aws_eks_access_entry.this",
            "module.eks.aws_eks_cluster.this",
            "module.eks.aws_iam_policy.cni_ipv6_policy",
            "module.eks.aws_iam_role.eks_auto",
            "module.eks.aws_iam_role.this",
            "module.eks.aws_iam_role_policy_attachment.this",
            "module.eks.aws_security_group.cluster",
            "module.eks.aws_security_group.node",
            "module.eks.aws_security_group_rule.cluster",
            "module.eks.aws_security_group_rule.node",
            "module.eks.data.aws_caller_identity.current",
            "module.eks.data.aws_iam_policy_document.assume_role_policy",
            "module.eks.data.aws_iam_policy_document.cni_ipv6_policy",
            "module.eks.data.aws_iam_policy_document.node_assume_role_policy",
            "module.eks.data.aws_iam_session_context.current",
            "module.eks.data.aws_partition.current",
            "module.eks.module.kms.aws_kms_external_key.this",
            "module.eks.module.kms.aws_kms_key.this",
            "module.eks.module.kms.aws_kms_replica_external_key.this",
            "module.eks.module.kms.aws_kms_replica_key.this",
            "module.eks.module.kms.data.aws_caller_identity.current",
            "module.eks.module.kms.data.aws_iam_policy_document.this",
            "module.eks.module.kms.data.aws_partition.current",
            "module.vpc.aws_subnet.private",
            "module.vpc.aws_subnet.public",
            "module.vpc.aws_vpc.this",
            "module.vpc.aws_vpc_ipv4_cidr_block_association.this"
          ]
        }
      ]
    },
    {
      "module": "module.eks",
      "mode": "managed",
      "type": "aws_eks_addon",
      "name": "this",
      "provider": "provider[\"registry.terraform.io/hashicorp/aws\"]",
      "instances": [
        {
          "index_key": "aws-ebs-csi-driver",
          "schema_version": 0,
          "attributes": {
            "addon_name": "aws-ebs-csi-driver",
            "addon_version": "v1.48.0-eksbuild.2",
            "arn": "arn:aws:eks:ap-southeast-1:676206911983:addon/butik-online/aws-ebs-csi-driver/16ccae63-20c9-7ae2-76d3-3f427d4e7ea0",
            "cluster_name": "butik-online",
            "configuration_values": "",
            "created_at": "2025-09-18T12:22:01Z",
            "id": "butik-online:aws-ebs-csi-driver",
            "modified_at": "2025-09-18T12:22:47Z",
            "pod_identity_association": [],
            "preserve": true,
            "resolve_conflicts": null,
            "resolve_conflicts_on_create": "OVERWRITE",
            "resolve_conflicts_on_update": "OVERWRITE",
            "service_account_role_arn": "",
            "tags": {
              "Environment": "demo",
              "ManagedBy": "Terraform",
              "Project": "butik-online-eks"
            },
            "tags_all": {
              "Environment": "demo",
              "ManagedBy": "Terraform",
              "Project": "butik-online-eks"
            },
            "timeouts": {
              "create": null,
              "delete": null,
              "update": null
            }
          },
          "sensitive_attributes": [],
          "private": "eyJlMmJmYjczMC1lY2FhLTExZTYtOGY4OC0zNDM2M2JjN2M0YzAiOnsiY3JlYXRlIjoxMjAwMDAwMDAwMDAwLCJkZWxldGUiOjI0MDAwMDAwMDAwMDAsInVwZGF0ZSI6MTIwMDAwMDAwMDAwMH19",
          "dependencies": [
            "module.eks.aws_cloudwatch_log_group.this",
            "module.eks.aws_eks_cluster.this",
            "module.eks.aws_iam_policy.cni_ipv6_policy",
            "module.eks.aws_iam_role.eks_auto",
            "module.eks.aws_iam_role.this",
            "module.eks.aws_iam_role_policy_attachment.this",
            "module.eks.aws_security_group.cluster",
            "module.eks.aws_security_group.node",
            "module.eks.aws_security_group_rule.cluster",
            "module.eks.aws_security_group_rule.node",
            "module.eks.data.aws_caller_identity.current",
            "module.eks.data.aws_eks_addon_version.this",
            "module.eks.data.aws_iam_policy_document.assume_role_policy",
            "module.eks.data.aws_iam_policy_document.cni_ipv6_policy",
            "module.eks.data.aws_iam_policy_document.node_assume_role_policy",
            "module.eks.data.aws_iam_session_context.current",
            "module.eks.data.aws_partition.current",
            "module.eks.module.eks_managed_node_group.aws_autoscaling_schedule.this",
            "module.eks.module.eks_managed_node_group.aws_eks_node_group.this",
            "module.eks.module.eks_managed_node_group.aws_iam_role.this",
            "module.eks.module.eks_managed_node_group.aws_iam_role_policy.this",
            "module.eks.module.eks_managed_node_group.aws_iam_role_policy_attachment.additional",
            "module.eks.module.eks_managed_node_group.aws_iam_role_policy_attachment.this",
            "module.eks.module.eks_managed_node_group.aws_launch_template.this",
            "module.eks.module.eks_managed_node_group.aws_placement_group.this",
            "module.eks.module.eks_managed_node_group.data.aws_caller_identity.current",
            "module.eks.module.eks_managed_node_group.data.aws_ec2_instance_type.this",
            "module.eks.module.eks_managed_node_group.data.aws_ec2_instance_type_offerings.this",
            "module.eks.module.eks_managed_node_group.data.aws_iam_policy_document.assume_role_policy",
            "module.eks.module.eks_managed_node_group.data.aws_iam_policy_document.role",
            "module.eks.module.eks_managed_node_group.data.aws_partition.current",
            "module.eks.module.eks_managed_node_group.data.aws_ssm_parameter.ami",
            "module.eks.module.eks_managed_node_group.data.aws_subnets.placement_group",
            "module.eks.module.eks_managed_node_group.module.user_data.data.cloudinit_config.al2023_eks_managed_node_group",
            "module.eks.module.eks_managed_node_group.module.user_data.data.cloudinit_config.linux_eks_managed_node_group",
            "module.eks.module.eks_managed_node_group.module.user_data.null_resource.validate_cluster_service_cidr",
            "module.eks.module.fargate_profile.aws_eks_fargate_profile.this",
            "module.eks.module.fargate_profile.aws_iam_role.this",
            "module.eks.module.fargate_profile.aws_iam_role_policy.this",
            "module.eks.module.fargate_profile.aws_iam_role_policy_attachment.additional",
            "module.eks.module.fargate_profile.aws_iam_role_policy_attachment.this",
            "module.eks.module.fargate_profile.data.aws_caller_identity.current",
            "module.eks.module.fargate_profile.data.aws_iam_policy_document.assume_role_policy",
            "module.eks.module.fargate_profile.data.aws_iam_policy_document.role",
            "module.eks.module.fargate_profile.data.aws_partition.current",
            "module.eks.module.fargate_profile.data.aws_region.current",
            "module.eks.module.kms.aws_kms_external_key.this",
            "module.eks.module.kms.aws_kms_key.this",
            "module.eks.module.kms.aws_kms_replica_external_key.this",
            "module.eks.module.kms.aws_kms_replica_key.this",
            "module.eks.module.kms.data.aws_caller_identity.current",
            "module.eks.module.kms.data.aws_iam_policy_document.this",
            "module.eks.module.kms.data.aws_partition.current",
            "module.eks.module.self_managed_node_group.aws_autoscaling_group.this",
            "module.eks.module.self_managed_node_group.aws_autoscaling_schedule.this",
            "module.eks.module.self_managed_node_group.aws_eks_access_entry.this",
            "module.eks.module.self_managed_node_group.aws_iam_instance_profile.this",
            "module.eks.module.self_managed_node_group.aws_iam_role.this",
            "module.eks.module.self_managed_node_group.aws_iam_role_policy.this",
            "module.eks.module.self_managed_node_group.aws_iam_role_policy_attachment.additional",
            "module.eks.module.self_managed_node_group.aws_iam_role_policy_attachment.this",
            "module.eks.module.self_managed_node_group.aws_launch_template.this",
            "module.eks.module.self_managed_node_group.aws_placement_group.this",
            "module.eks.module.self_managed_node_group.data.aws_caller_identity.current",
            "module.eks.module.self_managed_node_group.data.aws_ec2_instance_type.this",
            "module.eks.module.self_managed_node_group.data.aws_ec2_instance_type_offerings.this",
            "module.eks.module.self_managed_node_group.data.aws_iam_policy_document.assume_role_policy",
            "module.eks.module.self_managed_node_group.data.aws_iam_policy_document.role",
            "module.eks.module.self_managed_node_group.data.aws_partition.current",
            "module.eks.module.self_managed_node_group.data.aws_ssm_parameter.ami",
            "module.eks.module.self_managed_node_group.data.aws_subnets.placement_group",
            "module.eks.module.self_managed_node_group.module.user_data.data.cloudinit_config.al2023_eks_managed_node_group",
            "module.eks.module.self_managed_node_group.module.user_data.data.cloudinit_config.linux_eks_managed_node_group",
            "module.eks.module.self_managed_node_group.module.user_data.null_resource.validate_cluster_service_cidr",
            "module.eks.time_sleep.this",
            "module.vpc.aws_subnet.private",
            "module.vpc.aws_subnet.public",
            "module.vpc.aws_vpc.this",
            "module.vpc.aws_vpc_ipv4_cidr_block_association.this"
          ]
        },
        {
          "index_key": "coredns",
          "schema_version": 0,
          "attributes": {
            "addon_name": "coredns",
            "addon_version": "v1.12.3-eksbuild.1",
            "arn": "arn:aws:eks:ap-southeast-1:676206911983:addon/butik-online/coredns/46ccae63-20d4-dbde-45f5-88d987ec26c6",
            "cluster_name": "butik-online",
            "configuration_values": "",
            "created_at": "2025-09-18T12:22:01Z",
            "id": "butik-online:coredns",
            "modified_at": "2025-09-18T12:22:23Z",
            "pod_identity_association": [],
            "preserve": true,
            "resolve_conflicts": null,
            "resolve_conflicts_on_create": "OVERWRITE",
            "resolve_conflicts_on_update": "OVERWRITE",
            "service_account_role_arn": "",
            "tags": {
              "Environment": "demo",
              "ManagedBy": "Terraform",
              "Project": "butik-online-eks"
            },
            "tags_all": {
              "Environment": "demo",
              "ManagedBy": "Terraform",
              "Project": "butik-online-eks"
            },
            "timeouts": {
              "create": null,
              "delete": null,
              "update": null
            }
          },
          "sensitive_attributes": [],
          "private": "eyJlMmJmYjczMC1lY2FhLTExZTYtOGY4OC0zNDM2M2JjN2M0YzAiOnsiY3JlYXRlIjoxMjAwMDAwMDAwMDAwLCJkZWxldGUiOjI0MDAwMDAwMDAwMDAsInVwZGF0ZSI6MTIwMDAwMDAwMDAwMH19",
          "dependencies": [
            "module.eks.aws_cloudwatch_log_group.this",
            "module.eks.aws_eks_cluster.this",
            "module.eks.aws_iam_policy.cni_ipv6_policy",
            "module.eks.aws_iam_role.eks_auto",
            "module.eks.aws_iam_role.this",
            "module.eks.aws_iam_role_policy_attachment.this",
            "module.eks.aws_security_group.cluster",
            "module.eks.aws_security_group.node",
            "module.eks.aws_security_group_rule.cluster",
            "module.eks.aws_security_group_rule.node",
            "module.eks.data.aws_caller_identity.current",
            "module.eks.data.aws_eks_addon_version.this",
            "module.eks.data.aws_iam_policy_document.assume_role_policy",
            "module.eks.data.aws_iam_policy_document.cni_ipv6_policy",
            "module.eks.data.aws_iam_policy_document.node_assume_role_policy",
            "module.eks.data.aws_iam_session_context.current",
            "module.eks.data.aws_partition.current",
            "module.eks.module.eks_managed_node_group.aws_autoscaling_schedule.this",
            "module.eks.module.eks_managed_node_group.aws_eks_node_group.this",
            "module.eks.module.eks_managed_node_group.aws_iam_role.this",
            "module.eks.module.eks_managed_node_group.aws_iam_role_policy.this",
            "module.eks.module.eks_managed_node_group.aws_iam_role_policy_attachment.additional",
            "module.eks.module.eks_managed_node_group.aws_iam_role_policy_attachment.this",
            "module.eks.module.eks_managed_node_group.aws_launch_template.this",
            "module.eks.module.eks_managed_node_group.aws_placement_group.this",
            "module.eks.module.eks_managed_node_group.data.aws_caller_identity.current",
            "module.eks.module.eks_managed_node_group.data.aws_ec2_instance_type.this",
            "module.eks.module.eks_managed_node_group.data.aws_ec2_instance_type_offerings.this",
            "module.eks.module.eks_managed_node_group.data.aws_iam_policy_document.assume_role_policy",
            "module.eks.module.eks_managed_node_group.data.aws_iam_policy_document.role",
            "module.eks.module.eks_managed_node_group.data.aws_partition.current",
            "module.eks.module.eks_managed_node_group.data.aws_ssm_parameter.ami",
            "module.eks.module.eks_managed_node_group.data.aws_subnets.placement_group",
            "module.eks.module.eks_managed_node_group.module.user_data.data.cloudinit_config.al2023_eks_managed_node_group",
            "module.eks.module.eks_managed_node_group.module.user_data.data.cloudinit_config.linux_eks_managed_node_group",
            "module.eks.module.eks_managed_node_group.module.user_data.null_resource.validate_cluster_service_cidr",
            "module.eks.module.fargate_profile.aws_eks_fargate_profile.this",
            "module.eks.module.fargate_profile.aws_iam_role.this",
            "module.eks.module.fargate_profile.aws_iam_role_policy.this",
            "module.eks.module.fargate_profile.aws_iam_role_policy_attachment.additional",
            "module.eks.module.fargate_profile.aws_iam_role_policy_attachment.this",
            "module.eks.module.fargate_profile.data.aws_caller_identity.current",
            "module.eks.module.fargate_profile.data.aws_iam_policy_document.assume_role_policy",
            "module.eks.module.fargate_profile.data.aws_iam_policy_document.role",
            "module.eks.module.fargate_profile.data.aws_partition.current",
            "module.eks.module.fargate_profile.data.aws_region.current",
            "module.eks.module.kms.aws_kms_external_key.this",
            "module.eks.module.kms.aws_kms_key.this",
            "module.eks.module.kms.aws_kms_replica_external_key.this",
            "module.eks.module.kms.aws_kms_replica_key.this",
            "module.eks.module.kms.data.aws_caller_identity.current",
            "module.eks.module.kms.data.aws_iam_policy_document.this",
            "module.eks.module.kms.data.aws_partition.current",
            "module.eks.module.self_managed_node_group.aws_autoscaling_group.this",
            "module.eks.module.self_managed_node_group.aws_autoscaling_schedule.this",
            "module.eks.module.self_managed_node_group.aws_eks_access_entry.this",
            "module.eks.module.self_managed_node_group.aws_iam_instance_profile.this",
            "module.eks.module.self_managed_node_group.aws_iam_role.this",
            "module.eks.module.self_managed_node_group.aws_iam_role_policy.this",
            "module.eks.module.self_managed_node_group.aws_iam_role_policy_attachment.additional",
            "module.eks.module.self_managed_node_group.aws_iam_role_policy_attachment.this",
            "module.eks.module.self_managed_node_group.aws_launch_template.this",
            "module.eks.module.self_managed_node_group.aws_placement_group.this",
            "module.eks.module.self_managed_node_group.data.aws_caller_identity.current",
            "module.eks.module.self_managed_node_group.data.aws_ec2_instance_type.this",
            "module.eks.module.self_managed_node_group.data.aws_ec2_instance_type_offerings.this",
            "module.eks.module.self_managed_node_group.data.aws_iam_policy_document.assume_role_policy",
            "module.eks.module.self_managed_node_group.data.aws_iam_policy_document.role",
            "module.eks.module.self_managed_node_group.data.aws_partition.current",
            "module.eks.module.self_managed_node_group.data.aws_ssm_parameter.ami",
            "module.eks.module.self_managed_node_group.data.aws_subnets.placement_group",
            "module.eks.module.self_managed_node_group.module.user_data.data.cloudinit_config.al2023_eks_managed_node_group",
            "module.eks.module.self_managed_node_group.module.user_data.data.cloudinit_config.linux_eks_managed_node_group",
            "module.eks.module.self_managed_node_group.module.user_data.null_resource.validate_cluster_service_cidr",
            "module.eks.time_sleep.this",
            "module.vpc.aws_subnet.private",
            "module.vpc.aws_subnet.public",
            "module.vpc.aws_vpc.this",
            "module.vpc.aws_vpc_ipv4_cidr_block_association.this"
          ]
        },
        {
          "index_key": "kube-proxy",
          "schema_version": 0,
          "attributes": {
            "addon_name": "kube-proxy",
            "addon_version": "v1.33.3-eksbuild.6",
            "arn": "arn:aws:eks:ap-southeast-1:676206911983:addon/butik-online/kube-proxy/eaccae63-20c7-de9b-e261-a12324584c17",
            "cluster_name": "butik-online",
            "configuration_values": "",
            "created_at": "2025-09-18T12:22:01Z",
            "id": "butik-online:kube-proxy",
            "modified_at": "2025-09-18T12:22:27Z",
            "pod_identity_association": [],
            "preserve": true,
            "resolve_conflicts": null,
            "resolve_conflicts_on_create": "OVERWRITE",
            "resolve_conflicts_on_update": "OVERWRITE",
            "service_account_role_arn": "",
            "tags": {
              "Environment": "demo",
              "ManagedBy": "Terraform",
              "Project": "butik-online-eks"
            },
            "tags_all": {
              "Environment": "demo",
              "ManagedBy": "Terraform",
              "Project": "butik-online-eks"
            },
            "timeouts": {
              "create": null,
              "delete": null,
              "update": null
            }
          },
          "sensitive_attributes": [],
          "private": "eyJlMmJmYjczMC1lY2FhLTExZTYtOGY4OC0zNDM2M2JjN2M0YzAiOnsiY3JlYXRlIjoxMjAwMDAwMDAwMDAwLCJkZWxldGUiOjI0MDAwMDAwMDAwMDAsInVwZGF0ZSI6MTIwMDAwMDAwMDAwMH19",
          "dependencies": [
            "module.eks.aws_cloudwatch_log_group.this",
            "module.eks.aws_eks_cluster.this",
            "module.eks.aws_iam_policy.cni_ipv6_policy",
            "module.eks.aws_iam_role.eks_auto",
            "module.eks.aws_iam_role.this",
            "module.eks.aws_iam_role_policy_attachment.this",
            "module.eks.aws_security_group.cluster",
            "module.eks.aws_security_group.node",
            "module.eks.aws_security_group_rule.cluster",
            "module.eks.aws_security_group_rule.node",
            "module.eks.data.aws_caller_identity.current",
            "module.eks.data.aws_eks_addon_version.this",
            "module.eks.data.aws_iam_policy_document.assume_role_policy",
            "module.eks.data.aws_iam_policy_document.cni_ipv6_policy",
            "module.eks.data.aws_iam_policy_document.node_assume_role_policy",
            "module.eks.data.aws_iam_session_context.current",
            "module.eks.data.aws_partition.current",
            "module.eks.module.eks_managed_node_group.aws_autoscaling_schedule.this",
            "module.eks.module.eks_managed_node_group.aws_eks_node_group.this",
            "module.eks.module.eks_managed_node_group.aws_iam_role.this",
            "module.eks.module.eks_managed_node_group.aws_iam_role_policy.this",
            "module.eks.module.eks_managed_node_group.aws_iam_role_policy_attachment.additional",
            "module.eks.module.eks_managed_node_group.aws_iam_role_policy_attachment.this",
            "module.eks.module.eks_managed_node_group.aws_launch_template.this",
            "module.eks.module.eks_managed_node_group.aws_placement_group.this",
            "module.eks.module.eks_managed_node_group.data.aws_caller_identity.current",
            "module.eks.module.eks_managed_node_group.data.aws_ec2_instance_type.this",
            "module.eks.module.eks_managed_node_group.data.aws_ec2_instance_type_offerings.this",
            "module.eks.module.eks_managed_node_group.data.aws_iam_policy_document.assume_role_policy",
            "module.eks.module.eks_managed_node_group.data.aws_iam_policy_document.role",
            "module.eks.module.eks_managed_node_group.data.aws_partition.current",
            "module.eks.module.eks_managed_node_group.data.aws_ssm_parameter.ami",
            "module.eks.module.eks_managed_node_group.data.aws_subnets.placement_group",
            "module.eks.module.eks_managed_node_group.module.user_data.data.cloudinit_config.al2023_eks_managed_node_group",
            "module.eks.module.eks_managed_node_group.module.user_data.data.cloudinit_config.linux_eks_managed_node_group",
            "module.eks.module.eks_managed_node_group.module.user_data.null_resource.validate_cluster_service_cidr",
            "module.eks.module.fargate_profile.aws_eks_fargate_profile.this",
            "module.eks.module.fargate_profile.aws_iam_role.this",
            "module.eks.module.fargate_profile.aws_iam_role_policy.this",
            "module.eks.module.fargate_profile.aws_iam_role_policy_attachment.additional",
            "module.eks.module.fargate_profile.aws_iam_role_policy_attachment.this",
            "module.eks.module.fargate_profile.data.aws_caller_identity.current",
            "module.eks.module.fargate_profile.data.aws_iam_policy_document.assume_role_policy",
            "module.eks.module.fargate_profile.data.aws_iam_policy_document.role",
            "module.eks.module.fargate_profile.data.aws_partition.current",
            "module.eks.module.fargate_profile.data.aws_region.current",
            "module.eks.module.kms.aws_kms_external_key.this",
            "module.eks.module.kms.aws_kms_key.this",
            "module.eks.module.kms.aws_kms_replica_external_key.this",
            "module.eks.module.kms.aws_kms_replica_key.this",
            "module.eks.module.kms.data.aws_caller_identity.current",
            "module.eks.module.kms.data.aws_iam_policy_document.this",
            "module.eks.module.kms.data.aws_partition.current",
            "module.eks.module.self_managed_node_group.aws_autoscaling_group.this",
            "module.eks.module.self_managed_node_group.aws_autoscaling_schedule.this",
            "module.eks.module.self_managed_node_group.aws_eks_access_entry.this",
            "module.eks.module.self_managed_node_group.aws_iam_instance_profile.this",
            "module.eks.module.self_managed_node_group.aws_iam_role.this",
            "module.eks.module.self_managed_node_group.aws_iam_role_policy.this",
            "module.eks.module.self_managed_node_group.aws_iam_role_policy_attachment.additional",
            "module.eks.module.self_managed_node_group.aws_iam_role_policy_attachment.this",
            "module.eks.module.self_managed_node_group.aws_launch_template.this",
            "module.eks.module.self_managed_node_group.aws_placement_group.this",
            "module.eks.module.self_managed_node_group.data.aws_caller_identity.current",
            "module.eks.module.self_managed_node_group.data.aws_ec2_instance_type.this",
            "module.eks.module.self_managed_node_group.data.aws_ec2_instance_type_offerings.this",
            "module.eks.module.self_managed_node_group.data.aws_iam_policy_document.assume_role_policy",
            "module.eks.module.self_managed_node_group.data.aws_iam_policy_document.role",
            "module.eks.module.self_managed_node_group.data.aws_partition.current",
            "module.eks.module.self_managed_node_group.data.aws_ssm_parameter.ami",
            "module.eks.module.self_managed_node_group.data.aws_subnets.placement_group",
            "module.eks.module.self_managed_node_group.module.user_data.data.cloudinit_config.al2023_eks_managed_node_group",
            "module.eks.module.self_managed_node_group.module.user_data.data.cloudinit_config.linux_eks_managed_node_group",
            "module.eks.module.self_managed_node_group.module.user_data.null_resource.validate_cluster_service_cidr",
            "module.eks.time_sleep.this",
            "module.vpc.aws_subnet.private",
            "module.vpc.aws_subnet.public",
            "module.vpc.aws_vpc.this",
            "module.vpc.aws_vpc_ipv4_cidr_block_association.this"
          ]
        },
        {
          "index_key": "vpc-cni",
          "schema_version": 0,
          "attributes": {
            "addon_name": "vpc-cni",
            "addon_version": "v1.20.1-eksbuild.3",
            "arn": "arn:aws:eks:ap-southeast-1:676206911983:addon/butik-online/vpc-cni/a0ccae63-20d2-191f-0f8a-228590dc323a",
            "cluster_name": "butik-online",
            "configuration_values": "",
            "created_at": "2025-09-18T12:22:01Z",
            "id": "butik-online:vpc-cni",
            "modified_at": "2025-09-18T12:22:28Z",
            "pod_identity_association": [],
            "preserve": true,
            "resolve_conflicts": null,
            "resolve_conflicts_on_create": "OVERWRITE",
            "resolve_conflicts_on_update": "OVERWRITE",
            "service_account_role_arn": "",
            "tags": {
              "Environment": "demo",
              "ManagedBy": "Terraform",
              "Project": "butik-online-eks"
            },
            "tags_all": {
              "Environment": "demo",
              "ManagedBy": "Terraform",
              "Project": "butik-online-eks"
            },
            "timeouts": {
              "create": null,
              "delete": null,
              "update": null
            }
          },
          "sensitive_attributes": [],
          "private": "eyJlMmJmYjczMC1lY2FhLTExZTYtOGY4OC0zNDM2M2JjN2M0YzAiOnsiY3JlYXRlIjoxMjAwMDAwMDAwMDAwLCJkZWxldGUiOjI0MDAwMDAwMDAwMDAsInVwZGF0ZSI6MTIwMDAwMDAwMDAwMH19",
          "dependencies": [
            "module.eks.aws_cloudwatch_log_group.this",
            "module.eks.aws_eks_cluster.this",
            "module.eks.aws_iam_policy.cni_ipv6_policy",
            "module.eks.aws_iam_role.eks_auto",
            "module.eks.aws_iam_role.this",
            "module.eks.aws_iam_role_policy_attachment.this",
            "module.eks.aws_security_group.cluster",
            "module.eks.aws_security_group.node",
            "module.eks.aws_security_group_rule.cluster",
            "module.eks.aws_security_group_rule.node",
            "module.eks.data.aws_caller_identity.current",
            "module.eks.data.aws_eks_addon_version.this",
            "module.eks.data.aws_iam_policy_document.assume_role_policy",
            "module.eks.data.aws_iam_policy_document.cni_ipv6_policy",
            "module.eks.data.aws_iam_policy_document.node_assume_role_policy",
            "module.eks.data.aws_iam_session_context.current",
            "module.eks.data.aws_partition.current",
            "module.eks.module.eks_managed_node_group.aws_autoscaling_schedule.this",
            "module.eks.module.eks_managed_node_group.aws_eks_node_group.this",
            "module.eks.module.eks_managed_node_group.aws_iam_role.this",
            "module.eks.module.eks_managed_node_group.aws_iam_role_policy.this",
            "module.eks.module.eks_managed_node_group.aws_iam_role_policy_attachment.additional",
            "module.eks.module.eks_managed_node_group.aws_iam_role_policy_attachment.this",
            "module.eks.module.eks_managed_node_group.aws_launch_template.this",
            "module.eks.module.eks_managed_node_group.aws_placement_group.this",
            "module.eks.module.eks_managed_node_group.data.aws_caller_identity.current",
            "module.eks.module.eks_managed_node_group.data.aws_ec2_instance_type.this",
            "module.eks.module.eks_managed_node_group.data.aws_ec2_instance_type_offerings.this",
            "module.eks.module.eks_managed_node_group.data.aws_iam_policy_document.assume_role_policy",
            "module.eks.module.eks_managed_node_group.data.aws_iam_policy_document.role",
            "module.eks.module.eks_managed_node_group.data.aws_partition.current",
            "module.eks.module.eks_managed_node_group.data.aws_ssm_parameter.ami",
            "module.eks.module.eks_managed_node_group.data.aws_subnets.placement_group",
            "module.eks.module.eks_managed_node_group.module.user_data.data.cloudinit_config.al2023_eks_managed_node_group",
            "module.eks.module.eks_managed_node_group.module.user_data.data.cloudinit_config.linux_eks_managed_node_group",
            "module.eks.module.eks_managed_node_group.module.user_data.null_resource.validate_cluster_service_cidr",
            "module.eks.module.fargate_profile.aws_eks_fargate_profile.this",
            "module.eks.module.fargate_profile.aws_iam_role.this",
            "module.eks.module.fargate_profile.aws_iam_role_policy.this",
            "module.eks.module.fargate_profile.aws_iam_role_policy_attachment.additional",
            "module.eks.module.fargate_profile.aws_iam_role_policy_attachment.this",
            "module.eks.module.fargate_profile.data.aws_caller_identity.current",
            "module.eks.module.fargate_profile.data.aws_iam_policy_document.assume_role_policy",
            "module.eks.module.fargate_profile.data.aws_iam_policy_document.role",
            "module.eks.module.fargate_profile.data.aws_partition.current",
            "module.eks.module.fargate_profile.data.aws_region.current",
            "module.eks.module.kms.aws_kms_external_key.this",
            "module.eks.module.kms.aws_kms_key.this",
            "module.eks.module.kms.aws_kms_replica_external_key.this",
            "module.eks.module.kms.aws_kms_replica_key.this",
            "module.eks.module.kms.data.aws_caller_identity.current",
            "module.eks.module.kms.data.aws_iam_policy_document.this",
            "module.eks.module.kms.data.aws_partition.current",
            "module.eks.module.self_managed_node_group.aws_autoscaling_group.this",
            "module.eks.module.self_managed_node_group.aws_autoscaling_schedule.this",
            "module.eks.module.self_managed_node_group.aws_eks_access_entry.this",
            "module.eks.module.self_managed_node_group.aws_iam_instance_profile.this",
            "module.eks.module.self_managed_node_group.aws_iam_role.this",
            "module.eks.module.self_managed_node_group.aws_iam_role_policy.this",
            "module.eks.module.self_managed_node_group.aws_iam_role_policy_attachment.additional",
            "module.eks.module.self_managed_node_group.aws_iam_role_policy_attachment.this",
            "module.eks.module.self_managed_node_group.aws_launch_template.this",
            "module.eks.module.self_managed_node_group.aws_placement_group.this",
            "module.eks.module.self_managed_node_group.data.aws_caller_identity.current",
            "module.eks.module.self_managed_node_group.data.aws_ec2_instance_type.this",
            "module.eks.module.self_managed_node_group.data.aws_ec2_instance_type_offerings.this",
            "module.eks.module.self_managed_node_group.data.aws_iam_policy_document.assume_role_policy",
            "module.eks.module.self_managed_node_group.data.aws_iam_policy_document.role",
            "module.eks.module.self_managed_node_group.data.aws_partition.current",
            "module.eks.module.self_managed_node_group.data.aws_ssm_parameter.ami",
            "module.eks.module.self_managed_node_group.data.aws_subnets.placement_group",
            "module.eks.module.self_managed_node_group.module.user_data.data.cloudinit_config.al2023_eks_managed_node_group",
            "module.eks.module.self_managed_node_group.module.user_data.data.cloudinit_config.linux_eks_managed_node_group",
            "module.eks.module.self_managed_node_group.module.user_data.null_resource.validate_cluster_service_cidr",
            "module.eks.time_sleep.this",
            "module.vpc.aws_subnet.private",
            "module.vpc.aws_subnet.public",
            "module.vpc.aws_vpc.this",
            "module.vpc.aws_vpc_ipv4_cidr_block_association.this"
          ]
        }
      ]
    },
    {
      "module": "module.eks",
      "mode": "managed",
      "type": "aws_eks_cluster",
      "name": "this",
      "provider": "provider[\"registry.terraform.io/hashicorp/aws\"]",
      "instances": [
        {
          "index_key": 0,
          "schema_version": 1,
          "attributes": {
            "access_config": [
              {
                "authentication_mode": "API_AND_CONFIG_MAP",
                "bootstrap_cluster_creator_admin_permissions": false
              }
            ],
            "arn": "arn:aws:eks:ap-southeast-1:676206911983:cluster/butik-online",
            "bootstrap_self_managed_addons": true,
            "certificate_authority": [
              {
                "data": "LS0tLS1CRUdJTiBDRVJUSUZJQ0FURS0tLS0tCk1JSURCVENDQWUyZ0F3SUJBZ0lJUllmQyt4QzlvVVF3RFFZSktvWklodmNOQVFFTEJRQXdGVEVUTUJFR0ExVUUKQXhNS2EzVmlaWEp1WlhSbGN6QWVGdzB5TlRBNU1UZ3hNakE1TkRkYUZ3MHpOVEE1TVRZeE1qRTBORGRhTUJVeApFekFSQmdOVkJBTVRDbXQxWW1WeWJtVjBaWE13Z2dFaU1BMEdDU3FHU0liM0RRRUJBUVVBQTRJQkR3QXdnZ0VLCkFvSUJBUUNYajlqU0lySHZ0clNIZVdsd09uSDdiSnJmQUdDb0FoVUc1YnhmMzUwcjJFV0FreTUvYnlFbDB4eE4KNnFMa2EvdlhObmhnVzVnVkdVc3V3WW91czF1eWwzbmp4WXlqT2VvS2VwNE9vZkFYM1pzQU5QZE1jTzA3RTlUVwpuT2RFb0FJYnVMODBybVNaUHNZT0psVnkwT2ViR0dMZDdLd2ROaktlYmVLUUZGMEpFSGRPQVp5azZsK1djN3RaCmQzYUNtbngrWk96azZvYVRrcUxoWXE2UTVJYXdDYkhkTTlDNHJObWZ3Q0FpZC9mZE53cFNScUdNSlRiUEM2a3oKd2YwOC9abkMvZWt1MWcrVWVvNlU5UjFhU2JZb3UvQUxEdi9GQzBwNVIzWms3WEp5ZmxRWE16TGRWN2tkSHlzRgpvaEFxRm9MU0VoeTJrQ3VvYVRHMEg2YjhkM2U5QWdNQkFBR2pXVEJYTUE0R0ExVWREd0VCL3dRRUF3SUNwREFQCkJnTlZIUk1CQWY4RUJUQURBUUgvTUIwR0ExVWREZ1FXQkJRL1RqZEoyZVFzbGlwZE53WnZ3KzkrdU5wcndUQVYKQmdOVkhSRUVEakFNZ2dwcmRXSmxjbTVsZEdWek1BMEdDU3FHU0liM0RRRUJDd1VBQTRJQkFRQ1Z5MkMwZllSaQo5amNRblZPbDk2TjNYUG0zVlJHNXFZWHNGV0tzbzEzTW9CVVNWZHNMVFBNbW5VTWFRc2h0V3g5cUtPNlBHeDBFCkJINWFnNEtUOUZCR2syNkJUSzZOdEgvNUNXZEFuQ0J5ZEVvcmw5cmJ6WEp6ekxmcExyUFpMMDI2aXpOT3V5R3kKODR4MUs3VzFVbFh0cnc5STI5cWpXWDFiWjNPMzc3SDlWeEhDd0VXUHpHbitEaGZLQUkwTmxkRXdLTWNTbGMreAowZG1QRFpXWmZ3ZkdpL2VtckhTWHRqU3BhVG1Ua1BGREJtQU93ckZHclFxK2xzcWZXVVdUcDU0UytlRXNWUHp6CmRlbU51TG52dUtMZnBNK2JQcFdPN0tidzFjb2xnb3BHOHNPOWVrY2d6aHM3WElpVkNKWVRrK3ZtZFRhYjhTMU8KYVRCeThjZHFEdVJOCi0tLS0tRU5EIENFUlRJRklDQVRFLS0tLS0K"
              }
            ],
            "cluster_id": null,
            "compute_config": [],
            "created_at": "2025-09-18T12:09:43Z",
            "enabled_cluster_log_types": [
              "api",
              "audit",
              "authenticator"
            ],
            "encryption_config": [
              {
                "provider": [
                  {
                    "key_arn": "arn:aws:kms:ap-southeast-1:676206911983:key/950183b8-7fd2-4328-9cd4-69a1f459e530"
                  }
                ],
                "resources": [
                  "secrets"
                ]
              }
            ],
            "endpoint": "https://D134612C1DF1BC42EE6595D7160E79F9.yl4.ap-southeast-1.eks.amazonaws.com",
            "force_update_version": null,
            "id": "butik-online",
            "identity": [
              {
                "oidc": [
                  {
                    "issuer": "https://oidc.eks.ap-southeast-1.amazonaws.com/id/D134612C1DF1BC42EE6595D7160E79F9"
                  }
                ]
              }
            ],
            "kubernetes_network_config": [
              {
                "elastic_load_balancing": [
                  {
                    "enabled": false
                  }
                ],
                "ip_family": "ipv4",
                "service_ipv4_cidr": "172.20.0.0/16",
                "service_ipv6_cidr": ""
              }
            ],
            "name": "butik-online",
            "outpost_config": [],
            "platform_version": "eks.14",
            "remote_network_config": [],
            "role_arn": "arn:aws:iam::676206911983:role/butik-online-cluster-20250918120909623300000001",
            "status": "ACTIVE",
            "storage_config": [],
            "tags": {
              "Environment": "demo",
              "ManagedBy": "Terraform",
              "Project": "butik-online-eks",
              "terraform-aws-modules": "eks"
            },
            "tags_all": {
              "Environment": "demo",
              "ManagedBy": "Terraform",
              "Project": "butik-online-eks",
              "terraform-aws-modules": "eks"
            },
            "timeouts": {
              "create": null,
              "delete": null,
              "update": null
            },
            "upgrade_policy": [
              {
                "support_type": "EXTENDED"
              }
            ],
            "version": "1.33",
            "vpc_config": [
              {
                "cluster_security_group_id": "sg-0fe98422b9db17128",
                "endpoint_private_access": true,
                "endpoint_public_access": true,
                "public_access_cidrs": [
                  "0.0.0.0/0"
                ],
                "security_group_ids": [
                  "sg-0275d7d00e1ec775a"
                ],
                "subnet_ids": [
                  "subnet-03932aae1ce40f290",
                  "subnet-041cf8f44b72a1f9e",
                  "subnet-041d3da2cd2303a66",
                  "subnet-04fe513e3982cc863",
                  "subnet-0a70d237eaae72926",
                  "subnet-0d736d1bbc9af68ee"
                ],
                "vpc_id": "vpc-0e8fd6ee1a9c7686d"
              }
            ],
            "zonal_shift_config": []
          },
          "sensitive_attributes": [],
          "private": "eyJlMmJmYjczMC1lY2FhLTExZTYtOGY4OC0zNDM2M2JjN2M0YzAiOnsiY3JlYXRlIjoxODAwMDAwMDAwMDAwLCJkZWxldGUiOjkwMDAwMDAwMDAwMCwidXBkYXRlIjozNjAwMDAwMDAwMDAwfSwic2NoZW1hX3ZlcnNpb24iOiIxIn0=",
          "dependencies": [
            "module.eks.aws_cloudwatch_log_group.this",
            "module.eks.aws_iam_policy.cni_ipv6_policy",
            "module.eks.aws_iam_role.eks_auto",
            "module.eks.aws_iam_role.this",
            "module.eks.aws_iam_role_policy_attachment.this",
            "module.eks.aws_security_group.cluster",
            "module.eks.aws_security_group.node",
            "module.eks.aws_security_group_rule.cluster",
            "module.eks.aws_security_group_rule.node",
            "module.eks.data.aws_caller_identity.current",
            "module.eks.data.aws_iam_policy_document.assume_role_policy",
            "module.eks.data.aws_iam_policy_document.cni_ipv6_policy",
            "module.eks.data.aws_iam_policy_document.node_assume_role_policy",
            "module.eks.data.aws_iam_session_context.current",
            "module.eks.data.aws_partition.current",
            "module.eks.module.kms.aws_kms_external_key.this",
            "module.eks.module.kms.aws_kms_key.this",
            "module.eks.module.kms.aws_kms_replica_external_key.this",
            "module.eks.module.kms.aws_kms_replica_key.this",
            "module.eks.module.kms.data.aws_caller_identity.current",
            "module.eks.module.kms.data.aws_iam_policy_document.this",
            "module.eks.module.kms.data.aws_partition.current",
            "module.vpc.aws_subnet.private",
            "module.vpc.aws_subnet.public",
            "module.vpc.aws_vpc.this",
            "module.vpc.aws_vpc_ipv4_cidr_block_association.this"
          ],
          "create_before_destroy": true
        }
      ]
    },
    {
      "module": "module.eks",
      "mode": "managed",
      "type": "aws_iam_openid_connect_provider",
      "name": "oidc_provider",
      "provider": "provider[\"registry.terraform.io/hashicorp/aws\"]",
      "instances": [
        {
          "index_key": 0,
          "schema_version": 0,
          "attributes": {
            "arn": "arn:aws:iam::676206911983:oidc-provider/oidc.eks.ap-southeast-1.amazonaws.com/id/D134612C1DF1BC42EE6595D7160E79F9",
            "client_id_list": [
              "sts.amazonaws.com"
            ],
            "id": "arn:aws:iam::676206911983:oidc-provider/oidc.eks.ap-southeast-1.amazonaws.com/id/D134612C1DF1BC42EE6595D7160E79F9",
            "tags": {
              "Environment": "demo",
              "ManagedBy": "Terraform",
              "Name": "butik-online-eks-irsa",
              "Project": "butik-online-eks"
            },
            "tags_all": {
              "Environment": "demo",
              "ManagedBy": "Terraform",
              "Name": "butik-online-eks-irsa",
              "Project": "butik-online-eks"
            },
            "thumbprint_list": [
              "9e99a48a9960b14926bb7f3b02e22da2b0ab7280"
            ],
            "url": "oidc.eks.ap-southeast-1.amazonaws.com/id/D134612C1DF1BC42EE6595D7160E79F9"
          },
          "sensitive_attributes": [],
          "private": "bnVsbA==",
          "dependencies": [
            "module.eks.aws_cloudwatch_log_group.this",
            "module.eks.aws_eks_cluster.this",
            "module.eks.aws_iam_policy.cni_ipv6_policy",
            "module.eks.aws_iam_role.eks_auto",
            "module.eks.aws_iam_role.this",
            "module.eks.aws_iam_role_policy_attachment.this",
            "module.eks.aws_security_group.cluster",
            "module.eks.aws_security_group.node",
            "module.eks.aws_security_group_rule.cluster",
            "module.eks.aws_security_group_rule.node",
            "module.eks.data.aws_caller_identity.current",
            "module.eks.data.aws_iam_policy_document.assume_role_policy",
            "module.eks.data.aws_iam_policy_document.cni_ipv6_policy",
            "module.eks.data.aws_iam_policy_document.node_assume_role_policy",
            "module.eks.data.aws_iam_session_context.current",
            "module.eks.data.aws_partition.current",
            "module.eks.data.tls_certificate.this",
            "module.eks.module.kms.aws_kms_external_key.this",
            "module.eks.module.kms.aws_kms_key.this",
            "module.eks.module.kms.aws_kms_replica_external_key.this",
            "module.eks.module.kms.aws_kms_replica_key.this",
            "module.eks.module.kms.data.aws_caller_identity.current",
            "module.eks.module.kms.data.aws_iam_policy_document.this",
            "module.eks.module.kms.data.aws_partition.current",
            "module.vpc.aws_subnet.private",
            "module.vpc.aws_subnet.public",
            "module.vpc.aws_vpc.this",
            "module.vpc.aws_vpc_ipv4_cidr_block_association.this"
          ]
        }
      ]
    },
    {
      "module": "module.eks",
      "mode": "managed",
      "type": "aws_iam_policy",
      "name": "cluster_encryption",
      "provider": "provider[\"registry.terraform.io/hashicorp/aws\"]",
      "instances": [
        {
          "index_key": 0,
          "schema_version": 0,
          "attributes": {
            "arn": "arn:aws:iam::676206911983:policy/butik-online-cluster-ClusterEncryption2025091812094084090000000f",
            "attachment_count": 1,
            "description": "Cluster encryption policy to allow cluster role to utilize CMK provided",
            "id": "arn:aws:iam::676206911983:policy/butik-online-cluster-ClusterEncryption2025091812094084090000000f",
            "name": "butik-online-cluster-ClusterEncryption2025091812094084090000000f",
            "name_prefix": "butik-online-cluster-ClusterEncryption",
            "path": "/",
            "policy": "{\"Statement\":[{\"Action\":[\"kms:Encrypt\",\"kms:Decrypt\",\"kms:ListGrants\",\"kms:DescribeKey\"],\"Effect\":\"Allow\",\"Resource\":\"arn:aws:kms:ap-southeast-1:676206911983:key/950183b8-7fd2-4328-9cd4-69a1f459e530\"}],\"Version\":\"2012-10-17\"}",
            "policy_id": "ANPAZ24ISUHXXKNSYQ6I6",
            "tags": {
              "Environment": "demo",
              "ManagedBy": "Terraform",
              "Project": "butik-online-eks"
            },
            "tags_all": {
              "Environment": "demo",
              "ManagedBy": "Terraform",
              "Project": "butik-online-eks"
            }
          },
          "sensitive_attributes": [],
          "private": "bnVsbA==",
          "dependencies": [
            "module.eks.aws_iam_role.this",
            "module.eks.data.aws_caller_identity.current",
            "module.eks.data.aws_iam_policy_document.assume_role_policy",
            "module.eks.data.aws_iam_session_context.current",
            "module.eks.module.kms.aws_kms_external_key.this",
            "module.eks.module.kms.aws_kms_key.this",
            "module.eks.module.kms.aws_kms_replica_external_key.this",
            "module.eks.module.kms.aws_kms_replica_key.this",
            "module.eks.module.kms.data.aws_caller_identity.current",
            "module.eks.module.kms.data.aws_iam_policy_document.this",
            "module.eks.module.kms.data.aws_partition.current"
          ]
        }
      ]
    },
    {
      "module": "module.eks",
      "mode": "managed",
      "type": "aws_iam_policy",
      "name": "custom",
      "provider": "provider[\"registry.terraform.io/hashicorp/aws\"]",
      "instances": [
        {
          "index_key": 0,
          "schema_version": 0,
          "attributes": {
            "arn": "arn:aws:iam::676206911983:policy/butik-online-cluster-20250918120909623300000002",
            "attachment_count": 1,
            "description": "",
            "id": "arn:aws:iam::676206911983:policy/butik-online-cluster-20250918120909623300000002",
            "name": "butik-online-cluster-20250918120909623300000002",
            "name_prefix": "butik-online-cluster-",
            "path": "/",
            "policy": "{\"Statement\":[{\"Action\":[\"ec2:RunInstances\",\"ec2:CreateLaunchTemplate\",\"ec2:CreateFleet\"],\"Condition\":{\"StringEquals\":{\"aws:RequestTag/eks:eks-cluster-name\":\"${aws:PrincipalTag/eks:eks-cluster-name}\"},\"StringLike\":{\"aws:RequestTag/eks:kubernetes-node-class-name\":\"*\",\"aws:RequestTag/eks:kubernetes-node-pool-name\":\"*\"}},\"Effect\":\"Allow\",\"Resource\":\"*\",\"Sid\":\"Compute\"},{\"Action\":[\"ec2:CreateVolume\",\"ec2:CreateSnapshot\"],\"Condition\":{\"StringEquals\":{\"aws:RequestTag/eks:eks-cluster-name\":\"${aws:PrincipalTag/eks:eks-cluster-name}\"}},\"Effect\":\"Allow\",\"Resource\":[\"arn:aws:ec2:*:*:volume/*\",\"arn:aws:ec2:*:*:snapshot/*\"],\"Sid\":\"Storage\"},{\"Action\":\"ec2:CreateNetworkInterface\",\"Condition\":{\"StringEquals\":{\"aws:RequestTag/eks:eks-cluster-name\":\"${aws:PrincipalTag/eks:eks-cluster-name}\",\"aws:RequestTag/eks:kubernetes-cni-node-name\":\"*\"}},\"Effect\":\"Allow\",\"Resource\":\"*\",\"Sid\":\"Networking\"},{\"Action\":[\"elasticloadbalancing:CreateTargetGroup\",\"elasticloadbalancing:CreateRule\",\"elasticloadbalancing:CreateLoadBalancer\",\"elasticloadbalancing:CreateListener\",\"ec2:CreateSecurityGroup\"],\"Condition\":{\"StringEquals\":{\"aws:RequestTag/eks:eks-cluster-name\":\"${aws:PrincipalTag/eks:eks-cluster-name}\"}},\"Effect\":\"Allow\",\"Resource\":\"*\",\"Sid\":\"LoadBalancer\"},{\"Action\":\"shield:CreateProtection\",\"Condition\":{\"StringEquals\":{\"aws:RequestTag/eks:eks-cluster-name\":\"${aws:PrincipalTag/eks:eks-cluster-name}\"}},\"Effect\":\"Allow\",\"Resource\":\"*\",\"Sid\":\"ShieldProtection\"},{\"Action\":\"shield:TagResource\",\"Condition\":{\"StringEquals\":{\"aws:RequestTag/eks:eks-cluster-name\":\"${aws:PrincipalTag/eks:eks-cluster-name}\"}},\"Effect\":\"Allow\",\"Resource\":\"arn:aws:shield::*:protection/*\",\"Sid\":\"ShieldTagResource\"}],\"Version\":\"2012-10-17\"}",
            "policy_id": "ANPAZ24ISUHX3H6O75RTX",
            "tags": {
              "Environment": "demo",
              "ManagedBy": "Terraform",
              "Project": "butik-online-eks"
            },
            "tags_all": {
              "Environment": "demo",
              "ManagedBy": "Terraform",
              "Project": "butik-online-eks"
            }
          },
          "sensitive_attributes": [],
          "private": "bnVsbA==",
          "dependencies": [
            "module.eks.data.aws_iam_policy_document.custom",
            "module.eks.data.aws_partition.current"
          ]
        }
      ]
    },
    {
      "module": "module.eks",
      "mode": "managed",
      "type": "aws_iam_role",
      "name": "this",
      "provider": "provider[\"registry.terraform.io/hashicorp/aws\"]",
      "instances": [
        {
          "index_key": 0,
          "schema_version": 0,
          "attributes": {
            "arn": "arn:aws:iam::676206911983:role/butik-online-cluster-20250918120909623300000001",
            "assume_role_policy": "{\"Statement\":[{\"Action\":[\"sts:TagSession\",\"sts:AssumeRole\"],\"Effect\":\"Allow\",\"Principal\":{\"Service\":\"eks.amazonaws.com\"},\"Sid\":\"EKSClusterAssumeRole\"}],\"Version\":\"2012-10-17\"}",
            "create_date": "2025-09-18T12:09:11Z",
            "description": "",
            "force_detach_policies": true,
            "id": "butik-online-cluster-20250918120909623300000001",
            "inline_policy": [],
            "managed_policy_arns": [
              "arn:aws:iam::676206911983:policy/butik-online-cluster-20250918120909623300000002",
              "arn:aws:iam::676206911983:policy/butik-online-cluster-ClusterEncryption2025091812094084090000000f",
              "arn:aws:iam::aws:policy/AmazonEKSClusterPolicy",
              "arn:aws:iam::aws:policy/AmazonEKSVPCResourceController"
            ],
            "max_session_duration": 3600,
            "name": "butik-online-cluster-20250918120909623300000001",
            "name_prefix": "butik-online-cluster-",
            "path": "/",
            "permissions_boundary": "",
            "tags": {
              "Environment": "demo",
              "ManagedBy": "Terraform",
              "Project": "butik-online-eks"
            },
            "tags_all": {
              "Environment": "demo",
              "ManagedBy": "Terraform",
              "Project": "butik-online-eks"
            },
            "unique_id": "AROAZ24ISUHXZWYPTR6GH"
          },
          "sensitive_attributes": [],
          "private": "bnVsbA==",
          "dependencies": [
            "module.eks.data.aws_iam_policy_document.assume_role_policy"
          ],
          "create_before_destroy": true
        }
      ]
    },
    {
      "module": "module.eks",
      "mode": "managed",
      "type": "aws_iam_role_policy_attachment",
      "name": "cluster_encryption",
      "provider": "provider[\"registry.terraform.io/hashicorp/aws\"]",
      "instances": [
        {
          "index_key": 0,
          "schema_version": 0,
          "attributes": {
            "id": "butik-online-cluster-20250918120909623300000001-20250918120942215000000010",
            "policy_arn": "arn:aws:iam::676206911983:policy/butik-online-cluster-ClusterEncryption2025091812094084090000000f",
            "role": "butik-online-cluster-20250918120909623300000001"
          },
          "sensitive_attributes": [],
          "private": "bnVsbA==",
          "dependencies": [
            "module.eks.aws_iam_policy.cluster_encryption",
            "module.eks.aws_iam_role.this",
            "module.eks.data.aws_caller_identity.current",
            "module.eks.data.aws_iam_policy_document.assume_role_policy",
            "module.eks.data.aws_iam_session_context.current",
            "module.eks.module.kms.aws_kms_external_key.this",
            "module.eks.module.kms.aws_kms_key.this",
            "module.eks.module.kms.aws_kms_replica_external_key.this",
            "module.eks.module.kms.aws_kms_replica_key.this",
            "module.eks.module.kms.data.aws_caller_identity.current",
            "module.eks.module.kms.data.aws_iam_policy_document.this",
            "module.eks.module.kms.data.aws_partition.current"
          ]
        }
      ]
    },
    {
      "module": "module.eks",
      "mode": "managed",
      "type": "aws_iam_role_policy_attachment",
      "name": "custom",
      "provider": "provider[\"registry.terraform.io/hashicorp/aws\"]",
      "instances": [
        {
          "index_key": 0,
          "schema_version": 0,
          "attributes": {
            "id": "butik-online-cluster-20250918120909623300000001-20250918120912909900000005",
            "policy_arn": "arn:aws:iam::676206911983:policy/butik-online-cluster-20250918120909623300000002",
            "role": "butik-online-cluster-20250918120909623300000001"
          },
          "sensitive_attributes": [],
          "private": "bnVsbA==",
          "dependencies": [
            "module.eks.aws_iam_policy.custom",
            "module.eks.aws_iam_role.this",
            "module.eks.data.aws_iam_policy_document.assume_role_policy",
            "module.eks.data.aws_iam_policy_document.custom",
            "module.eks.data.aws_partition.current"
          ]
        }
      ]
    },
    {
      "module": "module.eks",
      "mode": "managed",
      "type": "aws_iam_role_policy_attachment",
      "name": "this",
      "provider": "provider[\"registry.terraform.io/hashicorp/aws\"]",
      "instances": [
        {
          "index_key": "AmazonEKSClusterPolicy",
          "schema_version": 0,
          "attributes": {
            "id": "butik-online-cluster-20250918120909623300000001-20250918120912597400000004",
            "policy_arn": "arn:aws:iam::aws:policy/AmazonEKSClusterPolicy",
            "role": "butik-online-cluster-20250918120909623300000001"
          },
          "sensitive_attributes": [],
          "private": "bnVsbA==",
          "dependencies": [
            "module.eks.aws_iam_role.this",
            "module.eks.data.aws_iam_policy_document.assume_role_policy",
            "module.eks.data.aws_partition.current"
          ],
          "create_before_destroy": true
        },
        {
          "index_key": "AmazonEKSVPCResourceController",
          "schema_version": 0,
          "attributes": {
            "id": "butik-online-cluster-20250918120909623300000001-20250918120912557200000003",
            "policy_arn": "arn:aws:iam::aws:policy/AmazonEKSVPCResourceController",
            "role": "butik-online-cluster-20250918120909623300000001"
          },
          "sensitive_attributes": [],
          "private": "bnVsbA==",
          "dependencies": [
            "module.eks.aws_iam_role.this",
            "module.eks.data.aws_iam_policy_document.assume_role_policy",
            "module.eks.data.aws_partition.current"
          ],
          "create_before_destroy": true
        }
      ]
    },
    {
      "module": "module.eks",
      "mode": "managed",
      "type": "aws_security_group",
      "name": "cluster",
      "provider": "provider[\"registry.terraform.io/hashicorp/aws\"]",
      "instances": [
        {
          "index_key": 0,
          "schema_version": 1,
          "attributes": {
            "arn": "arn:aws:ec2:ap-southeast-1:676206911983:security-group/sg-0275d7d00e1ec775a",
            "description": "EKS cluster security group",
            "egress": [],
            "id": "sg-0275d7d00e1ec775a",
            "ingress": [
              {
                "cidr_blocks": [],
                "description": "Node groups to cluster API",
                "from_port": 443,
                "ipv6_cidr_blocks": [],
                "prefix_list_ids": [],
                "protocol": "tcp",
                "security_groups": [
                  "sg-0607e19a165de2e97"
                ],
                "self": false,
                "to_port": 443
              }
            ],
            "name": "butik-online-cluster-20250918120922469300000009",
            "name_prefix": "butik-online-cluster-",
            "owner_id": "676206911983",
            "revoke_rules_on_delete": false,
            "tags": {
              "Environment": "demo",
              "ManagedBy": "Terraform",
              "Name": "butik-online-cluster",
              "Project": "butik-online-eks"
            },
            "tags_all": {
              "Environment": "demo",
              "ManagedBy": "Terraform",
              "Name": "butik-online-cluster",
              "Project": "butik-online-eks"
            },
            "timeouts": null,
            "vpc_id": "vpc-0e8fd6ee1a9c7686d"
          },
          "sensitive_attributes": [],
          "private": "eyJlMmJmYjczMC1lY2FhLTExZTYtOGY4OC0zNDM2M2JjN2M0YzAiOnsiY3JlYXRlIjo2MDAwMDAwMDAwMDAsImRlbGV0ZSI6OTAwMDAwMDAwMDAwfSwic2NoZW1hX3ZlcnNpb24iOiIxIn0=",
          "dependencies": [
            "module.vpc.aws_vpc.this"
          ],
          "create_before_destroy": true
        }
      ]
    },
    {
      "module": "module.eks",
      "mode": "managed",
      "type": "aws_security_group",
      "name": "node",
      "provider": "provider[\"registry.terraform.io/hashicorp/aws\"]",
      "instances": [
        {
          "index_key": 0,
          "schema_version": 1,
          "attributes": {
            "arn": "arn:aws:ec2:ap-southeast-1:676206911983:security-group/sg-0607e19a165de2e97",
            "description": "EKS node shared security group",
            "egress": [
              {
                "cidr_blocks": [
                  "0.0.0.0/0"
                ],
                "description": "Allow all egress",
                "from_port": 0,
                "ipv6_cidr_blocks": [],
                "prefix_list_ids": [],
                "protocol": "-1",
                "security_groups": [],
                "self": false,
                "to_port": 0
              }
            ],
            "id": "sg-0607e19a165de2e97",
            "ingress": [
              {
                "cidr_blocks": [],
                "description": "",
                "from_port": 0,
                "ipv6_cidr_blocks": [],
                "prefix_list_ids": [],
                "protocol": "-1",
                "security_groups": [
                  "sg-0c19d03060d4ecb23"
                ],
                "self": false,
                "to_port": 0
              },
              {
                "cidr_blocks": [],
                "description": "Cluster API to node 4443/tcp webhook",
                "from_port": 4443,
                "ipv6_cidr_blocks": [],
                "prefix_list_ids": [],
                "protocol": "tcp",
                "security_groups": [
                  "sg-0275d7d00e1ec775a"
                ],
                "self": false,
                "to_port": 4443
              },
              {
                "cidr_blocks": [],
                "description": "Cluster API to node 6443/tcp webhook",
                "from_port": 6443,
                "ipv6_cidr_blocks": [],
                "prefix_list_ids": [],
                "protocol": "tcp",
                "security_groups": [
                  "sg-0275d7d00e1ec775a"
                ],
                "self": false,
                "to_port": 6443
              },
              {
                "cidr_blocks": [],
                "description": "Cluster API to node 8443/tcp webhook",
                "from_port": 8443,
                "ipv6_cidr_blocks": [],
                "prefix_list_ids": [],
                "protocol": "tcp",
                "security_groups": [
                  "sg-0275d7d00e1ec775a"
                ],
                "self": false,
                "to_port": 8443
              },
              {
                "cidr_blocks": [],
                "description": "Cluster API to node 9443/tcp webhook",
                "from_port": 9443,
                "ipv6_cidr_blocks": [],
                "prefix_list_ids": [],
                "protocol": "tcp",
                "security_groups": [
                  "sg-0275d7d00e1ec775a"
                ],
                "self": false,
                "to_port": 9443
              },
              {
                "cidr_blocks": [],
                "description": "Cluster API to node groups",
                "from_port": 443,
                "ipv6_cidr_blocks": [],
                "prefix_list_ids": [],
                "protocol": "tcp",
                "security_groups": [
                  "sg-0275d7d00e1ec775a"
                ],
                "self": false,
                "to_port": 443
              },
              {
                "cidr_blocks": [],
                "description": "Cluster API to node kubelets",
                "from_port": 10250,
                "ipv6_cidr_blocks": [],
                "prefix_list_ids": [],
                "protocol": "tcp",
                "security_groups": [
                  "sg-0275d7d00e1ec775a"
                ],
                "self": false,
                "to_port": 10250
              },
              {
                "cidr_blocks": [],
                "description": "Node to node CoreDNS UDP",
                "from_port": 53,
                "ipv6_cidr_blocks": [],
                "prefix_list_ids": [],
                "protocol": "udp",
                "security_groups": [],
                "self": true,
                "to_port": 53
              },
              {
                "cidr_blocks": [],
                "description": "Node to node CoreDNS",
                "from_port": 53,
                "ipv6_cidr_blocks": [],
                "prefix_list_ids": [],
                "protocol": "tcp",
                "security_groups": [],
                "self": true,
                "to_port": 53
              },
              {
                "cidr_blocks": [],
                "description": "Node to node ingress on ephemeral ports",
                "from_port": 1025,
                "ipv6_cidr_blocks": [],
                "prefix_list_ids": [],
                "protocol": "tcp",
                "security_groups": [],
                "self": true,
                "to_port": 65535
              }
            ],
            "name": "butik-online-node-20250918120922334600000008",
            "name_prefix": "butik-online-node-",
            "owner_id": "676206911983",
            "revoke_rules_on_delete": false,
            "tags": {
              "Environment": "demo",
              "ManagedBy": "Terraform",
              "Name": "butik-online-node",
              "Project": "butik-online-eks",
              "kubernetes.io/cluster/butik-online": "owned"
            },
            "tags_all": {
              "Environment": "demo",
              "ManagedBy": "Terraform",
              "Name": "butik-online-node",
              "Project": "butik-online-eks",
              "kubernetes.io/cluster/butik-online": "owned"
            },
            "timeouts": null,
            "vpc_id": "vpc-0e8fd6ee1a9c7686d"
          },
          "sensitive_attributes": [],
          "private": "eyJlMmJmYjczMC1lY2FhLTExZTYtOGY4OC0zNDM2M2JjN2M0YzAiOnsiY3JlYXRlIjo2MDAwMDAwMDAwMDAsImRlbGV0ZSI6OTAwMDAwMDAwMDAwfSwic2NoZW1hX3ZlcnNpb24iOiIxIn0=",
          "dependencies": [
            "module.vpc.aws_vpc.this"
          ],
          "create_before_destroy": true
        }
      ]
    },
    {
      "module": "module.eks",
      "mode": "managed",
      "type": "aws_security_group_rule",
      "name": "cluster",
      "provider": "provider[\"registry.terraform.io/hashicorp/aws\"]",
      "instances": [
        {
          "index_key": "ingress_nodes_443",
          "schema_version": 2,
          "attributes": {
            "cidr_blocks": null,
            "description": "Node groups to cluster API",
            "from_port": 443,
            "id": "sgrule-659182496",
            "ipv6_cidr_blocks": null,
            "prefix_list_ids": null,
            "protocol": "tcp",
            "security_group_id": "sg-0275d7d00e1ec775a",
            "security_group_rule_id": "sgr-01991bfb1913b3eef",
            "self": false,
            "source_security_group_id": "sg-0607e19a165de2e97",
            "timeouts": null,
            "to_port": 443,
            "type": "ingress"
          },
          "sensitive_attributes": [],
          "private": "eyJlMmJmYjczMC1lY2FhLTExZTYtOGY4OC0zNDM2M2JjN2M0YzAiOnsiY3JlYXRlIjozMDAwMDAwMDAwMDB9LCJzY2hlbWFfdmVyc2lvbiI6IjIifQ==",
          "dependencies": [
            "module.eks.aws_security_group.cluster",
            "module.eks.aws_security_group.node",
            "module.vpc.aws_vpc.this"
          ],
          "create_before_destroy": true
        }
      ]
    },
    {
      "module": "module.eks",
      "mode": "managed",
      "type": "aws_security_group_rule",
      "name": "node",
      "provider": "provider[\"registry.terraform.io/hashicorp/aws\"]",
      "instances": [
        {
          "index_key": "egress_all",
          "schema_version": 2,
          "attributes": {
            "cidr_blocks": [
              "0.0.0.0/0"
            ],
            "description": "Allow all egress",
            "from_port": 0,
            "id": "sgrule-1584497474",
            "ipv6_cidr_blocks": null,
            "prefix_list_ids": [],
            "protocol": "-1",
            "security_group_id": "sg-0607e19a165de2e97",
            "security_group_rule_id": "sgr-0d05b4d09c5ff1a1d",
            "self": false,
            "source_security_group_id": null,
            "timeouts": null,
            "to_port": 0,
            "type": "egress"
          },
          "sensitive_attributes": [],
          "private": "eyJlMmJmYjczMC1lY2FhLTExZTYtOGY4OC0zNDM2M2JjN2M0YzAiOnsiY3JlYXRlIjozMDAwMDAwMDAwMDB9LCJzY2hlbWFfdmVyc2lvbiI6IjIifQ==",
          "dependencies": [
            "module.eks.aws_security_group.cluster",
            "module.eks.aws_security_group.node",
            "module.vpc.aws_vpc.this"
          ],
          "create_before_destroy": true
        },
        {
          "index_key": "ingress_cluster_443",
          "schema_version": 2,
          "attributes": {
            "cidr_blocks": null,
            "description": "Cluster API to node groups",
            "from_port": 443,
            "id": "sgrule-3996257521",
            "ipv6_cidr_blocks": null,
            "prefix_list_ids": [],
            "protocol": "tcp",
            "security_group_id": "sg-0607e19a165de2e97",
            "security_group_rule_id": "sgr-00a7631f1df754b12",
            "self": false,
            "source_security_group_id": "sg-0275d7d00e1ec775a",
            "timeouts": null,
            "to_port": 443,
            "type": "ingress"
          },
          "sensitive_attributes": [],
          "private": "eyJlMmJmYjczMC1lY2FhLTExZTYtOGY4OC0zNDM2M2JjN2M0YzAiOnsiY3JlYXRlIjozMDAwMDAwMDAwMDB9LCJzY2hlbWFfdmVyc2lvbiI6IjIifQ==",
          "dependencies": [
            "module.eks.aws_security_group.cluster",
            "module.eks.aws_security_group.node",
            "module.vpc.aws_vpc.this"
          ],
          "create_before_destroy": true
        },
        {
          "index_key": "ingress_cluster_4443_webhook",
          "schema_version": 2,
          "attributes": {
            "cidr_blocks": null,
            "description": "Cluster API to node 4443/tcp webhook",
            "from_port": 4443,
            "id": "sgrule-2072617282",
            "ipv6_cidr_blocks": null,
            "prefix_list_ids": [],
            "protocol": "tcp",
            "security_group_id": "sg-0607e19a165de2e97",
            "security_group_rule_id": "sgr-0f5a18dd6d2b2f11e",
            "self": false,
            "source_security_group_id": "sg-0275d7d00e1ec775a",
            "timeouts": null,
            "to_port": 4443,
            "type": "ingress"
          },
          "sensitive_attributes": [],
          "private": "eyJlMmJmYjczMC1lY2FhLTExZTYtOGY4OC0zNDM2M2JjN2M0YzAiOnsiY3JlYXRlIjozMDAwMDAwMDAwMDB9LCJzY2hlbWFfdmVyc2lvbiI6IjIifQ==",
          "dependencies": [
            "module.eks.aws_security_group.cluster",
            "module.eks.aws_security_group.node",
            "module.vpc.aws_vpc.this"
          ],
          "create_before_destroy": true
        },
        {
          "index_key": "ingress_cluster_6443_webhook",
          "schema_version": 2,
          "attributes": {
            "cidr_blocks": null,
            "description": "Cluster API to node 6443/tcp webhook",
            "from_port": 6443,
            "id": "sgrule-2999699156",
            "ipv6_cidr_blocks": null,
            "prefix_list_ids": [],
            "protocol": "tcp",
            "security_group_id": "sg-0607e19a165de2e97",
            "security_group_rule_id": "sgr-05b55f8eb936821fb",
            "self": false,
            "source_security_group_id": "sg-0275d7d00e1ec775a",
            "timeouts": null,
            "to_port": 6443,
            "type": "ingress"
          },
          "sensitive_attributes": [],
          "private": "eyJlMmJmYjczMC1lY2FhLTExZTYtOGY4OC0zNDM2M2JjN2M0YzAiOnsiY3JlYXRlIjozMDAwMDAwMDAwMDB9LCJzY2hlbWFfdmVyc2lvbiI6IjIifQ==",
          "dependencies": [
            "module.eks.aws_security_group.cluster",
            "module.eks.aws_security_group.node",
            "module.vpc.aws_vpc.this"
          ],
          "create_before_destroy": true
        },
        {
          "index_key": "ingress_cluster_8443_webhook",
          "schema_version": 2,
          "attributes": {
            "cidr_blocks": null,
            "description": "Cluster API to node 8443/tcp webhook",
            "from_port": 8443,
            "id": "sgrule-2711091957",
            "ipv6_cidr_blocks": null,
            "prefix_list_ids": [],
            "protocol": "tcp",
            "security_group_id": "sg-0607e19a165de2e97",
            "security_group_rule_id": "sgr-04b30787e1f05f643",
            "self": false,
            "source_security_group_id": "sg-0275d7d00e1ec775a",
            "timeouts": null,
            "to_port": 8443,
            "type": "ingress"
          },
          "sensitive_attributes": [],
          "private": "eyJlMmJmYjczMC1lY2FhLTExZTYtOGY4OC0zNDM2M2JjN2M0YzAiOnsiY3JlYXRlIjozMDAwMDAwMDAwMDB9LCJzY2hlbWFfdmVyc2lvbiI6IjIifQ==",
          "dependencies": [
            "module.eks.aws_security_group.cluster",
            "module.eks.aws_security_group.node",
            "module.vpc.aws_vpc.this"
          ],
          "create_before_destroy": true
        },
        {
          "index_key": "ingress_cluster_9443_webhook",
          "schema_version": 2,
          "attributes": {
            "cidr_blocks": null,
            "description": "Cluster API to node 9443/tcp webhook",
            "from_port": 9443,
            "id": "sgrule-3308702014",
            "ipv6_cidr_blocks": null,
            "prefix_list_ids": [],
            "protocol": "tcp",
            "security_group_id": "sg-0607e19a165de2e97",
            "security_group_rule_id": "sgr-0a5bf5e2e458f0eb9",
            "self": false,
            "source_security_group_id": "sg-0275d7d00e1ec775a",
            "timeouts": null,
            "to_port": 9443,
            "type": "ingress"
          },
          "sensitive_attributes": [],
          "private": "eyJlMmJmYjczMC1lY2FhLTExZTYtOGY4OC0zNDM2M2JjN2M0YzAiOnsiY3JlYXRlIjozMDAwMDAwMDAwMDB9LCJzY2hlbWFfdmVyc2lvbiI6IjIifQ==",
          "dependencies": [
            "module.eks.aws_security_group.cluster",
            "module.eks.aws_security_group.node",
            "module.vpc.aws_vpc.this"
          ],
          "create_before_destroy": true
        },
        {
          "index_key": "ingress_cluster_kubelet",
          "schema_version": 2,
          "attributes": {
            "cidr_blocks": null,
            "description": "Cluster API to node kubelets",
            "from_port": 10250,
            "id": "sgrule-2808136025",
            "ipv6_cidr_blocks": null,
            "prefix_list_ids": [],
            "protocol": "tcp",
            "security_group_id": "sg-0607e19a165de2e97",
            "security_group_rule_id": "sgr-0391b19817f558110",
            "self": false,
            "source_security_group_id": "sg-0275d7d00e1ec775a",
            "timeouts": null,
            "to_port": 10250,
            "type": "ingress"
          },
          "sensitive_attributes": [],
          "private": "eyJlMmJmYjczMC1lY2FhLTExZTYtOGY4OC0zNDM2M2JjN2M0YzAiOnsiY3JlYXRlIjozMDAwMDAwMDAwMDB9LCJzY2hlbWFfdmVyc2lvbiI6IjIifQ==",
          "dependencies": [
            "module.eks.aws_security_group.cluster",
            "module.eks.aws_security_group.node",
            "module.vpc.aws_vpc.this"
          ],
          "create_before_destroy": true
        },
        {
          "index_key": "ingress_nodes_ephemeral",
          "schema_version": 2,
          "attributes": {
            "cidr_blocks": null,
            "description": "Node to node ingress on ephemeral ports",
            "from_port": 1025,
            "id": "sgrule-1132077548",
            "ipv6_cidr_blocks": null,
            "prefix_list_ids": [],
            "protocol": "tcp",
            "security_group_id": "sg-0607e19a165de2e97",
            "security_group_rule_id": "sgr-087aacd86762a618d",
            "self": true,
            "source_security_group_id": null,
            "timeouts": null,
            "to_port": 65535,
            "type": "ingress"
          },
          "sensitive_attributes": [],
          "private": "eyJlMmJmYjczMC1lY2FhLTExZTYtOGY4OC0zNDM2M2JjN2M0YzAiOnsiY3JlYXRlIjozMDAwMDAwMDAwMDB9LCJzY2hlbWFfdmVyc2lvbiI6IjIifQ==",
          "dependencies": [
            "module.eks.aws_security_group.cluster",
            "module.eks.aws_security_group.node",
            "module.vpc.aws_vpc.this"
          ],
          "create_before_destroy": true
        },
        {
          "index_key": "ingress_self_coredns_tcp",
          "schema_version": 2,
          "attributes": {
            "cidr_blocks": null,
            "description": "Node to node CoreDNS",
            "from_port": 53,
            "id": "sgrule-509834785",
            "ipv6_cidr_blocks": null,
            "prefix_list_ids": [],
            "protocol": "tcp",
            "security_group_id": "sg-0607e19a165de2e97",
            "security_group_rule_id": "sgr-08a4f06b0f99ff77c",
            "self": true,
            "source_security_group_id": null,
            "timeouts": null,
            "to_port": 53,
            "type": "ingress"
          },
          "sensitive_attributes": [],
          "private": "eyJlMmJmYjczMC1lY2FhLTExZTYtOGY4OC0zNDM2M2JjN2M0YzAiOnsiY3JlYXRlIjozMDAwMDAwMDAwMDB9LCJzY2hlbWFfdmVyc2lvbiI6IjIifQ==",
          "dependencies": [
            "module.eks.aws_security_group.cluster",
            "module.eks.aws_security_group.node",
            "module.vpc.aws_vpc.this"
          ],
          "create_before_destroy": true
        },
        {
          "index_key": "ingress_self_coredns_udp",
          "schema_version": 2,
          "attributes": {
            "cidr_blocks": null,
            "description": "Node to node CoreDNS UDP",
            "from_port": 53,
            "id": "sgrule-3124549070",
            "ipv6_cidr_blocks": null,
            "prefix_list_ids": [],
            "protocol": "udp",
            "security_group_id": "sg-0607e19a165de2e97",
            "security_group_rule_id": "sgr-080e6e0add95ebba4",
            "self": true,
            "source_security_group_id": null,
            "timeouts": null,
            "to_port": 53,
            "type": "ingress"
          },
          "sensitive_attributes": [],
          "private": "eyJlMmJmYjczMC1lY2FhLTExZTYtOGY4OC0zNDM2M2JjN2M0YzAiOnsiY3JlYXRlIjozMDAwMDAwMDAwMDB9LCJzY2hlbWFfdmVyc2lvbiI6IjIifQ==",
          "dependencies": [
            "module.eks.aws_security_group.cluster",
            "module.eks.aws_security_group.node",
            "module.vpc.aws_vpc.this"
          ],
          "create_before_destroy": true
        }
      ]
    },
    {
      "module": "module.eks",
      "mode": "managed",
      "type": "time_sleep",
      "name": "this",
      "provider": "provider[\"registry.terraform.io/hashicorp/time\"]",
      "instances": [
        {
          "index_key": 0,
          "schema_version": 0,
          "attributes": {
            "create_duration": "30s",
            "destroy_duration": null,
            "id": "2025-09-18T12:19:04Z",
            "triggers": {
              "cluster_certificate_authority_data": "LS0tLS1CRUdJTiBDRVJUSUZJQ0FURS0tLS0tCk1JSURCVENDQWUyZ0F3SUJBZ0lJUllmQyt4QzlvVVF3RFFZSktvWklodmNOQVFFTEJRQXdGVEVUTUJFR0ExVUUKQXhNS2EzVmlaWEp1WlhSbGN6QWVGdzB5TlRBNU1UZ3hNakE1TkRkYUZ3MHpOVEE1TVRZeE1qRTBORGRhTUJVeApFekFSQmdOVkJBTVRDbXQxWW1WeWJtVjBaWE13Z2dFaU1BMEdDU3FHU0liM0RRRUJBUVVBQTRJQkR3QXdnZ0VLCkFvSUJBUUNYajlqU0lySHZ0clNIZVdsd09uSDdiSnJmQUdDb0FoVUc1YnhmMzUwcjJFV0FreTUvYnlFbDB4eE4KNnFMa2EvdlhObmhnVzVnVkdVc3V3WW91czF1eWwzbmp4WXlqT2VvS2VwNE9vZkFYM1pzQU5QZE1jTzA3RTlUVwpuT2RFb0FJYnVMODBybVNaUHNZT0psVnkwT2ViR0dMZDdLd2ROaktlYmVLUUZGMEpFSGRPQVp5azZsK1djN3RaCmQzYUNtbngrWk96azZvYVRrcUxoWXE2UTVJYXdDYkhkTTlDNHJObWZ3Q0FpZC9mZE53cFNScUdNSlRiUEM2a3oKd2YwOC9abkMvZWt1MWcrVWVvNlU5UjFhU2JZb3UvQUxEdi9GQzBwNVIzWms3WEp5ZmxRWE16TGRWN2tkSHlzRgpvaEFxRm9MU0VoeTJrQ3VvYVRHMEg2YjhkM2U5QWdNQkFBR2pXVEJYTUE0R0ExVWREd0VCL3dRRUF3SUNwREFQCkJnTlZIUk1CQWY4RUJUQURBUUgvTUIwR0ExVWREZ1FXQkJRL1RqZEoyZVFzbGlwZE53WnZ3KzkrdU5wcndUQVYKQmdOVkhSRUVEakFNZ2dwcmRXSmxjbTVsZEdWek1BMEdDU3FHU0liM0RRRUJDd1VBQTRJQkFRQ1Z5MkMwZllSaQo5amNRblZPbDk2TjNYUG0zVlJHNXFZWHNGV0tzbzEzTW9CVVNWZHNMVFBNbW5VTWFRc2h0V3g5cUtPNlBHeDBFCkJINWFnNEtUOUZCR2syNkJUSzZOdEgvNUNXZEFuQ0J5ZEVvcmw5cmJ6WEp6ekxmcExyUFpMMDI2aXpOT3V5R3kKODR4MUs3VzFVbFh0cnc5STI5cWpXWDFiWjNPMzc3SDlWeEhDd0VXUHpHbitEaGZLQUkwTmxkRXdLTWNTbGMreAowZG1QRFpXWmZ3ZkdpL2VtckhTWHRqU3BhVG1Ua1BGREJtQU93ckZHclFxK2xzcWZXVVdUcDU0UytlRXNWUHp6CmRlbU51TG52dUtMZnBNK2JQcFdPN0tidzFjb2xnb3BHOHNPOWVrY2d6aHM3WElpVkNKWVRrK3ZtZFRhYjhTMU8KYVRCeThjZHFEdVJOCi0tLS0tRU5EIENFUlRJRklDQVRFLS0tLS0K",
              "cluster_endpoint": "https://D134612C1DF1BC42EE6595D7160E79F9.yl4.ap-southeast-1.eks.amazonaws.com",
              "cluster_name": "butik-online",
              "cluster_service_cidr": "172.20.0.0/16",
              "cluster_version": "1.33"
            }
          },
          "sensitive_attributes": [],
          "dependencies": [
            "module.eks.aws_cloudwatch_log_group.this",
            "module.eks.aws_eks_cluster.this",
            "module.eks.aws_iam_policy.cni_ipv6_policy",
            "module.eks.aws_iam_role.eks_auto",
            "module.eks.aws_iam_role.this",
            "module.eks.aws_iam_role_policy_attachment.this",
            "module.eks.aws_security_group.cluster",
            "module.eks.aws_security_group.node",
            "module.eks.aws_security_group_rule.cluster",
            "module.eks.aws_security_group_rule.node",
            "module.eks.data.aws_caller_identity.current",
            "module.eks.data.aws_iam_policy_document.assume_role_policy",
            "module.eks.data.aws_iam_policy_document.cni_ipv6_policy",
            "module.eks.data.aws_iam_policy_document.node_assume_role_policy",
            "module.eks.data.aws_iam_session_context.current",
            "module.eks.data.aws_partition.current",
            "module.eks.module.kms.aws_kms_external_key.this",
            "module.eks.module.kms.aws_kms_key.this",
            "module.eks.module.kms.aws_kms_replica_external_key.this",
            "module.eks.module.kms.aws_kms_replica_key.this",
            "module.eks.module.kms.data.aws_caller_identity.current",
            "module.eks.module.kms.data.aws_iam_policy_document.this",
            "module.eks.module.kms.data.aws_partition.current",
            "module.vpc.aws_subnet.private",
            "module.vpc.aws_subnet.public",
            "module.vpc.aws_vpc.this",
            "module.vpc.aws_vpc_ipv4_cidr_block_association.this"
          ],
          "create_before_destroy": true
        }
      ]
    },
    {
      "module": "module.eks.module.eks_managed_node_group[\"default\"]",
      "mode": "data",
      "type": "aws_caller_identity",
      "name": "current",
      "provider": "provider[\"registry.terraform.io/hashicorp/aws\"]",
      "instances": [
        {
          "schema_version": 0,
          "attributes": {
            "account_id": "676206911983",
            "arn": "arn:aws:iam::676206911983:user/mujoko",
            "id": "676206911983",
            "user_id": "AIDAZ24ISUHXX3OB5XTVP"
          },
          "sensitive_attributes": []
        }
      ]
    },
    {
      "module": "module.eks.module.eks_managed_node_group[\"default\"]",
      "mode": "data",
      "type": "aws_iam_policy_document",
      "name": "assume_role_policy",
      "provider": "provider[\"registry.terraform.io/hashicorp/aws\"]",
      "instances": [
        {
          "index_key": 0,
          "schema_version": 0,
          "attributes": {
            "id": "2560088296",
            "json": "{\n  \"Version\": \"2012-10-17\",\n  \"Statement\": [\n    {\n      \"Sid\": \"EKSNodeAssumeRole\",\n      \"Effect\": \"Allow\",\n      \"Action\": \"sts:AssumeRole\",\n      \"Principal\": {\n        \"Service\": \"ec2.amazonaws.com\"\n      }\n    }\n  ]\n}",
            "minified_json": "{\"Version\":\"2012-10-17\",\"Statement\":[{\"Sid\":\"EKSNodeAssumeRole\",\"Effect\":\"Allow\",\"Action\":\"sts:AssumeRole\",\"Principal\":{\"Service\":\"ec2.amazonaws.com\"}}]}",
            "override_json": null,
            "override_policy_documents": null,
            "policy_id": null,
            "source_json": null,
            "source_policy_documents": null,
            "statement": [
              {
                "actions": [
                  "sts:AssumeRole"
                ],
                "condition": [],
                "effect": "Allow",
                "not_actions": [],
                "not_principals": [],
                "not_resources": [],
                "principals": [
                  {
                    "identifiers": [
                      "ec2.amazonaws.com"
                    ],
                    "type": "Service"
                  }
                ],
                "resources": [],
                "sid": "EKSNodeAssumeRole"
              }
            ],
            "version": "2012-10-17"
          },
          "sensitive_attributes": []
        }
      ]
    },
    {
      "module": "module.eks.module.eks_managed_node_group[\"default\"]",
      "mode": "data",
      "type": "aws_partition",
      "name": "current",
      "provider": "provider[\"registry.terraform.io/hashicorp/aws\"]",
      "instances": [
        {
          "schema_version": 0,
          "attributes": {
            "dns_suffix": "amazonaws.com",
            "id": "aws",
            "partition": "aws",
            "reverse_dns_prefix": "com.amazonaws"
          },
          "sensitive_attributes": []
        }
      ]
    },
    {
      "module": "module.eks.module.eks_managed_node_group[\"default\"]",
      "mode": "managed",
      "type": "aws_eks_node_group",
      "name": "this",
      "provider": "provider[\"registry.terraform.io/hashicorp/aws\"]",
      "instances": [
        {
          "index_key": 0,
          "schema_version": 0,
          "attributes": {
            "ami_type": "AL2023_x86_64_STANDARD",
            "arn": "arn:aws:eks:ap-southeast-1:676206911983:nodegroup/butik-online/default-20250918121910799500000013/52ccae61-d4cd-da5e-cfca-1159f2e7e917",
            "capacity_type": "ON_DEMAND",
            "cluster_name": "butik-online",
            "disk_size": 0,
            "force_update_version": null,
            "id": "butik-online:default-20250918121910799500000013",
            "instance_types": [
              "t3.small"
            ],
            "labels": {},
            "launch_template": [
              {
                "id": "lt-03cd8e908088d481b",
                "name": "default-20250918121905064900000011",
                "version": "1"
              }
            ],
            "node_group_name": "default-20250918121910799500000013",
            "node_group_name_prefix": "default-",
            "node_repair_config": [],
            "node_role_arn": "arn:aws:iam::676206911983:role/default-eks-node-group-2025091812092664170000000b",
            "release_version": "1.33.4-20250904",
            "remote_access": [],
            "resources": [
              {
                "autoscaling_groups": [
                  {
                    "name": "eks-default-20250918121910799500000013-52ccae61-d4cd-da5e-cfca-1159f2e7e917"
                  }
                ],
                "remote_access_security_group_id": ""
              }
            ],
            "scaling_config": [
              {
                "desired_size": 2,
                "max_size": 4,
                "min_size": 2
              }
            ],
            "status": "ACTIVE",
            "subnet_ids": [
              "subnet-041cf8f44b72a1f9e",
              "subnet-0a70d237eaae72926",
              "subnet-0d736d1bbc9af68ee"
            ],
            "tags": {
              "Environment": "demo",
              "ManagedBy": "Terraform",
              "Name": "default",
              "Project": "butik-online-eks"
            },
            "tags_all": {
              "Environment": "demo",
              "ManagedBy": "Terraform",
              "Name": "default",
              "Project": "butik-online-eks"
            },
            "taint": [],
            "timeouts": {
              "create": null,
              "delete": null,
              "update": null
            },
            "update_config": [
              {
                "max_unavailable": 0,
                "max_unavailable_percentage": 33
              }
            ],
            "version": "1.33"
          },
          "sensitive_attributes": [],
          "private": "eyJlMmJmYjczMC1lY2FhLTExZTYtOGY4OC0zNDM2M2JjN2M0YzAiOnsiY3JlYXRlIjozNjAwMDAwMDAwMDAwLCJkZWxldGUiOjM2MDAwMDAwMDAwMDAsInVwZGF0ZSI6MzYwMDAwMDAwMDAwMH19",
          "dependencies": [
            "module.eks.aws_cloudwatch_log_group.this",
            "module.eks.aws_eks_cluster.this",
            "module.eks.aws_iam_policy.cni_ipv6_policy",
            "module.eks.aws_iam_role.eks_auto",
            "module.eks.aws_iam_role.this",
            "module.eks.aws_iam_role_policy_attachment.this",
            "module.eks.aws_security_group.cluster",
            "module.eks.aws_security_group.node",
            "module.eks.aws_security_group_rule.cluster",
            "module.eks.aws_security_group_rule.node",
            "module.eks.data.aws_caller_identity.current",
            "module.eks.data.aws_iam_policy_document.assume_role_policy",
            "module.eks.data.aws_iam_policy_document.cni_ipv6_policy",
            "module.eks.data.aws_iam_policy_document.node_assume_role_policy",
            "module.eks.data.aws_iam_session_context.current",
            "module.eks.data.aws_partition.current",
            "module.eks.module.eks_managed_node_group.aws_iam_role.this",
            "module.eks.module.eks_managed_node_group.aws_iam_role_policy_attachment.additional",
            "module.eks.module.eks_managed_node_group.aws_iam_role_policy_attachment.this",
            "module.eks.module.eks_managed_node_group.aws_launch_template.this",
            "module.eks.module.eks_managed_node_group.aws_placement_group.this",
            "module.eks.module.eks_managed_node_group.data.aws_caller_identity.current",
            "module.eks.module.eks_managed_node_group.data.aws_ec2_instance_type.this",
            "module.eks.module.eks_managed_node_group.data.aws_ec2_instance_type_offerings.this",
            "module.eks.module.eks_managed_node_group.data.aws_iam_policy_document.assume_role_policy",
            "module.eks.module.eks_managed_node_group.data.aws_partition.current",
            "module.eks.module.eks_managed_node_group.data.aws_ssm_parameter.ami",
            "module.eks.module.eks_managed_node_group.data.aws_subnets.placement_group",
            "module.eks.module.eks_managed_node_group.module.user_data.data.cloudinit_config.al2023_eks_managed_node_group",
            "module.eks.module.eks_managed_node_group.module.user_data.data.cloudinit_config.linux_eks_managed_node_group",
            "module.eks.module.kms.aws_kms_external_key.this",
            "module.eks.module.kms.aws_kms_key.this",
            "module.eks.module.kms.aws_kms_replica_external_key.this",
            "module.eks.module.kms.aws_kms_replica_key.this",
            "module.eks.module.kms.data.aws_caller_identity.current",
            "module.eks.module.kms.data.aws_iam_policy_document.this",
            "module.eks.module.kms.data.aws_partition.current",
            "module.eks.time_sleep.this",
            "module.vpc.aws_subnet.private",
            "module.vpc.aws_subnet.public",
            "module.vpc.aws_vpc.this",
            "module.vpc.aws_vpc_ipv4_cidr_block_association.this"
          ],
          "create_before_destroy": true
        }
      ]
    },
    {
      "module": "module.eks.module.eks_managed_node_group[\"default\"]",
      "mode": "managed",
      "type": "aws_iam_role",
      "name": "this",
      "provider": "provider[\"registry.terraform.io/hashicorp/aws\"]",
      "instances": [
        {
          "index_key": 0,
          "schema_version": 0,
          "attributes": {
            "arn": "arn:aws:iam::676206911983:role/default-eks-node-group-2025091812092664170000000b",
            "assume_role_policy": "{\"Statement\":[{\"Action\":\"sts:AssumeRole\",\"Effect\":\"Allow\",\"Principal\":{\"Service\":\"ec2.amazonaws.com\"},\"Sid\":\"EKSNodeAssumeRole\"}],\"Version\":\"2012-10-17\"}",
            "create_date": "2025-09-18T12:09:26Z",
            "description": "EKS managed node group IAM role",
            "force_detach_policies": true,
            "id": "default-eks-node-group-2025091812092664170000000b",
            "inline_policy": [],
            "managed_policy_arns": [
              "arn:aws:iam::aws:policy/AmazonEC2ContainerRegistryReadOnly",
              "arn:aws:iam::aws:policy/AmazonEKSWorkerNodePolicy",
              "arn:aws:iam::aws:policy/AmazonEKS_CNI_Policy"
            ],
            "max_session_duration": 3600,
            "name": "default-eks-node-group-2025091812092664170000000b",
            "name_prefix": "default-eks-node-group-",
            "path": "/",
            "permissions_boundary": "",
            "tags": {
              "Environment": "demo",
              "ManagedBy": "Terraform",
              "Project": "butik-online-eks"
            },
            "tags_all": {
              "Environment": "demo",
              "ManagedBy": "Terraform",
              "Project": "butik-online-eks"
            },
            "unique_id": "AROAZ24ISUHXWHAKF37E5"
          },
          "sensitive_attributes": [],
          "private": "bnVsbA==",
          "dependencies": [
            "module.eks.module.eks_managed_node_group.data.aws_iam_policy_document.assume_role_policy",
            "module.vpc.aws_subnet.private",
            "module.vpc.aws_vpc.this",
            "module.vpc.aws_vpc_ipv4_cidr_block_association.this"
          ],
          "create_before_destroy": true
        }
      ]
    },
    {
      "module": "module.eks.module.eks_managed_node_group[\"default\"]",
      "mode": "managed",
      "type": "aws_iam_role_policy_attachment",
      "name": "this",
      "provider": "provider[\"registry.terraform.io/hashicorp/aws\"]",
      "instances": [
        {
          "index_key": "AmazonEC2ContainerRegistryReadOnly",
          "schema_version": 0,
          "attributes": {
            "id": "default-eks-node-group-2025091812092664170000000b-2025091812092826930000000e",
            "policy_arn": "arn:aws:iam::aws:policy/AmazonEC2ContainerRegistryReadOnly",
            "role": "default-eks-node-group-2025091812092664170000000b"
          },
          "sensitive_attributes": [],
          "private": "bnVsbA==",
          "dependencies": [
            "module.eks.module.eks_managed_node_group.aws_iam_role.this",
            "module.eks.module.eks_managed_node_group.data.aws_caller_identity.current",
            "module.eks.module.eks_managed_node_group.data.aws_iam_policy_document.assume_role_policy",
            "module.eks.module.eks_managed_node_group.data.aws_partition.current",
            "module.vpc.aws_subnet.private",
            "module.vpc.aws_vpc.this",
            "module.vpc.aws_vpc_ipv4_cidr_block_association.this"
          ],
          "create_before_destroy": true
        },
        {
          "index_key": "AmazonEKSWorkerNodePolicy",
          "schema_version": 0,
          "attributes": {
            "id": "default-eks-node-group-2025091812092664170000000b-2025091812092826170000000d",
            "policy_arn": "arn:aws:iam::aws:policy/AmazonEKSWorkerNodePolicy",
            "role": "default-eks-node-group-2025091812092664170000000b"
          },
          "sensitive_attributes": [],
          "private": "bnVsbA==",
          "dependencies": [
            "module.eks.module.eks_managed_node_group.aws_iam_role.this",
            "module.eks.module.eks_managed_node_group.data.aws_caller_identity.current",
            "module.eks.module.eks_managed_node_group.data.aws_iam_policy_document.assume_role_policy",
            "module.eks.module.eks_managed_node_group.data.aws_partition.current",
            "module.vpc.aws_subnet.private",
            "module.vpc.aws_vpc.this",
            "module.vpc.aws_vpc_ipv4_cidr_block_association.this"
          ],
          "create_before_destroy": true
        },
        {
          "index_key": "AmazonEKS_CNI_Policy",
          "schema_version": 0,
          "attributes": {
            "id": "default-eks-node-group-2025091812092664170000000b-2025091812092823640000000c",
            "policy_arn": "arn:aws:iam::aws:policy/AmazonEKS_CNI_Policy",
            "role": "default-eks-node-group-2025091812092664170000000b"
          },
          "sensitive_attributes": [],
          "private": "bnVsbA==",
          "dependencies": [
            "module.eks.module.eks_managed_node_group.aws_iam_role.this",
            "module.eks.module.eks_managed_node_group.data.aws_caller_identity.current",
            "module.eks.module.eks_managed_node_group.data.aws_iam_policy_document.assume_role_policy",
            "module.eks.module.eks_managed_node_group.data.aws_partition.current",
            "module.vpc.aws_subnet.private",
            "module.vpc.aws_vpc.this",
            "module.vpc.aws_vpc_ipv4_cidr_block_association.this"
          ],
          "create_before_destroy": true
        }
      ]
    },
    {
      "module": "module.eks.module.eks_managed_node_group[\"default\"]",
      "mode": "managed",
      "type": "aws_launch_template",
      "name": "this",
      "provider": "provider[\"registry.terraform.io/hashicorp/aws\"]",
      "instances": [
        {
          "index_key": 0,
          "schema_version": 0,
          "attributes": {
            "arn": "arn:aws:ec2:ap-southeast-1:676206911983:launch-template/lt-03cd8e908088d481b",
            "block_device_mappings": [],
            "capacity_reservation_specification": [],
            "cpu_options": [],
            "credit_specification": [],
            "default_version": 1,
            "description": "Custom launch template for default EKS managed node group",
            "disable_api_stop": false,
            "disable_api_termination": false,
            "ebs_optimized": "",
            "elastic_gpu_specifications": [],
            "elastic_inference_accelerator": [],
            "enclave_options": [],
            "hibernation_options": [],
            "iam_instance_profile": [],
            "id": "lt-03cd8e908088d481b",
            "image_id": "",
            "instance_initiated_shutdown_behavior": "",
            "instance_market_options": [],
            "instance_requirements": [],
            "instance_type": "",
            "kernel_id": "",
            "key_name": "",
            "latest_version": 1,
            "license_specification": [],
            "maintenance_options": [],
            "metadata_options": [
              {
                "http_endpoint": "enabled",
                "http_protocol_ipv6": "",
                "http_put_response_hop_limit": 2,
                "http_tokens": "required",
                "instance_metadata_tags": ""
              }
            ],
            "monitoring": [
              {
                "enabled": true
              }
            ],
            "name": "default-20250918121905064900000011",
            "name_prefix": "default-",
            "network_interfaces": [],
            "placement": [],
            "private_dns_name_options": [],
            "ram_disk_id": "",
            "security_group_names": [],
            "tag_specifications": [
              {
                "resource_type": "instance",
                "tags": {
                  "Environment": "demo",
                  "ManagedBy": "Terraform",
                  "Name": "default",
                  "Project": "butik-online-eks"
                }
              },
              {
                "resource_type": "network-interface",
                "tags": {
                  "Environment": "demo",
                  "ManagedBy": "Terraform",
                  "Name": "default",
                  "Project": "butik-online-eks"
                }
              },
              {
                "resource_type": "volume",
                "tags": {
                  "Environment": "demo",
                  "ManagedBy": "Terraform",
                  "Name": "default",
                  "Project": "butik-online-eks"
                }
              }
            ],
            "tags": {
              "Environment": "demo",
              "ManagedBy": "Terraform",
              "Project": "butik-online-eks"
            },
            "tags_all": {
              "Environment": "demo",
              "ManagedBy": "Terraform",
              "Project": "butik-online-eks"
            },
            "update_default_version": true,
            "user_data": "",
            "vpc_security_group_ids": [
              "sg-0607e19a165de2e97"
            ]
          },
          "sensitive_attributes": [],
          "private": "bnVsbA==",
          "dependencies": [
            "module.eks.aws_cloudwatch_log_group.this",
            "module.eks.aws_eks_cluster.this",
            "module.eks.aws_iam_policy.cni_ipv6_policy",
            "module.eks.aws_iam_role.eks_auto",
            "module.eks.aws_iam_role.this",
            "module.eks.aws_iam_role_policy_attachment.this",
            "module.eks.aws_security_group.cluster",
            "module.eks.aws_security_group.node",
            "module.eks.aws_security_group_rule.cluster",
            "module.eks.aws_security_group_rule.node",
            "module.eks.data.aws_caller_identity.current",
            "module.eks.data.aws_iam_policy_document.assume_role_policy",
            "module.eks.data.aws_iam_policy_document.cni_ipv6_policy",
            "module.eks.data.aws_iam_policy_document.node_assume_role_policy",
            "module.eks.data.aws_iam_session_context.current",
            "module.eks.data.aws_partition.current",
            "module.eks.module.eks_managed_node_group.aws_iam_role.this",
            "module.eks.module.eks_managed_node_group.aws_iam_role_policy_attachment.additional",
            "module.eks.module.eks_managed_node_group.aws_iam_role_policy_attachment.this",
            "module.eks.module.eks_managed_node_group.aws_placement_group.this",
            "module.eks.module.eks_managed_node_group.data.aws_caller_identity.current",
            "module.eks.module.eks_managed_node_group.data.aws_ec2_instance_type.this",
            "module.eks.module.eks_managed_node_group.data.aws_iam_policy_document.assume_role_policy",
            "module.eks.module.eks_managed_node_group.data.aws_partition.current",
            "module.eks.module.eks_managed_node_group.module.user_data.data.cloudinit_config.al2023_eks_managed_node_group",
            "module.eks.module.eks_managed_node_group.module.user_data.data.cloudinit_config.linux_eks_managed_node_group",
            "module.eks.module.kms.aws_kms_external_key.this",
            "module.eks.module.kms.aws_kms_key.this",
            "module.eks.module.kms.aws_kms_replica_external_key.this",
            "module.eks.module.kms.aws_kms_replica_key.this",
            "module.eks.module.kms.data.aws_caller_identity.current",
            "module.eks.module.kms.data.aws_iam_policy_document.this",
            "module.eks.module.kms.data.aws_partition.current",
            "module.eks.time_sleep.this",
            "module.vpc.aws_subnet.private",
            "module.vpc.aws_subnet.public",
            "module.vpc.aws_vpc.this",
            "module.vpc.aws_vpc_ipv4_cidr_block_association.this"
          ],
          "create_before_destroy": true
        }
      ]
    },
    {
      "module": "module.eks.module.eks_managed_node_group[\"default\"].module.user_data",
      "mode": "managed",
      "type": "null_resource",
      "name": "validate_cluster_service_cidr",
      "provider": "provider[\"registry.terraform.io/hashicorp/null\"]",
      "instances": [
        {
          "schema_version": 0,
          "attributes": {
            "id": "8251291729708882442",
            "triggers": null
          },
          "sensitive_attributes": [],
          "dependencies": [
            "module.eks.aws_cloudwatch_log_group.this",
            "module.eks.aws_eks_cluster.this",
            "module.eks.aws_iam_policy.cni_ipv6_policy",
            "module.eks.aws_iam_role.eks_auto",
            "module.eks.aws_iam_role.this",
            "module.eks.aws_iam_role_policy_attachment.this",
            "module.eks.aws_security_group.cluster",
            "module.eks.aws_security_group.node",
            "module.eks.aws_security_group_rule.cluster",
            "module.eks.aws_security_group_rule.node",
            "module.eks.data.aws_caller_identity.current",
            "module.eks.data.aws_iam_policy_document.assume_role_policy",
            "module.eks.data.aws_iam_policy_document.cni_ipv6_policy",
            "module.eks.data.aws_iam_policy_document.node_assume_role_policy",
            "module.eks.data.aws_iam_session_context.current",
            "module.eks.data.aws_partition.current",
            "module.eks.module.kms.aws_kms_external_key.this",
            "module.eks.module.kms.aws_kms_key.this",
            "module.eks.module.kms.aws_kms_replica_external_key.this",
            "module.eks.module.kms.aws_kms_replica_key.this",
            "module.eks.module.kms.data.aws_caller_identity.current",
            "module.eks.module.kms.data.aws_iam_policy_document.this",
            "module.eks.module.kms.data.aws_partition.current",
            "module.eks.time_sleep.this",
            "module.vpc.aws_subnet.private",
            "module.vpc.aws_subnet.public",
            "module.vpc.aws_vpc.this",
            "module.vpc.aws_vpc_ipv4_cidr_block_association.this"
          ]
        }
      ]
    },
    {
      "module": "module.eks.module.kms",
      "mode": "data",
      "type": "aws_caller_identity",
      "name": "current",
      "provider": "provider[\"registry.terraform.io/hashicorp/aws\"]",
      "instances": [
        {
          "index_key": 0,
          "schema_version": 0,
          "attributes": {
            "account_id": "676206911983",
            "arn": "arn:aws:iam::676206911983:user/mujoko",
            "id": "676206911983",
            "user_id": "AIDAZ24ISUHXX3OB5XTVP"
          },
          "sensitive_attributes": []
        }
      ]
    },
    {
      "module": "module.eks.module.kms",
      "mode": "data",
      "type": "aws_iam_policy_document",
      "name": "this",
      "provider": "provider[\"registry.terraform.io/hashicorp/aws\"]",
      "instances": [
        {
          "index_key": 0,
          "schema_version": 0,
          "attributes": {
            "id": "3493560198",
            "json": "{\n  \"Version\": \"2012-10-17\",\n  \"Statement\": [\n    {\n      \"Sid\": \"Default\",\n      \"Effect\": \"Allow\",\n      \"Action\": \"kms:*\",\n      \"Resource\": \"*\",\n      \"Principal\": {\n        \"AWS\": \"arn:aws:iam::676206911983:root\"\n      }\n    },\n    {\n      \"Sid\": \"KeyAdministration\",\n      \"Effect\": \"Allow\",\n      \"Action\": [\n        \"kms:Update*\",\n        \"kms:UntagResource\",\n        \"kms:TagResource\",\n        \"kms:ScheduleKeyDeletion\",\n        \"kms:Revoke*\",\n        \"kms:ReplicateKey\",\n        \"kms:Put*\",\n        \"kms:List*\",\n        \"kms:ImportKeyMaterial\",\n        \"kms:Get*\",\n        \"kms:Enable*\",\n        \"kms:Disable*\",\n        \"kms:Describe*\",\n        \"kms:Delete*\",\n        \"kms:Create*\",\n        \"kms:CancelKeyDeletion\"\n      ],\n      \"Resource\": \"*\",\n      \"Principal\": {\n        \"AWS\": \"arn:aws:iam::676206911983:user/mujoko\"\n      }\n    },\n    {\n      \"Sid\": \"KeyUsage\",\n      \"Effect\": \"Allow\",\n      \"Action\": [\n        \"kms:ReEncrypt*\",\n        \"kms:GenerateDataKey*\",\n        \"kms:Encrypt\",\n        \"kms:DescribeKey\",\n        \"kms:Decrypt\"\n      ],\n      \"Resource\": \"*\",\n      \"Principal\": {\n        \"AWS\": \"arn:aws:iam::676206911983:role/butik-online-cluster-20250918120909623300000001\"\n      }\n    }\n  ]\n}",
            "minified_json": "{\"Version\":\"2012-10-17\",\"Statement\":[{\"Sid\":\"Default\",\"Effect\":\"Allow\",\"Action\":\"kms:*\",\"Resource\":\"*\",\"Principal\":{\"AWS\":\"arn:aws:iam::676206911983:root\"}},{\"Sid\":\"KeyAdministration\",\"Effect\":\"Allow\",\"Action\":[\"kms:Update*\",\"kms:UntagResource\",\"kms:TagResource\",\"kms:ScheduleKeyDeletion\",\"kms:Revoke*\",\"kms:ReplicateKey\",\"kms:Put*\",\"kms:List*\",\"kms:ImportKeyMaterial\",\"kms:Get*\",\"kms:Enable*\",\"kms:Disable*\",\"kms:Describe*\",\"kms:Delete*\",\"kms:Create*\",\"kms:CancelKeyDeletion\"],\"Resource\":\"*\",\"Principal\":{\"AWS\":\"arn:aws:iam::676206911983:user/mujoko\"}},{\"Sid\":\"KeyUsage\",\"Effect\":\"Allow\",\"Action\":[\"kms:ReEncrypt*\",\"kms:GenerateDataKey*\",\"kms:Encrypt\",\"kms:DescribeKey\",\"kms:Decrypt\"],\"Resource\":\"*\",\"Principal\":{\"AWS\":\"arn:aws:iam::676206911983:role/butik-online-cluster-20250918120909623300000001\"}}]}",
            "override_json": null,
            "override_policy_documents": null,
            "policy_id": null,
            "source_json": null,
            "source_policy_documents": null,
            "statement": [
              {
                "actions": [
                  "kms:*"
                ],
                "condition": [],
                "effect": "Allow",
                "not_actions": [],
                "not_principals": [],
                "not_resources": [],
                "principals": [
                  {
                    "identifiers": [
                      "arn:aws:iam::676206911983:root"
                    ],
                    "type": "AWS"
                  }
                ],
                "resources": [
                  "*"
                ],
                "sid": "Default"
              },
              {
                "actions": [
                  "kms:CancelKeyDeletion",
                  "kms:Create*",
                  "kms:Delete*",
                  "kms:Describe*",
                  "kms:Disable*",
                  "kms:Enable*",
                  "kms:Get*",
                  "kms:ImportKeyMaterial",
                  "kms:List*",
                  "kms:Put*",
                  "kms:ReplicateKey",
                  "kms:Revoke*",
                  "kms:ScheduleKeyDeletion",
                  "kms:TagResource",
                  "kms:UntagResource",
                  "kms:Update*"
                ],
                "condition": [],
                "effect": "Allow",
                "not_actions": [],
                "not_principals": [],
                "not_resources": [],
                "principals": [
                  {
                    "identifiers": [
                      "arn:aws:iam::676206911983:user/mujoko"
                    ],
                    "type": "AWS"
                  }
                ],
                "resources": [
                  "*"
                ],
                "sid": "KeyAdministration"
              },
              {
                "actions": [
                  "kms:Decrypt",
                  "kms:DescribeKey",
                  "kms:Encrypt",
                  "kms:GenerateDataKey*",
                  "kms:ReEncrypt*"
                ],
                "condition": [],
                "effect": "Allow",
                "not_actions": [],
                "not_principals": [],
                "not_resources": [],
                "principals": [
                  {
                    "identifiers": [
                      "arn:aws:iam::676206911983:role/butik-online-cluster-20250918120909623300000001"
                    ],
                    "type": "AWS"
                  }
                ],
                "resources": [
                  "*"
                ],
                "sid": "KeyUsage"
              }
            ],
            "version": "2012-10-17"
          },
          "sensitive_attributes": []
        }
      ]
    },
    {
      "module": "module.eks.module.kms",
      "mode": "data",
      "type": "aws_partition",
      "name": "current",
      "provider": "provider[\"registry.terraform.io/hashicorp/aws\"]",
      "instances": [
        {
          "index_key": 0,
          "schema_version": 0,
          "attributes": {
            "dns_suffix": "amazonaws.com",
            "id": "aws",
            "partition": "aws",
            "reverse_dns_prefix": "com.amazonaws"
          },
          "sensitive_attributes": []
        }
      ]
    },
    {
      "module": "module.eks.module.kms",
      "mode": "managed",
      "type": "aws_kms_alias",
      "name": "this",
      "provider": "provider[\"registry.terraform.io/hashicorp/aws\"]",
      "instances": [
        {
          "index_key": "cluster",
          "schema_version": 0,
          "attributes": {
            "arn": "arn:aws:kms:ap-southeast-1:676206911983:alias/eks/butik-online",
            "id": "alias/eks/butik-online",
            "name": "alias/eks/butik-online",
            "name_prefix": "",
            "target_key_arn": "arn:aws:kms:ap-southeast-1:676206911983:key/950183b8-7fd2-4328-9cd4-69a1f459e530",
            "target_key_id": "950183b8-7fd2-4328-9cd4-69a1f459e530"
          },
          "sensitive_attributes": [],
          "private": "bnVsbA==",
          "dependencies": [
            "module.eks.aws_iam_role.this",
            "module.eks.data.aws_caller_identity.current",
            "module.eks.data.aws_iam_policy_document.assume_role_policy",
            "module.eks.data.aws_iam_session_context.current",
            "module.eks.module.kms.aws_kms_external_key.this",
            "module.eks.module.kms.aws_kms_key.this",
            "module.eks.module.kms.aws_kms_replica_external_key.this",
            "module.eks.module.kms.aws_kms_replica_key.this",
            "module.eks.module.kms.data.aws_caller_identity.current",
            "module.eks.module.kms.data.aws_iam_policy_document.this",
            "module.eks.module.kms.data.aws_partition.current"
          ]
        }
      ]
    },
    {
      "module": "module.eks.module.kms",
      "mode": "managed",
      "type": "aws_kms_key",
      "name": "this",
      "provider": "provider[\"registry.terraform.io/hashicorp/aws\"]",
      "instances": [
        {
          "index_key": 0,
          "schema_version": 0,
          "attributes": {
            "arn": "arn:aws:kms:ap-southeast-1:676206911983:key/950183b8-7fd2-4328-9cd4-69a1f459e530",
            "bypass_policy_lockout_safety_check": false,
            "custom_key_store_id": "",
            "customer_master_key_spec": "SYMMETRIC_DEFAULT",
            "deletion_window_in_days": null,
            "description": "butik-online cluster encryption key",
            "enable_key_rotation": true,
            "id": "950183b8-7fd2-4328-9cd4-69a1f459e530",
            "is_enabled": true,
            "key_id": "950183b8-7fd2-4328-9cd4-69a1f459e530",
            "key_usage": "ENCRYPT_DECRYPT",
            "multi_region": false,
            "policy": "{\"Statement\":[{\"Action\":\"kms:*\",\"Effect\":\"Allow\",\"Principal\":{\"AWS\":\"arn:aws:iam::676206911983:root\"},\"Resource\":\"*\",\"Sid\":\"Default\"},{\"Action\":[\"kms:Update*\",\"kms:UntagResource\",\"kms:TagResource\",\"kms:ScheduleKeyDeletion\",\"kms:Revoke*\",\"kms:ReplicateKey\",\"kms:Put*\",\"kms:List*\",\"kms:ImportKeyMaterial\",\"kms:Get*\",\"kms:Enable*\",\"kms:Disable*\",\"kms:Describe*\",\"kms:Delete*\",\"kms:Create*\",\"kms:CancelKeyDeletion\"],\"Effect\":\"Allow\",\"Principal\":{\"AWS\":\"arn:aws:iam::676206911983:user/mujoko\"},\"Resource\":\"*\",\"Sid\":\"KeyAdministration\"},{\"Action\":[\"kms:ReEncrypt*\",\"kms:GenerateDataKey*\",\"kms:Encrypt\",\"kms:DescribeKey\",\"kms:Decrypt\"],\"Effect\":\"Allow\",\"Principal\":{\"AWS\":\"arn:aws:iam::676206911983:role/butik-online-cluster-20250918120909623300000001\"},\"Resource\":\"*\",\"Sid\":\"KeyUsage\"}],\"Version\":\"2012-10-17\"}",
            "rotation_period_in_days": 365,
            "tags": {
              "Environment": "demo",
              "ManagedBy": "Terraform",
              "Project": "butik-online-eks",
              "terraform-aws-modules": "eks"
            },
            "tags_all": {
              "Environment": "demo",
              "ManagedBy": "Terraform",
              "Project": "butik-online-eks",
              "terraform-aws-modules": "eks"
            },
            "timeouts": null,
            "xks_key_id": ""
          },
          "sensitive_attributes": [],
          "private": "eyJlMmJmYjczMC1lY2FhLTExZTYtOGY4OC0zNDM2M2JjN2M0YzAiOnsiY3JlYXRlIjoxMjAwMDAwMDAwMDB9fQ==",
          "dependencies": [
            "module.eks.aws_iam_role.this",
            "module.eks.data.aws_caller_identity.current",
            "module.eks.data.aws_iam_policy_document.assume_role_policy",
            "module.eks.data.aws_iam_session_context.current",
            "module.eks.module.kms.data.aws_caller_identity.current",
            "module.eks.module.kms.data.aws_iam_policy_document.this",
            "module.eks.module.kms.data.aws_partition.current"
          ],
          "create_before_destroy": true
        }
      ]
    },
    {
      "module": "module.vpc",
      "mode": "managed",
      "type": "aws_default_network_acl",
      "name": "this",
      "provider": "provider[\"registry.terraform.io/hashicorp/aws\"]",
      "instances": [
        {
          "index_key": 0,
          "schema_version": 0,
          "attributes": {
            "arn": "arn:aws:ec2:ap-southeast-1:676206911983:network-acl/acl-0e750d240c13c6780",
            "default_network_acl_id": "acl-0e750d240c13c6780",
            "egress": [
              {
                "action": "allow",
                "cidr_block": "",
                "from_port": 0,
                "icmp_code": 0,
                "icmp_type": 0,
                "ipv6_cidr_block": "::/0",
                "protocol": "-1",
                "rule_no": 101,
                "to_port": 0
              },
              {
                "action": "allow",
                "cidr_block": "0.0.0.0/0",
                "from_port": 0,
                "icmp_code": 0,
                "icmp_type": 0,
                "ipv6_cidr_block": "",
                "protocol": "-1",
                "rule_no": 100,
                "to_port": 0
              }
            ],
            "id": "acl-0e750d240c13c6780",
            "ingress": [
              {
                "action": "allow",
                "cidr_block": "",
                "from_port": 0,
                "icmp_code": 0,
                "icmp_type": 0,
                "ipv6_cidr_block": "::/0",
                "protocol": "-1",
                "rule_no": 101,
                "to_port": 0
              },
              {
                "action": "allow",
                "cidr_block": "0.0.0.0/0",
                "from_port": 0,
                "icmp_code": 0,
                "icmp_type": 0,
                "ipv6_cidr_block": "",
                "protocol": "-1",
                "rule_no": 100,
                "to_port": 0
              }
            ],
            "owner_id": "676206911983",
            "subnet_ids": [
              "subnet-03932aae1ce40f290",
              "subnet-041cf8f44b72a1f9e",
              "subnet-041d3da2cd2303a66",
              "subnet-04fe513e3982cc863",
              "subnet-0a70d237eaae72926",
              "subnet-0d736d1bbc9af68ee"
            ],
            "tags": {
              "Environment": "demo",
              "ManagedBy": "Terraform",
              "Name": "butik-online-vpc-default",
              "Project": "butik-online-eks"
            },
            "tags_all": {
              "Environment": "demo",
              "ManagedBy": "Terraform",
              "Name": "butik-online-vpc-default",
              "Project": "butik-online-eks"
            },
            "vpc_id": "vpc-0e8fd6ee1a9c7686d"
          },
          "sensitive_attributes": [],
          "private": "bnVsbA==",
          "dependencies": [
            "module.vpc.aws_vpc.this"
          ]
        }
      ]
    },
    {
      "module": "module.vpc",
      "mode": "managed",
      "type": "aws_default_route_table",
      "name": "default",
      "provider": "provider[\"registry.terraform.io/hashicorp/aws\"]",
      "instances": [
        {
          "index_key": 0,
          "schema_version": 0,
          "attributes": {
            "arn": "arn:aws:ec2:ap-southeast-1:676206911983:route-table/rtb-05b5914a3605f4449",
            "default_route_table_id": "rtb-05b5914a3605f4449",
            "id": "rtb-05b5914a3605f4449",
            "owner_id": "676206911983",
            "propagating_vgws": [],
            "route": [],
            "tags": {
              "Environment": "demo",
              "ManagedBy": "Terraform",
              "Name": "butik-online-vpc-default",
              "Project": "butik-online-eks"
            },
            "tags_all": {
              "Environment": "demo",
              "ManagedBy": "Terraform",
              "Name": "butik-online-vpc-default",
              "Project": "butik-online-eks"
            },
            "timeouts": {
              "create": "5m",
              "update": "5m"
            },
            "vpc_id": "vpc-0e8fd6ee1a9c7686d"
          },
          "sensitive_attributes": [],
          "private": "eyJlMmJmYjczMC1lY2FhLTExZTYtOGY4OC0zNDM2M2JjN2M0YzAiOnsiY3JlYXRlIjozMDAwMDAwMDAwMDAsInVwZGF0ZSI6MzAwMDAwMDAwMDAwfX0=",
          "dependencies": [
            "module.vpc.aws_vpc.this"
          ]
        }
      ]
    },
    {
      "module": "module.vpc",
      "mode": "managed",
      "type": "aws_default_security_group",
      "name": "this",
      "provider": "provider[\"registry.terraform.io/hashicorp/aws\"]",
      "instances": [
        {
          "index_key": 0,
          "schema_version": 1,
          "attributes": {
            "arn": "arn:aws:ec2:ap-southeast-1:676206911983:security-group/sg-044e02c3c782443e9",
            "description": "default VPC security group",
            "egress": [],
            "id": "sg-044e02c3c782443e9",
            "ingress": [],
            "name": "default",
            "name_prefix": "",
            "owner_id": "676206911983",
            "revoke_rules_on_delete": false,
            "tags": {
              "Environment": "demo",
              "ManagedBy": "Terraform",
              "Name": "butik-online-vpc-default",
              "Project": "butik-online-eks"
            },
            "tags_all": {
              "Environment": "demo",
              "ManagedBy": "Terraform",
              "Name": "butik-online-vpc-default",
              "Project": "butik-online-eks"
            },
            "vpc_id": "vpc-0e8fd6ee1a9c7686d"
          },
          "sensitive_attributes": [],
          "private": "eyJzY2hlbWFfdmVyc2lvbiI6IjEifQ==",
          "dependencies": [
            "module.vpc.aws_vpc.this"
          ]
        }
      ]
    },
    {
      "module": "module.vpc",
      "mode": "managed",
      "type": "aws_eip",
      "name": "nat",
      "provider": "provider[\"registry.terraform.io/hashicorp/aws\"]",
      "instances": [
        {
          "index_key": 0,
          "schema_version": 0,
          "attributes": {
            "address": null,
            "allocation_id": "eipalloc-028d29b41e7fec7f7",
            "arn": "arn:aws:ec2:ap-southeast-1:676206911983:elastic-ip/eipalloc-028d29b41e7fec7f7",
            "associate_with_private_ip": null,
            "association_id": "eipassoc-002c68db04229c110",
            "carrier_ip": "",
            "customer_owned_ip": "",
            "customer_owned_ipv4_pool": "",
            "domain": "vpc",
            "id": "eipalloc-028d29b41e7fec7f7",
            "instance": "",
            "ipam_pool_id": null,
            "network_border_group": "ap-southeast-1",
            "network_interface": "eni-0f68bac6352f12282",
            "private_dns": "ip-10-0-107-41.ap-southeast-1.compute.internal",
            "private_ip": "10.0.107.41",
            "ptr_record": "",
            "public_dns": "ec2-52-77-184-97.ap-southeast-1.compute.amazonaws.com",
            "public_ip": "52.77.184.97",
            "public_ipv4_pool": "amazon",
            "tags": {
              "Environment": "demo",
              "ManagedBy": "Terraform",
              "Name": "butik-online-vpc-ap-southeast-1a",
              "Project": "butik-online-eks"
            },
            "tags_all": {
              "Environment": "demo",
              "ManagedBy": "Terraform",
              "Name": "butik-online-vpc-ap-southeast-1a",
              "Project": "butik-online-eks"
            },
            "timeouts": null,
            "vpc": true
          },
          "sensitive_attributes": [],
          "private": "eyJlMmJmYjczMC1lY2FhLTExZTYtOGY4OC0zNDM2M2JjN2M0YzAiOnsiZGVsZXRlIjoxODAwMDAwMDAwMDAsInJlYWQiOjkwMDAwMDAwMDAwMCwidXBkYXRlIjozMDAwMDAwMDAwMDB9fQ==",
          "dependencies": [
            "module.vpc.aws_internet_gateway.this",
            "module.vpc.aws_vpc.this",
            "module.vpc.aws_vpc_ipv4_cidr_block_association.this"
          ]
        }
      ]
    },
    {
      "module": "module.vpc",
      "mode": "managed",
      "type": "aws_internet_gateway",
      "name": "this",
      "provider": "provider[\"registry.terraform.io/hashicorp/aws\"]",
      "instances": [
        {
          "index_key": 0,
          "schema_version": 0,
          "attributes": {
            "arn": "arn:aws:ec2:ap-southeast-1:676206911983:internet-gateway/igw-0f119eca5c15c9556",
            "id": "igw-0f119eca5c15c9556",
            "owner_id": "676206911983",
            "tags": {
              "Environment": "demo",
              "ManagedBy": "Terraform",
              "Name": "butik-online-vpc",
              "Project": "butik-online-eks"
            },
            "tags_all": {
              "Environment": "demo",
              "ManagedBy": "Terraform",
              "Name": "butik-online-vpc",
              "Project": "butik-online-eks"
            },
            "timeouts": null,
            "vpc_id": "vpc-0e8fd6ee1a9c7686d"
          },
          "sensitive_attributes": [],
          "private": "eyJlMmJmYjczMC1lY2FhLTExZTYtOGY4OC0zNDM2M2JjN2M0YzAiOnsiY3JlYXRlIjoxMjAwMDAwMDAwMDAwLCJkZWxldGUiOjEyMDAwMDAwMDAwMDAsInVwZGF0ZSI6MTIwMDAwMDAwMDAwMH19",
          "dependencies": [
            "module.vpc.aws_vpc.this",
            "module.vpc.aws_vpc_ipv4_cidr_block_association.this"
          ]
        }
      ]
    },
    {
      "module": "module.vpc",
      "mode": "managed",
      "type": "aws_nat_gateway",
      "name": "this",
      "provider": "provider[\"registry.terraform.io/hashicorp/aws\"]",
      "instances": [
        {
          "index_key": 0,
          "schema_version": 0,
          "attributes": {
            "allocation_id": "eipalloc-028d29b41e7fec7f7",
            "association_id": "eipassoc-002c68db04229c110",
            "connectivity_type": "public",
            "id": "nat-0f0cbd9251b86e277",
            "network_interface_id": "eni-0f68bac6352f12282",
            "private_ip": "10.0.107.41",
            "public_ip": "52.77.184.97",
            "secondary_allocation_ids": [],
            "secondary_private_ip_address_count": 0,
            "secondary_private_ip_addresses": [],
            "subnet_id": "subnet-04fe513e3982cc863",
            "tags": {
              "Environment": "demo",
              "ManagedBy": "Terraform",
              "Name": "butik-online-vpc-ap-southeast-1a",
              "Project": "butik-online-eks"
            },
            "tags_all": {
              "Environment": "demo",
              "ManagedBy": "Terraform",
              "Name": "butik-online-vpc-ap-southeast-1a",
              "Project": "butik-online-eks"
            },
            "timeouts": null
          },
          "sensitive_attributes": [],
          "private": "eyJlMmJmYjczMC1lY2FhLTExZTYtOGY4OC0zNDM2M2JjN2M0YzAiOnsiY3JlYXRlIjo2MDAwMDAwMDAwMDAsImRlbGV0ZSI6MTgwMDAwMDAwMDAwMCwidXBkYXRlIjo2MDAwMDAwMDAwMDB9fQ==",
          "dependencies": [
            "module.vpc.aws_eip.nat",
            "module.vpc.aws_internet_gateway.this",
            "module.vpc.aws_subnet.public",
            "module.vpc.aws_vpc.this",
            "module.vpc.aws_vpc_ipv4_cidr_block_association.this"
          ]
        }
      ]
    },
    {
      "module": "module.vpc",
      "mode": "managed",
      "type": "aws_route",
      "name": "private_nat_gateway",
      "provider": "provider[\"registry.terraform.io/hashicorp/aws\"]",
      "instances": [
        {
          "index_key": 0,
          "schema_version": 0,
          "attributes": {
            "carrier_gateway_id": "",
            "core_network_arn": "",
            "destination_cidr_block": "0.0.0.0/0",
            "destination_ipv6_cidr_block": "",
            "destination_prefix_list_id": "",
            "egress_only_gateway_id": "",
            "gateway_id": "",
            "id": "r-rtb-058d1f33d463bb4691080289494",
            "instance_id": "",
            "instance_owner_id": "",
            "local_gateway_id": "",
            "nat_gateway_id": "nat-0f0cbd9251b86e277",
            "network_interface_id": "",
            "origin": "CreateRoute",
            "route_table_id": "rtb-058d1f33d463bb469",
            "state": "active",
            "timeouts": {
              "create": "5m",
              "delete": null,
              "update": null
            },
            "transit_gateway_id": "",
            "vpc_endpoint_id": "",
            "vpc_peering_connection_id": ""
          },
          "sensitive_attributes": [],
          "private": "eyJlMmJmYjczMC1lY2FhLTExZTYtOGY4OC0zNDM2M2JjN2M0YzAiOnsiY3JlYXRlIjozMDAwMDAwMDAwMDAsImRlbGV0ZSI6MzAwMDAwMDAwMDAwLCJ1cGRhdGUiOjEyMDAwMDAwMDAwMH19",
          "dependencies": [
            "module.vpc.aws_eip.nat",
            "module.vpc.aws_internet_gateway.this",
            "module.vpc.aws_nat_gateway.this",
            "module.vpc.aws_route_table.private",
            "module.vpc.aws_subnet.public",
            "module.vpc.aws_vpc.this",
            "module.vpc.aws_vpc_ipv4_cidr_block_association.this"
          ]
        }
      ]
    },
    {
      "module": "module.vpc",
      "mode": "managed",
      "type": "aws_route",
      "name": "public_internet_gateway",
      "provider": "provider[\"registry.terraform.io/hashicorp/aws\"]",
      "instances": [
        {
          "index_key": 0,
          "schema_version": 0,
          "attributes": {
            "carrier_gateway_id": "",
            "core_network_arn": "",
            "destination_cidr_block": "0.0.0.0/0",
            "destination_ipv6_cidr_block": "",
            "destination_prefix_list_id": "",
            "egress_only_gateway_id": "",
            "gateway_id": "igw-0f119eca5c15c9556",
            "id": "r-rtb-0663f747f83c5b1d51080289494",
            "instance_id": "",
            "instance_owner_id": "",
            "local_gateway_id": "",
            "nat_gateway_id": "",
            "network_interface_id": "",
            "origin": "CreateRoute",
            "route_table_id": "rtb-0663f747f83c5b1d5",
            "state": "active",
            "timeouts": {
              "create": "5m",
              "delete": null,
              "update": null
            },
            "transit_gateway_id": "",
            "vpc_endpoint_id": "",
            "vpc_peering_connection_id": ""
          },
          "sensitive_attributes": [],
          "private": "eyJlMmJmYjczMC1lY2FhLTExZTYtOGY4OC0zNDM2M2JjN2M0YzAiOnsiY3JlYXRlIjozMDAwMDAwMDAwMDAsImRlbGV0ZSI6MzAwMDAwMDAwMDAwLCJ1cGRhdGUiOjEyMDAwMDAwMDAwMH19",
          "dependencies": [
            "module.vpc.aws_internet_gateway.this",
            "module.vpc.aws_route_table.public",
            "module.vpc.aws_vpc.this",
            "module.vpc.aws_vpc_ipv4_cidr_block_association.this"
          ]
        }
      ]
    },
    {
      "module": "module.vpc",
      "mode": "managed",
      "type": "aws_route_table",
      "name": "private",
      "provider": "provider[\"registry.terraform.io/hashicorp/aws\"]",
      "instances": [
        {
          "index_key": 0,
          "schema_version": 0,
          "attributes": {
            "arn": "arn:aws:ec2:ap-southeast-1:676206911983:route-table/rtb-058d1f33d463bb469",
            "id": "rtb-058d1f33d463bb469",
            "owner_id": "676206911983",
            "propagating_vgws": [],
            "route": [
              {
                "carrier_gateway_id": "",
                "cidr_block": "0.0.0.0/0",
                "core_network_arn": "",
                "destination_prefix_list_id": "",
                "egress_only_gateway_id": "",
                "gateway_id": "",
                "ipv6_cidr_block": "",
                "local_gateway_id": "",
                "nat_gateway_id": "nat-0f0cbd9251b86e277",
                "network_interface_id": "",
                "transit_gateway_id": "",
                "vpc_endpoint_id": "",
                "vpc_peering_connection_id": ""
              }
            ],
            "tags": {
              "Environment": "demo",
              "ManagedBy": "Terraform",
              "Name": "butik-online-vpc-private",
              "Project": "butik-online-eks"
            },
            "tags_all": {
              "Environment": "demo",
              "ManagedBy": "Terraform",
              "Name": "butik-online-vpc-private",
              "Project": "butik-online-eks"
            },
            "timeouts": null,
            "vpc_id": "vpc-0e8fd6ee1a9c7686d"
          },
          "sensitive_attributes": [],
          "private": "eyJlMmJmYjczMC1lY2FhLTExZTYtOGY4OC0zNDM2M2JjN2M0YzAiOnsiY3JlYXRlIjozMDAwMDAwMDAwMDAsImRlbGV0ZSI6MzAwMDAwMDAwMDAwLCJ1cGRhdGUiOjEyMDAwMDAwMDAwMH19",
          "dependencies": [
            "module.vpc.aws_vpc.this",
            "module.vpc.aws_vpc_ipv4_cidr_block_association.this"
          ]
        }
      ]
    },
    {
      "module": "module.vpc",
      "mode": "managed",
      "type": "aws_route_table",
      "name": "public",
      "provider": "provider[\"registry.terraform.io/hashicorp/aws\"]",
      "instances": [
        {
          "index_key": 0,
          "schema_version": 0,
          "attributes": {
            "arn": "arn:aws:ec2:ap-southeast-1:676206911983:route-table/rtb-0663f747f83c5b1d5",
            "id": "rtb-0663f747f83c5b1d5",
            "owner_id": "676206911983",
            "propagating_vgws": [],
            "route": [
              {
                "carrier_gateway_id": "",
                "cidr_block": "0.0.0.0/0",
                "core_network_arn": "",
                "destination_prefix_list_id": "",
                "egress_only_gateway_id": "",
                "gateway_id": "igw-0f119eca5c15c9556",
                "ipv6_cidr_block": "",
                "local_gateway_id": "",
                "nat_gateway_id": "",
                "network_interface_id": "",
                "transit_gateway_id": "",
                "vpc_endpoint_id": "",
                "vpc_peering_connection_id": ""
              }
            ],
            "tags": {
              "Environment": "demo",
              "ManagedBy": "Terraform",
              "Name": "butik-online-vpc-public",
              "Project": "butik-online-eks"
            },
            "tags_all": {
              "Environment": "demo",
              "ManagedBy": "Terraform",
              "Name": "butik-online-vpc-public",
              "Project": "butik-online-eks"
            },
            "timeouts": null,
            "vpc_id": "vpc-0e8fd6ee1a9c7686d"
          },
          "sensitive_attributes": [],
          "private": "eyJlMmJmYjczMC1lY2FhLTExZTYtOGY4OC0zNDM2M2JjN2M0YzAiOnsiY3JlYXRlIjozMDAwMDAwMDAwMDAsImRlbGV0ZSI6MzAwMDAwMDAwMDAwLCJ1cGRhdGUiOjEyMDAwMDAwMDAwMH19",
          "dependencies": [
            "module.vpc.aws_vpc.this",
            "module.vpc.aws_vpc_ipv4_cidr_block_association.this"
          ]
        }
      ]
    },
    {
      "module": "module.vpc",
      "mode": "managed",
      "type": "aws_route_table_association",
      "name": "private",
      "provider": "provider[\"registry.terraform.io/hashicorp/aws\"]",
      "instances": [
        {
          "index_key": 0,
          "schema_version": 0,
          "attributes": {
            "gateway_id": "",
            "id": "rtbassoc-0d9dbf269fd99228c",
            "route_table_id": "rtb-058d1f33d463bb469",
            "subnet_id": "subnet-0d736d1bbc9af68ee",
            "timeouts": null
          },
          "sensitive_attributes": [],
          "private": "eyJlMmJmYjczMC1lY2FhLTExZTYtOGY4OC0zNDM2M2JjN2M0YzAiOnsiY3JlYXRlIjozMDAwMDAwMDAwMDAsImRlbGV0ZSI6MzAwMDAwMDAwMDAwLCJ1cGRhdGUiOjEyMDAwMDAwMDAwMH19",
          "dependencies": [
            "module.vpc.aws_route_table.private",
            "module.vpc.aws_subnet.private",
            "module.vpc.aws_vpc.this",
            "module.vpc.aws_vpc_ipv4_cidr_block_association.this"
          ]
        },
        {
          "index_key": 1,
          "schema_version": 0,
          "attributes": {
            "gateway_id": "",
            "id": "rtbassoc-0f0cda2d8a5934503",
            "route_table_id": "rtb-058d1f33d463bb469",
            "subnet_id": "subnet-0a70d237eaae72926",
            "timeouts": null
          },
          "sensitive_attributes": [],
          "private": "eyJlMmJmYjczMC1lY2FhLTExZTYtOGY4OC0zNDM2M2JjN2M0YzAiOnsiY3JlYXRlIjozMDAwMDAwMDAwMDAsImRlbGV0ZSI6MzAwMDAwMDAwMDAwLCJ1cGRhdGUiOjEyMDAwMDAwMDAwMH19",
          "dependencies": [
            "module.vpc.aws_route_table.private",
            "module.vpc.aws_subnet.private",
            "module.vpc.aws_vpc.this",
            "module.vpc.aws_vpc_ipv4_cidr_block_association.this"
          ]
        },
        {
          "index_key": 2,
          "schema_version": 0,
          "attributes": {
            "gateway_id": "",
            "id": "rtbassoc-0bab191d2082eb46b",
            "route_table_id": "rtb-058d1f33d463bb469",
            "subnet_id": "subnet-041cf8f44b72a1f9e",
            "timeouts": null
          },
          "sensitive_attributes": [],
          "private": "eyJlMmJmYjczMC1lY2FhLTExZTYtOGY4OC0zNDM2M2JjN2M0YzAiOnsiY3JlYXRlIjozMDAwMDAwMDAwMDAsImRlbGV0ZSI6MzAwMDAwMDAwMDAwLCJ1cGRhdGUiOjEyMDAwMDAwMDAwMH19",
          "dependencies": [
            "module.vpc.aws_route_table.private",
            "module.vpc.aws_subnet.private",
            "module.vpc.aws_vpc.this",
            "module.vpc.aws_vpc_ipv4_cidr_block_association.this"
          ]
        }
      ]
    },
    {
      "module": "module.vpc",
      "mode": "managed",
      "type": "aws_route_table_association",
      "name": "public",
      "provider": "provider[\"registry.terraform.io/hashicorp/aws\"]",
      "instances": [
        {
          "index_key": 0,
          "schema_version": 0,
          "attributes": {
            "gateway_id": "",
            "id": "rtbassoc-0375448c2c3df27de",
            "route_table_id": "rtb-0663f747f83c5b1d5",
            "subnet_id": "subnet-04fe513e3982cc863",
            "timeouts": null
          },
          "sensitive_attributes": [],
          "private": "eyJlMmJmYjczMC1lY2FhLTExZTYtOGY4OC0zNDM2M2JjN2M0YzAiOnsiY3JlYXRlIjozMDAwMDAwMDAwMDAsImRlbGV0ZSI6MzAwMDAwMDAwMDAwLCJ1cGRhdGUiOjEyMDAwMDAwMDAwMH19",
          "dependencies": [
            "module.vpc.aws_route_table.public",
            "module.vpc.aws_subnet.public",
            "module.vpc.aws_vpc.this",
            "module.vpc.aws_vpc_ipv4_cidr_block_association.this"
          ]
        },
        {
          "index_key": 1,
          "schema_version": 0,
          "attributes": {
            "gateway_id": "",
            "id": "rtbassoc-09aad990f6bae5950",
            "route_table_id": "rtb-0663f747f83c5b1d5",
            "subnet_id": "subnet-041d3da2cd2303a66",
            "timeouts": null
          },
          "sensitive_attributes": [],
          "private": "eyJlMmJmYjczMC1lY2FhLTExZTYtOGY4OC0zNDM2M2JjN2M0YzAiOnsiY3JlYXRlIjozMDAwMDAwMDAwMDAsImRlbGV0ZSI6MzAwMDAwMDAwMDAwLCJ1cGRhdGUiOjEyMDAwMDAwMDAwMH19",
          "dependencies": [
            "module.vpc.aws_route_table.public",
            "module.vpc.aws_subnet.public",
            "module.vpc.aws_vpc.this",
            "module.vpc.aws_vpc_ipv4_cidr_block_association.this"
          ]
        },
        {
          "index_key": 2,
          "schema_version": 0,
          "attributes": {
            "gateway_id": "",
            "id": "rtbassoc-0c300c023d1f24eb3",
            "route_table_id": "rtb-0663f747f83c5b1d5",
            "subnet_id": "subnet-03932aae1ce40f290",
            "timeouts": null
          },
          "sensitive_attributes": [],
          "private": "eyJlMmJmYjczMC1lY2FhLTExZTYtOGY4OC0zNDM2M2JjN2M0YzAiOnsiY3JlYXRlIjozMDAwMDAwMDAwMDAsImRlbGV0ZSI6MzAwMDAwMDAwMDAwLCJ1cGRhdGUiOjEyMDAwMDAwMDAwMH19",
          "dependencies": [
            "module.vpc.aws_route_table.public",
            "module.vpc.aws_subnet.public",
            "module.vpc.aws_vpc.this",
            "module.vpc.aws_vpc_ipv4_cidr_block_association.this"
          ]
        }
      ]
    },
    {
      "module": "module.vpc",
      "mode": "managed",
      "type": "aws_subnet",
      "name": "private",
      "provider": "provider[\"registry.terraform.io/hashicorp/aws\"]",
      "instances": [
        {
          "index_key": 0,
          "schema_version": 1,
          "attributes": {
            "arn": "arn:aws:ec2:ap-southeast-1:676206911983:subnet/subnet-0d736d1bbc9af68ee",
            "assign_ipv6_address_on_creation": false,
            "availability_zone": "ap-southeast-1a",
            "availability_zone_id": "apse1-az2",
            "cidr_block": "10.0.0.0/19",
            "customer_owned_ipv4_pool": "",
            "enable_dns64": false,
            "enable_lni_at_device_index": 0,
            "enable_resource_name_dns_a_record_on_launch": false,
            "enable_resource_name_dns_aaaa_record_on_launch": false,
            "id": "subnet-0d736d1bbc9af68ee",
            "ipv6_cidr_block": "",
            "ipv6_cidr_block_association_id": "",
            "ipv6_native": false,
            "map_customer_owned_ip_on_launch": false,
            "map_public_ip_on_launch": false,
            "outpost_arn": "",
            "owner_id": "676206911983",
            "private_dns_hostname_type_on_launch": "ip-name",
            "tags": {
              "Environment": "demo",
              "ManagedBy": "Terraform",
              "Name": "butik-online-vpc-private-ap-southeast-1a",
              "Project": "butik-online-eks",
              "kubernetes.io/role/internal-elb": "1"
            },
            "tags_all": {
              "Environment": "demo",
              "ManagedBy": "Terraform",
              "Name": "butik-online-vpc-private-ap-southeast-1a",
              "Project": "butik-online-eks",
              "kubernetes.io/role/internal-elb": "1"
            },
            "timeouts": null,
            "vpc_id": "vpc-0e8fd6ee1a9c7686d"
          },
          "sensitive_attributes": [],
          "private": "eyJlMmJmYjczMC1lY2FhLTExZTYtOGY4OC0zNDM2M2JjN2M0YzAiOnsiY3JlYXRlIjo2MDAwMDAwMDAwMDAsImRlbGV0ZSI6MTIwMDAwMDAwMDAwMH0sInNjaGVtYV92ZXJzaW9uIjoiMSJ9",
          "dependencies": [
            "module.vpc.aws_vpc.this",
            "module.vpc.aws_vpc_ipv4_cidr_block_association.this"
          ],
          "create_before_destroy": true
        },
        {
          "index_key": 1,
          "schema_version": 1,
          "attributes": {
            "arn": "arn:aws:ec2:ap-southeast-1:676206911983:subnet/subnet-0a70d237eaae72926",
            "assign_ipv6_address_on_creation": false,
            "availability_zone": "ap-southeast-1b",
            "availability_zone_id": "apse1-az1",
            "cidr_block": "10.0.32.0/19",
            "customer_owned_ipv4_pool": "",
            "enable_dns64": false,
            "enable_lni_at_device_index": 0,
            "enable_resource_name_dns_a_record_on_launch": false,
            "enable_resource_name_dns_aaaa_record_on_launch": false,
            "id": "subnet-0a70d237eaae72926",
            "ipv6_cidr_block": "",
            "ipv6_cidr_block_association_id": "",
            "ipv6_native": false,
            "map_customer_owned_ip_on_launch": false,
            "map_public_ip_on_launch": false,
            "outpost_arn": "",
            "owner_id": "676206911983",
            "private_dns_hostname_type_on_launch": "ip-name",
            "tags": {
              "Environment": "demo",
              "ManagedBy": "Terraform",
              "Name": "butik-online-vpc-private-ap-southeast-1b",
              "Project": "butik-online-eks",
              "kubernetes.io/role/internal-elb": "1"
            },
            "tags_all": {
              "Environment": "demo",
              "ManagedBy": "Terraform",
              "Name": "butik-online-vpc-private-ap-southeast-1b",
              "Project": "butik-online-eks",
              "kubernetes.io/role/internal-elb": "1"
            },
            "timeouts": null,
            "vpc_id": "vpc-0e8fd6ee1a9c7686d"
          },
          "sensitive_attributes": [],
          "private": "eyJlMmJmYjczMC1lY2FhLTExZTYtOGY4OC0zNDM2M2JjN2M0YzAiOnsiY3JlYXRlIjo2MDAwMDAwMDAwMDAsImRlbGV0ZSI6MTIwMDAwMDAwMDAwMH0sInNjaGVtYV92ZXJzaW9uIjoiMSJ9",
          "dependencies": [
            "module.vpc.aws_vpc.this",
            "module.vpc.aws_vpc_ipv4_cidr_block_association.this"
          ],
          "create_before_destroy": true
        },
        {
          "index_key": 2,
          "schema_version": 1,
          "attributes": {
            "arn": "arn:aws:ec2:ap-southeast-1:676206911983:subnet/subnet-041cf8f44b72a1f9e",
            "assign_ipv6_address_on_creation": false,
            "availability_zone": "ap-southeast-1c",
            "availability_zone_id": "apse1-az3",
            "cidr_block": "10.0.64.0/19",
            "customer_owned_ipv4_pool": "",
            "enable_dns64": false,
            "enable_lni_at_device_index": 0,
            "enable_resource_name_dns_a_record_on_launch": false,
            "enable_resource_name_dns_aaaa_record_on_launch": false,
            "id": "subnet-041cf8f44b72a1f9e",
            "ipv6_cidr_block": "",
            "ipv6_cidr_block_association_id": "",
            "ipv6_native": false,
            "map_customer_owned_ip_on_launch": false,
            "map_public_ip_on_launch": false,
            "outpost_arn": "",
            "owner_id": "676206911983",
            "private_dns_hostname_type_on_launch": "ip-name",
            "tags": {
              "Environment": "demo",
              "ManagedBy": "Terraform",
              "Name": "butik-online-vpc-private-ap-southeast-1c",
              "Project": "butik-online-eks",
              "kubernetes.io/role/internal-elb": "1"
            },
            "tags_all": {
              "Environment": "demo",
              "ManagedBy": "Terraform",
              "Name": "butik-online-vpc-private-ap-southeast-1c",
              "Project": "butik-online-eks",
              "kubernetes.io/role/internal-elb": "1"
            },
            "timeouts": null,
            "vpc_id": "vpc-0e8fd6ee1a9c7686d"
          },
          "sensitive_attributes": [],
          "private": "eyJlMmJmYjczMC1lY2FhLTExZTYtOGY4OC0zNDM2M2JjN2M0YzAiOnsiY3JlYXRlIjo2MDAwMDAwMDAwMDAsImRlbGV0ZSI6MTIwMDAwMDAwMDAwMH0sInNjaGVtYV92ZXJzaW9uIjoiMSJ9",
          "dependencies": [
            "module.vpc.aws_vpc.this",
            "module.vpc.aws_vpc_ipv4_cidr_block_association.this"
          ],
          "create_before_destroy": true
        }
      ]
    },
    {
      "module": "module.vpc",
      "mode": "managed",
      "type": "aws_subnet",
      "name": "public",
      "provider": "provider[\"registry.terraform.io/hashicorp/aws\"]",
      "instances": [
        {
          "index_key": 0,
          "schema_version": 1,
          "attributes": {
            "arn": "arn:aws:ec2:ap-southeast-1:676206911983:subnet/subnet-04fe513e3982cc863",
            "assign_ipv6_address_on_creation": false,
            "availability_zone": "ap-southeast-1a",
            "availability_zone_id": "apse1-az2",
            "cidr_block": "10.0.96.0/20",
            "customer_owned_ipv4_pool": "",
            "enable_dns64": false,
            "enable_lni_at_device_index": 0,
            "enable_resource_name_dns_a_record_on_launch": false,
            "enable_resource_name_dns_aaaa_record_on_launch": false,
            "id": "subnet-04fe513e3982cc863",
            "ipv6_cidr_block": "",
            "ipv6_cidr_block_association_id": "",
            "ipv6_native": false,
            "map_customer_owned_ip_on_launch": false,
            "map_public_ip_on_launch": false,
            "outpost_arn": "",
            "owner_id": "676206911983",
            "private_dns_hostname_type_on_launch": "ip-name",
            "tags": {
              "Environment": "demo",
              "ManagedBy": "Terraform",
              "Name": "butik-online-vpc-public-ap-southeast-1a",
              "Project": "butik-online-eks",
              "kubernetes.io/role/elb": "1"
            },
            "tags_all": {
              "Environment": "demo",
              "ManagedBy": "Terraform",
              "Name": "butik-online-vpc-public-ap-southeast-1a",
              "Project": "butik-online-eks",
              "kubernetes.io/role/elb": "1"
            },
            "timeouts": null,
            "vpc_id": "vpc-0e8fd6ee1a9c7686d"
          },
          "sensitive_attributes": [],
          "private": "eyJlMmJmYjczMC1lY2FhLTExZTYtOGY4OC0zNDM2M2JjN2M0YzAiOnsiY3JlYXRlIjo2MDAwMDAwMDAwMDAsImRlbGV0ZSI6MTIwMDAwMDAwMDAwMH0sInNjaGVtYV92ZXJzaW9uIjoiMSJ9",
          "dependencies": [
            "module.vpc.aws_vpc.this",
            "module.vpc.aws_vpc_ipv4_cidr_block_association.this"
          ],
          "create_before_destroy": true
        },
        {
          "index_key": 1,
          "schema_version": 1,
          "attributes": {
            "arn": "arn:aws:ec2:ap-southeast-1:676206911983:subnet/subnet-041d3da2cd2303a66",
            "assign_ipv6_address_on_creation": false,
            "availability_zone": "ap-southeast-1b",
            "availability_zone_id": "apse1-az1",
            "cidr_block": "10.0.112.0/20",
            "customer_owned_ipv4_pool": "",
            "enable_dns64": false,
            "enable_lni_at_device_index": 0,
            "enable_resource_name_dns_a_record_on_launch": false,
            "enable_resource_name_dns_aaaa_record_on_launch": false,
            "id": "subnet-041d3da2cd2303a66",
            "ipv6_cidr_block": "",
            "ipv6_cidr_block_association_id": "",
            "ipv6_native": false,
            "map_customer_owned_ip_on_launch": false,
            "map_public_ip_on_launch": false,
            "outpost_arn": "",
            "owner_id": "676206911983",
            "private_dns_hostname_type_on_launch": "ip-name",
            "tags": {
              "Environment": "demo",
              "ManagedBy": "Terraform",
              "Name": "butik-online-vpc-public-ap-southeast-1b",
              "Project": "butik-online-eks",
              "kubernetes.io/role/elb": "1"
            },
            "tags_all": {
              "Environment": "demo",
              "ManagedBy": "Terraform",
              "Name": "butik-online-vpc-public-ap-southeast-1b",
              "Project": "butik-online-eks",
              "kubernetes.io/role/elb": "1"
            },
            "timeouts": null,
            "vpc_id": "vpc-0e8fd6ee1a9c7686d"
          },
          "sensitive_attributes": [],
          "private": "eyJlMmJmYjczMC1lY2FhLTExZTYtOGY4OC0zNDM2M2JjN2M0YzAiOnsiY3JlYXRlIjo2MDAwMDAwMDAwMDAsImRlbGV0ZSI6MTIwMDAwMDAwMDAwMH0sInNjaGVtYV92ZXJzaW9uIjoiMSJ9",
          "dependencies": [
            "module.vpc.aws_vpc.this",
            "module.vpc.aws_vpc_ipv4_cidr_block_association.this"
          ],
          "create_before_destroy": true
        },
        {
          "index_key": 2,
          "schema_version": 1,
          "attributes": {
            "arn": "arn:aws:ec2:ap-southeast-1:676206911983:subnet/subnet-03932aae1ce40f290",
            "assign_ipv6_address_on_creation": false,
            "availability_zone": "ap-southeast-1c",
            "availability_zone_id": "apse1-az3",
            "cidr_block": "10.0.128.0/20",
            "customer_owned_ipv4_pool": "",
            "enable_dns64": false,
            "enable_lni_at_device_index": 0,
            "enable_resource_name_dns_a_record_on_launch": false,
            "enable_resource_name_dns_aaaa_record_on_launch": false,
            "id": "subnet-03932aae1ce40f290",
            "ipv6_cidr_block": "",
            "ipv6_cidr_block_association_id": "",
            "ipv6_native": false,
            "map_customer_owned_ip_on_launch": false,
            "map_public_ip_on_launch": false,
            "outpost_arn": "",
            "owner_id": "676206911983",
            "private_dns_hostname_type_on_launch": "ip-name",
            "tags": {
              "Environment": "demo",
              "ManagedBy": "Terraform",
              "Name": "butik-online-vpc-public-ap-southeast-1c",
              "Project": "butik-online-eks",
              "kubernetes.io/role/elb": "1"
            },
            "tags_all": {
              "Environment": "demo",
              "ManagedBy": "Terraform",
              "Name": "butik-online-vpc-public-ap-southeast-1c",
              "Project": "butik-online-eks",
              "kubernetes.io/role/elb": "1"
            },
            "timeouts": null,
            "vpc_id": "vpc-0e8fd6ee1a9c7686d"
          },
          "sensitive_attributes": [],
          "private": "eyJlMmJmYjczMC1lY2FhLTExZTYtOGY4OC0zNDM2M2JjN2M0YzAiOnsiY3JlYXRlIjo2MDAwMDAwMDAwMDAsImRlbGV0ZSI6MTIwMDAwMDAwMDAwMH0sInNjaGVtYV92ZXJzaW9uIjoiMSJ9",
          "dependencies": [
            "module.vpc.aws_vpc.this",
            "module.vpc.aws_vpc_ipv4_cidr_block_association.this"
          ],
          "create_before_destroy": true
        }
      ]
    },
    {
      "module": "module.vpc",
      "mode": "managed",
      "type": "aws_vpc",
      "name": "this",
      "provider": "provider[\"registry.terraform.io/hashicorp/aws\"]",
      "instances": [
        {
          "index_key": 0,
          "schema_version": 1,
          "attributes": {
            "arn": "arn:aws:ec2:ap-southeast-1:676206911983:vpc/vpc-0e8fd6ee1a9c7686d",
            "assign_generated_ipv6_cidr_block": false,
            "cidr_block": "10.0.0.0/16",
            "default_network_acl_id": "acl-0e750d240c13c6780",
            "default_route_table_id": "rtb-05b5914a3605f4449",
            "default_security_group_id": "sg-044e02c3c782443e9",
            "dhcp_options_id": "dopt-036415916834e47a4",
            "enable_dns_hostnames": true,
            "enable_dns_support": true,
            "enable_network_address_usage_metrics": false,
            "id": "vpc-0e8fd6ee1a9c7686d",
            "instance_tenancy": "default",
            "ipv4_ipam_pool_id": null,
            "ipv4_netmask_length": null,
            "ipv6_association_id": "",
            "ipv6_cidr_block": "",
            "ipv6_cidr_block_network_border_group": "",
            "ipv6_ipam_pool_id": "",
            "ipv6_netmask_length": 0,
            "main_route_table_id": "rtb-05b5914a3605f4449",
            "owner_id": "676206911983",
            "tags": {
              "Environment": "demo",
              "ManagedBy": "Terraform",
              "Name": "butik-online-vpc",
              "Project": "butik-online-eks"
            },
            "tags_all": {
              "Environment": "demo",
              "ManagedBy": "Terraform",
              "Name": "butik-online-vpc",
              "Project": "butik-online-eks"
            }
          },
          "sensitive_attributes": [],
          "private": "eyJzY2hlbWFfdmVyc2lvbiI6IjEifQ==",
          "create_before_destroy": true
        }
      ]
    }
  ],
  "check_results": [
    {
      "object_kind": "resource",
      "config_addr": "module.eks.module.eks_managed_node_group.module.user_data.null_resource.validate_cluster_service_cidr",
      "status": "pass",
      "objects": [
        {
          "object_addr": "module.eks.module.eks_managed_node_group[\"default\"].module.user_data.null_resource.validate_cluster_service_cidr",
          "status": "pass"
        }
      ]
    },
    {
      "object_kind": "resource",
      "config_addr": "module.eks.module.self_managed_node_group.module.user_data.null_resource.validate_cluster_service_cidr",
      "status": "pass",
      "objects": null
    }
  ]
}
